{
  "version": 4,
  "terraform_version": "1.11.4",
  "serial": 39,
  "lineage": "e435fae4-b7e0-ea69-a159-55f5a828d3ee",
  "outputs": {},
  "resources": [
    {
      "mode": "data",
      "type": "openstack_compute_flavor_v2",
      "name": "flavor",
      "provider": "provider[\"registry.terraform.io/terraform-provider-openstack/openstack\"]",
      "instances": [
        {
          "schema_version": 0,
          "attributes": {
            "description": "",
            "disk": 25,
            "extra_specs": {},
            "flavor_id": "373be856-2584-4418-b98a-9668510059bb",
            "id": "373be856-2584-4418-b98a-9668510059bb",
            "is_public": true,
            "min_disk": null,
            "min_ram": null,
            "name": "FRR",
            "ram": 2048,
            "region": null,
            "rx_tx_factor": 1,
            "swap": 0,
            "vcpus": 2
          },
          "sensitive_attributes": []
        }
      ]
    },
    {
      "mode": "data",
      "type": "openstack_images_image_v2",
      "name": "image",
      "provider": "provider[\"registry.terraform.io/terraform-provider-openstack/openstack\"]",
      "instances": [
        {
          "schema_version": 0,
          "attributes": {
            "checksum": "34970c096b26c58993caf1dbdbf15426",
            "container_format": "bare",
            "created_at": "2025-05-21T16:47:30Z",
            "disk_format": "qcow2",
            "file": "/v2/images/1d35fa76-6177-4b18-8502-aa6716b117b6/file",
            "hidden": false,
            "id": "1d35fa76-6177-4b18-8502-aa6716b117b6",
            "member_status": null,
            "metadata": {},
            "min_disk_gb": 0,
            "min_ram_mb": 0,
            "most_recent": false,
            "name": "HLx-FRR",
            "name_regex": null,
            "owner": "7c7e226752784147b88a571dc1f14b26",
            "properties": {
              "os_hash_algo": "sha512",
              "os_hash_value": "d526c1e7803dcf5f47e795b1f24093b332c81787a0a801bc4c5bbfae15eb21d20f4e5350bb8e09f4553aeabdc04b808b113c56359cd73be5820a0a08e23a959b",
              "owner_specified.openstack.md5": "",
              "owner_specified.openstack.object": "images/HLx-FRR",
              "owner_specified.openstack.sha256": "",
              "stores": "file"
            },
            "protected": false,
            "region": "RegionOne",
            "schema": "/v2/schemas/image",
            "size_bytes": 6728646656,
            "size_max": null,
            "size_min": null,
            "sort_direction": "asc",
            "sort_key": "name",
            "tag": null,
            "tags": [],
            "updated_at": "2025-05-21T16:48:18Z",
            "visibility": "private"
          },
          "sensitive_attributes": []
        }
      ]
    },
    {
      "mode": "data",
      "type": "openstack_networking_network_v2",
      "name": "mgmt_network",
      "provider": "provider[\"registry.terraform.io/terraform-provider-openstack/openstack\"]",
      "instances": [
        {
          "schema_version": 0,
          "attributes": {
            "admin_state_up": "true",
            "all_tags": [],
            "availability_zone_hints": [],
            "description": "",
            "dns_domain": "",
            "external": true,
            "id": "e00db497-40a2-4648-bb99-183a38c2371e",
            "matching_subnet_cidr": null,
            "mtu": 1500,
            "name": "management-network",
            "network_id": null,
            "region": "RegionOne",
            "segments": [
              {
                "network_type": "flat",
                "physical_network": "physnet1",
                "segmentation_id": 0
              }
            ],
            "shared": "true",
            "status": null,
            "subnets": [
              "06ff9050-d42e-4504-ac0f-69b030077ede"
            ],
            "tags": null,
            "tenant_id": "311f8f3d723644368e2a386ad7e38cfb",
            "transparent_vlan": false
          },
          "sensitive_attributes": []
        }
      ]
    },
    {
      "mode": "data",
      "type": "openstack_networking_network_v2",
      "name": "r11r4",
      "provider": "provider[\"registry.terraform.io/terraform-provider-openstack/openstack\"]",
      "instances": [
        {
          "schema_version": 0,
          "attributes": {
            "admin_state_up": "true",
            "all_tags": [],
            "availability_zone_hints": [],
            "description": "",
            "dns_domain": "",
            "external": true,
            "id": "5e1c3a0c-9825-4b11-abea-c5f1b5773bee",
            "matching_subnet_cidr": null,
            "mtu": 1450,
            "name": "r11r4",
            "network_id": null,
            "region": "RegionOne",
            "segments": [
              {
                "network_type": "vxlan",
                "physical_network": "",
                "segmentation_id": 150
              }
            ],
            "shared": "true",
            "status": null,
            "subnets": [
              "a44fb8b0-6c35-4b51-883b-5ba4c39ec2b2"
            ],
            "tags": null,
            "tenant_id": "47db6af3f5ae4a958fd90100ebdef0cd",
            "transparent_vlan": false
          },
          "sensitive_attributes": []
        }
      ]
    },
    {
      "mode": "data",
      "type": "openstack_networking_network_v2",
      "name": "r1r11",
      "provider": "provider[\"registry.terraform.io/terraform-provider-openstack/openstack\"]",
      "instances": [
        {
          "schema_version": 0,
          "attributes": {
            "admin_state_up": "true",
            "all_tags": [],
            "availability_zone_hints": [],
            "description": "",
            "dns_domain": "",
            "external": true,
            "id": "e2dee63f-1aac-4c2d-b977-46b610ec5b8f",
            "matching_subnet_cidr": null,
            "mtu": 1450,
            "name": "r1r11",
            "network_id": null,
            "region": "RegionOne",
            "segments": [
              {
                "network_type": "vxlan",
                "physical_network": "",
                "segmentation_id": 455
              }
            ],
            "shared": "true",
            "status": null,
            "subnets": [
              "8dc94851-3847-4c09-831f-f55df97eb602"
            ],
            "tags": null,
            "tenant_id": "47db6af3f5ae4a958fd90100ebdef0cd",
            "transparent_vlan": false
          },
          "sensitive_attributes": []
        }
      ]
    },
    {
      "mode": "data",
      "type": "openstack_networking_network_v2",
      "name": "r1r2",
      "provider": "provider[\"registry.terraform.io/terraform-provider-openstack/openstack\"]",
      "instances": [
        {
          "schema_version": 0,
          "attributes": {
            "admin_state_up": "true",
            "all_tags": [],
            "availability_zone_hints": [],
            "description": "",
            "dns_domain": "",
            "external": true,
            "id": "f99ab493-edcc-4ed6-9ea1-65098dafa1d6",
            "matching_subnet_cidr": null,
            "mtu": 1450,
            "name": "r1r2",
            "network_id": null,
            "region": "RegionOne",
            "segments": [
              {
                "network_type": "vxlan",
                "physical_network": "",
                "segmentation_id": 529
              }
            ],
            "shared": "true",
            "status": null,
            "subnets": [
              "bca7abdf-4e00-4d47-a6f2-5cf69fae6082"
            ],
            "tags": null,
            "tenant_id": "47db6af3f5ae4a958fd90100ebdef0cd",
            "transparent_vlan": false
          },
          "sensitive_attributes": []
        }
      ]
    },
    {
      "mode": "data",
      "type": "openstack_networking_network_v2",
      "name": "r1r4",
      "provider": "provider[\"registry.terraform.io/terraform-provider-openstack/openstack\"]",
      "instances": [
        {
          "schema_version": 0,
          "attributes": {
            "admin_state_up": "true",
            "all_tags": [],
            "availability_zone_hints": [],
            "description": "",
            "dns_domain": "",
            "external": true,
            "id": "261842e3-a345-4b90-b37b-5c9ba1fce18b",
            "matching_subnet_cidr": null,
            "mtu": 1450,
            "name": "r1r4",
            "network_id": null,
            "region": "RegionOne",
            "segments": [
              {
                "network_type": "vxlan",
                "physical_network": "",
                "segmentation_id": 268
              }
            ],
            "shared": "true",
            "status": null,
            "subnets": [
              "c6699e16-4fb2-4ae6-8d90-5d568974b018"
            ],
            "tags": null,
            "tenant_id": "47db6af3f5ae4a958fd90100ebdef0cd",
            "transparent_vlan": false
          },
          "sensitive_attributes": []
        }
      ]
    },
    {
      "mode": "data",
      "type": "openstack_networking_network_v2",
      "name": "r2r12",
      "provider": "provider[\"registry.terraform.io/terraform-provider-openstack/openstack\"]",
      "instances": [
        {
          "schema_version": 0,
          "attributes": {
            "admin_state_up": "true",
            "all_tags": [],
            "availability_zone_hints": [],
            "description": "",
            "dns_domain": "",
            "external": true,
            "id": "c0422e79-2088-4181-9b3b-7fa3ba7c6321",
            "matching_subnet_cidr": null,
            "mtu": 1450,
            "name": "r2r12",
            "network_id": null,
            "region": "RegionOne",
            "segments": [
              {
                "network_type": "vxlan",
                "physical_network": "",
                "segmentation_id": 733
              }
            ],
            "shared": "true",
            "status": null,
            "subnets": [
              "5d0f2222-2429-496e-9a60-4d5c6e8fda94"
            ],
            "tags": null,
            "tenant_id": "47db6af3f5ae4a958fd90100ebdef0cd",
            "transparent_vlan": false
          },
          "sensitive_attributes": []
        }
      ]
    },
    {
      "mode": "data",
      "type": "openstack_networking_network_v2",
      "name": "r2r3",
      "provider": "provider[\"registry.terraform.io/terraform-provider-openstack/openstack\"]",
      "instances": [
        {
          "schema_version": 0,
          "attributes": {
            "admin_state_up": "true",
            "all_tags": [],
            "availability_zone_hints": [],
            "description": "",
            "dns_domain": "",
            "external": true,
            "id": "0f656566-5bb7-4501-a8dc-9302ef4f68ed",
            "matching_subnet_cidr": null,
            "mtu": 1450,
            "name": "r2r3",
            "network_id": null,
            "region": "RegionOne",
            "segments": [
              {
                "network_type": "vxlan",
                "physical_network": "",
                "segmentation_id": 877
              }
            ],
            "shared": "true",
            "status": null,
            "subnets": [
              "d32feabb-75e8-4fc4-8ed1-85d0689beec1"
            ],
            "tags": null,
            "tenant_id": "47db6af3f5ae4a958fd90100ebdef0cd",
            "transparent_vlan": false
          },
          "sensitive_attributes": []
        }
      ]
    },
    {
      "mode": "data",
      "type": "openstack_networking_network_v2",
      "name": "r2r5",
      "provider": "provider[\"registry.terraform.io/terraform-provider-openstack/openstack\"]",
      "instances": [
        {
          "schema_version": 0,
          "attributes": {
            "admin_state_up": "true",
            "all_tags": [],
            "availability_zone_hints": [],
            "description": "",
            "dns_domain": "",
            "external": true,
            "id": "18937e35-91f4-434a-a65b-f15b9757cd6c",
            "matching_subnet_cidr": null,
            "mtu": 1450,
            "name": "r2r5",
            "network_id": null,
            "region": "RegionOne",
            "segments": [
              {
                "network_type": "vxlan",
                "physical_network": "",
                "segmentation_id": 532
              }
            ],
            "shared": "true",
            "status": null,
            "subnets": [
              "afa7dd99-85e9-410a-9858-d1d7058b0393"
            ],
            "tags": null,
            "tenant_id": "47db6af3f5ae4a958fd90100ebdef0cd",
            "transparent_vlan": false
          },
          "sensitive_attributes": []
        }
      ]
    },
    {
      "mode": "data",
      "type": "openstack_networking_network_v2",
      "name": "r3r12",
      "provider": "provider[\"registry.terraform.io/terraform-provider-openstack/openstack\"]",
      "instances": [
        {
          "schema_version": 0,
          "attributes": {
            "admin_state_up": "true",
            "all_tags": [],
            "availability_zone_hints": [],
            "description": "",
            "dns_domain": "",
            "external": true,
            "id": "5b7e50b7-9699-4a9b-83d8-e7ba20486844",
            "matching_subnet_cidr": null,
            "mtu": 1450,
            "name": "r3r12",
            "network_id": null,
            "region": "RegionOne",
            "segments": [
              {
                "network_type": "vxlan",
                "physical_network": "",
                "segmentation_id": 255
              }
            ],
            "shared": "true",
            "status": null,
            "subnets": [
              "a5c75775-5a90-418e-b831-d4ebe58ec6de"
            ],
            "tags": null,
            "tenant_id": "47db6af3f5ae4a958fd90100ebdef0cd",
            "transparent_vlan": false
          },
          "sensitive_attributes": []
        }
      ]
    },
    {
      "mode": "data",
      "type": "openstack_networking_network_v2",
      "name": "r3r13",
      "provider": "provider[\"registry.terraform.io/terraform-provider-openstack/openstack\"]",
      "instances": [
        {
          "schema_version": 0,
          "attributes": {
            "admin_state_up": "true",
            "all_tags": [],
            "availability_zone_hints": [],
            "description": "",
            "dns_domain": "",
            "external": true,
            "id": "4e127b07-49b8-418a-ab6a-de77d404dcfb",
            "matching_subnet_cidr": null,
            "mtu": 1450,
            "name": "r3r13",
            "network_id": null,
            "region": "RegionOne",
            "segments": [
              {
                "network_type": "vxlan",
                "physical_network": "",
                "segmentation_id": 20
              }
            ],
            "shared": "true",
            "status": null,
            "subnets": [
              "6b5d9daf-109b-4e23-89a0-484c0fd121b0"
            ],
            "tags": null,
            "tenant_id": "47db6af3f5ae4a958fd90100ebdef0cd",
            "transparent_vlan": false
          },
          "sensitive_attributes": []
        }
      ]
    },
    {
      "mode": "data",
      "type": "openstack_networking_network_v2",
      "name": "r3r7",
      "provider": "provider[\"registry.terraform.io/terraform-provider-openstack/openstack\"]",
      "instances": [
        {
          "schema_version": 0,
          "attributes": {
            "admin_state_up": "true",
            "all_tags": [],
            "availability_zone_hints": [],
            "description": "",
            "dns_domain": "",
            "external": true,
            "id": "12b4b9f0-55e9-4dee-967f-25964f6f78a9",
            "matching_subnet_cidr": null,
            "mtu": 1450,
            "name": "r3r7",
            "network_id": null,
            "region": "RegionOne",
            "segments": [
              {
                "network_type": "vxlan",
                "physical_network": "",
                "segmentation_id": 216
              }
            ],
            "shared": "true",
            "status": null,
            "subnets": [
              "bfd746d1-765f-4f4c-9703-3e2c658d1603"
            ],
            "tags": null,
            "tenant_id": "47db6af3f5ae4a958fd90100ebdef0cd",
            "transparent_vlan": false
          },
          "sensitive_attributes": []
        }
      ]
    },
    {
      "mode": "data",
      "type": "openstack_networking_network_v2",
      "name": "r4r6",
      "provider": "provider[\"registry.terraform.io/terraform-provider-openstack/openstack\"]",
      "instances": [
        {
          "schema_version": 0,
          "attributes": {
            "admin_state_up": "true",
            "all_tags": [],
            "availability_zone_hints": [],
            "description": "",
            "dns_domain": "",
            "external": true,
            "id": "20b8b1ef-8cfe-4099-a60e-2e1306f2fd93",
            "matching_subnet_cidr": null,
            "mtu": 1450,
            "name": "r4r6",
            "network_id": null,
            "region": "RegionOne",
            "segments": [
              {
                "network_type": "vxlan",
                "physical_network": "",
                "segmentation_id": 654
              }
            ],
            "shared": "true",
            "status": null,
            "subnets": [
              "47ed346a-aba4-46e5-b900-d312a86a3cb5"
            ],
            "tags": null,
            "tenant_id": "47db6af3f5ae4a958fd90100ebdef0cd",
            "transparent_vlan": false
          },
          "sensitive_attributes": []
        }
      ]
    },
    {
      "mode": "data",
      "type": "openstack_networking_network_v2",
      "name": "r5r6",
      "provider": "provider[\"registry.terraform.io/terraform-provider-openstack/openstack\"]",
      "instances": [
        {
          "schema_version": 0,
          "attributes": {
            "admin_state_up": "true",
            "all_tags": [],
            "availability_zone_hints": [],
            "description": "",
            "dns_domain": "",
            "external": true,
            "id": "018dff4b-ad02-4ec8-b531-a71a31c6ecfa",
            "matching_subnet_cidr": null,
            "mtu": 1450,
            "name": "r5r6",
            "network_id": null,
            "region": "RegionOne",
            "segments": [
              {
                "network_type": "vxlan",
                "physical_network": "",
                "segmentation_id": 534
              }
            ],
            "shared": "true",
            "status": null,
            "subnets": [
              "05315a2e-947b-4a66-8ae9-fb82629bfce0"
            ],
            "tags": null,
            "tenant_id": "47db6af3f5ae4a958fd90100ebdef0cd",
            "transparent_vlan": false
          },
          "sensitive_attributes": []
        }
      ]
    },
    {
      "mode": "data",
      "type": "openstack_networking_network_v2",
      "name": "r6r7",
      "provider": "provider[\"registry.terraform.io/terraform-provider-openstack/openstack\"]",
      "instances": [
        {
          "schema_version": 0,
          "attributes": {
            "admin_state_up": "true",
            "all_tags": [],
            "availability_zone_hints": [],
            "description": "",
            "dns_domain": "",
            "external": true,
            "id": "a63780a3-a992-4b86-97b3-d988ec4b5bfe",
            "matching_subnet_cidr": null,
            "mtu": 1450,
            "name": "r6r7",
            "network_id": null,
            "region": "RegionOne",
            "segments": [
              {
                "network_type": "vxlan",
                "physical_network": "",
                "segmentation_id": 834
              }
            ],
            "shared": "true",
            "status": null,
            "subnets": [
              "3eda892d-4e9b-443c-8977-9fc60bd0a8c1"
            ],
            "tags": null,
            "tenant_id": "47db6af3f5ae4a958fd90100ebdef0cd",
            "transparent_vlan": false
          },
          "sensitive_attributes": []
        }
      ]
    },
    {
      "mode": "data",
      "type": "openstack_networking_network_v2",
      "name": "r7r13",
      "provider": "provider[\"registry.terraform.io/terraform-provider-openstack/openstack\"]",
      "instances": [
        {
          "schema_version": 0,
          "attributes": {
            "admin_state_up": "true",
            "all_tags": [],
            "availability_zone_hints": [],
            "description": "",
            "dns_domain": "",
            "external": true,
            "id": "e2172a2b-d6e8-488c-b932-babfbbb09d1b",
            "matching_subnet_cidr": null,
            "mtu": 1450,
            "name": "r7r13",
            "network_id": null,
            "region": "RegionOne",
            "segments": [
              {
                "network_type": "vxlan",
                "physical_network": "",
                "segmentation_id": 640
              }
            ],
            "shared": "true",
            "status": null,
            "subnets": [
              "3a406604-28b3-41b0-8007-d71c4dd413b3"
            ],
            "tags": null,
            "tenant_id": "47db6af3f5ae4a958fd90100ebdef0cd",
            "transparent_vlan": false
          },
          "sensitive_attributes": []
        }
      ]
    },
    {
      "mode": "data",
      "type": "openstack_networking_subnet_v2",
      "name": "subnet_r11r4",
      "provider": "provider[\"registry.terraform.io/terraform-provider-openstack/openstack\"]",
      "instances": [
        {
          "schema_version": 0,
          "attributes": {
            "all_tags": [],
            "allocation_pools": [
              {
                "end": "192.168.2.254",
                "start": "192.168.2.2"
              }
            ],
            "cidr": "192.168.2.0/24",
            "description": "",
            "dhcp_disabled": null,
            "dhcp_enabled": null,
            "dns_nameservers": [
              "8.8.8.8"
            ],
            "enable_dhcp": true,
            "gateway_ip": "192.168.2.1",
            "host_routes": [],
            "id": "a44fb8b0-6c35-4b51-883b-5ba4c39ec2b2",
            "ip_version": 4,
            "ipv6_address_mode": "",
            "ipv6_ra_mode": "",
            "name": "r11r4",
            "network_id": "5e1c3a0c-9825-4b11-abea-c5f1b5773bee",
            "region": "RegionOne",
            "service_types": [],
            "subnet_id": null,
            "subnetpool_id": "",
            "tags": null,
            "tenant_id": "47db6af3f5ae4a958fd90100ebdef0cd"
          },
          "sensitive_attributes": []
        }
      ]
    },
    {
      "mode": "data",
      "type": "openstack_networking_subnet_v2",
      "name": "subnet_r1r11",
      "provider": "provider[\"registry.terraform.io/terraform-provider-openstack/openstack\"]",
      "instances": [
        {
          "schema_version": 0,
          "attributes": {
            "all_tags": [],
            "allocation_pools": [
              {
                "end": "192.168.1.254",
                "start": "192.168.1.2"
              }
            ],
            "cidr": "192.168.1.0/24",
            "description": "",
            "dhcp_disabled": null,
            "dhcp_enabled": null,
            "dns_nameservers": [
              "8.8.8.8"
            ],
            "enable_dhcp": true,
            "gateway_ip": "192.168.1.1",
            "host_routes": [],
            "id": "8dc94851-3847-4c09-831f-f55df97eb602",
            "ip_version": 4,
            "ipv6_address_mode": "",
            "ipv6_ra_mode": "",
            "name": "r1r11",
            "network_id": "e2dee63f-1aac-4c2d-b977-46b610ec5b8f",
            "region": "RegionOne",
            "service_types": [],
            "subnet_id": null,
            "subnetpool_id": "",
            "tags": null,
            "tenant_id": "47db6af3f5ae4a958fd90100ebdef0cd"
          },
          "sensitive_attributes": []
        }
      ]
    },
    {
      "mode": "data",
      "type": "openstack_networking_subnet_v2",
      "name": "subnet_r1r2",
      "provider": "provider[\"registry.terraform.io/terraform-provider-openstack/openstack\"]",
      "instances": [
        {
          "schema_version": 0,
          "attributes": {
            "all_tags": [],
            "allocation_pools": [
              {
                "end": "192.168.4.254",
                "start": "192.168.4.2"
              }
            ],
            "cidr": "192.168.4.0/24",
            "description": "",
            "dhcp_disabled": null,
            "dhcp_enabled": null,
            "dns_nameservers": [
              "8.8.8.8"
            ],
            "enable_dhcp": true,
            "gateway_ip": "192.168.4.1",
            "host_routes": [],
            "id": "bca7abdf-4e00-4d47-a6f2-5cf69fae6082",
            "ip_version": 4,
            "ipv6_address_mode": "",
            "ipv6_ra_mode": "",
            "name": "r1r2",
            "network_id": "f99ab493-edcc-4ed6-9ea1-65098dafa1d6",
            "region": "RegionOne",
            "service_types": [],
            "subnet_id": null,
            "subnetpool_id": "",
            "tags": null,
            "tenant_id": "47db6af3f5ae4a958fd90100ebdef0cd"
          },
          "sensitive_attributes": []
        }
      ]
    },
    {
      "mode": "data",
      "type": "openstack_networking_subnet_v2",
      "name": "subnet_r1r4",
      "provider": "provider[\"registry.terraform.io/terraform-provider-openstack/openstack\"]",
      "instances": [
        {
          "schema_version": 0,
          "attributes": {
            "all_tags": [],
            "allocation_pools": [
              {
                "end": "192.168.3.254",
                "start": "192.168.3.2"
              }
            ],
            "cidr": "192.168.3.0/24",
            "description": "",
            "dhcp_disabled": null,
            "dhcp_enabled": null,
            "dns_nameservers": [
              "8.8.8.8"
            ],
            "enable_dhcp": true,
            "gateway_ip": "192.168.3.1",
            "host_routes": [],
            "id": "c6699e16-4fb2-4ae6-8d90-5d568974b018",
            "ip_version": 4,
            "ipv6_address_mode": "",
            "ipv6_ra_mode": "",
            "name": "r1r4",
            "network_id": "261842e3-a345-4b90-b37b-5c9ba1fce18b",
            "region": "RegionOne",
            "service_types": [],
            "subnet_id": null,
            "subnetpool_id": "",
            "tags": null,
            "tenant_id": "47db6af3f5ae4a958fd90100ebdef0cd"
          },
          "sensitive_attributes": []
        }
      ]
    },
    {
      "mode": "data",
      "type": "openstack_networking_subnet_v2",
      "name": "subnet_r2r12",
      "provider": "provider[\"registry.terraform.io/terraform-provider-openstack/openstack\"]",
      "instances": [
        {
          "schema_version": 0,
          "attributes": {
            "all_tags": [],
            "allocation_pools": [
              {
                "end": "192.168.13.254",
                "start": "192.168.13.2"
              }
            ],
            "cidr": "192.168.13.0/24",
            "description": "",
            "dhcp_disabled": null,
            "dhcp_enabled": null,
            "dns_nameservers": [
              "8.8.8.8"
            ],
            "enable_dhcp": true,
            "gateway_ip": "192.168.13.1",
            "host_routes": [],
            "id": "5d0f2222-2429-496e-9a60-4d5c6e8fda94",
            "ip_version": 4,
            "ipv6_address_mode": "",
            "ipv6_ra_mode": "",
            "name": "r2r12",
            "network_id": "c0422e79-2088-4181-9b3b-7fa3ba7c6321",
            "region": "RegionOne",
            "service_types": [],
            "subnet_id": null,
            "subnetpool_id": "",
            "tags": null,
            "tenant_id": "47db6af3f5ae4a958fd90100ebdef0cd"
          },
          "sensitive_attributes": []
        }
      ]
    },
    {
      "mode": "data",
      "type": "openstack_networking_subnet_v2",
      "name": "subnet_r2r3",
      "provider": "provider[\"registry.terraform.io/terraform-provider-openstack/openstack\"]",
      "instances": [
        {
          "schema_version": 0,
          "attributes": {
            "all_tags": [],
            "allocation_pools": [
              {
                "end": "192.168.8.254",
                "start": "192.168.8.2"
              }
            ],
            "cidr": "192.168.8.0/24",
            "description": "",
            "dhcp_disabled": null,
            "dhcp_enabled": null,
            "dns_nameservers": [
              "8.8.8.8"
            ],
            "enable_dhcp": true,
            "gateway_ip": "192.168.8.1",
            "host_routes": [],
            "id": "d32feabb-75e8-4fc4-8ed1-85d0689beec1",
            "ip_version": 4,
            "ipv6_address_mode": "",
            "ipv6_ra_mode": "",
            "name": "r2r3",
            "network_id": "0f656566-5bb7-4501-a8dc-9302ef4f68ed",
            "region": "RegionOne",
            "service_types": [],
            "subnet_id": null,
            "subnetpool_id": "",
            "tags": null,
            "tenant_id": "47db6af3f5ae4a958fd90100ebdef0cd"
          },
          "sensitive_attributes": []
        }
      ]
    },
    {
      "mode": "data",
      "type": "openstack_networking_subnet_v2",
      "name": "subnet_r2r5",
      "provider": "provider[\"registry.terraform.io/terraform-provider-openstack/openstack\"]",
      "instances": [
        {
          "schema_version": 0,
          "attributes": {
            "all_tags": [],
            "allocation_pools": [
              {
                "end": "192.168.6.254",
                "start": "192.168.6.3"
              }
            ],
            "cidr": "192.168.6.0/24",
            "description": "",
            "dhcp_disabled": null,
            "dhcp_enabled": null,
            "dns_nameservers": [
              "8.8.8.8"
            ],
            "enable_dhcp": true,
            "gateway_ip": "192.168.6.1",
            "host_routes": [],
            "id": "afa7dd99-85e9-410a-9858-d1d7058b0393",
            "ip_version": 4,
            "ipv6_address_mode": "",
            "ipv6_ra_mode": "",
            "name": "r2r5",
            "network_id": "18937e35-91f4-434a-a65b-f15b9757cd6c",
            "region": "RegionOne",
            "service_types": [],
            "subnet_id": null,
            "subnetpool_id": "",
            "tags": null,
            "tenant_id": "47db6af3f5ae4a958fd90100ebdef0cd"
          },
          "sensitive_attributes": []
        }
      ]
    },
    {
      "mode": "data",
      "type": "openstack_networking_subnet_v2",
      "name": "subnet_r3r12",
      "provider": "provider[\"registry.terraform.io/terraform-provider-openstack/openstack\"]",
      "instances": [
        {
          "schema_version": 0,
          "attributes": {
            "all_tags": [],
            "allocation_pools": [
              {
                "end": "192.168.14.254",
                "start": "192.168.14.2"
              }
            ],
            "cidr": "192.168.14.0/24",
            "description": "",
            "dhcp_disabled": null,
            "dhcp_enabled": null,
            "dns_nameservers": [
              "8.8.8.8"
            ],
            "enable_dhcp": true,
            "gateway_ip": "192.168.14.1",
            "host_routes": [],
            "id": "a5c75775-5a90-418e-b831-d4ebe58ec6de",
            "ip_version": 4,
            "ipv6_address_mode": "",
            "ipv6_ra_mode": "",
            "name": "r3r12",
            "network_id": "5b7e50b7-9699-4a9b-83d8-e7ba20486844",
            "region": "RegionOne",
            "service_types": [],
            "subnet_id": null,
            "subnetpool_id": "",
            "tags": null,
            "tenant_id": "47db6af3f5ae4a958fd90100ebdef0cd"
          },
          "sensitive_attributes": []
        }
      ]
    },
    {
      "mode": "data",
      "type": "openstack_networking_subnet_v2",
      "name": "subnet_r3r13",
      "provider": "provider[\"registry.terraform.io/terraform-provider-openstack/openstack\"]",
      "instances": [
        {
          "schema_version": 0,
          "attributes": {
            "all_tags": [],
            "allocation_pools": [
              {
                "end": "192.168.12.254",
                "start": "192.168.12.2"
              }
            ],
            "cidr": "192.168.12.0/24",
            "description": "",
            "dhcp_disabled": null,
            "dhcp_enabled": null,
            "dns_nameservers": [
              "8.8.8.8"
            ],
            "enable_dhcp": true,
            "gateway_ip": "192.168.12.1",
            "host_routes": [],
            "id": "6b5d9daf-109b-4e23-89a0-484c0fd121b0",
            "ip_version": 4,
            "ipv6_address_mode": "",
            "ipv6_ra_mode": "",
            "name": "r3r13",
            "network_id": "4e127b07-49b8-418a-ab6a-de77d404dcfb",
            "region": "RegionOne",
            "service_types": [],
            "subnet_id": null,
            "subnetpool_id": "",
            "tags": null,
            "tenant_id": "47db6af3f5ae4a958fd90100ebdef0cd"
          },
          "sensitive_attributes": []
        }
      ]
    },
    {
      "mode": "data",
      "type": "openstack_networking_subnet_v2",
      "name": "subnet_r3r7",
      "provider": "provider[\"registry.terraform.io/terraform-provider-openstack/openstack\"]",
      "instances": [
        {
          "schema_version": 0,
          "attributes": {
            "all_tags": [],
            "allocation_pools": [
              {
                "end": "192.168.10.254",
                "start": "192.168.10.2"
              }
            ],
            "cidr": "192.168.10.0/24",
            "description": "",
            "dhcp_disabled": null,
            "dhcp_enabled": null,
            "dns_nameservers": [
              "8.8.8.8"
            ],
            "enable_dhcp": true,
            "gateway_ip": "192.168.10.1",
            "host_routes": [],
            "id": "bfd746d1-765f-4f4c-9703-3e2c658d1603",
            "ip_version": 4,
            "ipv6_address_mode": "",
            "ipv6_ra_mode": "",
            "name": "r3r7",
            "network_id": "12b4b9f0-55e9-4dee-967f-25964f6f78a9",
            "region": "RegionOne",
            "service_types": [],
            "subnet_id": null,
            "subnetpool_id": "",
            "tags": null,
            "tenant_id": "47db6af3f5ae4a958fd90100ebdef0cd"
          },
          "sensitive_attributes": []
        }
      ]
    },
    {
      "mode": "data",
      "type": "openstack_networking_subnet_v2",
      "name": "subnet_r4r6",
      "provider": "provider[\"registry.terraform.io/terraform-provider-openstack/openstack\"]",
      "instances": [
        {
          "schema_version": 0,
          "attributes": {
            "all_tags": [],
            "allocation_pools": [
              {
                "end": "192.168.5.254",
                "start": "192.168.5.2"
              }
            ],
            "cidr": "192.168.5.0/24",
            "description": "",
            "dhcp_disabled": null,
            "dhcp_enabled": null,
            "dns_nameservers": [
              "8.8.8.8"
            ],
            "enable_dhcp": true,
            "gateway_ip": "192.168.5.1",
            "host_routes": [],
            "id": "47ed346a-aba4-46e5-b900-d312a86a3cb5",
            "ip_version": 4,
            "ipv6_address_mode": "",
            "ipv6_ra_mode": "",
            "name": "r4r6",
            "network_id": "20b8b1ef-8cfe-4099-a60e-2e1306f2fd93",
            "region": "RegionOne",
            "service_types": [],
            "subnet_id": null,
            "subnetpool_id": "",
            "tags": null,
            "tenant_id": "47db6af3f5ae4a958fd90100ebdef0cd"
          },
          "sensitive_attributes": []
        }
      ]
    },
    {
      "mode": "data",
      "type": "openstack_networking_subnet_v2",
      "name": "subnet_r5r6",
      "provider": "provider[\"registry.terraform.io/terraform-provider-openstack/openstack\"]",
      "instances": [
        {
          "schema_version": 0,
          "attributes": {
            "all_tags": [],
            "allocation_pools": [
              {
                "end": "192.168.7.254",
                "start": "192.168.7.2"
              }
            ],
            "cidr": "192.168.7.0/24",
            "description": "",
            "dhcp_disabled": null,
            "dhcp_enabled": null,
            "dns_nameservers": [
              "8.8.8.8"
            ],
            "enable_dhcp": true,
            "gateway_ip": "192.168.7.1",
            "host_routes": [],
            "id": "05315a2e-947b-4a66-8ae9-fb82629bfce0",
            "ip_version": 4,
            "ipv6_address_mode": "",
            "ipv6_ra_mode": "",
            "name": "r5r6",
            "network_id": "018dff4b-ad02-4ec8-b531-a71a31c6ecfa",
            "region": "RegionOne",
            "service_types": [],
            "subnet_id": null,
            "subnetpool_id": "",
            "tags": null,
            "tenant_id": "47db6af3f5ae4a958fd90100ebdef0cd"
          },
          "sensitive_attributes": []
        }
      ]
    },
    {
      "mode": "data",
      "type": "openstack_networking_subnet_v2",
      "name": "subnet_r6r7",
      "provider": "provider[\"registry.terraform.io/terraform-provider-openstack/openstack\"]",
      "instances": [
        {
          "schema_version": 0,
          "attributes": {
            "all_tags": [],
            "allocation_pools": [
              {
                "end": "192.168.9.254",
                "start": "192.168.9.2"
              }
            ],
            "cidr": "192.168.9.0/24",
            "description": "",
            "dhcp_disabled": null,
            "dhcp_enabled": null,
            "dns_nameservers": [
              "8.8.8.8"
            ],
            "enable_dhcp": true,
            "gateway_ip": "192.168.9.1",
            "host_routes": [],
            "id": "3eda892d-4e9b-443c-8977-9fc60bd0a8c1",
            "ip_version": 4,
            "ipv6_address_mode": "",
            "ipv6_ra_mode": "",
            "name": "r6r7",
            "network_id": "a63780a3-a992-4b86-97b3-d988ec4b5bfe",
            "region": "RegionOne",
            "service_types": [],
            "subnet_id": null,
            "subnetpool_id": "",
            "tags": null,
            "tenant_id": "47db6af3f5ae4a958fd90100ebdef0cd"
          },
          "sensitive_attributes": []
        }
      ]
    },
    {
      "mode": "data",
      "type": "openstack_networking_subnet_v2",
      "name": "subnet_r7r13",
      "provider": "provider[\"registry.terraform.io/terraform-provider-openstack/openstack\"]",
      "instances": [
        {
          "schema_version": 0,
          "attributes": {
            "all_tags": [],
            "allocation_pools": [
              {
                "end": "192.168.11.254",
                "start": "192.168.11.2"
              }
            ],
            "cidr": "192.168.11.0/24",
            "description": "",
            "dhcp_disabled": null,
            "dhcp_enabled": null,
            "dns_nameservers": [
              "8.8.8.8"
            ],
            "enable_dhcp": true,
            "gateway_ip": "192.168.11.1",
            "host_routes": [],
            "id": "3a406604-28b3-41b0-8007-d71c4dd413b3",
            "ip_version": 4,
            "ipv6_address_mode": "",
            "ipv6_ra_mode": "",
            "name": "r7r13",
            "network_id": "e2172a2b-d6e8-488c-b932-babfbbb09d1b",
            "region": "RegionOne",
            "service_types": [],
            "subnet_id": null,
            "subnetpool_id": "",
            "tags": null,
            "tenant_id": "47db6af3f5ae4a958fd90100ebdef0cd"
          },
          "sensitive_attributes": []
        }
      ]
    },
    {
      "mode": "managed",
      "type": "openstack_networking_port_v2",
      "name": "eth2_r1",
      "provider": "provider[\"registry.terraform.io/terraform-provider-openstack/openstack\"]",
      "instances": [
        {
          "schema_version": 0,
          "attributes": {
            "admin_state_up": true,
            "all_fixed_ips": [
              "192.168.3.1"
            ],
            "all_security_group_ids": [
              "7535b8b1-78f7-43d2-b27b-bfc252e40a5c"
            ],
            "all_tags": [],
            "allowed_address_pairs": [],
            "binding": [
              {
                "host_id": "",
                "profile": "{}",
                "vif_details": {},
                "vif_type": "unbound",
                "vnic_type": "normal"
              }
            ],
            "description": "",
            "device_id": "",
            "device_owner": "",
            "dns_assignment": [],
            "dns_name": "",
            "extra_dhcp_option": [],
            "fixed_ip": [
              {
                "ip_address": "192.168.3.1",
                "subnet_id": "c6699e16-4fb2-4ae6-8d90-5d568974b018"
              }
            ],
            "id": "97d6d8ab-04a1-42f0-ac12-f399c6e3d594",
            "mac_address": "fa:16:3e:23:41:be",
            "name": "r1_eth2",
            "network_id": "261842e3-a345-4b90-b37b-5c9ba1fce18b",
            "no_fixed_ip": null,
            "no_security_groups": null,
            "port_security_enabled": true,
            "qos_policy_id": "",
            "region": "RegionOne",
            "security_group_ids": null,
            "tags": null,
            "tenant_id": "47db6af3f5ae4a958fd90100ebdef0cd",
            "timeouts": null,
            "value_specs": null
          },
          "sensitive_attributes": [],
          "private": "eyJlMmJmYjczMC1lY2FhLTExZTYtOGY4OC0zNDM2M2JjN2M0YzAiOnsiY3JlYXRlIjo2MDAwMDAwMDAwMDAsImRlbGV0ZSI6NjAwMDAwMDAwMDAwfX0=",
          "dependencies": [
            "data.openstack_networking_network_v2.r1r4",
            "data.openstack_networking_subnet_v2.subnet_r1r4"
          ]
        }
      ]
    },
    {
      "mode": "managed",
      "type": "openstack_networking_port_v2",
      "name": "eth2_r11",
      "provider": "provider[\"registry.terraform.io/terraform-provider-openstack/openstack\"]",
      "instances": [
        {
          "schema_version": 0,
          "attributes": {
            "admin_state_up": true,
            "all_fixed_ips": [
              "192.168.1.11"
            ],
            "all_security_group_ids": [
              "7535b8b1-78f7-43d2-b27b-bfc252e40a5c"
            ],
            "all_tags": [],
            "allowed_address_pairs": [],
            "binding": [
              {
                "host_id": "",
                "profile": "{}",
                "vif_details": {},
                "vif_type": "unbound",
                "vnic_type": "normal"
              }
            ],
            "description": "",
            "device_id": "",
            "device_owner": "",
            "dns_assignment": [],
            "dns_name": "",
            "extra_dhcp_option": [],
            "fixed_ip": [
              {
                "ip_address": "192.168.1.11",
                "subnet_id": "8dc94851-3847-4c09-831f-f55df97eb602"
              }
            ],
            "id": "a23a4906-cf28-46aa-a316-74f023ce4f80",
            "mac_address": "fa:16:3e:3c:96:9a",
            "name": "r11_eth2",
            "network_id": "e2dee63f-1aac-4c2d-b977-46b610ec5b8f",
            "no_fixed_ip": null,
            "no_security_groups": null,
            "port_security_enabled": true,
            "qos_policy_id": "",
            "region": "RegionOne",
            "security_group_ids": null,
            "tags": null,
            "tenant_id": "47db6af3f5ae4a958fd90100ebdef0cd",
            "timeouts": null,
            "value_specs": null
          },
          "sensitive_attributes": [],
          "private": "eyJlMmJmYjczMC1lY2FhLTExZTYtOGY4OC0zNDM2M2JjN2M0YzAiOnsiY3JlYXRlIjo2MDAwMDAwMDAwMDAsImRlbGV0ZSI6NjAwMDAwMDAwMDAwfX0=",
          "dependencies": [
            "data.openstack_networking_network_v2.r1r11",
            "data.openstack_networking_subnet_v2.subnet_r1r11"
          ]
        }
      ]
    },
    {
      "mode": "managed",
      "type": "openstack_networking_port_v2",
      "name": "eth2_r12",
      "provider": "provider[\"registry.terraform.io/terraform-provider-openstack/openstack\"]",
      "instances": [
        {
          "schema_version": 0,
          "attributes": {
            "admin_state_up": true,
            "all_fixed_ips": [
              "192.168.13.12"
            ],
            "all_security_group_ids": [
              "7535b8b1-78f7-43d2-b27b-bfc252e40a5c"
            ],
            "all_tags": [],
            "allowed_address_pairs": [],
            "binding": [
              {
                "host_id": "",
                "profile": "{}",
                "vif_details": {},
                "vif_type": "unbound",
                "vnic_type": "normal"
              }
            ],
            "description": "",
            "device_id": "",
            "device_owner": "",
            "dns_assignment": [],
            "dns_name": "",
            "extra_dhcp_option": [],
            "fixed_ip": [
              {
                "ip_address": "192.168.13.12",
                "subnet_id": "5d0f2222-2429-496e-9a60-4d5c6e8fda94"
              }
            ],
            "id": "cc618bfc-4274-49a8-afc5-101de741e865",
            "mac_address": "fa:16:3e:8b:0a:ce",
            "name": "r12_eth2",
            "network_id": "c0422e79-2088-4181-9b3b-7fa3ba7c6321",
            "no_fixed_ip": null,
            "no_security_groups": null,
            "port_security_enabled": true,
            "qos_policy_id": "",
            "region": "RegionOne",
            "security_group_ids": null,
            "tags": null,
            "tenant_id": "47db6af3f5ae4a958fd90100ebdef0cd",
            "timeouts": null,
            "value_specs": null
          },
          "sensitive_attributes": [],
          "private": "eyJlMmJmYjczMC1lY2FhLTExZTYtOGY4OC0zNDM2M2JjN2M0YzAiOnsiY3JlYXRlIjo2MDAwMDAwMDAwMDAsImRlbGV0ZSI6NjAwMDAwMDAwMDAwfX0=",
          "dependencies": [
            "data.openstack_networking_network_v2.r2r12",
            "data.openstack_networking_subnet_v2.subnet_r2r12"
          ]
        }
      ]
    },
    {
      "mode": "managed",
      "type": "openstack_networking_port_v2",
      "name": "eth2_r13",
      "provider": "provider[\"registry.terraform.io/terraform-provider-openstack/openstack\"]",
      "instances": [
        {
          "schema_version": 0,
          "attributes": {
            "admin_state_up": true,
            "all_fixed_ips": [
              "192.168.12.13"
            ],
            "all_security_group_ids": [
              "7535b8b1-78f7-43d2-b27b-bfc252e40a5c"
            ],
            "all_tags": [],
            "allowed_address_pairs": [],
            "binding": [
              {
                "host_id": "",
                "profile": "{}",
                "vif_details": {},
                "vif_type": "unbound",
                "vnic_type": "normal"
              }
            ],
            "description": "",
            "device_id": "",
            "device_owner": "",
            "dns_assignment": [],
            "dns_name": "",
            "extra_dhcp_option": [],
            "fixed_ip": [
              {
                "ip_address": "192.168.12.13",
                "subnet_id": "6b5d9daf-109b-4e23-89a0-484c0fd121b0"
              }
            ],
            "id": "4d2dcd39-36a1-420c-94fc-01ca750dd17f",
            "mac_address": "fa:16:3e:29:bd:ed",
            "name": "r13_eth2",
            "network_id": "4e127b07-49b8-418a-ab6a-de77d404dcfb",
            "no_fixed_ip": null,
            "no_security_groups": null,
            "port_security_enabled": true,
            "qos_policy_id": "",
            "region": "RegionOne",
            "security_group_ids": null,
            "tags": null,
            "tenant_id": "47db6af3f5ae4a958fd90100ebdef0cd",
            "timeouts": null,
            "value_specs": null
          },
          "sensitive_attributes": [],
          "private": "eyJlMmJmYjczMC1lY2FhLTExZTYtOGY4OC0zNDM2M2JjN2M0YzAiOnsiY3JlYXRlIjo2MDAwMDAwMDAwMDAsImRlbGV0ZSI6NjAwMDAwMDAwMDAwfX0=",
          "dependencies": [
            "data.openstack_networking_network_v2.r3r13",
            "data.openstack_networking_subnet_v2.subnet_r3r13"
          ]
        }
      ]
    },
    {
      "mode": "managed",
      "type": "openstack_networking_port_v2",
      "name": "eth2_r2",
      "provider": "provider[\"registry.terraform.io/terraform-provider-openstack/openstack\"]",
      "instances": [
        {
          "schema_version": 0,
          "attributes": {
            "admin_state_up": true,
            "all_fixed_ips": [
              "192.168.13.20"
            ],
            "all_security_group_ids": [
              "7535b8b1-78f7-43d2-b27b-bfc252e40a5c"
            ],
            "all_tags": [],
            "allowed_address_pairs": [],
            "binding": [
              {
                "host_id": "",
                "profile": "{}",
                "vif_details": {},
                "vif_type": "unbound",
                "vnic_type": "normal"
              }
            ],
            "description": "",
            "device_id": "",
            "device_owner": "",
            "dns_assignment": [],
            "dns_name": "",
            "extra_dhcp_option": [],
            "fixed_ip": [
              {
                "ip_address": "192.168.13.20",
                "subnet_id": "5d0f2222-2429-496e-9a60-4d5c6e8fda94"
              }
            ],
            "id": "31c31703-190f-4d5d-b346-98a6bc25c4d4",
            "mac_address": "fa:16:3e:2b:f7:4e",
            "name": "r2_eth2",
            "network_id": "c0422e79-2088-4181-9b3b-7fa3ba7c6321",
            "no_fixed_ip": null,
            "no_security_groups": null,
            "port_security_enabled": true,
            "qos_policy_id": "",
            "region": "RegionOne",
            "security_group_ids": null,
            "tags": null,
            "tenant_id": "47db6af3f5ae4a958fd90100ebdef0cd",
            "timeouts": null,
            "value_specs": null
          },
          "sensitive_attributes": [],
          "private": "eyJlMmJmYjczMC1lY2FhLTExZTYtOGY4OC0zNDM2M2JjN2M0YzAiOnsiY3JlYXRlIjo2MDAwMDAwMDAwMDAsImRlbGV0ZSI6NjAwMDAwMDAwMDAwfX0=",
          "dependencies": [
            "data.openstack_networking_network_v2.r2r12",
            "data.openstack_networking_subnet_v2.subnet_r2r12"
          ]
        }
      ]
    },
    {
      "mode": "managed",
      "type": "openstack_networking_port_v2",
      "name": "eth2_r3",
      "provider": "provider[\"registry.terraform.io/terraform-provider-openstack/openstack\"]",
      "instances": [
        {
          "schema_version": 0,
          "attributes": {
            "admin_state_up": true,
            "all_fixed_ips": [
              "192.168.12.3"
            ],
            "all_security_group_ids": [
              "7535b8b1-78f7-43d2-b27b-bfc252e40a5c"
            ],
            "all_tags": [],
            "allowed_address_pairs": [],
            "binding": [
              {
                "host_id": "",
                "profile": "{}",
                "vif_details": {},
                "vif_type": "unbound",
                "vnic_type": "normal"
              }
            ],
            "description": "",
            "device_id": "",
            "device_owner": "",
            "dns_assignment": [],
            "dns_name": "",
            "extra_dhcp_option": [],
            "fixed_ip": [
              {
                "ip_address": "192.168.12.3",
                "subnet_id": "6b5d9daf-109b-4e23-89a0-484c0fd121b0"
              }
            ],
            "id": "c9f2cfd4-9eab-4c50-85f0-7d0204fc3f7a",
            "mac_address": "fa:16:3e:d7:6e:3a",
            "name": "r3_eth2",
            "network_id": "4e127b07-49b8-418a-ab6a-de77d404dcfb",
            "no_fixed_ip": null,
            "no_security_groups": null,
            "port_security_enabled": true,
            "qos_policy_id": "",
            "region": "RegionOne",
            "security_group_ids": null,
            "tags": null,
            "tenant_id": "47db6af3f5ae4a958fd90100ebdef0cd",
            "timeouts": null,
            "value_specs": null
          },
          "sensitive_attributes": [],
          "private": "eyJlMmJmYjczMC1lY2FhLTExZTYtOGY4OC0zNDM2M2JjN2M0YzAiOnsiY3JlYXRlIjo2MDAwMDAwMDAwMDAsImRlbGV0ZSI6NjAwMDAwMDAwMDAwfX0=",
          "dependencies": [
            "data.openstack_networking_network_v2.r3r13",
            "data.openstack_networking_subnet_v2.subnet_r3r13"
          ]
        }
      ]
    },
    {
      "mode": "managed",
      "type": "openstack_networking_port_v2",
      "name": "eth2_r4",
      "provider": "provider[\"registry.terraform.io/terraform-provider-openstack/openstack\"]",
      "instances": [
        {
          "schema_version": 0,
          "attributes": {
            "admin_state_up": true,
            "all_fixed_ips": [
              "192.168.3.4"
            ],
            "all_security_group_ids": [
              "7535b8b1-78f7-43d2-b27b-bfc252e40a5c"
            ],
            "all_tags": [],
            "allowed_address_pairs": [],
            "binding": [
              {
                "host_id": "",
                "profile": "{}",
                "vif_details": {},
                "vif_type": "unbound",
                "vnic_type": "normal"
              }
            ],
            "description": "",
            "device_id": "",
            "device_owner": "",
            "dns_assignment": [],
            "dns_name": "",
            "extra_dhcp_option": [],
            "fixed_ip": [
              {
                "ip_address": "192.168.3.4",
                "subnet_id": "c6699e16-4fb2-4ae6-8d90-5d568974b018"
              }
            ],
            "id": "d68c490b-47b0-4f7b-a4c8-fdafc1ee6f16",
            "mac_address": "fa:16:3e:86:e5:ed",
            "name": "r4_eth2",
            "network_id": "261842e3-a345-4b90-b37b-5c9ba1fce18b",
            "no_fixed_ip": null,
            "no_security_groups": null,
            "port_security_enabled": true,
            "qos_policy_id": "",
            "region": "RegionOne",
            "security_group_ids": null,
            "tags": null,
            "tenant_id": "47db6af3f5ae4a958fd90100ebdef0cd",
            "timeouts": null,
            "value_specs": null
          },
          "sensitive_attributes": [],
          "private": "eyJlMmJmYjczMC1lY2FhLTExZTYtOGY4OC0zNDM2M2JjN2M0YzAiOnsiY3JlYXRlIjo2MDAwMDAwMDAwMDAsImRlbGV0ZSI6NjAwMDAwMDAwMDAwfX0=",
          "dependencies": [
            "data.openstack_networking_network_v2.r1r4",
            "data.openstack_networking_subnet_v2.subnet_r1r4"
          ]
        }
      ]
    },
    {
      "mode": "managed",
      "type": "openstack_networking_port_v2",
      "name": "eth2_r5",
      "provider": "provider[\"registry.terraform.io/terraform-provider-openstack/openstack\"]",
      "instances": [
        {
          "schema_version": 0,
          "attributes": {
            "admin_state_up": true,
            "all_fixed_ips": [
              "192.168.7.5"
            ],
            "all_security_group_ids": [
              "7535b8b1-78f7-43d2-b27b-bfc252e40a5c"
            ],
            "all_tags": [],
            "allowed_address_pairs": [],
            "binding": [
              {
                "host_id": "",
                "profile": "{}",
                "vif_details": {},
                "vif_type": "unbound",
                "vnic_type": "normal"
              }
            ],
            "description": "",
            "device_id": "",
            "device_owner": "",
            "dns_assignment": [],
            "dns_name": "",
            "extra_dhcp_option": [],
            "fixed_ip": [
              {
                "ip_address": "192.168.7.5",
                "subnet_id": "05315a2e-947b-4a66-8ae9-fb82629bfce0"
              }
            ],
            "id": "e8d5ee2c-8875-4bd6-beac-972af101af61",
            "mac_address": "fa:16:3e:22:f1:10",
            "name": "r5_eth2",
            "network_id": "018dff4b-ad02-4ec8-b531-a71a31c6ecfa",
            "no_fixed_ip": null,
            "no_security_groups": null,
            "port_security_enabled": true,
            "qos_policy_id": "",
            "region": "RegionOne",
            "security_group_ids": null,
            "tags": null,
            "tenant_id": "47db6af3f5ae4a958fd90100ebdef0cd",
            "timeouts": null,
            "value_specs": null
          },
          "sensitive_attributes": [],
          "private": "eyJlMmJmYjczMC1lY2FhLTExZTYtOGY4OC0zNDM2M2JjN2M0YzAiOnsiY3JlYXRlIjo2MDAwMDAwMDAwMDAsImRlbGV0ZSI6NjAwMDAwMDAwMDAwfX0=",
          "dependencies": [
            "data.openstack_networking_network_v2.r5r6",
            "data.openstack_networking_subnet_v2.subnet_r5r6"
          ]
        }
      ]
    },
    {
      "mode": "managed",
      "type": "openstack_networking_port_v2",
      "name": "eth2_r6",
      "provider": "provider[\"registry.terraform.io/terraform-provider-openstack/openstack\"]",
      "instances": [
        {
          "schema_version": 0,
          "attributes": {
            "admin_state_up": true,
            "all_fixed_ips": [
              "192.168.9.6"
            ],
            "all_security_group_ids": [
              "7535b8b1-78f7-43d2-b27b-bfc252e40a5c"
            ],
            "all_tags": [],
            "allowed_address_pairs": [],
            "binding": [
              {
                "host_id": "",
                "profile": "{}",
                "vif_details": {},
                "vif_type": "unbound",
                "vnic_type": "normal"
              }
            ],
            "description": "",
            "device_id": "",
            "device_owner": "",
            "dns_assignment": [],
            "dns_name": "",
            "extra_dhcp_option": [],
            "fixed_ip": [
              {
                "ip_address": "192.168.9.6",
                "subnet_id": "3eda892d-4e9b-443c-8977-9fc60bd0a8c1"
              }
            ],
            "id": "c4178d20-613f-461a-b4f7-f46890a297e2",
            "mac_address": "fa:16:3e:13:ad:56",
            "name": "r6_eth2",
            "network_id": "a63780a3-a992-4b86-97b3-d988ec4b5bfe",
            "no_fixed_ip": null,
            "no_security_groups": null,
            "port_security_enabled": true,
            "qos_policy_id": "",
            "region": "RegionOne",
            "security_group_ids": null,
            "tags": null,
            "tenant_id": "47db6af3f5ae4a958fd90100ebdef0cd",
            "timeouts": null,
            "value_specs": null
          },
          "sensitive_attributes": [],
          "private": "eyJlMmJmYjczMC1lY2FhLTExZTYtOGY4OC0zNDM2M2JjN2M0YzAiOnsiY3JlYXRlIjo2MDAwMDAwMDAwMDAsImRlbGV0ZSI6NjAwMDAwMDAwMDAwfX0=",
          "dependencies": [
            "data.openstack_networking_network_v2.r6r7",
            "data.openstack_networking_subnet_v2.subnet_r6r7"
          ]
        }
      ]
    },
    {
      "mode": "managed",
      "type": "openstack_networking_port_v2",
      "name": "eth2_r7",
      "provider": "provider[\"registry.terraform.io/terraform-provider-openstack/openstack\"]",
      "instances": [
        {
          "schema_version": 0,
          "attributes": {
            "admin_state_up": true,
            "all_fixed_ips": [
              "192.168.9.7"
            ],
            "all_security_group_ids": [
              "7535b8b1-78f7-43d2-b27b-bfc252e40a5c"
            ],
            "all_tags": [],
            "allowed_address_pairs": [],
            "binding": [
              {
                "host_id": "",
                "profile": "{}",
                "vif_details": {},
                "vif_type": "unbound",
                "vnic_type": "normal"
              }
            ],
            "description": "",
            "device_id": "",
            "device_owner": "",
            "dns_assignment": [],
            "dns_name": "",
            "extra_dhcp_option": [],
            "fixed_ip": [
              {
                "ip_address": "192.168.9.7",
                "subnet_id": "3eda892d-4e9b-443c-8977-9fc60bd0a8c1"
              }
            ],
            "id": "dca9d0d7-59a0-4b62-8475-432f63ce872f",
            "mac_address": "fa:16:3e:0f:f8:6a",
            "name": "r7_eth2",
            "network_id": "a63780a3-a992-4b86-97b3-d988ec4b5bfe",
            "no_fixed_ip": null,
            "no_security_groups": null,
            "port_security_enabled": true,
            "qos_policy_id": "",
            "region": "RegionOne",
            "security_group_ids": null,
            "tags": null,
            "tenant_id": "47db6af3f5ae4a958fd90100ebdef0cd",
            "timeouts": null,
            "value_specs": null
          },
          "sensitive_attributes": [],
          "private": "eyJlMmJmYjczMC1lY2FhLTExZTYtOGY4OC0zNDM2M2JjN2M0YzAiOnsiY3JlYXRlIjo2MDAwMDAwMDAwMDAsImRlbGV0ZSI6NjAwMDAwMDAwMDAwfX0=",
          "dependencies": [
            "data.openstack_networking_network_v2.r6r7",
            "data.openstack_networking_subnet_v2.subnet_r6r7"
          ]
        }
      ]
    },
    {
      "mode": "managed",
      "type": "openstack_networking_port_v2",
      "name": "eth3_r1",
      "provider": "provider[\"registry.terraform.io/terraform-provider-openstack/openstack\"]",
      "instances": [
        {
          "schema_version": 0,
          "attributes": {
            "admin_state_up": true,
            "all_fixed_ips": [
              "192.168.4.1"
            ],
            "all_security_group_ids": [
              "7535b8b1-78f7-43d2-b27b-bfc252e40a5c"
            ],
            "all_tags": [],
            "allowed_address_pairs": [],
            "binding": [
              {
                "host_id": "",
                "profile": "{}",
                "vif_details": {},
                "vif_type": "unbound",
                "vnic_type": "normal"
              }
            ],
            "description": "",
            "device_id": "",
            "device_owner": "",
            "dns_assignment": [],
            "dns_name": "",
            "extra_dhcp_option": [],
            "fixed_ip": [
              {
                "ip_address": "192.168.4.1",
                "subnet_id": "bca7abdf-4e00-4d47-a6f2-5cf69fae6082"
              }
            ],
            "id": "998d893c-f8bc-485a-9379-5ddb9b8947e8",
            "mac_address": "fa:16:3e:ce:2a:55",
            "name": "r1_eth3",
            "network_id": "f99ab493-edcc-4ed6-9ea1-65098dafa1d6",
            "no_fixed_ip": null,
            "no_security_groups": null,
            "port_security_enabled": true,
            "qos_policy_id": "",
            "region": "RegionOne",
            "security_group_ids": null,
            "tags": null,
            "tenant_id": "47db6af3f5ae4a958fd90100ebdef0cd",
            "timeouts": null,
            "value_specs": null
          },
          "sensitive_attributes": [],
          "private": "eyJlMmJmYjczMC1lY2FhLTExZTYtOGY4OC0zNDM2M2JjN2M0YzAiOnsiY3JlYXRlIjo2MDAwMDAwMDAwMDAsImRlbGV0ZSI6NjAwMDAwMDAwMDAwfX0=",
          "dependencies": [
            "data.openstack_networking_network_v2.r1r2",
            "data.openstack_networking_subnet_v2.subnet_r1r2"
          ]
        }
      ]
    },
    {
      "mode": "managed",
      "type": "openstack_networking_port_v2",
      "name": "eth3_r11",
      "provider": "provider[\"registry.terraform.io/terraform-provider-openstack/openstack\"]",
      "instances": [
        {
          "schema_version": 0,
          "attributes": {
            "admin_state_up": true,
            "all_fixed_ips": [
              "192.168.2.11"
            ],
            "all_security_group_ids": [
              "7535b8b1-78f7-43d2-b27b-bfc252e40a5c"
            ],
            "all_tags": [],
            "allowed_address_pairs": [],
            "binding": [
              {
                "host_id": "",
                "profile": "{}",
                "vif_details": {},
                "vif_type": "unbound",
                "vnic_type": "normal"
              }
            ],
            "description": "",
            "device_id": "",
            "device_owner": "",
            "dns_assignment": [],
            "dns_name": "",
            "extra_dhcp_option": [],
            "fixed_ip": [
              {
                "ip_address": "192.168.2.11",
                "subnet_id": "a44fb8b0-6c35-4b51-883b-5ba4c39ec2b2"
              }
            ],
            "id": "a3bc7045-b373-4398-bab6-0eb3ab9a8efd",
            "mac_address": "fa:16:3e:11:5a:3e",
            "name": "r11_eth3",
            "network_id": "5e1c3a0c-9825-4b11-abea-c5f1b5773bee",
            "no_fixed_ip": null,
            "no_security_groups": null,
            "port_security_enabled": true,
            "qos_policy_id": "",
            "region": "RegionOne",
            "security_group_ids": null,
            "tags": null,
            "tenant_id": "47db6af3f5ae4a958fd90100ebdef0cd",
            "timeouts": null,
            "value_specs": null
          },
          "sensitive_attributes": [],
          "private": "eyJlMmJmYjczMC1lY2FhLTExZTYtOGY4OC0zNDM2M2JjN2M0YzAiOnsiY3JlYXRlIjo2MDAwMDAwMDAwMDAsImRlbGV0ZSI6NjAwMDAwMDAwMDAwfX0=",
          "dependencies": [
            "data.openstack_networking_network_v2.r11r4",
            "data.openstack_networking_subnet_v2.subnet_r11r4"
          ]
        }
      ]
    },
    {
      "mode": "managed",
      "type": "openstack_networking_port_v2",
      "name": "eth3_r13",
      "provider": "provider[\"registry.terraform.io/terraform-provider-openstack/openstack\"]",
      "instances": [
        {
          "schema_version": 0,
          "attributes": {
            "admin_state_up": true,
            "all_fixed_ips": [
              "192.168.11.13"
            ],
            "all_security_group_ids": [
              "7535b8b1-78f7-43d2-b27b-bfc252e40a5c"
            ],
            "all_tags": [],
            "allowed_address_pairs": [],
            "binding": [
              {
                "host_id": "",
                "profile": "{}",
                "vif_details": {},
                "vif_type": "unbound",
                "vnic_type": "normal"
              }
            ],
            "description": "",
            "device_id": "",
            "device_owner": "",
            "dns_assignment": [],
            "dns_name": "",
            "extra_dhcp_option": [],
            "fixed_ip": [
              {
                "ip_address": "192.168.11.13",
                "subnet_id": "3a406604-28b3-41b0-8007-d71c4dd413b3"
              }
            ],
            "id": "f83ba396-9ced-46d7-85bd-7899419816ac",
            "mac_address": "fa:16:3e:eb:ce:60",
            "name": "r13_eth3",
            "network_id": "e2172a2b-d6e8-488c-b932-babfbbb09d1b",
            "no_fixed_ip": null,
            "no_security_groups": null,
            "port_security_enabled": true,
            "qos_policy_id": "",
            "region": "RegionOne",
            "security_group_ids": null,
            "tags": null,
            "tenant_id": "47db6af3f5ae4a958fd90100ebdef0cd",
            "timeouts": null,
            "value_specs": null
          },
          "sensitive_attributes": [],
          "private": "eyJlMmJmYjczMC1lY2FhLTExZTYtOGY4OC0zNDM2M2JjN2M0YzAiOnsiY3JlYXRlIjo2MDAwMDAwMDAwMDAsImRlbGV0ZSI6NjAwMDAwMDAwMDAwfX0=",
          "dependencies": [
            "data.openstack_networking_network_v2.r7r13",
            "data.openstack_networking_subnet_v2.subnet_r7r13"
          ]
        }
      ]
    },
    {
      "mode": "managed",
      "type": "openstack_networking_port_v2",
      "name": "eth3_r2",
      "provider": "provider[\"registry.terraform.io/terraform-provider-openstack/openstack\"]",
      "instances": [
        {
          "schema_version": 0,
          "attributes": {
            "admin_state_up": true,
            "all_fixed_ips": [
              "192.168.4.20"
            ],
            "all_security_group_ids": [
              "7535b8b1-78f7-43d2-b27b-bfc252e40a5c"
            ],
            "all_tags": [],
            "allowed_address_pairs": [],
            "binding": [
              {
                "host_id": "",
                "profile": "{}",
                "vif_details": {},
                "vif_type": "unbound",
                "vnic_type": "normal"
              }
            ],
            "description": "",
            "device_id": "",
            "device_owner": "",
            "dns_assignment": [],
            "dns_name": "",
            "extra_dhcp_option": [],
            "fixed_ip": [
              {
                "ip_address": "192.168.4.20",
                "subnet_id": "bca7abdf-4e00-4d47-a6f2-5cf69fae6082"
              }
            ],
            "id": "cf41e721-966e-409c-8781-f1af85fb0cfb",
            "mac_address": "fa:16:3e:a6:80:94",
            "name": "r2_eth3",
            "network_id": "f99ab493-edcc-4ed6-9ea1-65098dafa1d6",
            "no_fixed_ip": null,
            "no_security_groups": null,
            "port_security_enabled": true,
            "qos_policy_id": "",
            "region": "RegionOne",
            "security_group_ids": null,
            "tags": null,
            "tenant_id": "47db6af3f5ae4a958fd90100ebdef0cd",
            "timeouts": null,
            "value_specs": null
          },
          "sensitive_attributes": [],
          "private": "eyJlMmJmYjczMC1lY2FhLTExZTYtOGY4OC0zNDM2M2JjN2M0YzAiOnsiY3JlYXRlIjo2MDAwMDAwMDAwMDAsImRlbGV0ZSI6NjAwMDAwMDAwMDAwfX0=",
          "dependencies": [
            "data.openstack_networking_network_v2.r1r2",
            "data.openstack_networking_subnet_v2.subnet_r1r2"
          ]
        }
      ]
    },
    {
      "mode": "managed",
      "type": "openstack_networking_port_v2",
      "name": "eth3_r3",
      "provider": "provider[\"registry.terraform.io/terraform-provider-openstack/openstack\"]",
      "instances": [
        {
          "schema_version": 0,
          "attributes": {
            "admin_state_up": true,
            "all_fixed_ips": [
              "192.168.10.3"
            ],
            "all_security_group_ids": [
              "7535b8b1-78f7-43d2-b27b-bfc252e40a5c"
            ],
            "all_tags": [],
            "allowed_address_pairs": [],
            "binding": [
              {
                "host_id": "",
                "profile": "{}",
                "vif_details": {},
                "vif_type": "unbound",
                "vnic_type": "normal"
              }
            ],
            "description": "",
            "device_id": "",
            "device_owner": "",
            "dns_assignment": [],
            "dns_name": "",
            "extra_dhcp_option": [],
            "fixed_ip": [
              {
                "ip_address": "192.168.10.3",
                "subnet_id": "bfd746d1-765f-4f4c-9703-3e2c658d1603"
              }
            ],
            "id": "81a096bb-2557-4789-9501-a2b2a1215027",
            "mac_address": "fa:16:3e:39:c2:c2",
            "name": "r3_eth3",
            "network_id": "12b4b9f0-55e9-4dee-967f-25964f6f78a9",
            "no_fixed_ip": null,
            "no_security_groups": null,
            "port_security_enabled": true,
            "qos_policy_id": "",
            "region": "RegionOne",
            "security_group_ids": null,
            "tags": null,
            "tenant_id": "47db6af3f5ae4a958fd90100ebdef0cd",
            "timeouts": null,
            "value_specs": null
          },
          "sensitive_attributes": [],
          "private": "eyJlMmJmYjczMC1lY2FhLTExZTYtOGY4OC0zNDM2M2JjN2M0YzAiOnsiY3JlYXRlIjo2MDAwMDAwMDAwMDAsImRlbGV0ZSI6NjAwMDAwMDAwMDAwfX0=",
          "dependencies": [
            "data.openstack_networking_network_v2.r3r7",
            "data.openstack_networking_subnet_v2.subnet_r3r7"
          ]
        }
      ]
    },
    {
      "mode": "managed",
      "type": "openstack_networking_port_v2",
      "name": "eth3_r4",
      "provider": "provider[\"registry.terraform.io/terraform-provider-openstack/openstack\"]",
      "instances": [
        {
          "schema_version": 0,
          "attributes": {
            "admin_state_up": true,
            "all_fixed_ips": [
              "192.168.2.4"
            ],
            "all_security_group_ids": [
              "7535b8b1-78f7-43d2-b27b-bfc252e40a5c"
            ],
            "all_tags": [],
            "allowed_address_pairs": [],
            "binding": [
              {
                "host_id": "",
                "profile": "{}",
                "vif_details": {},
                "vif_type": "unbound",
                "vnic_type": "normal"
              }
            ],
            "description": "",
            "device_id": "",
            "device_owner": "",
            "dns_assignment": [],
            "dns_name": "",
            "extra_dhcp_option": [],
            "fixed_ip": [
              {
                "ip_address": "192.168.2.4",
                "subnet_id": "a44fb8b0-6c35-4b51-883b-5ba4c39ec2b2"
              }
            ],
            "id": "94682654-c444-412c-951f-de79066f9764",
            "mac_address": "fa:16:3e:ba:48:f5",
            "name": "r4_eth3",
            "network_id": "5e1c3a0c-9825-4b11-abea-c5f1b5773bee",
            "no_fixed_ip": null,
            "no_security_groups": null,
            "port_security_enabled": true,
            "qos_policy_id": "",
            "region": "RegionOne",
            "security_group_ids": null,
            "tags": null,
            "tenant_id": "47db6af3f5ae4a958fd90100ebdef0cd",
            "timeouts": null,
            "value_specs": null
          },
          "sensitive_attributes": [],
          "private": "eyJlMmJmYjczMC1lY2FhLTExZTYtOGY4OC0zNDM2M2JjN2M0YzAiOnsiY3JlYXRlIjo2MDAwMDAwMDAwMDAsImRlbGV0ZSI6NjAwMDAwMDAwMDAwfX0=",
          "dependencies": [
            "data.openstack_networking_network_v2.r11r4",
            "data.openstack_networking_subnet_v2.subnet_r11r4"
          ]
        }
      ]
    },
    {
      "mode": "managed",
      "type": "openstack_networking_port_v2",
      "name": "eth3_r5",
      "provider": "provider[\"registry.terraform.io/terraform-provider-openstack/openstack\"]",
      "instances": [
        {
          "schema_version": 0,
          "attributes": {
            "admin_state_up": true,
            "all_fixed_ips": [
              "192.168.6.5"
            ],
            "all_security_group_ids": [
              "7535b8b1-78f7-43d2-b27b-bfc252e40a5c"
            ],
            "all_tags": [],
            "allowed_address_pairs": [],
            "binding": [
              {
                "host_id": "",
                "profile": "{}",
                "vif_details": {},
                "vif_type": "unbound",
                "vnic_type": "normal"
              }
            ],
            "description": "",
            "device_id": "",
            "device_owner": "",
            "dns_assignment": [],
            "dns_name": "",
            "extra_dhcp_option": [],
            "fixed_ip": [
              {
                "ip_address": "192.168.6.5",
                "subnet_id": "afa7dd99-85e9-410a-9858-d1d7058b0393"
              }
            ],
            "id": "fc94d698-954a-4956-8148-8f8373dc9a15",
            "mac_address": "fa:16:3e:13:bb:ee",
            "name": "r5_eth3",
            "network_id": "18937e35-91f4-434a-a65b-f15b9757cd6c",
            "no_fixed_ip": null,
            "no_security_groups": null,
            "port_security_enabled": true,
            "qos_policy_id": "",
            "region": "RegionOne",
            "security_group_ids": null,
            "tags": null,
            "tenant_id": "47db6af3f5ae4a958fd90100ebdef0cd",
            "timeouts": null,
            "value_specs": null
          },
          "sensitive_attributes": [],
          "private": "eyJlMmJmYjczMC1lY2FhLTExZTYtOGY4OC0zNDM2M2JjN2M0YzAiOnsiY3JlYXRlIjo2MDAwMDAwMDAwMDAsImRlbGV0ZSI6NjAwMDAwMDAwMDAwfX0=",
          "dependencies": [
            "data.openstack_networking_network_v2.r2r5",
            "data.openstack_networking_subnet_v2.subnet_r2r5"
          ]
        }
      ]
    },
    {
      "mode": "managed",
      "type": "openstack_networking_port_v2",
      "name": "eth3_r6",
      "provider": "provider[\"registry.terraform.io/terraform-provider-openstack/openstack\"]",
      "instances": [
        {
          "schema_version": 0,
          "attributes": {
            "admin_state_up": true,
            "all_fixed_ips": [
              "192.168.7.6"
            ],
            "all_security_group_ids": [
              "7535b8b1-78f7-43d2-b27b-bfc252e40a5c"
            ],
            "all_tags": [],
            "allowed_address_pairs": [],
            "binding": [
              {
                "host_id": "",
                "profile": "{}",
                "vif_details": {},
                "vif_type": "unbound",
                "vnic_type": "normal"
              }
            ],
            "description": "",
            "device_id": "",
            "device_owner": "",
            "dns_assignment": [],
            "dns_name": "",
            "extra_dhcp_option": [],
            "fixed_ip": [
              {
                "ip_address": "192.168.7.6",
                "subnet_id": "05315a2e-947b-4a66-8ae9-fb82629bfce0"
              }
            ],
            "id": "c54c2e00-4d32-4065-bc16-85ce09749ded",
            "mac_address": "fa:16:3e:f4:14:dc",
            "name": "r6_eth3",
            "network_id": "018dff4b-ad02-4ec8-b531-a71a31c6ecfa",
            "no_fixed_ip": null,
            "no_security_groups": null,
            "port_security_enabled": true,
            "qos_policy_id": "",
            "region": "RegionOne",
            "security_group_ids": null,
            "tags": null,
            "tenant_id": "47db6af3f5ae4a958fd90100ebdef0cd",
            "timeouts": null,
            "value_specs": null
          },
          "sensitive_attributes": [],
          "private": "eyJlMmJmYjczMC1lY2FhLTExZTYtOGY4OC0zNDM2M2JjN2M0YzAiOnsiY3JlYXRlIjo2MDAwMDAwMDAwMDAsImRlbGV0ZSI6NjAwMDAwMDAwMDAwfX0=",
          "dependencies": [
            "data.openstack_networking_network_v2.r5r6",
            "data.openstack_networking_subnet_v2.subnet_r5r6"
          ]
        }
      ]
    },
    {
      "mode": "managed",
      "type": "openstack_networking_port_v2",
      "name": "eth3_r7",
      "provider": "provider[\"registry.terraform.io/terraform-provider-openstack/openstack\"]",
      "instances": [
        {
          "schema_version": 0,
          "attributes": {
            "admin_state_up": true,
            "all_fixed_ips": [
              "192.168.11.7"
            ],
            "all_security_group_ids": [
              "7535b8b1-78f7-43d2-b27b-bfc252e40a5c"
            ],
            "all_tags": [],
            "allowed_address_pairs": [],
            "binding": [
              {
                "host_id": "",
                "profile": "{}",
                "vif_details": {},
                "vif_type": "unbound",
                "vnic_type": "normal"
              }
            ],
            "description": "",
            "device_id": "",
            "device_owner": "",
            "dns_assignment": [],
            "dns_name": "",
            "extra_dhcp_option": [],
            "fixed_ip": [
              {
                "ip_address": "192.168.11.7",
                "subnet_id": "3a406604-28b3-41b0-8007-d71c4dd413b3"
              }
            ],
            "id": "84ce19d8-8364-455c-9eb4-670a2f27fb79",
            "mac_address": "fa:16:3e:c9:c1:93",
            "name": "r7_eth3",
            "network_id": "e2172a2b-d6e8-488c-b932-babfbbb09d1b",
            "no_fixed_ip": null,
            "no_security_groups": null,
            "port_security_enabled": true,
            "qos_policy_id": "",
            "region": "RegionOne",
            "security_group_ids": null,
            "tags": null,
            "tenant_id": "47db6af3f5ae4a958fd90100ebdef0cd",
            "timeouts": null,
            "value_specs": null
          },
          "sensitive_attributes": [],
          "private": "eyJlMmJmYjczMC1lY2FhLTExZTYtOGY4OC0zNDM2M2JjN2M0YzAiOnsiY3JlYXRlIjo2MDAwMDAwMDAwMDAsImRlbGV0ZSI6NjAwMDAwMDAwMDAwfX0=",
          "dependencies": [
            "data.openstack_networking_network_v2.r7r13",
            "data.openstack_networking_subnet_v2.subnet_r7r13"
          ]
        }
      ]
    },
    {
      "mode": "managed",
      "type": "openstack_networking_port_v2",
      "name": "eth4_r1",
      "provider": "provider[\"registry.terraform.io/terraform-provider-openstack/openstack\"]",
      "instances": [
        {
          "schema_version": 0,
          "attributes": {
            "admin_state_up": true,
            "all_fixed_ips": [
              "192.168.1.1"
            ],
            "all_security_group_ids": [
              "7535b8b1-78f7-43d2-b27b-bfc252e40a5c"
            ],
            "all_tags": [],
            "allowed_address_pairs": [],
            "binding": [
              {
                "host_id": "",
                "profile": "{}",
                "vif_details": {},
                "vif_type": "unbound",
                "vnic_type": "normal"
              }
            ],
            "description": "",
            "device_id": "",
            "device_owner": "",
            "dns_assignment": [],
            "dns_name": "",
            "extra_dhcp_option": [],
            "fixed_ip": [
              {
                "ip_address": "192.168.1.1",
                "subnet_id": "8dc94851-3847-4c09-831f-f55df97eb602"
              }
            ],
            "id": "264ae352-da6b-4899-8158-790a7ee7c21a",
            "mac_address": "fa:16:3e:0b:2a:cc",
            "name": "r1_eth4",
            "network_id": "e2dee63f-1aac-4c2d-b977-46b610ec5b8f",
            "no_fixed_ip": null,
            "no_security_groups": null,
            "port_security_enabled": true,
            "qos_policy_id": "",
            "region": "RegionOne",
            "security_group_ids": null,
            "tags": null,
            "tenant_id": "47db6af3f5ae4a958fd90100ebdef0cd",
            "timeouts": null,
            "value_specs": null
          },
          "sensitive_attributes": [],
          "private": "eyJlMmJmYjczMC1lY2FhLTExZTYtOGY4OC0zNDM2M2JjN2M0YzAiOnsiY3JlYXRlIjo2MDAwMDAwMDAwMDAsImRlbGV0ZSI6NjAwMDAwMDAwMDAwfX0=",
          "dependencies": [
            "data.openstack_networking_network_v2.r1r11",
            "data.openstack_networking_subnet_v2.subnet_r1r11"
          ]
        }
      ]
    },
    {
      "mode": "managed",
      "type": "openstack_networking_port_v2",
      "name": "eth4_r12",
      "provider": "provider[\"registry.terraform.io/terraform-provider-openstack/openstack\"]",
      "instances": [
        {
          "schema_version": 0,
          "attributes": {
            "admin_state_up": true,
            "all_fixed_ips": [
              "192.168.14.12"
            ],
            "all_security_group_ids": [
              "7535b8b1-78f7-43d2-b27b-bfc252e40a5c"
            ],
            "all_tags": [],
            "allowed_address_pairs": [],
            "binding": [
              {
                "host_id": "",
                "profile": "{}",
                "vif_details": {},
                "vif_type": "unbound",
                "vnic_type": "normal"
              }
            ],
            "description": "",
            "device_id": "",
            "device_owner": "",
            "dns_assignment": [],
            "dns_name": "",
            "extra_dhcp_option": [],
            "fixed_ip": [
              {
                "ip_address": "192.168.14.12",
                "subnet_id": "a5c75775-5a90-418e-b831-d4ebe58ec6de"
              }
            ],
            "id": "d1efd4cb-cda2-48d1-a278-c8dc9d3ad438",
            "mac_address": "fa:16:3e:3c:83:7b",
            "name": "r12_eth4",
            "network_id": "5b7e50b7-9699-4a9b-83d8-e7ba20486844",
            "no_fixed_ip": null,
            "no_security_groups": null,
            "port_security_enabled": true,
            "qos_policy_id": "",
            "region": "RegionOne",
            "security_group_ids": null,
            "tags": null,
            "tenant_id": "47db6af3f5ae4a958fd90100ebdef0cd",
            "timeouts": null,
            "value_specs": null
          },
          "sensitive_attributes": [],
          "private": "eyJlMmJmYjczMC1lY2FhLTExZTYtOGY4OC0zNDM2M2JjN2M0YzAiOnsiY3JlYXRlIjo2MDAwMDAwMDAwMDAsImRlbGV0ZSI6NjAwMDAwMDAwMDAwfX0=",
          "dependencies": [
            "data.openstack_networking_network_v2.r3r12",
            "data.openstack_networking_subnet_v2.subnet_r3r12"
          ]
        }
      ]
    },
    {
      "mode": "managed",
      "type": "openstack_networking_port_v2",
      "name": "eth4_r2",
      "provider": "provider[\"registry.terraform.io/terraform-provider-openstack/openstack\"]",
      "instances": [
        {
          "schema_version": 0,
          "attributes": {
            "admin_state_up": true,
            "all_fixed_ips": [
              "192.168.8.20"
            ],
            "all_security_group_ids": [
              "7535b8b1-78f7-43d2-b27b-bfc252e40a5c"
            ],
            "all_tags": [],
            "allowed_address_pairs": [],
            "binding": [
              {
                "host_id": "",
                "profile": "{}",
                "vif_details": {},
                "vif_type": "unbound",
                "vnic_type": "normal"
              }
            ],
            "description": "",
            "device_id": "",
            "device_owner": "",
            "dns_assignment": [],
            "dns_name": "",
            "extra_dhcp_option": [],
            "fixed_ip": [
              {
                "ip_address": "192.168.8.20",
                "subnet_id": "d32feabb-75e8-4fc4-8ed1-85d0689beec1"
              }
            ],
            "id": "ba31a9ab-b9d1-4cfc-88c9-46e315981e10",
            "mac_address": "fa:16:3e:f8:ed:9e",
            "name": "r2_eth4",
            "network_id": "0f656566-5bb7-4501-a8dc-9302ef4f68ed",
            "no_fixed_ip": null,
            "no_security_groups": null,
            "port_security_enabled": true,
            "qos_policy_id": "",
            "region": "RegionOne",
            "security_group_ids": null,
            "tags": null,
            "tenant_id": "47db6af3f5ae4a958fd90100ebdef0cd",
            "timeouts": null,
            "value_specs": null
          },
          "sensitive_attributes": [],
          "private": "eyJlMmJmYjczMC1lY2FhLTExZTYtOGY4OC0zNDM2M2JjN2M0YzAiOnsiY3JlYXRlIjo2MDAwMDAwMDAwMDAsImRlbGV0ZSI6NjAwMDAwMDAwMDAwfX0=",
          "dependencies": [
            "data.openstack_networking_network_v2.r2r3",
            "data.openstack_networking_subnet_v2.subnet_r2r3"
          ]
        }
      ]
    },
    {
      "mode": "managed",
      "type": "openstack_networking_port_v2",
      "name": "eth4_r3",
      "provider": "provider[\"registry.terraform.io/terraform-provider-openstack/openstack\"]",
      "instances": [
        {
          "schema_version": 0,
          "attributes": {
            "admin_state_up": true,
            "all_fixed_ips": [
              "192.168.8.3"
            ],
            "all_security_group_ids": [
              "7535b8b1-78f7-43d2-b27b-bfc252e40a5c"
            ],
            "all_tags": [],
            "allowed_address_pairs": [],
            "binding": [
              {
                "host_id": "",
                "profile": "{}",
                "vif_details": {},
                "vif_type": "unbound",
                "vnic_type": "normal"
              }
            ],
            "description": "",
            "device_id": "",
            "device_owner": "",
            "dns_assignment": [],
            "dns_name": "",
            "extra_dhcp_option": [],
            "fixed_ip": [
              {
                "ip_address": "192.168.8.3",
                "subnet_id": "d32feabb-75e8-4fc4-8ed1-85d0689beec1"
              }
            ],
            "id": "bf474600-66c4-4ee4-91f6-d2ab901669d3",
            "mac_address": "fa:16:3e:a4:a6:69",
            "name": "r3_eth4",
            "network_id": "0f656566-5bb7-4501-a8dc-9302ef4f68ed",
            "no_fixed_ip": null,
            "no_security_groups": null,
            "port_security_enabled": true,
            "qos_policy_id": "",
            "region": "RegionOne",
            "security_group_ids": null,
            "tags": null,
            "tenant_id": "47db6af3f5ae4a958fd90100ebdef0cd",
            "timeouts": null,
            "value_specs": null
          },
          "sensitive_attributes": [],
          "private": "eyJlMmJmYjczMC1lY2FhLTExZTYtOGY4OC0zNDM2M2JjN2M0YzAiOnsiY3JlYXRlIjo2MDAwMDAwMDAwMDAsImRlbGV0ZSI6NjAwMDAwMDAwMDAwfX0=",
          "dependencies": [
            "data.openstack_networking_network_v2.r2r3",
            "data.openstack_networking_subnet_v2.subnet_r2r3"
          ]
        }
      ]
    },
    {
      "mode": "managed",
      "type": "openstack_networking_port_v2",
      "name": "eth4_r4",
      "provider": "provider[\"registry.terraform.io/terraform-provider-openstack/openstack\"]",
      "instances": [
        {
          "schema_version": 0,
          "attributes": {
            "admin_state_up": true,
            "all_fixed_ips": [
              "192.168.5.4"
            ],
            "all_security_group_ids": [
              "7535b8b1-78f7-43d2-b27b-bfc252e40a5c"
            ],
            "all_tags": [],
            "allowed_address_pairs": [],
            "binding": [
              {
                "host_id": "",
                "profile": "{}",
                "vif_details": {},
                "vif_type": "unbound",
                "vnic_type": "normal"
              }
            ],
            "description": "",
            "device_id": "",
            "device_owner": "",
            "dns_assignment": [],
            "dns_name": "",
            "extra_dhcp_option": [],
            "fixed_ip": [
              {
                "ip_address": "192.168.5.4",
                "subnet_id": "47ed346a-aba4-46e5-b900-d312a86a3cb5"
              }
            ],
            "id": "b85e1ff5-8e83-4f57-ac37-5a583930aee3",
            "mac_address": "fa:16:3e:9a:58:6d",
            "name": "r4_eth4",
            "network_id": "20b8b1ef-8cfe-4099-a60e-2e1306f2fd93",
            "no_fixed_ip": null,
            "no_security_groups": null,
            "port_security_enabled": true,
            "qos_policy_id": "",
            "region": "RegionOne",
            "security_group_ids": null,
            "tags": null,
            "tenant_id": "47db6af3f5ae4a958fd90100ebdef0cd",
            "timeouts": null,
            "value_specs": null
          },
          "sensitive_attributes": [],
          "private": "eyJlMmJmYjczMC1lY2FhLTExZTYtOGY4OC0zNDM2M2JjN2M0YzAiOnsiY3JlYXRlIjo2MDAwMDAwMDAwMDAsImRlbGV0ZSI6NjAwMDAwMDAwMDAwfX0=",
          "dependencies": [
            "data.openstack_networking_network_v2.r4r6",
            "data.openstack_networking_subnet_v2.subnet_r4r6"
          ]
        }
      ]
    },
    {
      "mode": "managed",
      "type": "openstack_networking_port_v2",
      "name": "eth4_r6",
      "provider": "provider[\"registry.terraform.io/terraform-provider-openstack/openstack\"]",
      "instances": [
        {
          "schema_version": 0,
          "attributes": {
            "admin_state_up": true,
            "all_fixed_ips": [
              "192.168.5.6"
            ],
            "all_security_group_ids": [
              "7535b8b1-78f7-43d2-b27b-bfc252e40a5c"
            ],
            "all_tags": [],
            "allowed_address_pairs": [],
            "binding": [
              {
                "host_id": "",
                "profile": "{}",
                "vif_details": {},
                "vif_type": "unbound",
                "vnic_type": "normal"
              }
            ],
            "description": "",
            "device_id": "",
            "device_owner": "",
            "dns_assignment": [],
            "dns_name": "",
            "extra_dhcp_option": [],
            "fixed_ip": [
              {
                "ip_address": "192.168.5.6",
                "subnet_id": "47ed346a-aba4-46e5-b900-d312a86a3cb5"
              }
            ],
            "id": "0c4deea3-7dba-482c-a76d-54023f79595d",
            "mac_address": "fa:16:3e:6a:e2:16",
            "name": "r6_eth4",
            "network_id": "20b8b1ef-8cfe-4099-a60e-2e1306f2fd93",
            "no_fixed_ip": null,
            "no_security_groups": null,
            "port_security_enabled": true,
            "qos_policy_id": "",
            "region": "RegionOne",
            "security_group_ids": null,
            "tags": null,
            "tenant_id": "47db6af3f5ae4a958fd90100ebdef0cd",
            "timeouts": null,
            "value_specs": null
          },
          "sensitive_attributes": [],
          "private": "eyJlMmJmYjczMC1lY2FhLTExZTYtOGY4OC0zNDM2M2JjN2M0YzAiOnsiY3JlYXRlIjo2MDAwMDAwMDAwMDAsImRlbGV0ZSI6NjAwMDAwMDAwMDAwfX0=",
          "dependencies": [
            "data.openstack_networking_network_v2.r4r6",
            "data.openstack_networking_subnet_v2.subnet_r4r6"
          ]
        }
      ]
    },
    {
      "mode": "managed",
      "type": "openstack_networking_port_v2",
      "name": "eth4_r7",
      "provider": "provider[\"registry.terraform.io/terraform-provider-openstack/openstack\"]",
      "instances": [
        {
          "schema_version": 0,
          "attributes": {
            "admin_state_up": true,
            "all_fixed_ips": [
              "192.168.10.7"
            ],
            "all_security_group_ids": [
              "7535b8b1-78f7-43d2-b27b-bfc252e40a5c"
            ],
            "all_tags": [],
            "allowed_address_pairs": [],
            "binding": [
              {
                "host_id": "",
                "profile": "{}",
                "vif_details": {},
                "vif_type": "unbound",
                "vnic_type": "normal"
              }
            ],
            "description": "",
            "device_id": "",
            "device_owner": "",
            "dns_assignment": [],
            "dns_name": "",
            "extra_dhcp_option": [],
            "fixed_ip": [
              {
                "ip_address": "192.168.10.7",
                "subnet_id": "bfd746d1-765f-4f4c-9703-3e2c658d1603"
              }
            ],
            "id": "cde983c1-188b-4372-8c0e-5953c0bf1ba8",
            "mac_address": "fa:16:3e:56:c4:db",
            "name": "r7_eth4",
            "network_id": "12b4b9f0-55e9-4dee-967f-25964f6f78a9",
            "no_fixed_ip": null,
            "no_security_groups": null,
            "port_security_enabled": true,
            "qos_policy_id": "",
            "region": "RegionOne",
            "security_group_ids": null,
            "tags": null,
            "tenant_id": "47db6af3f5ae4a958fd90100ebdef0cd",
            "timeouts": null,
            "value_specs": null
          },
          "sensitive_attributes": [],
          "private": "eyJlMmJmYjczMC1lY2FhLTExZTYtOGY4OC0zNDM2M2JjN2M0YzAiOnsiY3JlYXRlIjo2MDAwMDAwMDAwMDAsImRlbGV0ZSI6NjAwMDAwMDAwMDAwfX0=",
          "dependencies": [
            "data.openstack_networking_network_v2.r3r7",
            "data.openstack_networking_subnet_v2.subnet_r3r7"
          ]
        }
      ]
    },
    {
      "mode": "managed",
      "type": "openstack_networking_port_v2",
      "name": "eth5_r2",
      "provider": "provider[\"registry.terraform.io/terraform-provider-openstack/openstack\"]",
      "instances": [
        {
          "schema_version": 0,
          "attributes": {
            "admin_state_up": true,
            "all_fixed_ips": [
              "192.168.6.20"
            ],
            "all_security_group_ids": [
              "7535b8b1-78f7-43d2-b27b-bfc252e40a5c"
            ],
            "all_tags": [],
            "allowed_address_pairs": [],
            "binding": [
              {
                "host_id": "",
                "profile": "{}",
                "vif_details": {},
                "vif_type": "unbound",
                "vnic_type": "normal"
              }
            ],
            "description": "",
            "device_id": "",
            "device_owner": "",
            "dns_assignment": [],
            "dns_name": "",
            "extra_dhcp_option": [],
            "fixed_ip": [
              {
                "ip_address": "192.168.6.20",
                "subnet_id": "afa7dd99-85e9-410a-9858-d1d7058b0393"
              }
            ],
            "id": "9772c6be-9102-42f5-9e67-dbc01c054aa3",
            "mac_address": "fa:16:3e:43:a5:ca",
            "name": "r5_eth5",
            "network_id": "18937e35-91f4-434a-a65b-f15b9757cd6c",
            "no_fixed_ip": null,
            "no_security_groups": null,
            "port_security_enabled": true,
            "qos_policy_id": "",
            "region": "RegionOne",
            "security_group_ids": null,
            "tags": null,
            "tenant_id": "47db6af3f5ae4a958fd90100ebdef0cd",
            "timeouts": null,
            "value_specs": null
          },
          "sensitive_attributes": [],
          "private": "eyJlMmJmYjczMC1lY2FhLTExZTYtOGY4OC0zNDM2M2JjN2M0YzAiOnsiY3JlYXRlIjo2MDAwMDAwMDAwMDAsImRlbGV0ZSI6NjAwMDAwMDAwMDAwfX0=",
          "dependencies": [
            "data.openstack_networking_network_v2.r2r5",
            "data.openstack_networking_subnet_v2.subnet_r2r5"
          ]
        }
      ]
    },
    {
      "mode": "managed",
      "type": "openstack_networking_port_v2",
      "name": "eth5_r3",
      "provider": "provider[\"registry.terraform.io/terraform-provider-openstack/openstack\"]",
      "instances": [
        {
          "schema_version": 0,
          "attributes": {
            "admin_state_up": true,
            "all_fixed_ips": [
              "192.168.14.3"
            ],
            "all_security_group_ids": [
              "7535b8b1-78f7-43d2-b27b-bfc252e40a5c"
            ],
            "all_tags": [],
            "allowed_address_pairs": [],
            "binding": [
              {
                "host_id": "",
                "profile": "{}",
                "vif_details": {},
                "vif_type": "unbound",
                "vnic_type": "normal"
              }
            ],
            "description": "",
            "device_id": "",
            "device_owner": "",
            "dns_assignment": [],
            "dns_name": "",
            "extra_dhcp_option": [],
            "fixed_ip": [
              {
                "ip_address": "192.168.14.3",
                "subnet_id": "a5c75775-5a90-418e-b831-d4ebe58ec6de"
              }
            ],
            "id": "dd742416-72c9-4c84-a60a-dd03e81c61d5",
            "mac_address": "fa:16:3e:db:bb:d0",
            "name": "r3_eth5",
            "network_id": "5b7e50b7-9699-4a9b-83d8-e7ba20486844",
            "no_fixed_ip": null,
            "no_security_groups": null,
            "port_security_enabled": true,
            "qos_policy_id": "",
            "region": "RegionOne",
            "security_group_ids": null,
            "tags": null,
            "tenant_id": "47db6af3f5ae4a958fd90100ebdef0cd",
            "timeouts": null,
            "value_specs": null
          },
          "sensitive_attributes": [],
          "private": "eyJlMmJmYjczMC1lY2FhLTExZTYtOGY4OC0zNDM2M2JjN2M0YzAiOnsiY3JlYXRlIjo2MDAwMDAwMDAwMDAsImRlbGV0ZSI6NjAwMDAwMDAwMDAwfX0=",
          "dependencies": [
            "data.openstack_networking_network_v2.r3r12",
            "data.openstack_networking_subnet_v2.subnet_r3r12"
          ]
        }
      ]
    }
  ],
  "check_results": null
}
