{
  "version": 4,
  "terraform_version": "1.11.4",
  "serial": 505,
  "lineage": "e435fae4-b7e0-ea69-a159-55f5a828d3ee",
  "outputs": {},
  "resources": [
    {
      "mode": "data",
      "type": "openstack_compute_flavor_v2",
      "name": "flavor",
      "provider": "provider[\"registry.terraform.io/terraform-provider-openstack/openstack\"]",
      "instances": [
        {
          "schema_version": 0,
          "attributes": {
            "description": "",
            "disk": 25,
            "extra_specs": {},
            "flavor_id": "373be856-2584-4418-b98a-9668510059bb",
            "id": "373be856-2584-4418-b98a-9668510059bb",
            "is_public": true,
            "min_disk": null,
            "min_ram": null,
            "name": "FRR",
            "ram": 2048,
            "region": null,
            "rx_tx_factor": 1,
            "swap": 0,
            "vcpus": 2
          },
          "sensitive_attributes": []
        }
      ]
    },
    {
      "mode": "data",
      "type": "openstack_images_image_v2",
      "name": "image",
      "provider": "provider[\"registry.terraform.io/terraform-provider-openstack/openstack\"]",
      "instances": [
        {
          "schema_version": 0,
          "attributes": {
            "checksum": "34970c096b26c58993caf1dbdbf15426",
            "container_format": "bare",
            "created_at": "2025-05-21T16:47:30Z",
            "disk_format": "qcow2",
            "file": "/v2/images/1d35fa76-6177-4b18-8502-aa6716b117b6/file",
            "hidden": false,
            "id": "1d35fa76-6177-4b18-8502-aa6716b117b6",
            "member_status": null,
            "metadata": {},
            "min_disk_gb": 0,
            "min_ram_mb": 0,
            "most_recent": false,
            "name": "HLx-FRR",
            "name_regex": null,
            "owner": "7c7e226752784147b88a571dc1f14b26",
            "properties": {
              "os_hash_algo": "sha512",
              "os_hash_value": "d526c1e7803dcf5f47e795b1f24093b332c81787a0a801bc4c5bbfae15eb21d20f4e5350bb8e09f4553aeabdc04b808b113c56359cd73be5820a0a08e23a959b",
              "owner_specified.openstack.md5": "",
              "owner_specified.openstack.object": "images/HLx-FRR",
              "owner_specified.openstack.sha256": "",
              "stores": "file"
            },
            "protected": false,
            "region": "RegionOne",
            "schema": "/v2/schemas/image",
            "size_bytes": 6728646656,
            "size_max": null,
            "size_min": null,
            "sort_direction": "asc",
            "sort_key": "name",
            "tag": null,
            "tags": [],
            "updated_at": "2025-05-21T16:48:18Z",
            "visibility": "private"
          },
          "sensitive_attributes": []
        }
      ]
    },
    {
      "mode": "data",
      "type": "openstack_networking_network_v2",
      "name": "mgmt_network",
      "provider": "provider[\"registry.terraform.io/terraform-provider-openstack/openstack\"]",
      "instances": [
        {
          "schema_version": 0,
          "attributes": {
            "admin_state_up": "true",
            "all_tags": [],
            "availability_zone_hints": [],
            "description": "",
            "dns_domain": "",
            "external": true,
            "id": "e00db497-40a2-4648-bb99-183a38c2371e",
            "matching_subnet_cidr": null,
            "mtu": 1500,
            "name": "management-network",
            "network_id": null,
            "region": "RegionOne",
            "segments": [
              {
                "network_type": "flat",
                "physical_network": "physnet1",
                "segmentation_id": 0
              }
            ],
            "shared": "true",
            "status": null,
            "subnets": [
              "06ff9050-d42e-4504-ac0f-69b030077ede"
            ],
            "tags": null,
            "tenant_id": "311f8f3d723644368e2a386ad7e38cfb",
            "transparent_vlan": false
          },
          "sensitive_attributes": []
        }
      ]
    },
    {
      "mode": "data",
      "type": "openstack_networking_network_v2",
      "name": "r11r4",
      "provider": "provider[\"registry.terraform.io/terraform-provider-openstack/openstack\"]",
      "instances": [
        {
          "schema_version": 0,
          "attributes": {
            "admin_state_up": "true",
            "all_tags": [],
            "availability_zone_hints": [],
            "description": "",
            "dns_domain": "",
            "external": true,
            "id": "5e1c3a0c-9825-4b11-abea-c5f1b5773bee",
            "matching_subnet_cidr": null,
            "mtu": 1450,
            "name": "r11r4",
            "network_id": null,
            "region": "RegionOne",
            "segments": [
              {
                "network_type": "vxlan",
                "physical_network": "",
                "segmentation_id": 150
              }
            ],
            "shared": "true",
            "status": null,
            "subnets": [
              "a44fb8b0-6c35-4b51-883b-5ba4c39ec2b2"
            ],
            "tags": null,
            "tenant_id": "47db6af3f5ae4a958fd90100ebdef0cd",
            "transparent_vlan": false
          },
          "sensitive_attributes": []
        }
      ]
    },
    {
      "mode": "data",
      "type": "openstack_networking_network_v2",
      "name": "r1r11",
      "provider": "provider[\"registry.terraform.io/terraform-provider-openstack/openstack\"]",
      "instances": [
        {
          "schema_version": 0,
          "attributes": {
            "admin_state_up": "true",
            "all_tags": [],
            "availability_zone_hints": [],
            "description": "",
            "dns_domain": "",
            "external": true,
            "id": "e2dee63f-1aac-4c2d-b977-46b610ec5b8f",
            "matching_subnet_cidr": null,
            "mtu": 1450,
            "name": "r1r11",
            "network_id": null,
            "region": "RegionOne",
            "segments": [
              {
                "network_type": "vxlan",
                "physical_network": "",
                "segmentation_id": 455
              }
            ],
            "shared": "true",
            "status": null,
            "subnets": [
              "8dc94851-3847-4c09-831f-f55df97eb602"
            ],
            "tags": null,
            "tenant_id": "47db6af3f5ae4a958fd90100ebdef0cd",
            "transparent_vlan": false
          },
          "sensitive_attributes": []
        }
      ]
    },
    {
      "mode": "data",
      "type": "openstack_networking_network_v2",
      "name": "r1r2",
      "provider": "provider[\"registry.terraform.io/terraform-provider-openstack/openstack\"]",
      "instances": [
        {
          "schema_version": 0,
          "attributes": {
            "admin_state_up": "true",
            "all_tags": [],
            "availability_zone_hints": [],
            "description": "",
            "dns_domain": "",
            "external": true,
            "id": "f99ab493-edcc-4ed6-9ea1-65098dafa1d6",
            "matching_subnet_cidr": null,
            "mtu": 1450,
            "name": "r1r2",
            "network_id": null,
            "region": "RegionOne",
            "segments": [
              {
                "network_type": "vxlan",
                "physical_network": "",
                "segmentation_id": 529
              }
            ],
            "shared": "true",
            "status": null,
            "subnets": [
              "bca7abdf-4e00-4d47-a6f2-5cf69fae6082"
            ],
            "tags": null,
            "tenant_id": "47db6af3f5ae4a958fd90100ebdef0cd",
            "transparent_vlan": false
          },
          "sensitive_attributes": []
        }
      ]
    },
    {
      "mode": "data",
      "type": "openstack_networking_network_v2",
      "name": "r1r4",
      "provider": "provider[\"registry.terraform.io/terraform-provider-openstack/openstack\"]",
      "instances": [
        {
          "schema_version": 0,
          "attributes": {
            "admin_state_up": "true",
            "all_tags": [],
            "availability_zone_hints": [],
            "description": "",
            "dns_domain": "",
            "external": true,
            "id": "261842e3-a345-4b90-b37b-5c9ba1fce18b",
            "matching_subnet_cidr": null,
            "mtu": 1450,
            "name": "r1r4",
            "network_id": null,
            "region": "RegionOne",
            "segments": [
              {
                "network_type": "vxlan",
                "physical_network": "",
                "segmentation_id": 268
              }
            ],
            "shared": "true",
            "status": null,
            "subnets": [
              "c6699e16-4fb2-4ae6-8d90-5d568974b018"
            ],
            "tags": null,
            "tenant_id": "47db6af3f5ae4a958fd90100ebdef0cd",
            "transparent_vlan": false
          },
          "sensitive_attributes": []
        }
      ]
    },
    {
      "mode": "data",
      "type": "openstack_networking_network_v2",
      "name": "r2r12",
      "provider": "provider[\"registry.terraform.io/terraform-provider-openstack/openstack\"]",
      "instances": [
        {
          "schema_version": 0,
          "attributes": {
            "admin_state_up": "true",
            "all_tags": [],
            "availability_zone_hints": [],
            "description": "",
            "dns_domain": "",
            "external": true,
            "id": "c0422e79-2088-4181-9b3b-7fa3ba7c6321",
            "matching_subnet_cidr": null,
            "mtu": 1450,
            "name": "r2r12",
            "network_id": null,
            "region": "RegionOne",
            "segments": [
              {
                "network_type": "vxlan",
                "physical_network": "",
                "segmentation_id": 733
              }
            ],
            "shared": "true",
            "status": null,
            "subnets": [
              "5d0f2222-2429-496e-9a60-4d5c6e8fda94"
            ],
            "tags": null,
            "tenant_id": "47db6af3f5ae4a958fd90100ebdef0cd",
            "transparent_vlan": false
          },
          "sensitive_attributes": []
        }
      ]
    },
    {
      "mode": "data",
      "type": "openstack_networking_network_v2",
      "name": "r2r3",
      "provider": "provider[\"registry.terraform.io/terraform-provider-openstack/openstack\"]",
      "instances": [
        {
          "schema_version": 0,
          "attributes": {
            "admin_state_up": "true",
            "all_tags": [],
            "availability_zone_hints": [],
            "description": "",
            "dns_domain": "",
            "external": true,
            "id": "0f656566-5bb7-4501-a8dc-9302ef4f68ed",
            "matching_subnet_cidr": null,
            "mtu": 1450,
            "name": "r2r3",
            "network_id": null,
            "region": "RegionOne",
            "segments": [
              {
                "network_type": "vxlan",
                "physical_network": "",
                "segmentation_id": 877
              }
            ],
            "shared": "true",
            "status": null,
            "subnets": [
              "d32feabb-75e8-4fc4-8ed1-85d0689beec1"
            ],
            "tags": null,
            "tenant_id": "47db6af3f5ae4a958fd90100ebdef0cd",
            "transparent_vlan": false
          },
          "sensitive_attributes": []
        }
      ]
    },
    {
      "mode": "data",
      "type": "openstack_networking_network_v2",
      "name": "r2r5",
      "provider": "provider[\"registry.terraform.io/terraform-provider-openstack/openstack\"]",
      "instances": [
        {
          "schema_version": 0,
          "attributes": {
            "admin_state_up": "true",
            "all_tags": [],
            "availability_zone_hints": [],
            "description": "",
            "dns_domain": "",
            "external": true,
            "id": "18937e35-91f4-434a-a65b-f15b9757cd6c",
            "matching_subnet_cidr": null,
            "mtu": 1450,
            "name": "r2r5",
            "network_id": null,
            "region": "RegionOne",
            "segments": [
              {
                "network_type": "vxlan",
                "physical_network": "",
                "segmentation_id": 532
              }
            ],
            "shared": "true",
            "status": null,
            "subnets": [
              "afa7dd99-85e9-410a-9858-d1d7058b0393"
            ],
            "tags": null,
            "tenant_id": "47db6af3f5ae4a958fd90100ebdef0cd",
            "transparent_vlan": false
          },
          "sensitive_attributes": []
        }
      ]
    },
    {
      "mode": "data",
      "type": "openstack_networking_network_v2",
      "name": "r3r12",
      "provider": "provider[\"registry.terraform.io/terraform-provider-openstack/openstack\"]",
      "instances": [
        {
          "schema_version": 0,
          "attributes": {
            "admin_state_up": "true",
            "all_tags": [],
            "availability_zone_hints": [],
            "description": "",
            "dns_domain": "",
            "external": true,
            "id": "5b7e50b7-9699-4a9b-83d8-e7ba20486844",
            "matching_subnet_cidr": null,
            "mtu": 1450,
            "name": "r3r12",
            "network_id": null,
            "region": "RegionOne",
            "segments": [
              {
                "network_type": "vxlan",
                "physical_network": "",
                "segmentation_id": 255
              }
            ],
            "shared": "true",
            "status": null,
            "subnets": [
              "a5c75775-5a90-418e-b831-d4ebe58ec6de"
            ],
            "tags": null,
            "tenant_id": "47db6af3f5ae4a958fd90100ebdef0cd",
            "transparent_vlan": false
          },
          "sensitive_attributes": []
        }
      ]
    },
    {
      "mode": "data",
      "type": "openstack_networking_network_v2",
      "name": "r3r13",
      "provider": "provider[\"registry.terraform.io/terraform-provider-openstack/openstack\"]",
      "instances": [
        {
          "schema_version": 0,
          "attributes": {
            "admin_state_up": "true",
            "all_tags": [],
            "availability_zone_hints": [],
            "description": "",
            "dns_domain": "",
            "external": true,
            "id": "4e127b07-49b8-418a-ab6a-de77d404dcfb",
            "matching_subnet_cidr": null,
            "mtu": 1450,
            "name": "r3r13",
            "network_id": null,
            "region": "RegionOne",
            "segments": [
              {
                "network_type": "vxlan",
                "physical_network": "",
                "segmentation_id": 20
              }
            ],
            "shared": "true",
            "status": null,
            "subnets": [
              "6b5d9daf-109b-4e23-89a0-484c0fd121b0"
            ],
            "tags": null,
            "tenant_id": "47db6af3f5ae4a958fd90100ebdef0cd",
            "transparent_vlan": false
          },
          "sensitive_attributes": []
        }
      ]
    },
    {
      "mode": "data",
      "type": "openstack_networking_network_v2",
      "name": "r3r7",
      "provider": "provider[\"registry.terraform.io/terraform-provider-openstack/openstack\"]",
      "instances": [
        {
          "schema_version": 0,
          "attributes": {
            "admin_state_up": "true",
            "all_tags": [],
            "availability_zone_hints": [],
            "description": "",
            "dns_domain": "",
            "external": true,
            "id": "12b4b9f0-55e9-4dee-967f-25964f6f78a9",
            "matching_subnet_cidr": null,
            "mtu": 1450,
            "name": "r3r7",
            "network_id": null,
            "region": "RegionOne",
            "segments": [
              {
                "network_type": "vxlan",
                "physical_network": "",
                "segmentation_id": 216
              }
            ],
            "shared": "true",
            "status": null,
            "subnets": [
              "bfd746d1-765f-4f4c-9703-3e2c658d1603"
            ],
            "tags": null,
            "tenant_id": "47db6af3f5ae4a958fd90100ebdef0cd",
            "transparent_vlan": false
          },
          "sensitive_attributes": []
        }
      ]
    },
    {
      "mode": "data",
      "type": "openstack_networking_network_v2",
      "name": "r4r6",
      "provider": "provider[\"registry.terraform.io/terraform-provider-openstack/openstack\"]",
      "instances": [
        {
          "schema_version": 0,
          "attributes": {
            "admin_state_up": "true",
            "all_tags": [],
            "availability_zone_hints": [],
            "description": "",
            "dns_domain": "",
            "external": true,
            "id": "20b8b1ef-8cfe-4099-a60e-2e1306f2fd93",
            "matching_subnet_cidr": null,
            "mtu": 1450,
            "name": "r4r6",
            "network_id": null,
            "region": "RegionOne",
            "segments": [
              {
                "network_type": "vxlan",
                "physical_network": "",
                "segmentation_id": 654
              }
            ],
            "shared": "true",
            "status": null,
            "subnets": [
              "47ed346a-aba4-46e5-b900-d312a86a3cb5"
            ],
            "tags": null,
            "tenant_id": "47db6af3f5ae4a958fd90100ebdef0cd",
            "transparent_vlan": false
          },
          "sensitive_attributes": []
        }
      ]
    },
    {
      "mode": "data",
      "type": "openstack_networking_network_v2",
      "name": "r5r6",
      "provider": "provider[\"registry.terraform.io/terraform-provider-openstack/openstack\"]",
      "instances": [
        {
          "schema_version": 0,
          "attributes": {
            "admin_state_up": "true",
            "all_tags": [],
            "availability_zone_hints": [],
            "description": "",
            "dns_domain": "",
            "external": true,
            "id": "018dff4b-ad02-4ec8-b531-a71a31c6ecfa",
            "matching_subnet_cidr": null,
            "mtu": 1450,
            "name": "r5r6",
            "network_id": null,
            "region": "RegionOne",
            "segments": [
              {
                "network_type": "vxlan",
                "physical_network": "",
                "segmentation_id": 534
              }
            ],
            "shared": "true",
            "status": null,
            "subnets": [
              "05315a2e-947b-4a66-8ae9-fb82629bfce0"
            ],
            "tags": null,
            "tenant_id": "47db6af3f5ae4a958fd90100ebdef0cd",
            "transparent_vlan": false
          },
          "sensitive_attributes": []
        }
      ]
    },
    {
      "mode": "data",
      "type": "openstack_networking_network_v2",
      "name": "r6r7",
      "provider": "provider[\"registry.terraform.io/terraform-provider-openstack/openstack\"]",
      "instances": [
        {
          "schema_version": 0,
          "attributes": {
            "admin_state_up": "true",
            "all_tags": [],
            "availability_zone_hints": [],
            "description": "",
            "dns_domain": "",
            "external": true,
            "id": "a63780a3-a992-4b86-97b3-d988ec4b5bfe",
            "matching_subnet_cidr": null,
            "mtu": 1450,
            "name": "r6r7",
            "network_id": null,
            "region": "RegionOne",
            "segments": [
              {
                "network_type": "vxlan",
                "physical_network": "",
                "segmentation_id": 834
              }
            ],
            "shared": "true",
            "status": null,
            "subnets": [
              "3eda892d-4e9b-443c-8977-9fc60bd0a8c1"
            ],
            "tags": null,
            "tenant_id": "47db6af3f5ae4a958fd90100ebdef0cd",
            "transparent_vlan": false
          },
          "sensitive_attributes": []
        }
      ]
    },
    {
      "mode": "data",
      "type": "openstack_networking_network_v2",
      "name": "r7r13",
      "provider": "provider[\"registry.terraform.io/terraform-provider-openstack/openstack\"]",
      "instances": [
        {
          "schema_version": 0,
          "attributes": {
            "admin_state_up": "true",
            "all_tags": [],
            "availability_zone_hints": [],
            "description": "",
            "dns_domain": "",
            "external": true,
            "id": "e2172a2b-d6e8-488c-b932-babfbbb09d1b",
            "matching_subnet_cidr": null,
            "mtu": 1450,
            "name": "r7r13",
            "network_id": null,
            "region": "RegionOne",
            "segments": [
              {
                "network_type": "vxlan",
                "physical_network": "",
                "segmentation_id": 640
              }
            ],
            "shared": "true",
            "status": null,
            "subnets": [
              "3a406604-28b3-41b0-8007-d71c4dd413b3"
            ],
            "tags": null,
            "tenant_id": "47db6af3f5ae4a958fd90100ebdef0cd",
            "transparent_vlan": false
          },
          "sensitive_attributes": []
        }
      ]
    },
    {
      "mode": "data",
      "type": "openstack_networking_subnet_v2",
      "name": "subnet_r11r4",
      "provider": "provider[\"registry.terraform.io/terraform-provider-openstack/openstack\"]",
      "instances": [
        {
          "schema_version": 0,
          "attributes": {
            "all_tags": [],
            "allocation_pools": [
              {
                "end": "192.168.2.254",
                "start": "192.168.2.2"
              }
            ],
            "cidr": "192.168.2.0/24",
            "description": "",
            "dhcp_disabled": null,
            "dhcp_enabled": null,
            "dns_nameservers": [
              "8.8.8.8"
            ],
            "enable_dhcp": true,
            "gateway_ip": "192.168.2.1",
            "host_routes": [],
            "id": "a44fb8b0-6c35-4b51-883b-5ba4c39ec2b2",
            "ip_version": 4,
            "ipv6_address_mode": "",
            "ipv6_ra_mode": "",
            "name": "r11r4",
            "network_id": "5e1c3a0c-9825-4b11-abea-c5f1b5773bee",
            "region": "RegionOne",
            "service_types": [],
            "subnet_id": null,
            "subnetpool_id": "",
            "tags": null,
            "tenant_id": "47db6af3f5ae4a958fd90100ebdef0cd"
          },
          "sensitive_attributes": []
        }
      ]
    },
    {
      "mode": "data",
      "type": "openstack_networking_subnet_v2",
      "name": "subnet_r1r11",
      "provider": "provider[\"registry.terraform.io/terraform-provider-openstack/openstack\"]",
      "instances": [
        {
          "schema_version": 0,
          "attributes": {
            "all_tags": [],
            "allocation_pools": [
              {
                "end": "192.168.1.254",
                "start": "192.168.1.2"
              }
            ],
            "cidr": "192.168.1.0/24",
            "description": "",
            "dhcp_disabled": null,
            "dhcp_enabled": null,
            "dns_nameservers": [
              "8.8.8.8"
            ],
            "enable_dhcp": true,
            "gateway_ip": "192.168.1.1",
            "host_routes": [],
            "id": "8dc94851-3847-4c09-831f-f55df97eb602",
            "ip_version": 4,
            "ipv6_address_mode": "",
            "ipv6_ra_mode": "",
            "name": "r1r11",
            "network_id": "e2dee63f-1aac-4c2d-b977-46b610ec5b8f",
            "region": "RegionOne",
            "service_types": [],
            "subnet_id": null,
            "subnetpool_id": "",
            "tags": null,
            "tenant_id": "47db6af3f5ae4a958fd90100ebdef0cd"
          },
          "sensitive_attributes": []
        }
      ]
    },
    {
      "mode": "data",
      "type": "openstack_networking_subnet_v2",
      "name": "subnet_r1r2",
      "provider": "provider[\"registry.terraform.io/terraform-provider-openstack/openstack\"]",
      "instances": [
        {
          "schema_version": 0,
          "attributes": {
            "all_tags": [],
            "allocation_pools": [
              {
                "end": "192.168.4.254",
                "start": "192.168.4.2"
              }
            ],
            "cidr": "192.168.4.0/24",
            "description": "",
            "dhcp_disabled": null,
            "dhcp_enabled": null,
            "dns_nameservers": [
              "8.8.8.8"
            ],
            "enable_dhcp": true,
            "gateway_ip": "192.168.4.1",
            "host_routes": [],
            "id": "bca7abdf-4e00-4d47-a6f2-5cf69fae6082",
            "ip_version": 4,
            "ipv6_address_mode": "",
            "ipv6_ra_mode": "",
            "name": "r1r2",
            "network_id": "f99ab493-edcc-4ed6-9ea1-65098dafa1d6",
            "region": "RegionOne",
            "service_types": [],
            "subnet_id": null,
            "subnetpool_id": "",
            "tags": null,
            "tenant_id": "47db6af3f5ae4a958fd90100ebdef0cd"
          },
          "sensitive_attributes": []
        }
      ]
    },
    {
      "mode": "data",
      "type": "openstack_networking_subnet_v2",
      "name": "subnet_r1r4",
      "provider": "provider[\"registry.terraform.io/terraform-provider-openstack/openstack\"]",
      "instances": [
        {
          "schema_version": 0,
          "attributes": {
            "all_tags": [],
            "allocation_pools": [
              {
                "end": "192.168.3.254",
                "start": "192.168.3.2"
              }
            ],
            "cidr": "192.168.3.0/24",
            "description": "",
            "dhcp_disabled": null,
            "dhcp_enabled": null,
            "dns_nameservers": [
              "8.8.8.8"
            ],
            "enable_dhcp": true,
            "gateway_ip": "192.168.3.1",
            "host_routes": [],
            "id": "c6699e16-4fb2-4ae6-8d90-5d568974b018",
            "ip_version": 4,
            "ipv6_address_mode": "",
            "ipv6_ra_mode": "",
            "name": "r1r4",
            "network_id": "261842e3-a345-4b90-b37b-5c9ba1fce18b",
            "region": "RegionOne",
            "service_types": [],
            "subnet_id": null,
            "subnetpool_id": "",
            "tags": null,
            "tenant_id": "47db6af3f5ae4a958fd90100ebdef0cd"
          },
          "sensitive_attributes": []
        }
      ]
    },
    {
      "mode": "data",
      "type": "openstack_networking_subnet_v2",
      "name": "subnet_r2r12",
      "provider": "provider[\"registry.terraform.io/terraform-provider-openstack/openstack\"]",
      "instances": [
        {
          "schema_version": 0,
          "attributes": {
            "all_tags": [],
            "allocation_pools": [
              {
                "end": "192.168.13.254",
                "start": "192.168.13.2"
              }
            ],
            "cidr": "192.168.13.0/24",
            "description": "",
            "dhcp_disabled": null,
            "dhcp_enabled": null,
            "dns_nameservers": [
              "8.8.8.8"
            ],
            "enable_dhcp": true,
            "gateway_ip": "192.168.13.1",
            "host_routes": [],
            "id": "5d0f2222-2429-496e-9a60-4d5c6e8fda94",
            "ip_version": 4,
            "ipv6_address_mode": "",
            "ipv6_ra_mode": "",
            "name": "r2r12",
            "network_id": "c0422e79-2088-4181-9b3b-7fa3ba7c6321",
            "region": "RegionOne",
            "service_types": [],
            "subnet_id": null,
            "subnetpool_id": "",
            "tags": null,
            "tenant_id": "47db6af3f5ae4a958fd90100ebdef0cd"
          },
          "sensitive_attributes": []
        }
      ]
    },
    {
      "mode": "data",
      "type": "openstack_networking_subnet_v2",
      "name": "subnet_r2r3",
      "provider": "provider[\"registry.terraform.io/terraform-provider-openstack/openstack\"]",
      "instances": [
        {
          "schema_version": 0,
          "attributes": {
            "all_tags": [],
            "allocation_pools": [
              {
                "end": "192.168.8.254",
                "start": "192.168.8.2"
              }
            ],
            "cidr": "192.168.8.0/24",
            "description": "",
            "dhcp_disabled": null,
            "dhcp_enabled": null,
            "dns_nameservers": [
              "8.8.8.8"
            ],
            "enable_dhcp": true,
            "gateway_ip": "192.168.8.1",
            "host_routes": [],
            "id": "d32feabb-75e8-4fc4-8ed1-85d0689beec1",
            "ip_version": 4,
            "ipv6_address_mode": "",
            "ipv6_ra_mode": "",
            "name": "r2r3",
            "network_id": "0f656566-5bb7-4501-a8dc-9302ef4f68ed",
            "region": "RegionOne",
            "service_types": [],
            "subnet_id": null,
            "subnetpool_id": "",
            "tags": null,
            "tenant_id": "47db6af3f5ae4a958fd90100ebdef0cd"
          },
          "sensitive_attributes": []
        }
      ]
    },
    {
      "mode": "data",
      "type": "openstack_networking_subnet_v2",
      "name": "subnet_r2r5",
      "provider": "provider[\"registry.terraform.io/terraform-provider-openstack/openstack\"]",
      "instances": [
        {
          "schema_version": 0,
          "attributes": {
            "all_tags": [],
            "allocation_pools": [
              {
                "end": "192.168.6.254",
                "start": "192.168.6.3"
              }
            ],
            "cidr": "192.168.6.0/24",
            "description": "",
            "dhcp_disabled": null,
            "dhcp_enabled": null,
            "dns_nameservers": [
              "8.8.8.8"
            ],
            "enable_dhcp": true,
            "gateway_ip": "192.168.6.1",
            "host_routes": [],
            "id": "afa7dd99-85e9-410a-9858-d1d7058b0393",
            "ip_version": 4,
            "ipv6_address_mode": "",
            "ipv6_ra_mode": "",
            "name": "r2r5",
            "network_id": "18937e35-91f4-434a-a65b-f15b9757cd6c",
            "region": "RegionOne",
            "service_types": [],
            "subnet_id": null,
            "subnetpool_id": "",
            "tags": null,
            "tenant_id": "47db6af3f5ae4a958fd90100ebdef0cd"
          },
          "sensitive_attributes": []
        }
      ]
    },
    {
      "mode": "data",
      "type": "openstack_networking_subnet_v2",
      "name": "subnet_r3r12",
      "provider": "provider[\"registry.terraform.io/terraform-provider-openstack/openstack\"]",
      "instances": [
        {
          "schema_version": 0,
          "attributes": {
            "all_tags": [],
            "allocation_pools": [
              {
                "end": "192.168.14.254",
                "start": "192.168.14.2"
              }
            ],
            "cidr": "192.168.14.0/24",
            "description": "",
            "dhcp_disabled": null,
            "dhcp_enabled": null,
            "dns_nameservers": [
              "8.8.8.8"
            ],
            "enable_dhcp": true,
            "gateway_ip": "192.168.14.1",
            "host_routes": [],
            "id": "a5c75775-5a90-418e-b831-d4ebe58ec6de",
            "ip_version": 4,
            "ipv6_address_mode": "",
            "ipv6_ra_mode": "",
            "name": "r3r12",
            "network_id": "5b7e50b7-9699-4a9b-83d8-e7ba20486844",
            "region": "RegionOne",
            "service_types": [],
            "subnet_id": null,
            "subnetpool_id": "",
            "tags": null,
            "tenant_id": "47db6af3f5ae4a958fd90100ebdef0cd"
          },
          "sensitive_attributes": []
        }
      ]
    },
    {
      "mode": "data",
      "type": "openstack_networking_subnet_v2",
      "name": "subnet_r3r13",
      "provider": "provider[\"registry.terraform.io/terraform-provider-openstack/openstack\"]",
      "instances": [
        {
          "schema_version": 0,
          "attributes": {
            "all_tags": [],
            "allocation_pools": [
              {
                "end": "192.168.12.254",
                "start": "192.168.12.2"
              }
            ],
            "cidr": "192.168.12.0/24",
            "description": "",
            "dhcp_disabled": null,
            "dhcp_enabled": null,
            "dns_nameservers": [
              "8.8.8.8"
            ],
            "enable_dhcp": true,
            "gateway_ip": "192.168.12.1",
            "host_routes": [],
            "id": "6b5d9daf-109b-4e23-89a0-484c0fd121b0",
            "ip_version": 4,
            "ipv6_address_mode": "",
            "ipv6_ra_mode": "",
            "name": "r3r13",
            "network_id": "4e127b07-49b8-418a-ab6a-de77d404dcfb",
            "region": "RegionOne",
            "service_types": [],
            "subnet_id": null,
            "subnetpool_id": "",
            "tags": null,
            "tenant_id": "47db6af3f5ae4a958fd90100ebdef0cd"
          },
          "sensitive_attributes": []
        }
      ]
    },
    {
      "mode": "data",
      "type": "openstack_networking_subnet_v2",
      "name": "subnet_r3r7",
      "provider": "provider[\"registry.terraform.io/terraform-provider-openstack/openstack\"]",
      "instances": [
        {
          "schema_version": 0,
          "attributes": {
            "all_tags": [],
            "allocation_pools": [
              {
                "end": "192.168.10.254",
                "start": "192.168.10.2"
              }
            ],
            "cidr": "192.168.10.0/24",
            "description": "",
            "dhcp_disabled": null,
            "dhcp_enabled": null,
            "dns_nameservers": [
              "8.8.8.8"
            ],
            "enable_dhcp": true,
            "gateway_ip": "192.168.10.1",
            "host_routes": [],
            "id": "bfd746d1-765f-4f4c-9703-3e2c658d1603",
            "ip_version": 4,
            "ipv6_address_mode": "",
            "ipv6_ra_mode": "",
            "name": "r3r7",
            "network_id": "12b4b9f0-55e9-4dee-967f-25964f6f78a9",
            "region": "RegionOne",
            "service_types": [],
            "subnet_id": null,
            "subnetpool_id": "",
            "tags": null,
            "tenant_id": "47db6af3f5ae4a958fd90100ebdef0cd"
          },
          "sensitive_attributes": []
        }
      ]
    },
    {
      "mode": "data",
      "type": "openstack_networking_subnet_v2",
      "name": "subnet_r4r6",
      "provider": "provider[\"registry.terraform.io/terraform-provider-openstack/openstack\"]",
      "instances": [
        {
          "schema_version": 0,
          "attributes": {
            "all_tags": [],
            "allocation_pools": [
              {
                "end": "192.168.5.254",
                "start": "192.168.5.2"
              }
            ],
            "cidr": "192.168.5.0/24",
            "description": "",
            "dhcp_disabled": null,
            "dhcp_enabled": null,
            "dns_nameservers": [
              "8.8.8.8"
            ],
            "enable_dhcp": true,
            "gateway_ip": "192.168.5.1",
            "host_routes": [],
            "id": "47ed346a-aba4-46e5-b900-d312a86a3cb5",
            "ip_version": 4,
            "ipv6_address_mode": "",
            "ipv6_ra_mode": "",
            "name": "r4r6",
            "network_id": "20b8b1ef-8cfe-4099-a60e-2e1306f2fd93",
            "region": "RegionOne",
            "service_types": [],
            "subnet_id": null,
            "subnetpool_id": "",
            "tags": null,
            "tenant_id": "47db6af3f5ae4a958fd90100ebdef0cd"
          },
          "sensitive_attributes": []
        }
      ]
    },
    {
      "mode": "data",
      "type": "openstack_networking_subnet_v2",
      "name": "subnet_r5r6",
      "provider": "provider[\"registry.terraform.io/terraform-provider-openstack/openstack\"]",
      "instances": [
        {
          "schema_version": 0,
          "attributes": {
            "all_tags": [],
            "allocation_pools": [
              {
                "end": "192.168.7.254",
                "start": "192.168.7.2"
              }
            ],
            "cidr": "192.168.7.0/24",
            "description": "",
            "dhcp_disabled": null,
            "dhcp_enabled": null,
            "dns_nameservers": [
              "8.8.8.8"
            ],
            "enable_dhcp": true,
            "gateway_ip": "192.168.7.1",
            "host_routes": [],
            "id": "05315a2e-947b-4a66-8ae9-fb82629bfce0",
            "ip_version": 4,
            "ipv6_address_mode": "",
            "ipv6_ra_mode": "",
            "name": "r5r6",
            "network_id": "018dff4b-ad02-4ec8-b531-a71a31c6ecfa",
            "region": "RegionOne",
            "service_types": [],
            "subnet_id": null,
            "subnetpool_id": "",
            "tags": null,
            "tenant_id": "47db6af3f5ae4a958fd90100ebdef0cd"
          },
          "sensitive_attributes": []
        }
      ]
    },
    {
      "mode": "data",
      "type": "openstack_networking_subnet_v2",
      "name": "subnet_r6r7",
      "provider": "provider[\"registry.terraform.io/terraform-provider-openstack/openstack\"]",
      "instances": [
        {
          "schema_version": 0,
          "attributes": {
            "all_tags": [],
            "allocation_pools": [
              {
                "end": "192.168.9.254",
                "start": "192.168.9.2"
              }
            ],
            "cidr": "192.168.9.0/24",
            "description": "",
            "dhcp_disabled": null,
            "dhcp_enabled": null,
            "dns_nameservers": [
              "8.8.8.8"
            ],
            "enable_dhcp": true,
            "gateway_ip": "192.168.9.1",
            "host_routes": [],
            "id": "3eda892d-4e9b-443c-8977-9fc60bd0a8c1",
            "ip_version": 4,
            "ipv6_address_mode": "",
            "ipv6_ra_mode": "",
            "name": "r6r7",
            "network_id": "a63780a3-a992-4b86-97b3-d988ec4b5bfe",
            "region": "RegionOne",
            "service_types": [],
            "subnet_id": null,
            "subnetpool_id": "",
            "tags": null,
            "tenant_id": "47db6af3f5ae4a958fd90100ebdef0cd"
          },
          "sensitive_attributes": []
        }
      ]
    },
    {
      "mode": "data",
      "type": "openstack_networking_subnet_v2",
      "name": "subnet_r7r13",
      "provider": "provider[\"registry.terraform.io/terraform-provider-openstack/openstack\"]",
      "instances": [
        {
          "schema_version": 0,
          "attributes": {
            "all_tags": [],
            "allocation_pools": [
              {
                "end": "192.168.11.254",
                "start": "192.168.11.2"
              }
            ],
            "cidr": "192.168.11.0/24",
            "description": "",
            "dhcp_disabled": null,
            "dhcp_enabled": null,
            "dns_nameservers": [
              "8.8.8.8"
            ],
            "enable_dhcp": true,
            "gateway_ip": "192.168.11.1",
            "host_routes": [],
            "id": "3a406604-28b3-41b0-8007-d71c4dd413b3",
            "ip_version": 4,
            "ipv6_address_mode": "",
            "ipv6_ra_mode": "",
            "name": "r7r13",
            "network_id": "e2172a2b-d6e8-488c-b932-babfbbb09d1b",
            "region": "RegionOne",
            "service_types": [],
            "subnet_id": null,
            "subnetpool_id": "",
            "tags": null,
            "tenant_id": "47db6af3f5ae4a958fd90100ebdef0cd"
          },
          "sensitive_attributes": []
        }
      ]
    },
    {
      "mode": "managed",
      "type": "openstack_compute_instance_v2",
      "name": "r1",
      "provider": "provider[\"registry.terraform.io/terraform-provider-openstack/openstack\"]",
      "instances": [
        {
          "schema_version": 0,
          "attributes": {
            "access_ip_v4": "192.168.27.174",
            "access_ip_v6": "",
            "admin_pass": null,
            "all_metadata": {},
            "all_tags": [],
            "availability_zone": "nova",
            "availability_zone_hints": null,
            "block_device": [],
            "config_drive": null,
            "created": "2025-05-22 17:48:42 +0000 UTC",
            "flavor_id": "373be856-2584-4418-b98a-9668510059bb",
            "flavor_name": "FRR",
            "floating_ip": null,
            "force_delete": false,
            "id": "22d56231-ef93-4e51-83b2-615eafc603ca",
            "image_id": "1d35fa76-6177-4b18-8502-aa6716b117b6",
            "image_name": "HLx-FRR",
            "key_pair": "",
            "metadata": null,
            "name": "r1",
            "network": [
              {
                "access_network": false,
                "fixed_ip_v4": "192.168.27.174",
                "fixed_ip_v6": "",
                "floating_ip": "",
                "mac": "fa:16:3e:56:ab:f5",
                "name": "management-network",
                "port": "",
                "uuid": "e00db497-40a2-4648-bb99-183a38c2371e"
              },
              {
                "access_network": false,
                "fixed_ip_v4": "192.168.3.10",
                "fixed_ip_v6": "",
                "floating_ip": "",
                "mac": "fa:16:3e:fa:61:c0",
                "name": "r1r4",
                "port": "eb982c57-6a8c-4141-9ddf-17c25e231b3e",
                "uuid": "261842e3-a345-4b90-b37b-5c9ba1fce18b"
              },
              {
                "access_network": false,
                "fixed_ip_v4": "192.168.4.10",
                "fixed_ip_v6": "",
                "floating_ip": "",
                "mac": "fa:16:3e:3c:3c:fd",
                "name": "r1r2",
                "port": "7db08d34-04ac-4976-a3eb-3cbfab067214",
                "uuid": "f99ab493-edcc-4ed6-9ea1-65098dafa1d6"
              },
              {
                "access_network": false,
                "fixed_ip_v4": "192.168.1.10",
                "fixed_ip_v6": "",
                "floating_ip": "",
                "mac": "fa:16:3e:5c:73:ba",
                "name": "r1r11",
                "port": "948c0762-ab4f-4f67-8740-d20092d0b1ca",
                "uuid": "e2dee63f-1aac-4c2d-b977-46b610ec5b8f"
              }
            ],
            "network_mode": null,
            "personality": [],
            "power_state": "active",
            "region": "RegionOne",
            "scheduler_hints": [],
            "security_groups": [
              "default"
            ],
            "stop_before_destroy": false,
            "tags": null,
            "timeouts": null,
            "updated": "2025-05-22 17:49:06 +0000 UTC",
            "user_data": "33d7b46ee99987f654a2a645522d101e2c7ccc78",
            "vendor_options": [],
            "volume": []
          },
          "sensitive_attributes": [
            [
              {
                "type": "get_attr",
                "value": "admin_pass"
              }
            ]
          ],
          "private": "eyJlMmJmYjczMC1lY2FhLTExZTYtOGY4OC0zNDM2M2JjN2M0YzAiOnsiY3JlYXRlIjoxODAwMDAwMDAwMDAwLCJkZWxldGUiOjE4MDAwMDAwMDAwMDAsInVwZGF0ZSI6MTgwMDAwMDAwMDAwMH19",
          "dependencies": [
            "data.openstack_compute_flavor_v2.flavor",
            "data.openstack_images_image_v2.image",
            "data.openstack_networking_network_v2.mgmt_network",
            "data.openstack_networking_network_v2.r1r11",
            "data.openstack_networking_network_v2.r1r2",
            "data.openstack_networking_network_v2.r1r4",
            "data.openstack_networking_subnet_v2.subnet_r1r11",
            "data.openstack_networking_subnet_v2.subnet_r1r2",
            "data.openstack_networking_subnet_v2.subnet_r1r4",
            "openstack_networking_port_v2.eth2_r1",
            "openstack_networking_port_v2.eth3_r1",
            "openstack_networking_port_v2.eth4_r1"
          ]
        }
      ]
    },
    {
      "mode": "managed",
      "type": "openstack_compute_instance_v2",
      "name": "r11",
      "provider": "provider[\"registry.terraform.io/terraform-provider-openstack/openstack\"]",
      "instances": [
        {
          "schema_version": 0,
          "attributes": {
            "access_ip_v4": "192.168.27.177",
            "access_ip_v6": "",
            "admin_pass": null,
            "all_metadata": {},
            "all_tags": [],
            "availability_zone": "nova",
            "availability_zone_hints": null,
            "block_device": [],
            "config_drive": null,
            "created": "2025-05-22 17:48:42 +0000 UTC",
            "flavor_id": "373be856-2584-4418-b98a-9668510059bb",
            "flavor_name": "FRR",
            "floating_ip": null,
            "force_delete": false,
            "id": "76500003-bf9e-4114-a2e7-29c4af7cea09",
            "image_id": "1d35fa76-6177-4b18-8502-aa6716b117b6",
            "image_name": "HLx-FRR",
            "key_pair": "",
            "metadata": null,
            "name": "r11",
            "network": [
              {
                "access_network": false,
                "fixed_ip_v4": "192.168.27.177",
                "fixed_ip_v6": "",
                "floating_ip": "",
                "mac": "fa:16:3e:cc:ba:44",
                "name": "management-network",
                "port": "",
                "uuid": "e00db497-40a2-4648-bb99-183a38c2371e"
              },
              {
                "access_network": false,
                "fixed_ip_v4": "192.168.1.11",
                "fixed_ip_v6": "",
                "floating_ip": "",
                "mac": "fa:16:3e:01:9b:65",
                "name": "r1r11",
                "port": "6e97b078-2af5-4f3c-9095-32ce939898f3",
                "uuid": "e2dee63f-1aac-4c2d-b977-46b610ec5b8f"
              },
              {
                "access_network": false,
                "fixed_ip_v4": "192.168.2.11",
                "fixed_ip_v6": "",
                "floating_ip": "",
                "mac": "fa:16:3e:b9:00:5d",
                "name": "r11r4",
                "port": "582a8fa3-1378-4d82-80c8-f5c14c2fbde7",
                "uuid": "5e1c3a0c-9825-4b11-abea-c5f1b5773bee"
              }
            ],
            "network_mode": null,
            "personality": [],
            "power_state": "active",
            "region": "RegionOne",
            "scheduler_hints": [],
            "security_groups": [
              "default"
            ],
            "stop_before_destroy": false,
            "tags": null,
            "timeouts": null,
            "updated": "2025-05-22 17:49:00 +0000 UTC",
            "user_data": "7607add8ec65f0346a1df7019902705448047593",
            "vendor_options": [],
            "volume": []
          },
          "sensitive_attributes": [
            [
              {
                "type": "get_attr",
                "value": "admin_pass"
              }
            ]
          ],
          "private": "eyJlMmJmYjczMC1lY2FhLTExZTYtOGY4OC0zNDM2M2JjN2M0YzAiOnsiY3JlYXRlIjoxODAwMDAwMDAwMDAwLCJkZWxldGUiOjE4MDAwMDAwMDAwMDAsInVwZGF0ZSI6MTgwMDAwMDAwMDAwMH19",
          "dependencies": [
            "data.openstack_compute_flavor_v2.flavor",
            "data.openstack_images_image_v2.image",
            "data.openstack_networking_network_v2.mgmt_network",
            "data.openstack_networking_network_v2.r11r4",
            "data.openstack_networking_network_v2.r1r11",
            "data.openstack_networking_subnet_v2.subnet_r11r4",
            "data.openstack_networking_subnet_v2.subnet_r1r11",
            "openstack_networking_port_v2.eth2_r11",
            "openstack_networking_port_v2.eth3_r11"
          ]
        }
      ]
    },
    {
      "mode": "managed",
      "type": "openstack_compute_instance_v2",
      "name": "r12",
      "provider": "provider[\"registry.terraform.io/terraform-provider-openstack/openstack\"]",
      "instances": [
        {
          "schema_version": 0,
          "attributes": {
            "access_ip_v4": "192.168.27.181",
            "access_ip_v6": "",
            "admin_pass": null,
            "all_metadata": {},
            "all_tags": [],
            "availability_zone": "nova",
            "availability_zone_hints": null,
            "block_device": [],
            "config_drive": null,
            "created": "2025-05-22 17:48:37 +0000 UTC",
            "flavor_id": "373be856-2584-4418-b98a-9668510059bb",
            "flavor_name": "FRR",
            "floating_ip": null,
            "force_delete": false,
            "id": "ed80b120-914e-4803-a37e-0bc5f5476af0",
            "image_id": "1d35fa76-6177-4b18-8502-aa6716b117b6",
            "image_name": "HLx-FRR",
            "key_pair": "",
            "metadata": null,
            "name": "r12",
            "network": [
              {
                "access_network": false,
                "fixed_ip_v4": "192.168.27.181",
                "fixed_ip_v6": "",
                "floating_ip": "",
                "mac": "fa:16:3e:45:4a:af",
                "name": "management-network",
                "port": "",
                "uuid": "e00db497-40a2-4648-bb99-183a38c2371e"
              },
              {
                "access_network": false,
                "fixed_ip_v4": "192.168.13.12",
                "fixed_ip_v6": "",
                "floating_ip": "",
                "mac": "fa:16:3e:8a:c4:f9",
                "name": "r2r12",
                "port": "515d8d95-4f40-4d89-b1de-011e739203f0",
                "uuid": "c0422e79-2088-4181-9b3b-7fa3ba7c6321"
              },
              {
                "access_network": false,
                "fixed_ip_v4": "192.168.14.12",
                "fixed_ip_v6": "",
                "floating_ip": "",
                "mac": "fa:16:3e:6f:ea:9d",
                "name": "r3r12",
                "port": "345c52f8-839c-494b-9a1a-07299c5c24d2",
                "uuid": "5b7e50b7-9699-4a9b-83d8-e7ba20486844"
              }
            ],
            "network_mode": null,
            "personality": [],
            "power_state": "active",
            "region": "RegionOne",
            "scheduler_hints": [],
            "security_groups": [
              "default"
            ],
            "stop_before_destroy": false,
            "tags": null,
            "timeouts": null,
            "updated": "2025-05-22 17:48:54 +0000 UTC",
            "user_data": "6d6e8a821957544403f0b1bd1067f37135888167",
            "vendor_options": [],
            "volume": []
          },
          "sensitive_attributes": [
            [
              {
                "type": "get_attr",
                "value": "admin_pass"
              }
            ]
          ],
          "private": "eyJlMmJmYjczMC1lY2FhLTExZTYtOGY4OC0zNDM2M2JjN2M0YzAiOnsiY3JlYXRlIjoxODAwMDAwMDAwMDAwLCJkZWxldGUiOjE4MDAwMDAwMDAwMDAsInVwZGF0ZSI6MTgwMDAwMDAwMDAwMH19",
          "dependencies": [
            "data.openstack_compute_flavor_v2.flavor",
            "data.openstack_images_image_v2.image",
            "data.openstack_networking_network_v2.mgmt_network",
            "data.openstack_networking_network_v2.r2r12",
            "data.openstack_networking_network_v2.r3r12",
            "data.openstack_networking_subnet_v2.subnet_r2r12",
            "data.openstack_networking_subnet_v2.subnet_r3r12",
            "openstack_networking_port_v2.eth2_r12",
            "openstack_networking_port_v2.eth4_r12"
          ]
        }
      ]
    },
    {
      "mode": "managed",
      "type": "openstack_compute_instance_v2",
      "name": "r13",
      "provider": "provider[\"registry.terraform.io/terraform-provider-openstack/openstack\"]",
      "instances": [
        {
          "schema_version": 0,
          "attributes": {
            "access_ip_v4": "192.168.27.180",
            "access_ip_v6": "",
            "admin_pass": null,
            "all_metadata": {},
            "all_tags": [],
            "availability_zone": "nova",
            "availability_zone_hints": null,
            "block_device": [],
            "config_drive": null,
            "created": "2025-05-22 17:48:42 +0000 UTC",
            "flavor_id": "373be856-2584-4418-b98a-9668510059bb",
            "flavor_name": "FRR",
            "floating_ip": null,
            "force_delete": false,
            "id": "3b8e002f-49a1-4bdc-b9fc-b02c61eafeea",
            "image_id": "1d35fa76-6177-4b18-8502-aa6716b117b6",
            "image_name": "HLx-FRR",
            "key_pair": "",
            "metadata": null,
            "name": "r13",
            "network": [
              {
                "access_network": false,
                "fixed_ip_v4": "192.168.27.180",
                "fixed_ip_v6": "",
                "floating_ip": "",
                "mac": "fa:16:3e:8d:c9:3f",
                "name": "management-network",
                "port": "",
                "uuid": "e00db497-40a2-4648-bb99-183a38c2371e"
              },
              {
                "access_network": false,
                "fixed_ip_v4": "192.168.12.13",
                "fixed_ip_v6": "",
                "floating_ip": "",
                "mac": "fa:16:3e:d0:47:ee",
                "name": "r3r13",
                "port": "2db6dd60-f80e-4d5b-8b0c-caf62e5167dc",
                "uuid": "4e127b07-49b8-418a-ab6a-de77d404dcfb"
              },
              {
                "access_network": false,
                "fixed_ip_v4": "192.168.11.13",
                "fixed_ip_v6": "",
                "floating_ip": "",
                "mac": "fa:16:3e:20:0f:90",
                "name": "r7r13",
                "port": "4e46e12d-a778-46ee-83d6-e1fe402bd2cc",
                "uuid": "e2172a2b-d6e8-488c-b932-babfbbb09d1b"
              }
            ],
            "network_mode": null,
            "personality": [],
            "power_state": "active",
            "region": "RegionOne",
            "scheduler_hints": [],
            "security_groups": [
              "default"
            ],
            "stop_before_destroy": false,
            "tags": null,
            "timeouts": null,
            "updated": "2025-05-22 17:49:02 +0000 UTC",
            "user_data": "560dddbe24cf3a27c4dca0d3a10774d70a49fed0",
            "vendor_options": [],
            "volume": []
          },
          "sensitive_attributes": [
            [
              {
                "type": "get_attr",
                "value": "admin_pass"
              }
            ]
          ],
          "private": "eyJlMmJmYjczMC1lY2FhLTExZTYtOGY4OC0zNDM2M2JjN2M0YzAiOnsiY3JlYXRlIjoxODAwMDAwMDAwMDAwLCJkZWxldGUiOjE4MDAwMDAwMDAwMDAsInVwZGF0ZSI6MTgwMDAwMDAwMDAwMH19",
          "dependencies": [
            "data.openstack_compute_flavor_v2.flavor",
            "data.openstack_images_image_v2.image",
            "data.openstack_networking_network_v2.mgmt_network",
            "data.openstack_networking_network_v2.r3r13",
            "data.openstack_networking_network_v2.r7r13",
            "data.openstack_networking_subnet_v2.subnet_r3r13",
            "data.openstack_networking_subnet_v2.subnet_r7r13",
            "openstack_networking_port_v2.eth2_r13",
            "openstack_networking_port_v2.eth3_r13"
          ]
        }
      ]
    },
    {
      "mode": "managed",
      "type": "openstack_compute_instance_v2",
      "name": "r2",
      "provider": "provider[\"registry.terraform.io/terraform-provider-openstack/openstack\"]",
      "instances": [
        {
          "schema_version": 0,
          "attributes": {
            "access_ip_v4": "192.168.27.183",
            "access_ip_v6": "",
            "admin_pass": null,
            "all_metadata": {},
            "all_tags": [],
            "availability_zone": "nova",
            "availability_zone_hints": null,
            "block_device": [],
            "config_drive": null,
            "created": "2025-05-22 17:48:43 +0000 UTC",
            "flavor_id": "373be856-2584-4418-b98a-9668510059bb",
            "flavor_name": "FRR",
            "floating_ip": null,
            "force_delete": false,
            "id": "86a16461-05c6-4858-ba41-9ebbb82273d5",
            "image_id": "1d35fa76-6177-4b18-8502-aa6716b117b6",
            "image_name": "HLx-FRR",
            "key_pair": "",
            "metadata": null,
            "name": "r2",
            "network": [
              {
                "access_network": false,
                "fixed_ip_v4": "192.168.27.183",
                "fixed_ip_v6": "",
                "floating_ip": "",
                "mac": "fa:16:3e:09:6b:c4",
                "name": "management-network",
                "port": "",
                "uuid": "e00db497-40a2-4648-bb99-183a38c2371e"
              },
              {
                "access_network": false,
                "fixed_ip_v4": "192.168.13.20",
                "fixed_ip_v6": "",
                "floating_ip": "",
                "mac": "fa:16:3e:94:4f:76",
                "name": "r2r12",
                "port": "4ad0c3d4-bab7-4523-9fee-886549df78fe",
                "uuid": "c0422e79-2088-4181-9b3b-7fa3ba7c6321"
              },
              {
                "access_network": false,
                "fixed_ip_v4": "192.168.4.20",
                "fixed_ip_v6": "",
                "floating_ip": "",
                "mac": "fa:16:3e:80:59:7f",
                "name": "r1r2",
                "port": "dd1212e4-4b3a-437c-b0e6-a061a7ae67ed",
                "uuid": "f99ab493-edcc-4ed6-9ea1-65098dafa1d6"
              },
              {
                "access_network": false,
                "fixed_ip_v4": "192.168.8.20",
                "fixed_ip_v6": "",
                "floating_ip": "",
                "mac": "fa:16:3e:4a:fe:86",
                "name": "r2r3",
                "port": "f1b16566-d69f-4f6e-904d-75b703f93fa8",
                "uuid": "0f656566-5bb7-4501-a8dc-9302ef4f68ed"
              },
              {
                "access_network": false,
                "fixed_ip_v4": "192.168.6.20",
                "fixed_ip_v6": "",
                "floating_ip": "",
                "mac": "fa:16:3e:7d:c3:01",
                "name": "r2r5",
                "port": "03f3190e-fa1c-44c3-a6ad-d088aab7f2d2",
                "uuid": "18937e35-91f4-434a-a65b-f15b9757cd6c"
              }
            ],
            "network_mode": null,
            "personality": [],
            "power_state": "active",
            "region": "RegionOne",
            "scheduler_hints": [],
            "security_groups": [
              "default"
            ],
            "stop_before_destroy": false,
            "tags": null,
            "timeouts": null,
            "updated": "2025-05-22 17:49:19 +0000 UTC",
            "user_data": "c903ed200053a910a3f19a5917b7965e299177ce",
            "vendor_options": [],
            "volume": []
          },
          "sensitive_attributes": [
            [
              {
                "type": "get_attr",
                "value": "admin_pass"
              }
            ]
          ],
          "private": "eyJlMmJmYjczMC1lY2FhLTExZTYtOGY4OC0zNDM2M2JjN2M0YzAiOnsiY3JlYXRlIjoxODAwMDAwMDAwMDAwLCJkZWxldGUiOjE4MDAwMDAwMDAwMDAsInVwZGF0ZSI6MTgwMDAwMDAwMDAwMH19",
          "dependencies": [
            "data.openstack_compute_flavor_v2.flavor",
            "data.openstack_images_image_v2.image",
            "data.openstack_networking_network_v2.mgmt_network",
            "data.openstack_networking_network_v2.r1r2",
            "data.openstack_networking_network_v2.r2r12",
            "data.openstack_networking_network_v2.r2r3",
            "data.openstack_networking_network_v2.r2r5",
            "data.openstack_networking_subnet_v2.subnet_r1r2",
            "data.openstack_networking_subnet_v2.subnet_r2r12",
            "data.openstack_networking_subnet_v2.subnet_r2r3",
            "data.openstack_networking_subnet_v2.subnet_r2r5",
            "openstack_networking_port_v2.eth2_r2",
            "openstack_networking_port_v2.eth3_r2",
            "openstack_networking_port_v2.eth4_r2",
            "openstack_networking_port_v2.eth5_r2"
          ]
        }
      ]
    },
    {
      "mode": "managed",
      "type": "openstack_compute_instance_v2",
      "name": "r3",
      "provider": "provider[\"registry.terraform.io/terraform-provider-openstack/openstack\"]",
      "instances": [
        {
          "schema_version": 0,
          "attributes": {
            "access_ip_v4": "192.168.27.172",
            "access_ip_v6": "",
            "admin_pass": null,
            "all_metadata": {},
            "all_tags": [],
            "availability_zone": "nova",
            "availability_zone_hints": null,
            "block_device": [],
            "config_drive": null,
            "created": "2025-05-22 17:48:43 +0000 UTC",
            "flavor_id": "373be856-2584-4418-b98a-9668510059bb",
            "flavor_name": "FRR",
            "floating_ip": null,
            "force_delete": false,
            "id": "6c1d08d7-d15b-4fb9-97f3-287f2351e53b",
            "image_id": "1d35fa76-6177-4b18-8502-aa6716b117b6",
            "image_name": "HLx-FRR",
            "key_pair": "",
            "metadata": null,
            "name": "r3",
            "network": [
              {
                "access_network": false,
                "fixed_ip_v4": "192.168.27.172",
                "fixed_ip_v6": "",
                "floating_ip": "",
                "mac": "fa:16:3e:a9:a0:ac",
                "name": "management-network",
                "port": "",
                "uuid": "e00db497-40a2-4648-bb99-183a38c2371e"
              },
              {
                "access_network": false,
                "fixed_ip_v4": "192.168.12.3",
                "fixed_ip_v6": "",
                "floating_ip": "",
                "mac": "fa:16:3e:cb:ef:88",
                "name": "r3r13",
                "port": "d29bfe6b-74fc-48c3-9947-990c4defa961",
                "uuid": "4e127b07-49b8-418a-ab6a-de77d404dcfb"
              },
              {
                "access_network": false,
                "fixed_ip_v4": "192.168.10.3",
                "fixed_ip_v6": "",
                "floating_ip": "",
                "mac": "fa:16:3e:79:28:60",
                "name": "r3r7",
                "port": "2a380124-f95b-475a-9f59-ee0a94e5f3f3",
                "uuid": "12b4b9f0-55e9-4dee-967f-25964f6f78a9"
              },
              {
                "access_network": false,
                "fixed_ip_v4": "192.168.8.3",
                "fixed_ip_v6": "",
                "floating_ip": "",
                "mac": "fa:16:3e:df:c3:54",
                "name": "r2r3",
                "port": "94d30f48-b5e5-4370-8633-fc023dfaca97",
                "uuid": "0f656566-5bb7-4501-a8dc-9302ef4f68ed"
              },
              {
                "access_network": false,
                "fixed_ip_v4": "192.168.14.3",
                "fixed_ip_v6": "",
                "floating_ip": "",
                "mac": "fa:16:3e:01:e5:0e",
                "name": "r3r12",
                "port": "cdcda66f-f376-4fb1-9056-c88b1028bd24",
                "uuid": "5b7e50b7-9699-4a9b-83d8-e7ba20486844"
              }
            ],
            "network_mode": null,
            "personality": [],
            "power_state": "active",
            "region": "RegionOne",
            "scheduler_hints": [],
            "security_groups": [
              "default"
            ],
            "stop_before_destroy": false,
            "tags": null,
            "timeouts": null,
            "updated": "2025-05-22 17:49:14 +0000 UTC",
            "user_data": "30b041b63fc36ad31db9b3a835c2447e53337022",
            "vendor_options": [],
            "volume": []
          },
          "sensitive_attributes": [
            [
              {
                "type": "get_attr",
                "value": "admin_pass"
              }
            ]
          ],
          "private": "eyJlMmJmYjczMC1lY2FhLTExZTYtOGY4OC0zNDM2M2JjN2M0YzAiOnsiY3JlYXRlIjoxODAwMDAwMDAwMDAwLCJkZWxldGUiOjE4MDAwMDAwMDAwMDAsInVwZGF0ZSI6MTgwMDAwMDAwMDAwMH19",
          "dependencies": [
            "data.openstack_compute_flavor_v2.flavor",
            "data.openstack_images_image_v2.image",
            "data.openstack_networking_network_v2.mgmt_network",
            "data.openstack_networking_network_v2.r2r3",
            "data.openstack_networking_network_v2.r3r12",
            "data.openstack_networking_network_v2.r3r13",
            "data.openstack_networking_network_v2.r3r7",
            "data.openstack_networking_subnet_v2.subnet_r2r3",
            "data.openstack_networking_subnet_v2.subnet_r3r12",
            "data.openstack_networking_subnet_v2.subnet_r3r13",
            "data.openstack_networking_subnet_v2.subnet_r3r7",
            "openstack_networking_port_v2.eth2_r3",
            "openstack_networking_port_v2.eth3_r3",
            "openstack_networking_port_v2.eth4_r3",
            "openstack_networking_port_v2.eth5_r3"
          ]
        }
      ]
    },
    {
      "mode": "managed",
      "type": "openstack_compute_instance_v2",
      "name": "r4",
      "provider": "provider[\"registry.terraform.io/terraform-provider-openstack/openstack\"]",
      "instances": [
        {
          "schema_version": 0,
          "attributes": {
            "access_ip_v4": "192.168.27.167",
            "access_ip_v6": "",
            "admin_pass": null,
            "all_metadata": {},
            "all_tags": [],
            "availability_zone": "nova",
            "availability_zone_hints": null,
            "block_device": [],
            "config_drive": null,
            "created": "2025-05-22 17:48:37 +0000 UTC",
            "flavor_id": "373be856-2584-4418-b98a-9668510059bb",
            "flavor_name": "FRR",
            "floating_ip": null,
            "force_delete": false,
            "id": "285b7eff-e715-460e-8613-9db850b8ae83",
            "image_id": "1d35fa76-6177-4b18-8502-aa6716b117b6",
            "image_name": "HLx-FRR",
            "key_pair": "",
            "metadata": null,
            "name": "r4",
            "network": [
              {
                "access_network": false,
                "fixed_ip_v4": "192.168.27.167",
                "fixed_ip_v6": "",
                "floating_ip": "",
                "mac": "fa:16:3e:2c:39:1d",
                "name": "management-network",
                "port": "",
                "uuid": "e00db497-40a2-4648-bb99-183a38c2371e"
              },
              {
                "access_network": false,
                "fixed_ip_v4": "192.168.3.4",
                "fixed_ip_v6": "",
                "floating_ip": "",
                "mac": "fa:16:3e:f3:b3:03",
                "name": "r1r4",
                "port": "28489896-0094-4921-999c-2226b73018d2",
                "uuid": "261842e3-a345-4b90-b37b-5c9ba1fce18b"
              },
              {
                "access_network": false,
                "fixed_ip_v4": "192.168.2.4",
                "fixed_ip_v6": "",
                "floating_ip": "",
                "mac": "fa:16:3e:20:91:4b",
                "name": "r11r4",
                "port": "401b6779-2e0a-4b74-a7ac-1e9945fd479a",
                "uuid": "5e1c3a0c-9825-4b11-abea-c5f1b5773bee"
              },
              {
                "access_network": false,
                "fixed_ip_v4": "192.168.5.4",
                "fixed_ip_v6": "",
                "floating_ip": "",
                "mac": "fa:16:3e:6a:b5:0d",
                "name": "r4r6",
                "port": "9da4e4a2-f696-4e46-bea8-04234334cf9b",
                "uuid": "20b8b1ef-8cfe-4099-a60e-2e1306f2fd93"
              }
            ],
            "network_mode": null,
            "personality": [],
            "power_state": "active",
            "region": "RegionOne",
            "scheduler_hints": [],
            "security_groups": [
              "default"
            ],
            "stop_before_destroy": false,
            "tags": null,
            "timeouts": null,
            "updated": "2025-05-22 17:48:58 +0000 UTC",
            "user_data": "6c7ba2e9e48a3f0be2e52502452b7e961e6b8409",
            "vendor_options": [],
            "volume": []
          },
          "sensitive_attributes": [
            [
              {
                "type": "get_attr",
                "value": "admin_pass"
              }
            ]
          ],
          "private": "eyJlMmJmYjczMC1lY2FhLTExZTYtOGY4OC0zNDM2M2JjN2M0YzAiOnsiY3JlYXRlIjoxODAwMDAwMDAwMDAwLCJkZWxldGUiOjE4MDAwMDAwMDAwMDAsInVwZGF0ZSI6MTgwMDAwMDAwMDAwMH19",
          "dependencies": [
            "data.openstack_compute_flavor_v2.flavor",
            "data.openstack_images_image_v2.image",
            "data.openstack_networking_network_v2.mgmt_network",
            "data.openstack_networking_network_v2.r11r4",
            "data.openstack_networking_network_v2.r1r4",
            "data.openstack_networking_network_v2.r4r6",
            "data.openstack_networking_subnet_v2.subnet_r11r4",
            "data.openstack_networking_subnet_v2.subnet_r1r4",
            "data.openstack_networking_subnet_v2.subnet_r4r6",
            "openstack_networking_port_v2.eth2_r4",
            "openstack_networking_port_v2.eth3_r4",
            "openstack_networking_port_v2.eth4_r4"
          ]
        }
      ]
    },
    {
      "mode": "managed",
      "type": "openstack_compute_instance_v2",
      "name": "r5",
      "provider": "provider[\"registry.terraform.io/terraform-provider-openstack/openstack\"]",
      "instances": [
        {
          "schema_version": 0,
          "attributes": {
            "access_ip_v4": "192.168.27.171",
            "access_ip_v6": "",
            "admin_pass": null,
            "all_metadata": {},
            "all_tags": [],
            "availability_zone": "nova",
            "availability_zone_hints": null,
            "block_device": [],
            "config_drive": null,
            "created": "2025-05-22 17:48:42 +0000 UTC",
            "flavor_id": "373be856-2584-4418-b98a-9668510059bb",
            "flavor_name": "FRR",
            "floating_ip": null,
            "force_delete": false,
            "id": "514a42c2-c415-4fbc-b301-fc9add38f2af",
            "image_id": "1d35fa76-6177-4b18-8502-aa6716b117b6",
            "image_name": "HLx-FRR",
            "key_pair": "",
            "metadata": null,
            "name": "r5",
            "network": [
              {
                "access_network": false,
                "fixed_ip_v4": "192.168.27.171",
                "fixed_ip_v6": "",
                "floating_ip": "",
                "mac": "fa:16:3e:90:c6:cf",
                "name": "management-network",
                "port": "",
                "uuid": "e00db497-40a2-4648-bb99-183a38c2371e"
              },
              {
                "access_network": false,
                "fixed_ip_v4": "192.168.7.5",
                "fixed_ip_v6": "",
                "floating_ip": "",
                "mac": "fa:16:3e:a2:26:bd",
                "name": "r5r6",
                "port": "a7bea431-f71a-4605-a628-8c25af602175",
                "uuid": "018dff4b-ad02-4ec8-b531-a71a31c6ecfa"
              },
              {
                "access_network": false,
                "fixed_ip_v4": "192.168.6.5",
                "fixed_ip_v6": "",
                "floating_ip": "",
                "mac": "fa:16:3e:2c:1e:9e",
                "name": "r2r5",
                "port": "a0461f02-d2b5-4a7f-a966-076b920979d4",
                "uuid": "18937e35-91f4-434a-a65b-f15b9757cd6c"
              }
            ],
            "network_mode": null,
            "personality": [],
            "power_state": "active",
            "region": "RegionOne",
            "scheduler_hints": [],
            "security_groups": [
              "default"
            ],
            "stop_before_destroy": false,
            "tags": null,
            "timeouts": null,
            "updated": "2025-05-22 17:49:06 +0000 UTC",
            "user_data": "5a68ad4e837feb9434dcae667ba680919f536efa",
            "vendor_options": [],
            "volume": []
          },
          "sensitive_attributes": [
            [
              {
                "type": "get_attr",
                "value": "admin_pass"
              }
            ]
          ],
          "private": "eyJlMmJmYjczMC1lY2FhLTExZTYtOGY4OC0zNDM2M2JjN2M0YzAiOnsiY3JlYXRlIjoxODAwMDAwMDAwMDAwLCJkZWxldGUiOjE4MDAwMDAwMDAwMDAsInVwZGF0ZSI6MTgwMDAwMDAwMDAwMH19",
          "dependencies": [
            "data.openstack_compute_flavor_v2.flavor",
            "data.openstack_images_image_v2.image",
            "data.openstack_networking_network_v2.mgmt_network",
            "data.openstack_networking_network_v2.r2r5",
            "data.openstack_networking_network_v2.r5r6",
            "data.openstack_networking_subnet_v2.subnet_r2r5",
            "data.openstack_networking_subnet_v2.subnet_r5r6",
            "openstack_networking_port_v2.eth2_r5",
            "openstack_networking_port_v2.eth3_r5"
          ]
        }
      ]
    },
    {
      "mode": "managed",
      "type": "openstack_compute_instance_v2",
      "name": "r6",
      "provider": "provider[\"registry.terraform.io/terraform-provider-openstack/openstack\"]",
      "instances": [
        {
          "schema_version": 0,
          "attributes": {
            "access_ip_v4": "192.168.27.175",
            "access_ip_v6": "",
            "admin_pass": null,
            "all_metadata": {},
            "all_tags": [],
            "availability_zone": "nova",
            "availability_zone_hints": null,
            "block_device": [],
            "config_drive": null,
            "created": "2025-05-22 17:48:43 +0000 UTC",
            "flavor_id": "373be856-2584-4418-b98a-9668510059bb",
            "flavor_name": "FRR",
            "floating_ip": null,
            "force_delete": false,
            "id": "9e4fd1f4-5336-4dc6-b3d5-bfdbcaf9eb1d",
            "image_id": "1d35fa76-6177-4b18-8502-aa6716b117b6",
            "image_name": "HLx-FRR",
            "key_pair": "",
            "metadata": null,
            "name": "r6",
            "network": [
              {
                "access_network": false,
                "fixed_ip_v4": "192.168.27.175",
                "fixed_ip_v6": "",
                "floating_ip": "",
                "mac": "fa:16:3e:ef:01:3e",
                "name": "management-network",
                "port": "",
                "uuid": "e00db497-40a2-4648-bb99-183a38c2371e"
              },
              {
                "access_network": false,
                "fixed_ip_v4": "192.168.9.6",
                "fixed_ip_v6": "",
                "floating_ip": "",
                "mac": "fa:16:3e:92:52:24",
                "name": "r6r7",
                "port": "cec6c632-9207-4d75-b6a9-98a279add5f3",
                "uuid": "a63780a3-a992-4b86-97b3-d988ec4b5bfe"
              },
              {
                "access_network": false,
                "fixed_ip_v4": "192.168.7.6",
                "fixed_ip_v6": "",
                "floating_ip": "",
                "mac": "fa:16:3e:3f:18:56",
                "name": "r5r6",
                "port": "fdf0843a-603f-4f73-8408-eae08a9b3831",
                "uuid": "018dff4b-ad02-4ec8-b531-a71a31c6ecfa"
              },
              {
                "access_network": false,
                "fixed_ip_v4": "192.168.5.6",
                "fixed_ip_v6": "",
                "floating_ip": "",
                "mac": "fa:16:3e:8d:6e:89",
                "name": "r4r6",
                "port": "739f1f1a-2903-44d7-9131-d854fc26b497",
                "uuid": "20b8b1ef-8cfe-4099-a60e-2e1306f2fd93"
              }
            ],
            "network_mode": null,
            "personality": [],
            "power_state": "active",
            "region": "RegionOne",
            "scheduler_hints": [],
            "security_groups": [
              "default"
            ],
            "stop_before_destroy": false,
            "tags": null,
            "timeouts": null,
            "updated": "2025-05-22 17:49:12 +0000 UTC",
            "user_data": "d6e8fa843e5214617bb94cc5de77cb0b14df9fa2",
            "vendor_options": [],
            "volume": []
          },
          "sensitive_attributes": [
            [
              {
                "type": "get_attr",
                "value": "admin_pass"
              }
            ]
          ],
          "private": "eyJlMmJmYjczMC1lY2FhLTExZTYtOGY4OC0zNDM2M2JjN2M0YzAiOnsiY3JlYXRlIjoxODAwMDAwMDAwMDAwLCJkZWxldGUiOjE4MDAwMDAwMDAwMDAsInVwZGF0ZSI6MTgwMDAwMDAwMDAwMH19",
          "dependencies": [
            "data.openstack_compute_flavor_v2.flavor",
            "data.openstack_images_image_v2.image",
            "data.openstack_networking_network_v2.mgmt_network",
            "data.openstack_networking_network_v2.r4r6",
            "data.openstack_networking_network_v2.r5r6",
            "data.openstack_networking_network_v2.r6r7",
            "data.openstack_networking_subnet_v2.subnet_r4r6",
            "data.openstack_networking_subnet_v2.subnet_r5r6",
            "data.openstack_networking_subnet_v2.subnet_r6r7",
            "openstack_networking_port_v2.eth2_r6",
            "openstack_networking_port_v2.eth3_r6",
            "openstack_networking_port_v2.eth4_r6"
          ]
        }
      ]
    },
    {
      "mode": "managed",
      "type": "openstack_compute_instance_v2",
      "name": "r7",
      "provider": "provider[\"registry.terraform.io/terraform-provider-openstack/openstack\"]",
      "instances": [
        {
          "schema_version": 0,
          "attributes": {
            "access_ip_v4": "192.168.27.184",
            "access_ip_v6": "",
            "admin_pass": null,
            "all_metadata": {},
            "all_tags": [],
            "availability_zone": "nova",
            "availability_zone_hints": null,
            "block_device": [],
            "config_drive": null,
            "created": "2025-05-22 17:48:43 +0000 UTC",
            "flavor_id": "373be856-2584-4418-b98a-9668510059bb",
            "flavor_name": "FRR",
            "floating_ip": null,
            "force_delete": false,
            "id": "51cea6fe-1094-43f0-af41-e5fa0d137363",
            "image_id": "1d35fa76-6177-4b18-8502-aa6716b117b6",
            "image_name": "HLx-FRR",
            "key_pair": "",
            "metadata": null,
            "name": "r7",
            "network": [
              {
                "access_network": false,
                "fixed_ip_v4": "192.168.27.184",
                "fixed_ip_v6": "",
                "floating_ip": "",
                "mac": "fa:16:3e:ca:04:2f",
                "name": "management-network",
                "port": "",
                "uuid": "e00db497-40a2-4648-bb99-183a38c2371e"
              },
              {
                "access_network": false,
                "fixed_ip_v4": "192.168.9.7",
                "fixed_ip_v6": "",
                "floating_ip": "",
                "mac": "fa:16:3e:d4:da:ea",
                "name": "r6r7",
                "port": "da311cf4-e41c-431f-9f3b-2ac68f0ed0b2",
                "uuid": "a63780a3-a992-4b86-97b3-d988ec4b5bfe"
              },
              {
                "access_network": false,
                "fixed_ip_v4": "192.168.11.7",
                "fixed_ip_v6": "",
                "floating_ip": "",
                "mac": "fa:16:3e:6c:90:50",
                "name": "r7r13",
                "port": "094e662d-b47c-4aff-8a44-0e5aa8ab0df2",
                "uuid": "e2172a2b-d6e8-488c-b932-babfbbb09d1b"
              },
              {
                "access_network": false,
                "fixed_ip_v4": "192.168.10.7",
                "fixed_ip_v6": "",
                "floating_ip": "",
                "mac": "fa:16:3e:fa:fe:f8",
                "name": "r3r7",
                "port": "e5a603a9-3210-423f-a802-b8f2b2e676a3",
                "uuid": "12b4b9f0-55e9-4dee-967f-25964f6f78a9"
              }
            ],
            "network_mode": null,
            "personality": [],
            "power_state": "active",
            "region": "RegionOne",
            "scheduler_hints": [],
            "security_groups": [
              "default"
            ],
            "stop_before_destroy": false,
            "tags": null,
            "timeouts": null,
            "updated": "2025-05-22 17:49:17 +0000 UTC",
            "user_data": "9e36a3857621fd6d526f7e41273a853595914b71",
            "vendor_options": [],
            "volume": []
          },
          "sensitive_attributes": [
            [
              {
                "type": "get_attr",
                "value": "admin_pass"
              }
            ]
          ],
          "private": "eyJlMmJmYjczMC1lY2FhLTExZTYtOGY4OC0zNDM2M2JjN2M0YzAiOnsiY3JlYXRlIjoxODAwMDAwMDAwMDAwLCJkZWxldGUiOjE4MDAwMDAwMDAwMDAsInVwZGF0ZSI6MTgwMDAwMDAwMDAwMH19",
          "dependencies": [
            "data.openstack_compute_flavor_v2.flavor",
            "data.openstack_images_image_v2.image",
            "data.openstack_networking_network_v2.mgmt_network",
            "data.openstack_networking_network_v2.r3r7",
            "data.openstack_networking_network_v2.r6r7",
            "data.openstack_networking_network_v2.r7r13",
            "data.openstack_networking_subnet_v2.subnet_r3r7",
            "data.openstack_networking_subnet_v2.subnet_r6r7",
            "data.openstack_networking_subnet_v2.subnet_r7r13",
            "openstack_networking_port_v2.eth2_r7",
            "openstack_networking_port_v2.eth3_r7",
            "openstack_networking_port_v2.eth4_r7"
          ]
        }
      ]
    },
    {
      "mode": "managed",
      "type": "openstack_networking_port_v2",
      "name": "eth2_r1",
      "provider": "provider[\"registry.terraform.io/terraform-provider-openstack/openstack\"]",
      "instances": [
        {
          "schema_version": 0,
          "attributes": {
            "admin_state_up": true,
            "all_fixed_ips": [
              "192.168.3.10"
            ],
            "all_security_group_ids": [
              "7535b8b1-78f7-43d2-b27b-bfc252e40a5c"
            ],
            "all_tags": [],
            "allowed_address_pairs": [],
            "binding": [
              {
                "host_id": "",
                "profile": "{}",
                "vif_details": {},
                "vif_type": "unbound",
                "vnic_type": "normal"
              }
            ],
            "description": "",
            "device_id": "",
            "device_owner": "",
            "dns_assignment": [],
            "dns_name": "",
            "extra_dhcp_option": [],
            "fixed_ip": [
              {
                "ip_address": "192.168.3.10",
                "subnet_id": "c6699e16-4fb2-4ae6-8d90-5d568974b018"
              }
            ],
            "id": "eb982c57-6a8c-4141-9ddf-17c25e231b3e",
            "mac_address": "fa:16:3e:fa:61:c0",
            "name": "r1_eth2",
            "network_id": "261842e3-a345-4b90-b37b-5c9ba1fce18b",
            "no_fixed_ip": null,
            "no_security_groups": null,
            "port_security_enabled": true,
            "qos_policy_id": "",
            "region": "RegionOne",
            "security_group_ids": null,
            "tags": null,
            "tenant_id": "47db6af3f5ae4a958fd90100ebdef0cd",
            "timeouts": null,
            "value_specs": null
          },
          "sensitive_attributes": [],
          "private": "eyJlMmJmYjczMC1lY2FhLTExZTYtOGY4OC0zNDM2M2JjN2M0YzAiOnsiY3JlYXRlIjo2MDAwMDAwMDAwMDAsImRlbGV0ZSI6NjAwMDAwMDAwMDAwfX0=",
          "dependencies": [
            "data.openstack_networking_network_v2.r1r4",
            "data.openstack_networking_subnet_v2.subnet_r1r4"
          ]
        }
      ]
    },
    {
      "mode": "managed",
      "type": "openstack_networking_port_v2",
      "name": "eth2_r11",
      "provider": "provider[\"registry.terraform.io/terraform-provider-openstack/openstack\"]",
      "instances": [
        {
          "schema_version": 0,
          "attributes": {
            "admin_state_up": true,
            "all_fixed_ips": [
              "192.168.1.11"
            ],
            "all_security_group_ids": [
              "7535b8b1-78f7-43d2-b27b-bfc252e40a5c"
            ],
            "all_tags": [],
            "allowed_address_pairs": [],
            "binding": [
              {
                "host_id": "",
                "profile": "{}",
                "vif_details": {},
                "vif_type": "unbound",
                "vnic_type": "normal"
              }
            ],
            "description": "",
            "device_id": "",
            "device_owner": "",
            "dns_assignment": [],
            "dns_name": "",
            "extra_dhcp_option": [],
            "fixed_ip": [
              {
                "ip_address": "192.168.1.11",
                "subnet_id": "8dc94851-3847-4c09-831f-f55df97eb602"
              }
            ],
            "id": "6e97b078-2af5-4f3c-9095-32ce939898f3",
            "mac_address": "fa:16:3e:01:9b:65",
            "name": "r11_eth2",
            "network_id": "e2dee63f-1aac-4c2d-b977-46b610ec5b8f",
            "no_fixed_ip": null,
            "no_security_groups": null,
            "port_security_enabled": true,
            "qos_policy_id": "",
            "region": "RegionOne",
            "security_group_ids": null,
            "tags": null,
            "tenant_id": "47db6af3f5ae4a958fd90100ebdef0cd",
            "timeouts": null,
            "value_specs": null
          },
          "sensitive_attributes": [],
          "private": "eyJlMmJmYjczMC1lY2FhLTExZTYtOGY4OC0zNDM2M2JjN2M0YzAiOnsiY3JlYXRlIjo2MDAwMDAwMDAwMDAsImRlbGV0ZSI6NjAwMDAwMDAwMDAwfX0=",
          "dependencies": [
            "data.openstack_networking_network_v2.r1r11",
            "data.openstack_networking_subnet_v2.subnet_r1r11"
          ]
        }
      ]
    },
    {
      "mode": "managed",
      "type": "openstack_networking_port_v2",
      "name": "eth2_r12",
      "provider": "provider[\"registry.terraform.io/terraform-provider-openstack/openstack\"]",
      "instances": [
        {
          "schema_version": 0,
          "attributes": {
            "admin_state_up": true,
            "all_fixed_ips": [
              "192.168.13.12"
            ],
            "all_security_group_ids": [
              "7535b8b1-78f7-43d2-b27b-bfc252e40a5c"
            ],
            "all_tags": [],
            "allowed_address_pairs": [],
            "binding": [
              {
                "host_id": "",
                "profile": "{}",
                "vif_details": {},
                "vif_type": "unbound",
                "vnic_type": "normal"
              }
            ],
            "description": "",
            "device_id": "",
            "device_owner": "",
            "dns_assignment": [],
            "dns_name": "",
            "extra_dhcp_option": [],
            "fixed_ip": [
              {
                "ip_address": "192.168.13.12",
                "subnet_id": "5d0f2222-2429-496e-9a60-4d5c6e8fda94"
              }
            ],
            "id": "515d8d95-4f40-4d89-b1de-011e739203f0",
            "mac_address": "fa:16:3e:8a:c4:f9",
            "name": "r12_eth2",
            "network_id": "c0422e79-2088-4181-9b3b-7fa3ba7c6321",
            "no_fixed_ip": null,
            "no_security_groups": null,
            "port_security_enabled": true,
            "qos_policy_id": "",
            "region": "RegionOne",
            "security_group_ids": null,
            "tags": null,
            "tenant_id": "47db6af3f5ae4a958fd90100ebdef0cd",
            "timeouts": null,
            "value_specs": null
          },
          "sensitive_attributes": [],
          "private": "eyJlMmJmYjczMC1lY2FhLTExZTYtOGY4OC0zNDM2M2JjN2M0YzAiOnsiY3JlYXRlIjo2MDAwMDAwMDAwMDAsImRlbGV0ZSI6NjAwMDAwMDAwMDAwfX0=",
          "dependencies": [
            "data.openstack_networking_network_v2.r2r12",
            "data.openstack_networking_subnet_v2.subnet_r2r12"
          ]
        }
      ]
    },
    {
      "mode": "managed",
      "type": "openstack_networking_port_v2",
      "name": "eth2_r13",
      "provider": "provider[\"registry.terraform.io/terraform-provider-openstack/openstack\"]",
      "instances": [
        {
          "schema_version": 0,
          "attributes": {
            "admin_state_up": true,
            "all_fixed_ips": [
              "192.168.12.13"
            ],
            "all_security_group_ids": [
              "7535b8b1-78f7-43d2-b27b-bfc252e40a5c"
            ],
            "all_tags": [],
            "allowed_address_pairs": [],
            "binding": [
              {
                "host_id": "",
                "profile": "{}",
                "vif_details": {},
                "vif_type": "unbound",
                "vnic_type": "normal"
              }
            ],
            "description": "",
            "device_id": "",
            "device_owner": "",
            "dns_assignment": [],
            "dns_name": "",
            "extra_dhcp_option": [],
            "fixed_ip": [
              {
                "ip_address": "192.168.12.13",
                "subnet_id": "6b5d9daf-109b-4e23-89a0-484c0fd121b0"
              }
            ],
            "id": "2db6dd60-f80e-4d5b-8b0c-caf62e5167dc",
            "mac_address": "fa:16:3e:d0:47:ee",
            "name": "r13_eth2",
            "network_id": "4e127b07-49b8-418a-ab6a-de77d404dcfb",
            "no_fixed_ip": null,
            "no_security_groups": null,
            "port_security_enabled": true,
            "qos_policy_id": "",
            "region": "RegionOne",
            "security_group_ids": null,
            "tags": null,
            "tenant_id": "47db6af3f5ae4a958fd90100ebdef0cd",
            "timeouts": null,
            "value_specs": null
          },
          "sensitive_attributes": [],
          "private": "eyJlMmJmYjczMC1lY2FhLTExZTYtOGY4OC0zNDM2M2JjN2M0YzAiOnsiY3JlYXRlIjo2MDAwMDAwMDAwMDAsImRlbGV0ZSI6NjAwMDAwMDAwMDAwfX0=",
          "dependencies": [
            "data.openstack_networking_network_v2.r3r13",
            "data.openstack_networking_subnet_v2.subnet_r3r13"
          ]
        }
      ]
    },
    {
      "mode": "managed",
      "type": "openstack_networking_port_v2",
      "name": "eth2_r2",
      "provider": "provider[\"registry.terraform.io/terraform-provider-openstack/openstack\"]",
      "instances": [
        {
          "schema_version": 0,
          "attributes": {
            "admin_state_up": true,
            "all_fixed_ips": [
              "192.168.13.20"
            ],
            "all_security_group_ids": [
              "7535b8b1-78f7-43d2-b27b-bfc252e40a5c"
            ],
            "all_tags": [],
            "allowed_address_pairs": [],
            "binding": [
              {
                "host_id": "",
                "profile": "{}",
                "vif_details": {},
                "vif_type": "unbound",
                "vnic_type": "normal"
              }
            ],
            "description": "",
            "device_id": "",
            "device_owner": "",
            "dns_assignment": [],
            "dns_name": "",
            "extra_dhcp_option": [],
            "fixed_ip": [
              {
                "ip_address": "192.168.13.20",
                "subnet_id": "5d0f2222-2429-496e-9a60-4d5c6e8fda94"
              }
            ],
            "id": "4ad0c3d4-bab7-4523-9fee-886549df78fe",
            "mac_address": "fa:16:3e:94:4f:76",
            "name": "r2_eth2",
            "network_id": "c0422e79-2088-4181-9b3b-7fa3ba7c6321",
            "no_fixed_ip": null,
            "no_security_groups": null,
            "port_security_enabled": true,
            "qos_policy_id": "",
            "region": "RegionOne",
            "security_group_ids": null,
            "tags": null,
            "tenant_id": "47db6af3f5ae4a958fd90100ebdef0cd",
            "timeouts": null,
            "value_specs": null
          },
          "sensitive_attributes": [],
          "private": "eyJlMmJmYjczMC1lY2FhLTExZTYtOGY4OC0zNDM2M2JjN2M0YzAiOnsiY3JlYXRlIjo2MDAwMDAwMDAwMDAsImRlbGV0ZSI6NjAwMDAwMDAwMDAwfX0=",
          "dependencies": [
            "data.openstack_networking_network_v2.r2r12",
            "data.openstack_networking_subnet_v2.subnet_r2r12"
          ]
        }
      ]
    },
    {
      "mode": "managed",
      "type": "openstack_networking_port_v2",
      "name": "eth2_r3",
      "provider": "provider[\"registry.terraform.io/terraform-provider-openstack/openstack\"]",
      "instances": [
        {
          "schema_version": 0,
          "attributes": {
            "admin_state_up": true,
            "all_fixed_ips": [
              "192.168.12.3"
            ],
            "all_security_group_ids": [
              "7535b8b1-78f7-43d2-b27b-bfc252e40a5c"
            ],
            "all_tags": [],
            "allowed_address_pairs": [],
            "binding": [
              {
                "host_id": "",
                "profile": "{}",
                "vif_details": {},
                "vif_type": "unbound",
                "vnic_type": "normal"
              }
            ],
            "description": "",
            "device_id": "",
            "device_owner": "",
            "dns_assignment": [],
            "dns_name": "",
            "extra_dhcp_option": [],
            "fixed_ip": [
              {
                "ip_address": "192.168.12.3",
                "subnet_id": "6b5d9daf-109b-4e23-89a0-484c0fd121b0"
              }
            ],
            "id": "d29bfe6b-74fc-48c3-9947-990c4defa961",
            "mac_address": "fa:16:3e:cb:ef:88",
            "name": "r3_eth2",
            "network_id": "4e127b07-49b8-418a-ab6a-de77d404dcfb",
            "no_fixed_ip": null,
            "no_security_groups": null,
            "port_security_enabled": true,
            "qos_policy_id": "",
            "region": "RegionOne",
            "security_group_ids": null,
            "tags": null,
            "tenant_id": "47db6af3f5ae4a958fd90100ebdef0cd",
            "timeouts": null,
            "value_specs": null
          },
          "sensitive_attributes": [],
          "private": "eyJlMmJmYjczMC1lY2FhLTExZTYtOGY4OC0zNDM2M2JjN2M0YzAiOnsiY3JlYXRlIjo2MDAwMDAwMDAwMDAsImRlbGV0ZSI6NjAwMDAwMDAwMDAwfX0=",
          "dependencies": [
            "data.openstack_networking_network_v2.r3r13",
            "data.openstack_networking_subnet_v2.subnet_r3r13"
          ]
        }
      ]
    },
    {
      "mode": "managed",
      "type": "openstack_networking_port_v2",
      "name": "eth2_r4",
      "provider": "provider[\"registry.terraform.io/terraform-provider-openstack/openstack\"]",
      "instances": [
        {
          "schema_version": 0,
          "attributes": {
            "admin_state_up": true,
            "all_fixed_ips": [
              "192.168.3.4"
            ],
            "all_security_group_ids": [
              "7535b8b1-78f7-43d2-b27b-bfc252e40a5c"
            ],
            "all_tags": [],
            "allowed_address_pairs": [],
            "binding": [
              {
                "host_id": "",
                "profile": "{}",
                "vif_details": {},
                "vif_type": "unbound",
                "vnic_type": "normal"
              }
            ],
            "description": "",
            "device_id": "",
            "device_owner": "",
            "dns_assignment": [],
            "dns_name": "",
            "extra_dhcp_option": [],
            "fixed_ip": [
              {
                "ip_address": "192.168.3.4",
                "subnet_id": "c6699e16-4fb2-4ae6-8d90-5d568974b018"
              }
            ],
            "id": "28489896-0094-4921-999c-2226b73018d2",
            "mac_address": "fa:16:3e:f3:b3:03",
            "name": "r4_eth2",
            "network_id": "261842e3-a345-4b90-b37b-5c9ba1fce18b",
            "no_fixed_ip": null,
            "no_security_groups": null,
            "port_security_enabled": true,
            "qos_policy_id": "",
            "region": "RegionOne",
            "security_group_ids": null,
            "tags": null,
            "tenant_id": "47db6af3f5ae4a958fd90100ebdef0cd",
            "timeouts": null,
            "value_specs": null
          },
          "sensitive_attributes": [],
          "private": "eyJlMmJmYjczMC1lY2FhLTExZTYtOGY4OC0zNDM2M2JjN2M0YzAiOnsiY3JlYXRlIjo2MDAwMDAwMDAwMDAsImRlbGV0ZSI6NjAwMDAwMDAwMDAwfX0=",
          "dependencies": [
            "data.openstack_networking_network_v2.r1r4",
            "data.openstack_networking_subnet_v2.subnet_r1r4"
          ]
        }
      ]
    },
    {
      "mode": "managed",
      "type": "openstack_networking_port_v2",
      "name": "eth2_r5",
      "provider": "provider[\"registry.terraform.io/terraform-provider-openstack/openstack\"]",
      "instances": [
        {
          "schema_version": 0,
          "attributes": {
            "admin_state_up": true,
            "all_fixed_ips": [
              "192.168.7.5"
            ],
            "all_security_group_ids": [
              "7535b8b1-78f7-43d2-b27b-bfc252e40a5c"
            ],
            "all_tags": [],
            "allowed_address_pairs": [],
            "binding": [
              {
                "host_id": "",
                "profile": "{}",
                "vif_details": {},
                "vif_type": "unbound",
                "vnic_type": "normal"
              }
            ],
            "description": "",
            "device_id": "",
            "device_owner": "",
            "dns_assignment": [],
            "dns_name": "",
            "extra_dhcp_option": [],
            "fixed_ip": [
              {
                "ip_address": "192.168.7.5",
                "subnet_id": "05315a2e-947b-4a66-8ae9-fb82629bfce0"
              }
            ],
            "id": "a7bea431-f71a-4605-a628-8c25af602175",
            "mac_address": "fa:16:3e:a2:26:bd",
            "name": "r5_eth2",
            "network_id": "018dff4b-ad02-4ec8-b531-a71a31c6ecfa",
            "no_fixed_ip": null,
            "no_security_groups": null,
            "port_security_enabled": true,
            "qos_policy_id": "",
            "region": "RegionOne",
            "security_group_ids": null,
            "tags": null,
            "tenant_id": "47db6af3f5ae4a958fd90100ebdef0cd",
            "timeouts": null,
            "value_specs": null
          },
          "sensitive_attributes": [],
          "private": "eyJlMmJmYjczMC1lY2FhLTExZTYtOGY4OC0zNDM2M2JjN2M0YzAiOnsiY3JlYXRlIjo2MDAwMDAwMDAwMDAsImRlbGV0ZSI6NjAwMDAwMDAwMDAwfX0=",
          "dependencies": [
            "data.openstack_networking_network_v2.r5r6",
            "data.openstack_networking_subnet_v2.subnet_r5r6"
          ]
        }
      ]
    },
    {
      "mode": "managed",
      "type": "openstack_networking_port_v2",
      "name": "eth2_r6",
      "provider": "provider[\"registry.terraform.io/terraform-provider-openstack/openstack\"]",
      "instances": [
        {
          "schema_version": 0,
          "attributes": {
            "admin_state_up": true,
            "all_fixed_ips": [
              "192.168.9.6"
            ],
            "all_security_group_ids": [
              "7535b8b1-78f7-43d2-b27b-bfc252e40a5c"
            ],
            "all_tags": [],
            "allowed_address_pairs": [],
            "binding": [
              {
                "host_id": "",
                "profile": "{}",
                "vif_details": {},
                "vif_type": "unbound",
                "vnic_type": "normal"
              }
            ],
            "description": "",
            "device_id": "",
            "device_owner": "",
            "dns_assignment": [],
            "dns_name": "",
            "extra_dhcp_option": [],
            "fixed_ip": [
              {
                "ip_address": "192.168.9.6",
                "subnet_id": "3eda892d-4e9b-443c-8977-9fc60bd0a8c1"
              }
            ],
            "id": "cec6c632-9207-4d75-b6a9-98a279add5f3",
            "mac_address": "fa:16:3e:92:52:24",
            "name": "r6_eth2",
            "network_id": "a63780a3-a992-4b86-97b3-d988ec4b5bfe",
            "no_fixed_ip": null,
            "no_security_groups": null,
            "port_security_enabled": true,
            "qos_policy_id": "",
            "region": "RegionOne",
            "security_group_ids": null,
            "tags": null,
            "tenant_id": "47db6af3f5ae4a958fd90100ebdef0cd",
            "timeouts": null,
            "value_specs": null
          },
          "sensitive_attributes": [],
          "private": "eyJlMmJmYjczMC1lY2FhLTExZTYtOGY4OC0zNDM2M2JjN2M0YzAiOnsiY3JlYXRlIjo2MDAwMDAwMDAwMDAsImRlbGV0ZSI6NjAwMDAwMDAwMDAwfX0=",
          "dependencies": [
            "data.openstack_networking_network_v2.r6r7",
            "data.openstack_networking_subnet_v2.subnet_r6r7"
          ]
        }
      ]
    },
    {
      "mode": "managed",
      "type": "openstack_networking_port_v2",
      "name": "eth2_r7",
      "provider": "provider[\"registry.terraform.io/terraform-provider-openstack/openstack\"]",
      "instances": [
        {
          "schema_version": 0,
          "attributes": {
            "admin_state_up": true,
            "all_fixed_ips": [
              "192.168.9.7"
            ],
            "all_security_group_ids": [
              "7535b8b1-78f7-43d2-b27b-bfc252e40a5c"
            ],
            "all_tags": [],
            "allowed_address_pairs": [],
            "binding": [
              {
                "host_id": "",
                "profile": "{}",
                "vif_details": {},
                "vif_type": "unbound",
                "vnic_type": "normal"
              }
            ],
            "description": "",
            "device_id": "",
            "device_owner": "",
            "dns_assignment": [],
            "dns_name": "",
            "extra_dhcp_option": [],
            "fixed_ip": [
              {
                "ip_address": "192.168.9.7",
                "subnet_id": "3eda892d-4e9b-443c-8977-9fc60bd0a8c1"
              }
            ],
            "id": "da311cf4-e41c-431f-9f3b-2ac68f0ed0b2",
            "mac_address": "fa:16:3e:d4:da:ea",
            "name": "r7_eth2",
            "network_id": "a63780a3-a992-4b86-97b3-d988ec4b5bfe",
            "no_fixed_ip": null,
            "no_security_groups": null,
            "port_security_enabled": true,
            "qos_policy_id": "",
            "region": "RegionOne",
            "security_group_ids": null,
            "tags": null,
            "tenant_id": "47db6af3f5ae4a958fd90100ebdef0cd",
            "timeouts": null,
            "value_specs": null
          },
          "sensitive_attributes": [],
          "private": "eyJlMmJmYjczMC1lY2FhLTExZTYtOGY4OC0zNDM2M2JjN2M0YzAiOnsiY3JlYXRlIjo2MDAwMDAwMDAwMDAsImRlbGV0ZSI6NjAwMDAwMDAwMDAwfX0=",
          "dependencies": [
            "data.openstack_networking_network_v2.r6r7",
            "data.openstack_networking_subnet_v2.subnet_r6r7"
          ]
        }
      ]
    },
    {
      "mode": "managed",
      "type": "openstack_networking_port_v2",
      "name": "eth3_r1",
      "provider": "provider[\"registry.terraform.io/terraform-provider-openstack/openstack\"]",
      "instances": [
        {
          "schema_version": 0,
          "attributes": {
            "admin_state_up": true,
            "all_fixed_ips": [
              "192.168.4.10"
            ],
            "all_security_group_ids": [
              "7535b8b1-78f7-43d2-b27b-bfc252e40a5c"
            ],
            "all_tags": [],
            "allowed_address_pairs": [],
            "binding": [
              {
                "host_id": "",
                "profile": "{}",
                "vif_details": {},
                "vif_type": "unbound",
                "vnic_type": "normal"
              }
            ],
            "description": "",
            "device_id": "",
            "device_owner": "",
            "dns_assignment": [],
            "dns_name": "",
            "extra_dhcp_option": [],
            "fixed_ip": [
              {
                "ip_address": "192.168.4.10",
                "subnet_id": "bca7abdf-4e00-4d47-a6f2-5cf69fae6082"
              }
            ],
            "id": "7db08d34-04ac-4976-a3eb-3cbfab067214",
            "mac_address": "fa:16:3e:3c:3c:fd",
            "name": "r1_eth3",
            "network_id": "f99ab493-edcc-4ed6-9ea1-65098dafa1d6",
            "no_fixed_ip": null,
            "no_security_groups": null,
            "port_security_enabled": true,
            "qos_policy_id": "",
            "region": "RegionOne",
            "security_group_ids": null,
            "tags": null,
            "tenant_id": "47db6af3f5ae4a958fd90100ebdef0cd",
            "timeouts": null,
            "value_specs": null
          },
          "sensitive_attributes": [],
          "private": "eyJlMmJmYjczMC1lY2FhLTExZTYtOGY4OC0zNDM2M2JjN2M0YzAiOnsiY3JlYXRlIjo2MDAwMDAwMDAwMDAsImRlbGV0ZSI6NjAwMDAwMDAwMDAwfX0=",
          "dependencies": [
            "data.openstack_networking_network_v2.r1r2",
            "data.openstack_networking_subnet_v2.subnet_r1r2"
          ]
        }
      ]
    },
    {
      "mode": "managed",
      "type": "openstack_networking_port_v2",
      "name": "eth3_r11",
      "provider": "provider[\"registry.terraform.io/terraform-provider-openstack/openstack\"]",
      "instances": [
        {
          "schema_version": 0,
          "attributes": {
            "admin_state_up": true,
            "all_fixed_ips": [
              "192.168.2.11"
            ],
            "all_security_group_ids": [
              "7535b8b1-78f7-43d2-b27b-bfc252e40a5c"
            ],
            "all_tags": [],
            "allowed_address_pairs": [],
            "binding": [
              {
                "host_id": "",
                "profile": "{}",
                "vif_details": {},
                "vif_type": "unbound",
                "vnic_type": "normal"
              }
            ],
            "description": "",
            "device_id": "",
            "device_owner": "",
            "dns_assignment": [],
            "dns_name": "",
            "extra_dhcp_option": [],
            "fixed_ip": [
              {
                "ip_address": "192.168.2.11",
                "subnet_id": "a44fb8b0-6c35-4b51-883b-5ba4c39ec2b2"
              }
            ],
            "id": "582a8fa3-1378-4d82-80c8-f5c14c2fbde7",
            "mac_address": "fa:16:3e:b9:00:5d",
            "name": "r11_eth3",
            "network_id": "5e1c3a0c-9825-4b11-abea-c5f1b5773bee",
            "no_fixed_ip": null,
            "no_security_groups": null,
            "port_security_enabled": true,
            "qos_policy_id": "",
            "region": "RegionOne",
            "security_group_ids": null,
            "tags": null,
            "tenant_id": "47db6af3f5ae4a958fd90100ebdef0cd",
            "timeouts": null,
            "value_specs": null
          },
          "sensitive_attributes": [],
          "private": "eyJlMmJmYjczMC1lY2FhLTExZTYtOGY4OC0zNDM2M2JjN2M0YzAiOnsiY3JlYXRlIjo2MDAwMDAwMDAwMDAsImRlbGV0ZSI6NjAwMDAwMDAwMDAwfX0=",
          "dependencies": [
            "data.openstack_networking_network_v2.r11r4",
            "data.openstack_networking_subnet_v2.subnet_r11r4"
          ]
        }
      ]
    },
    {
      "mode": "managed",
      "type": "openstack_networking_port_v2",
      "name": "eth3_r13",
      "provider": "provider[\"registry.terraform.io/terraform-provider-openstack/openstack\"]",
      "instances": [
        {
          "schema_version": 0,
          "attributes": {
            "admin_state_up": true,
            "all_fixed_ips": [
              "192.168.11.13"
            ],
            "all_security_group_ids": [
              "7535b8b1-78f7-43d2-b27b-bfc252e40a5c"
            ],
            "all_tags": [],
            "allowed_address_pairs": [],
            "binding": [
              {
                "host_id": "",
                "profile": "{}",
                "vif_details": {},
                "vif_type": "unbound",
                "vnic_type": "normal"
              }
            ],
            "description": "",
            "device_id": "",
            "device_owner": "",
            "dns_assignment": [],
            "dns_name": "",
            "extra_dhcp_option": [],
            "fixed_ip": [
              {
                "ip_address": "192.168.11.13",
                "subnet_id": "3a406604-28b3-41b0-8007-d71c4dd413b3"
              }
            ],
            "id": "4e46e12d-a778-46ee-83d6-e1fe402bd2cc",
            "mac_address": "fa:16:3e:20:0f:90",
            "name": "r13_eth3",
            "network_id": "e2172a2b-d6e8-488c-b932-babfbbb09d1b",
            "no_fixed_ip": null,
            "no_security_groups": null,
            "port_security_enabled": true,
            "qos_policy_id": "",
            "region": "RegionOne",
            "security_group_ids": null,
            "tags": null,
            "tenant_id": "47db6af3f5ae4a958fd90100ebdef0cd",
            "timeouts": null,
            "value_specs": null
          },
          "sensitive_attributes": [],
          "private": "eyJlMmJmYjczMC1lY2FhLTExZTYtOGY4OC0zNDM2M2JjN2M0YzAiOnsiY3JlYXRlIjo2MDAwMDAwMDAwMDAsImRlbGV0ZSI6NjAwMDAwMDAwMDAwfX0=",
          "dependencies": [
            "data.openstack_networking_network_v2.r7r13",
            "data.openstack_networking_subnet_v2.subnet_r7r13"
          ]
        }
      ]
    },
    {
      "mode": "managed",
      "type": "openstack_networking_port_v2",
      "name": "eth3_r2",
      "provider": "provider[\"registry.terraform.io/terraform-provider-openstack/openstack\"]",
      "instances": [
        {
          "schema_version": 0,
          "attributes": {
            "admin_state_up": true,
            "all_fixed_ips": [
              "192.168.4.20"
            ],
            "all_security_group_ids": [
              "7535b8b1-78f7-43d2-b27b-bfc252e40a5c"
            ],
            "all_tags": [],
            "allowed_address_pairs": [],
            "binding": [
              {
                "host_id": "",
                "profile": "{}",
                "vif_details": {},
                "vif_type": "unbound",
                "vnic_type": "normal"
              }
            ],
            "description": "",
            "device_id": "",
            "device_owner": "",
            "dns_assignment": [],
            "dns_name": "",
            "extra_dhcp_option": [],
            "fixed_ip": [
              {
                "ip_address": "192.168.4.20",
                "subnet_id": "bca7abdf-4e00-4d47-a6f2-5cf69fae6082"
              }
            ],
            "id": "dd1212e4-4b3a-437c-b0e6-a061a7ae67ed",
            "mac_address": "fa:16:3e:80:59:7f",
            "name": "r2_eth3",
            "network_id": "f99ab493-edcc-4ed6-9ea1-65098dafa1d6",
            "no_fixed_ip": null,
            "no_security_groups": null,
            "port_security_enabled": true,
            "qos_policy_id": "",
            "region": "RegionOne",
            "security_group_ids": null,
            "tags": null,
            "tenant_id": "47db6af3f5ae4a958fd90100ebdef0cd",
            "timeouts": null,
            "value_specs": null
          },
          "sensitive_attributes": [],
          "private": "eyJlMmJmYjczMC1lY2FhLTExZTYtOGY4OC0zNDM2M2JjN2M0YzAiOnsiY3JlYXRlIjo2MDAwMDAwMDAwMDAsImRlbGV0ZSI6NjAwMDAwMDAwMDAwfX0=",
          "dependencies": [
            "data.openstack_networking_network_v2.r1r2",
            "data.openstack_networking_subnet_v2.subnet_r1r2"
          ]
        }
      ]
    },
    {
      "mode": "managed",
      "type": "openstack_networking_port_v2",
      "name": "eth3_r3",
      "provider": "provider[\"registry.terraform.io/terraform-provider-openstack/openstack\"]",
      "instances": [
        {
          "schema_version": 0,
          "attributes": {
            "admin_state_up": true,
            "all_fixed_ips": [
              "192.168.10.3"
            ],
            "all_security_group_ids": [
              "7535b8b1-78f7-43d2-b27b-bfc252e40a5c"
            ],
            "all_tags": [],
            "allowed_address_pairs": [],
            "binding": [
              {
                "host_id": "",
                "profile": "{}",
                "vif_details": {},
                "vif_type": "unbound",
                "vnic_type": "normal"
              }
            ],
            "description": "",
            "device_id": "",
            "device_owner": "",
            "dns_assignment": [],
            "dns_name": "",
            "extra_dhcp_option": [],
            "fixed_ip": [
              {
                "ip_address": "192.168.10.3",
                "subnet_id": "bfd746d1-765f-4f4c-9703-3e2c658d1603"
              }
            ],
            "id": "2a380124-f95b-475a-9f59-ee0a94e5f3f3",
            "mac_address": "fa:16:3e:79:28:60",
            "name": "r3_eth3",
            "network_id": "12b4b9f0-55e9-4dee-967f-25964f6f78a9",
            "no_fixed_ip": null,
            "no_security_groups": null,
            "port_security_enabled": true,
            "qos_policy_id": "",
            "region": "RegionOne",
            "security_group_ids": null,
            "tags": null,
            "tenant_id": "47db6af3f5ae4a958fd90100ebdef0cd",
            "timeouts": null,
            "value_specs": null
          },
          "sensitive_attributes": [],
          "private": "eyJlMmJmYjczMC1lY2FhLTExZTYtOGY4OC0zNDM2M2JjN2M0YzAiOnsiY3JlYXRlIjo2MDAwMDAwMDAwMDAsImRlbGV0ZSI6NjAwMDAwMDAwMDAwfX0=",
          "dependencies": [
            "data.openstack_networking_network_v2.r3r7",
            "data.openstack_networking_subnet_v2.subnet_r3r7"
          ]
        }
      ]
    },
    {
      "mode": "managed",
      "type": "openstack_networking_port_v2",
      "name": "eth3_r4",
      "provider": "provider[\"registry.terraform.io/terraform-provider-openstack/openstack\"]",
      "instances": [
        {
          "schema_version": 0,
          "attributes": {
            "admin_state_up": true,
            "all_fixed_ips": [
              "192.168.2.4"
            ],
            "all_security_group_ids": [
              "7535b8b1-78f7-43d2-b27b-bfc252e40a5c"
            ],
            "all_tags": [],
            "allowed_address_pairs": [],
            "binding": [
              {
                "host_id": "",
                "profile": "{}",
                "vif_details": {},
                "vif_type": "unbound",
                "vnic_type": "normal"
              }
            ],
            "description": "",
            "device_id": "",
            "device_owner": "",
            "dns_assignment": [],
            "dns_name": "",
            "extra_dhcp_option": [],
            "fixed_ip": [
              {
                "ip_address": "192.168.2.4",
                "subnet_id": "a44fb8b0-6c35-4b51-883b-5ba4c39ec2b2"
              }
            ],
            "id": "401b6779-2e0a-4b74-a7ac-1e9945fd479a",
            "mac_address": "fa:16:3e:20:91:4b",
            "name": "r4_eth3",
            "network_id": "5e1c3a0c-9825-4b11-abea-c5f1b5773bee",
            "no_fixed_ip": null,
            "no_security_groups": null,
            "port_security_enabled": true,
            "qos_policy_id": "",
            "region": "RegionOne",
            "security_group_ids": null,
            "tags": null,
            "tenant_id": "47db6af3f5ae4a958fd90100ebdef0cd",
            "timeouts": null,
            "value_specs": null
          },
          "sensitive_attributes": [],
          "private": "eyJlMmJmYjczMC1lY2FhLTExZTYtOGY4OC0zNDM2M2JjN2M0YzAiOnsiY3JlYXRlIjo2MDAwMDAwMDAwMDAsImRlbGV0ZSI6NjAwMDAwMDAwMDAwfX0=",
          "dependencies": [
            "data.openstack_networking_network_v2.r11r4",
            "data.openstack_networking_subnet_v2.subnet_r11r4"
          ]
        }
      ]
    },
    {
      "mode": "managed",
      "type": "openstack_networking_port_v2",
      "name": "eth3_r5",
      "provider": "provider[\"registry.terraform.io/terraform-provider-openstack/openstack\"]",
      "instances": [
        {
          "schema_version": 0,
          "attributes": {
            "admin_state_up": true,
            "all_fixed_ips": [
              "192.168.6.5"
            ],
            "all_security_group_ids": [
              "7535b8b1-78f7-43d2-b27b-bfc252e40a5c"
            ],
            "all_tags": [],
            "allowed_address_pairs": [],
            "binding": [
              {
                "host_id": "",
                "profile": "{}",
                "vif_details": {},
                "vif_type": "unbound",
                "vnic_type": "normal"
              }
            ],
            "description": "",
            "device_id": "",
            "device_owner": "",
            "dns_assignment": [],
            "dns_name": "",
            "extra_dhcp_option": [],
            "fixed_ip": [
              {
                "ip_address": "192.168.6.5",
                "subnet_id": "afa7dd99-85e9-410a-9858-d1d7058b0393"
              }
            ],
            "id": "a0461f02-d2b5-4a7f-a966-076b920979d4",
            "mac_address": "fa:16:3e:2c:1e:9e",
            "name": "r5_eth3",
            "network_id": "18937e35-91f4-434a-a65b-f15b9757cd6c",
            "no_fixed_ip": null,
            "no_security_groups": null,
            "port_security_enabled": true,
            "qos_policy_id": "",
            "region": "RegionOne",
            "security_group_ids": null,
            "tags": null,
            "tenant_id": "47db6af3f5ae4a958fd90100ebdef0cd",
            "timeouts": null,
            "value_specs": null
          },
          "sensitive_attributes": [],
          "private": "eyJlMmJmYjczMC1lY2FhLTExZTYtOGY4OC0zNDM2M2JjN2M0YzAiOnsiY3JlYXRlIjo2MDAwMDAwMDAwMDAsImRlbGV0ZSI6NjAwMDAwMDAwMDAwfX0=",
          "dependencies": [
            "data.openstack_networking_network_v2.r2r5",
            "data.openstack_networking_subnet_v2.subnet_r2r5"
          ]
        }
      ]
    },
    {
      "mode": "managed",
      "type": "openstack_networking_port_v2",
      "name": "eth3_r6",
      "provider": "provider[\"registry.terraform.io/terraform-provider-openstack/openstack\"]",
      "instances": [
        {
          "schema_version": 0,
          "attributes": {
            "admin_state_up": true,
            "all_fixed_ips": [
              "192.168.7.6"
            ],
            "all_security_group_ids": [
              "7535b8b1-78f7-43d2-b27b-bfc252e40a5c"
            ],
            "all_tags": [],
            "allowed_address_pairs": [],
            "binding": [
              {
                "host_id": "",
                "profile": "{}",
                "vif_details": {},
                "vif_type": "unbound",
                "vnic_type": "normal"
              }
            ],
            "description": "",
            "device_id": "",
            "device_owner": "",
            "dns_assignment": [],
            "dns_name": "",
            "extra_dhcp_option": [],
            "fixed_ip": [
              {
                "ip_address": "192.168.7.6",
                "subnet_id": "05315a2e-947b-4a66-8ae9-fb82629bfce0"
              }
            ],
            "id": "fdf0843a-603f-4f73-8408-eae08a9b3831",
            "mac_address": "fa:16:3e:3f:18:56",
            "name": "r6_eth3",
            "network_id": "018dff4b-ad02-4ec8-b531-a71a31c6ecfa",
            "no_fixed_ip": null,
            "no_security_groups": null,
            "port_security_enabled": true,
            "qos_policy_id": "",
            "region": "RegionOne",
            "security_group_ids": null,
            "tags": null,
            "tenant_id": "47db6af3f5ae4a958fd90100ebdef0cd",
            "timeouts": null,
            "value_specs": null
          },
          "sensitive_attributes": [],
          "private": "eyJlMmJmYjczMC1lY2FhLTExZTYtOGY4OC0zNDM2M2JjN2M0YzAiOnsiY3JlYXRlIjo2MDAwMDAwMDAwMDAsImRlbGV0ZSI6NjAwMDAwMDAwMDAwfX0=",
          "dependencies": [
            "data.openstack_networking_network_v2.r5r6",
            "data.openstack_networking_subnet_v2.subnet_r5r6"
          ]
        }
      ]
    },
    {
      "mode": "managed",
      "type": "openstack_networking_port_v2",
      "name": "eth3_r7",
      "provider": "provider[\"registry.terraform.io/terraform-provider-openstack/openstack\"]",
      "instances": [
        {
          "schema_version": 0,
          "attributes": {
            "admin_state_up": true,
            "all_fixed_ips": [
              "192.168.11.7"
            ],
            "all_security_group_ids": [
              "7535b8b1-78f7-43d2-b27b-bfc252e40a5c"
            ],
            "all_tags": [],
            "allowed_address_pairs": [],
            "binding": [
              {
                "host_id": "",
                "profile": "{}",
                "vif_details": {},
                "vif_type": "unbound",
                "vnic_type": "normal"
              }
            ],
            "description": "",
            "device_id": "",
            "device_owner": "",
            "dns_assignment": [],
            "dns_name": "",
            "extra_dhcp_option": [],
            "fixed_ip": [
              {
                "ip_address": "192.168.11.7",
                "subnet_id": "3a406604-28b3-41b0-8007-d71c4dd413b3"
              }
            ],
            "id": "094e662d-b47c-4aff-8a44-0e5aa8ab0df2",
            "mac_address": "fa:16:3e:6c:90:50",
            "name": "r7_eth3",
            "network_id": "e2172a2b-d6e8-488c-b932-babfbbb09d1b",
            "no_fixed_ip": null,
            "no_security_groups": null,
            "port_security_enabled": true,
            "qos_policy_id": "",
            "region": "RegionOne",
            "security_group_ids": null,
            "tags": null,
            "tenant_id": "47db6af3f5ae4a958fd90100ebdef0cd",
            "timeouts": null,
            "value_specs": null
          },
          "sensitive_attributes": [],
          "private": "eyJlMmJmYjczMC1lY2FhLTExZTYtOGY4OC0zNDM2M2JjN2M0YzAiOnsiY3JlYXRlIjo2MDAwMDAwMDAwMDAsImRlbGV0ZSI6NjAwMDAwMDAwMDAwfX0=",
          "dependencies": [
            "data.openstack_networking_network_v2.r7r13",
            "data.openstack_networking_subnet_v2.subnet_r7r13"
          ]
        }
      ]
    },
    {
      "mode": "managed",
      "type": "openstack_networking_port_v2",
      "name": "eth4_r1",
      "provider": "provider[\"registry.terraform.io/terraform-provider-openstack/openstack\"]",
      "instances": [
        {
          "schema_version": 0,
          "attributes": {
            "admin_state_up": true,
            "all_fixed_ips": [
              "192.168.1.10"
            ],
            "all_security_group_ids": [
              "7535b8b1-78f7-43d2-b27b-bfc252e40a5c"
            ],
            "all_tags": [],
            "allowed_address_pairs": [],
            "binding": [
              {
                "host_id": "",
                "profile": "{}",
                "vif_details": {},
                "vif_type": "unbound",
                "vnic_type": "normal"
              }
            ],
            "description": "",
            "device_id": "",
            "device_owner": "",
            "dns_assignment": [],
            "dns_name": "",
            "extra_dhcp_option": [],
            "fixed_ip": [
              {
                "ip_address": "192.168.1.10",
                "subnet_id": "8dc94851-3847-4c09-831f-f55df97eb602"
              }
            ],
            "id": "948c0762-ab4f-4f67-8740-d20092d0b1ca",
            "mac_address": "fa:16:3e:5c:73:ba",
            "name": "r1_eth4",
            "network_id": "e2dee63f-1aac-4c2d-b977-46b610ec5b8f",
            "no_fixed_ip": null,
            "no_security_groups": null,
            "port_security_enabled": true,
            "qos_policy_id": "",
            "region": "RegionOne",
            "security_group_ids": null,
            "tags": null,
            "tenant_id": "47db6af3f5ae4a958fd90100ebdef0cd",
            "timeouts": null,
            "value_specs": null
          },
          "sensitive_attributes": [],
          "private": "eyJlMmJmYjczMC1lY2FhLTExZTYtOGY4OC0zNDM2M2JjN2M0YzAiOnsiY3JlYXRlIjo2MDAwMDAwMDAwMDAsImRlbGV0ZSI6NjAwMDAwMDAwMDAwfX0=",
          "dependencies": [
            "data.openstack_networking_network_v2.r1r11",
            "data.openstack_networking_subnet_v2.subnet_r1r11"
          ]
        }
      ]
    },
    {
      "mode": "managed",
      "type": "openstack_networking_port_v2",
      "name": "eth4_r12",
      "provider": "provider[\"registry.terraform.io/terraform-provider-openstack/openstack\"]",
      "instances": [
        {
          "schema_version": 0,
          "attributes": {
            "admin_state_up": true,
            "all_fixed_ips": [
              "192.168.14.12"
            ],
            "all_security_group_ids": [
              "7535b8b1-78f7-43d2-b27b-bfc252e40a5c"
            ],
            "all_tags": [],
            "allowed_address_pairs": [],
            "binding": [
              {
                "host_id": "",
                "profile": "{}",
                "vif_details": {},
                "vif_type": "unbound",
                "vnic_type": "normal"
              }
            ],
            "description": "",
            "device_id": "",
            "device_owner": "",
            "dns_assignment": [],
            "dns_name": "",
            "extra_dhcp_option": [],
            "fixed_ip": [
              {
                "ip_address": "192.168.14.12",
                "subnet_id": "a5c75775-5a90-418e-b831-d4ebe58ec6de"
              }
            ],
            "id": "345c52f8-839c-494b-9a1a-07299c5c24d2",
            "mac_address": "fa:16:3e:6f:ea:9d",
            "name": "r12_eth4",
            "network_id": "5b7e50b7-9699-4a9b-83d8-e7ba20486844",
            "no_fixed_ip": null,
            "no_security_groups": null,
            "port_security_enabled": true,
            "qos_policy_id": "",
            "region": "RegionOne",
            "security_group_ids": null,
            "tags": null,
            "tenant_id": "47db6af3f5ae4a958fd90100ebdef0cd",
            "timeouts": null,
            "value_specs": null
          },
          "sensitive_attributes": [],
          "private": "eyJlMmJmYjczMC1lY2FhLTExZTYtOGY4OC0zNDM2M2JjN2M0YzAiOnsiY3JlYXRlIjo2MDAwMDAwMDAwMDAsImRlbGV0ZSI6NjAwMDAwMDAwMDAwfX0=",
          "dependencies": [
            "data.openstack_networking_network_v2.r3r12",
            "data.openstack_networking_subnet_v2.subnet_r3r12"
          ]
        }
      ]
    },
    {
      "mode": "managed",
      "type": "openstack_networking_port_v2",
      "name": "eth4_r2",
      "provider": "provider[\"registry.terraform.io/terraform-provider-openstack/openstack\"]",
      "instances": [
        {
          "schema_version": 0,
          "attributes": {
            "admin_state_up": true,
            "all_fixed_ips": [
              "192.168.8.20"
            ],
            "all_security_group_ids": [
              "7535b8b1-78f7-43d2-b27b-bfc252e40a5c"
            ],
            "all_tags": [],
            "allowed_address_pairs": [],
            "binding": [
              {
                "host_id": "",
                "profile": "{}",
                "vif_details": {},
                "vif_type": "unbound",
                "vnic_type": "normal"
              }
            ],
            "description": "",
            "device_id": "",
            "device_owner": "",
            "dns_assignment": [],
            "dns_name": "",
            "extra_dhcp_option": [],
            "fixed_ip": [
              {
                "ip_address": "192.168.8.20",
                "subnet_id": "d32feabb-75e8-4fc4-8ed1-85d0689beec1"
              }
            ],
            "id": "f1b16566-d69f-4f6e-904d-75b703f93fa8",
            "mac_address": "fa:16:3e:4a:fe:86",
            "name": "r2_eth4",
            "network_id": "0f656566-5bb7-4501-a8dc-9302ef4f68ed",
            "no_fixed_ip": null,
            "no_security_groups": null,
            "port_security_enabled": true,
            "qos_policy_id": "",
            "region": "RegionOne",
            "security_group_ids": null,
            "tags": null,
            "tenant_id": "47db6af3f5ae4a958fd90100ebdef0cd",
            "timeouts": null,
            "value_specs": null
          },
          "sensitive_attributes": [],
          "private": "eyJlMmJmYjczMC1lY2FhLTExZTYtOGY4OC0zNDM2M2JjN2M0YzAiOnsiY3JlYXRlIjo2MDAwMDAwMDAwMDAsImRlbGV0ZSI6NjAwMDAwMDAwMDAwfX0=",
          "dependencies": [
            "data.openstack_networking_network_v2.r2r3",
            "data.openstack_networking_subnet_v2.subnet_r2r3"
          ]
        }
      ]
    },
    {
      "mode": "managed",
      "type": "openstack_networking_port_v2",
      "name": "eth4_r3",
      "provider": "provider[\"registry.terraform.io/terraform-provider-openstack/openstack\"]",
      "instances": [
        {
          "schema_version": 0,
          "attributes": {
            "admin_state_up": true,
            "all_fixed_ips": [
              "192.168.8.3"
            ],
            "all_security_group_ids": [
              "7535b8b1-78f7-43d2-b27b-bfc252e40a5c"
            ],
            "all_tags": [],
            "allowed_address_pairs": [],
            "binding": [
              {
                "host_id": "",
                "profile": "{}",
                "vif_details": {},
                "vif_type": "unbound",
                "vnic_type": "normal"
              }
            ],
            "description": "",
            "device_id": "",
            "device_owner": "",
            "dns_assignment": [],
            "dns_name": "",
            "extra_dhcp_option": [],
            "fixed_ip": [
              {
                "ip_address": "192.168.8.3",
                "subnet_id": "d32feabb-75e8-4fc4-8ed1-85d0689beec1"
              }
            ],
            "id": "94d30f48-b5e5-4370-8633-fc023dfaca97",
            "mac_address": "fa:16:3e:df:c3:54",
            "name": "r3_eth4",
            "network_id": "0f656566-5bb7-4501-a8dc-9302ef4f68ed",
            "no_fixed_ip": null,
            "no_security_groups": null,
            "port_security_enabled": true,
            "qos_policy_id": "",
            "region": "RegionOne",
            "security_group_ids": null,
            "tags": null,
            "tenant_id": "47db6af3f5ae4a958fd90100ebdef0cd",
            "timeouts": null,
            "value_specs": null
          },
          "sensitive_attributes": [],
          "private": "eyJlMmJmYjczMC1lY2FhLTExZTYtOGY4OC0zNDM2M2JjN2M0YzAiOnsiY3JlYXRlIjo2MDAwMDAwMDAwMDAsImRlbGV0ZSI6NjAwMDAwMDAwMDAwfX0=",
          "dependencies": [
            "data.openstack_networking_network_v2.r2r3",
            "data.openstack_networking_subnet_v2.subnet_r2r3"
          ]
        }
      ]
    },
    {
      "mode": "managed",
      "type": "openstack_networking_port_v2",
      "name": "eth4_r4",
      "provider": "provider[\"registry.terraform.io/terraform-provider-openstack/openstack\"]",
      "instances": [
        {
          "schema_version": 0,
          "attributes": {
            "admin_state_up": true,
            "all_fixed_ips": [
              "192.168.5.4"
            ],
            "all_security_group_ids": [
              "7535b8b1-78f7-43d2-b27b-bfc252e40a5c"
            ],
            "all_tags": [],
            "allowed_address_pairs": [],
            "binding": [
              {
                "host_id": "",
                "profile": "{}",
                "vif_details": {},
                "vif_type": "unbound",
                "vnic_type": "normal"
              }
            ],
            "description": "",
            "device_id": "",
            "device_owner": "",
            "dns_assignment": [],
            "dns_name": "",
            "extra_dhcp_option": [],
            "fixed_ip": [
              {
                "ip_address": "192.168.5.4",
                "subnet_id": "47ed346a-aba4-46e5-b900-d312a86a3cb5"
              }
            ],
            "id": "9da4e4a2-f696-4e46-bea8-04234334cf9b",
            "mac_address": "fa:16:3e:6a:b5:0d",
            "name": "r4_eth4",
            "network_id": "20b8b1ef-8cfe-4099-a60e-2e1306f2fd93",
            "no_fixed_ip": null,
            "no_security_groups": null,
            "port_security_enabled": true,
            "qos_policy_id": "",
            "region": "RegionOne",
            "security_group_ids": null,
            "tags": null,
            "tenant_id": "47db6af3f5ae4a958fd90100ebdef0cd",
            "timeouts": null,
            "value_specs": null
          },
          "sensitive_attributes": [],
          "private": "eyJlMmJmYjczMC1lY2FhLTExZTYtOGY4OC0zNDM2M2JjN2M0YzAiOnsiY3JlYXRlIjo2MDAwMDAwMDAwMDAsImRlbGV0ZSI6NjAwMDAwMDAwMDAwfX0=",
          "dependencies": [
            "data.openstack_networking_network_v2.r4r6",
            "data.openstack_networking_subnet_v2.subnet_r4r6"
          ]
        }
      ]
    },
    {
      "mode": "managed",
      "type": "openstack_networking_port_v2",
      "name": "eth4_r6",
      "provider": "provider[\"registry.terraform.io/terraform-provider-openstack/openstack\"]",
      "instances": [
        {
          "schema_version": 0,
          "attributes": {
            "admin_state_up": true,
            "all_fixed_ips": [
              "192.168.5.6"
            ],
            "all_security_group_ids": [
              "7535b8b1-78f7-43d2-b27b-bfc252e40a5c"
            ],
            "all_tags": [],
            "allowed_address_pairs": [],
            "binding": [
              {
                "host_id": "",
                "profile": "{}",
                "vif_details": {},
                "vif_type": "unbound",
                "vnic_type": "normal"
              }
            ],
            "description": "",
            "device_id": "",
            "device_owner": "",
            "dns_assignment": [],
            "dns_name": "",
            "extra_dhcp_option": [],
            "fixed_ip": [
              {
                "ip_address": "192.168.5.6",
                "subnet_id": "47ed346a-aba4-46e5-b900-d312a86a3cb5"
              }
            ],
            "id": "739f1f1a-2903-44d7-9131-d854fc26b497",
            "mac_address": "fa:16:3e:8d:6e:89",
            "name": "r6_eth4",
            "network_id": "20b8b1ef-8cfe-4099-a60e-2e1306f2fd93",
            "no_fixed_ip": null,
            "no_security_groups": null,
            "port_security_enabled": true,
            "qos_policy_id": "",
            "region": "RegionOne",
            "security_group_ids": null,
            "tags": null,
            "tenant_id": "47db6af3f5ae4a958fd90100ebdef0cd",
            "timeouts": null,
            "value_specs": null
          },
          "sensitive_attributes": [],
          "private": "eyJlMmJmYjczMC1lY2FhLTExZTYtOGY4OC0zNDM2M2JjN2M0YzAiOnsiY3JlYXRlIjo2MDAwMDAwMDAwMDAsImRlbGV0ZSI6NjAwMDAwMDAwMDAwfX0=",
          "dependencies": [
            "data.openstack_networking_network_v2.r4r6",
            "data.openstack_networking_subnet_v2.subnet_r4r6"
          ]
        }
      ]
    },
    {
      "mode": "managed",
      "type": "openstack_networking_port_v2",
      "name": "eth4_r7",
      "provider": "provider[\"registry.terraform.io/terraform-provider-openstack/openstack\"]",
      "instances": [
        {
          "schema_version": 0,
          "attributes": {
            "admin_state_up": true,
            "all_fixed_ips": [
              "192.168.10.7"
            ],
            "all_security_group_ids": [
              "7535b8b1-78f7-43d2-b27b-bfc252e40a5c"
            ],
            "all_tags": [],
            "allowed_address_pairs": [],
            "binding": [
              {
                "host_id": "",
                "profile": "{}",
                "vif_details": {},
                "vif_type": "unbound",
                "vnic_type": "normal"
              }
            ],
            "description": "",
            "device_id": "",
            "device_owner": "",
            "dns_assignment": [],
            "dns_name": "",
            "extra_dhcp_option": [],
            "fixed_ip": [
              {
                "ip_address": "192.168.10.7",
                "subnet_id": "bfd746d1-765f-4f4c-9703-3e2c658d1603"
              }
            ],
            "id": "e5a603a9-3210-423f-a802-b8f2b2e676a3",
            "mac_address": "fa:16:3e:fa:fe:f8",
            "name": "r7_eth4",
            "network_id": "12b4b9f0-55e9-4dee-967f-25964f6f78a9",
            "no_fixed_ip": null,
            "no_security_groups": null,
            "port_security_enabled": true,
            "qos_policy_id": "",
            "region": "RegionOne",
            "security_group_ids": null,
            "tags": null,
            "tenant_id": "47db6af3f5ae4a958fd90100ebdef0cd",
            "timeouts": null,
            "value_specs": null
          },
          "sensitive_attributes": [],
          "private": "eyJlMmJmYjczMC1lY2FhLTExZTYtOGY4OC0zNDM2M2JjN2M0YzAiOnsiY3JlYXRlIjo2MDAwMDAwMDAwMDAsImRlbGV0ZSI6NjAwMDAwMDAwMDAwfX0=",
          "dependencies": [
            "data.openstack_networking_network_v2.r3r7",
            "data.openstack_networking_subnet_v2.subnet_r3r7"
          ]
        }
      ]
    },
    {
      "mode": "managed",
      "type": "openstack_networking_port_v2",
      "name": "eth5_r2",
      "provider": "provider[\"registry.terraform.io/terraform-provider-openstack/openstack\"]",
      "instances": [
        {
          "schema_version": 0,
          "attributes": {
            "admin_state_up": true,
            "all_fixed_ips": [
              "192.168.6.20"
            ],
            "all_security_group_ids": [
              "7535b8b1-78f7-43d2-b27b-bfc252e40a5c"
            ],
            "all_tags": [],
            "allowed_address_pairs": [],
            "binding": [
              {
                "host_id": "",
                "profile": "{}",
                "vif_details": {},
                "vif_type": "unbound",
                "vnic_type": "normal"
              }
            ],
            "description": "",
            "device_id": "",
            "device_owner": "",
            "dns_assignment": [],
            "dns_name": "",
            "extra_dhcp_option": [],
            "fixed_ip": [
              {
                "ip_address": "192.168.6.20",
                "subnet_id": "afa7dd99-85e9-410a-9858-d1d7058b0393"
              }
            ],
            "id": "03f3190e-fa1c-44c3-a6ad-d088aab7f2d2",
            "mac_address": "fa:16:3e:7d:c3:01",
            "name": "r5_eth5",
            "network_id": "18937e35-91f4-434a-a65b-f15b9757cd6c",
            "no_fixed_ip": null,
            "no_security_groups": null,
            "port_security_enabled": true,
            "qos_policy_id": "",
            "region": "RegionOne",
            "security_group_ids": null,
            "tags": null,
            "tenant_id": "47db6af3f5ae4a958fd90100ebdef0cd",
            "timeouts": null,
            "value_specs": null
          },
          "sensitive_attributes": [],
          "private": "eyJlMmJmYjczMC1lY2FhLTExZTYtOGY4OC0zNDM2M2JjN2M0YzAiOnsiY3JlYXRlIjo2MDAwMDAwMDAwMDAsImRlbGV0ZSI6NjAwMDAwMDAwMDAwfX0=",
          "dependencies": [
            "data.openstack_networking_network_v2.r2r5",
            "data.openstack_networking_subnet_v2.subnet_r2r5"
          ]
        }
      ]
    },
    {
      "mode": "managed",
      "type": "openstack_networking_port_v2",
      "name": "eth5_r3",
      "provider": "provider[\"registry.terraform.io/terraform-provider-openstack/openstack\"]",
      "instances": [
        {
          "schema_version": 0,
          "attributes": {
            "admin_state_up": true,
            "all_fixed_ips": [
              "192.168.14.3"
            ],
            "all_security_group_ids": [
              "7535b8b1-78f7-43d2-b27b-bfc252e40a5c"
            ],
            "all_tags": [],
            "allowed_address_pairs": [],
            "binding": [
              {
                "host_id": "",
                "profile": "{}",
                "vif_details": {},
                "vif_type": "unbound",
                "vnic_type": "normal"
              }
            ],
            "description": "",
            "device_id": "",
            "device_owner": "",
            "dns_assignment": [],
            "dns_name": "",
            "extra_dhcp_option": [],
            "fixed_ip": [
              {
                "ip_address": "192.168.14.3",
                "subnet_id": "a5c75775-5a90-418e-b831-d4ebe58ec6de"
              }
            ],
            "id": "cdcda66f-f376-4fb1-9056-c88b1028bd24",
            "mac_address": "fa:16:3e:01:e5:0e",
            "name": "r3_eth5",
            "network_id": "5b7e50b7-9699-4a9b-83d8-e7ba20486844",
            "no_fixed_ip": null,
            "no_security_groups": null,
            "port_security_enabled": true,
            "qos_policy_id": "",
            "region": "RegionOne",
            "security_group_ids": null,
            "tags": null,
            "tenant_id": "47db6af3f5ae4a958fd90100ebdef0cd",
            "timeouts": null,
            "value_specs": null
          },
          "sensitive_attributes": [],
          "private": "eyJlMmJmYjczMC1lY2FhLTExZTYtOGY4OC0zNDM2M2JjN2M0YzAiOnsiY3JlYXRlIjo2MDAwMDAwMDAwMDAsImRlbGV0ZSI6NjAwMDAwMDAwMDAwfX0=",
          "dependencies": [
            "data.openstack_networking_network_v2.r3r12",
            "data.openstack_networking_subnet_v2.subnet_r3r12"
          ]
        }
      ]
    }
  ],
  "check_results": null
}
