{
  "version": 4,
  "terraform_version": "1.11.4",
  "serial": 941,
  "lineage": "e435fae4-b7e0-ea69-a159-55f5a828d3ee",
  "outputs": {},
  "resources": [
    {
      "mode": "data",
      "type": "openstack_compute_flavor_v2",
      "name": "flavor",
      "provider": "provider[\"registry.terraform.io/terraform-provider-openstack/openstack\"]",
      "instances": [
        {
          "schema_version": 0,
          "attributes": {
            "description": "",
            "disk": 25,
            "extra_specs": {},
            "flavor_id": "373be856-2584-4418-b98a-9668510059bb",
            "id": "373be856-2584-4418-b98a-9668510059bb",
            "is_public": true,
            "min_disk": null,
            "min_ram": null,
            "name": "FRR",
            "ram": 2048,
            "region": null,
            "rx_tx_factor": 1,
            "swap": 0,
            "vcpus": 2
          },
          "sensitive_attributes": []
        }
      ]
    },
    {
      "mode": "data",
      "type": "openstack_images_image_v2",
      "name": "image",
      "provider": "provider[\"registry.terraform.io/terraform-provider-openstack/openstack\"]",
      "instances": [
        {
          "schema_version": 0,
          "attributes": {
            "checksum": "34970c096b26c58993caf1dbdbf15426",
            "container_format": "bare",
            "created_at": "2025-05-21T16:47:30Z",
            "disk_format": "qcow2",
            "file": "/v2/images/1d35fa76-6177-4b18-8502-aa6716b117b6/file",
            "hidden": false,
            "id": "1d35fa76-6177-4b18-8502-aa6716b117b6",
            "member_status": null,
            "metadata": {},
            "min_disk_gb": 0,
            "min_ram_mb": 0,
            "most_recent": false,
            "name": "HLx-FRR",
            "name_regex": null,
            "owner": "7c7e226752784147b88a571dc1f14b26",
            "properties": {
              "os_hash_algo": "sha512",
              "os_hash_value": "d526c1e7803dcf5f47e795b1f24093b332c81787a0a801bc4c5bbfae15eb21d20f4e5350bb8e09f4553aeabdc04b808b113c56359cd73be5820a0a08e23a959b",
              "owner_specified.openstack.md5": "",
              "owner_specified.openstack.object": "images/HLx-FRR",
              "owner_specified.openstack.sha256": "",
              "stores": "file"
            },
            "protected": false,
            "region": "RegionOne",
            "schema": "/v2/schemas/image",
            "size_bytes": 6728646656,
            "size_max": null,
            "size_min": null,
            "sort_direction": "asc",
            "sort_key": "name",
            "tag": null,
            "tags": [],
            "updated_at": "2025-05-21T16:48:18Z",
            "visibility": "private"
          },
          "sensitive_attributes": []
        }
      ]
    },
    {
      "mode": "data",
      "type": "openstack_networking_network_v2",
      "name": "mgmt_network",
      "provider": "provider[\"registry.terraform.io/terraform-provider-openstack/openstack\"]",
      "instances": [
        {
          "schema_version": 0,
          "attributes": {
            "admin_state_up": "true",
            "all_tags": [],
            "availability_zone_hints": [],
            "description": "",
            "dns_domain": "",
            "external": true,
            "id": "e00db497-40a2-4648-bb99-183a38c2371e",
            "matching_subnet_cidr": null,
            "mtu": 1500,
            "name": "management-network",
            "network_id": null,
            "region": "RegionOne",
            "segments": [
              {
                "network_type": "flat",
                "physical_network": "physnet1",
                "segmentation_id": 0
              }
            ],
            "shared": "true",
            "status": null,
            "subnets": [
              "06ff9050-d42e-4504-ac0f-69b030077ede"
            ],
            "tags": null,
            "tenant_id": "311f8f3d723644368e2a386ad7e38cfb",
            "transparent_vlan": false
          },
          "sensitive_attributes": []
        }
      ]
    },
    {
      "mode": "data",
      "type": "openstack_networking_network_v2",
      "name": "r11r4",
      "provider": "provider[\"registry.terraform.io/terraform-provider-openstack/openstack\"]",
      "instances": [
        {
          "schema_version": 0,
          "attributes": {
            "admin_state_up": "true",
            "all_tags": [],
            "availability_zone_hints": [],
            "description": "",
            "dns_domain": "",
            "external": true,
            "id": "5e1c3a0c-9825-4b11-abea-c5f1b5773bee",
            "matching_subnet_cidr": null,
            "mtu": 1450,
            "name": "r11r4",
            "network_id": null,
            "region": "RegionOne",
            "segments": [
              {
                "network_type": "vxlan",
                "physical_network": "",
                "segmentation_id": 150
              }
            ],
            "shared": "true",
            "status": null,
            "subnets": [
              "a44fb8b0-6c35-4b51-883b-5ba4c39ec2b2"
            ],
            "tags": null,
            "tenant_id": "47db6af3f5ae4a958fd90100ebdef0cd",
            "transparent_vlan": false
          },
          "sensitive_attributes": []
        }
      ]
    },
    {
      "mode": "data",
      "type": "openstack_networking_network_v2",
      "name": "r1r11",
      "provider": "provider[\"registry.terraform.io/terraform-provider-openstack/openstack\"]",
      "instances": [
        {
          "schema_version": 0,
          "attributes": {
            "admin_state_up": "true",
            "all_tags": [],
            "availability_zone_hints": [],
            "description": "",
            "dns_domain": "",
            "external": true,
            "id": "e2dee63f-1aac-4c2d-b977-46b610ec5b8f",
            "matching_subnet_cidr": null,
            "mtu": 1450,
            "name": "r1r11",
            "network_id": null,
            "region": "RegionOne",
            "segments": [
              {
                "network_type": "vxlan",
                "physical_network": "",
                "segmentation_id": 455
              }
            ],
            "shared": "true",
            "status": null,
            "subnets": [
              "8dc94851-3847-4c09-831f-f55df97eb602"
            ],
            "tags": null,
            "tenant_id": "47db6af3f5ae4a958fd90100ebdef0cd",
            "transparent_vlan": false
          },
          "sensitive_attributes": []
        }
      ]
    },
    {
      "mode": "data",
      "type": "openstack_networking_network_v2",
      "name": "r1r2",
      "provider": "provider[\"registry.terraform.io/terraform-provider-openstack/openstack\"]",
      "instances": [
        {
          "schema_version": 0,
          "attributes": {
            "admin_state_up": "true",
            "all_tags": [],
            "availability_zone_hints": [],
            "description": "",
            "dns_domain": "",
            "external": true,
            "id": "f99ab493-edcc-4ed6-9ea1-65098dafa1d6",
            "matching_subnet_cidr": null,
            "mtu": 1450,
            "name": "r1r2",
            "network_id": null,
            "region": "RegionOne",
            "segments": [
              {
                "network_type": "vxlan",
                "physical_network": "",
                "segmentation_id": 529
              }
            ],
            "shared": "true",
            "status": null,
            "subnets": [
              "bca7abdf-4e00-4d47-a6f2-5cf69fae6082"
            ],
            "tags": null,
            "tenant_id": "47db6af3f5ae4a958fd90100ebdef0cd",
            "transparent_vlan": false
          },
          "sensitive_attributes": []
        }
      ]
    },
    {
      "mode": "data",
      "type": "openstack_networking_network_v2",
      "name": "r1r4",
      "provider": "provider[\"registry.terraform.io/terraform-provider-openstack/openstack\"]",
      "instances": [
        {
          "schema_version": 0,
          "attributes": {
            "admin_state_up": "true",
            "all_tags": [],
            "availability_zone_hints": [],
            "description": "",
            "dns_domain": "",
            "external": true,
            "id": "261842e3-a345-4b90-b37b-5c9ba1fce18b",
            "matching_subnet_cidr": null,
            "mtu": 1450,
            "name": "r1r4",
            "network_id": null,
            "region": "RegionOne",
            "segments": [
              {
                "network_type": "vxlan",
                "physical_network": "",
                "segmentation_id": 268
              }
            ],
            "shared": "true",
            "status": null,
            "subnets": [
              "c6699e16-4fb2-4ae6-8d90-5d568974b018"
            ],
            "tags": null,
            "tenant_id": "47db6af3f5ae4a958fd90100ebdef0cd",
            "transparent_vlan": false
          },
          "sensitive_attributes": []
        }
      ]
    },
    {
      "mode": "data",
      "type": "openstack_networking_network_v2",
      "name": "r2r12",
      "provider": "provider[\"registry.terraform.io/terraform-provider-openstack/openstack\"]",
      "instances": [
        {
          "schema_version": 0,
          "attributes": {
            "admin_state_up": "true",
            "all_tags": [],
            "availability_zone_hints": [],
            "description": "",
            "dns_domain": "",
            "external": true,
            "id": "c0422e79-2088-4181-9b3b-7fa3ba7c6321",
            "matching_subnet_cidr": null,
            "mtu": 1450,
            "name": "r2r12",
            "network_id": null,
            "region": "RegionOne",
            "segments": [
              {
                "network_type": "vxlan",
                "physical_network": "",
                "segmentation_id": 733
              }
            ],
            "shared": "true",
            "status": null,
            "subnets": [
              "5d0f2222-2429-496e-9a60-4d5c6e8fda94"
            ],
            "tags": null,
            "tenant_id": "47db6af3f5ae4a958fd90100ebdef0cd",
            "transparent_vlan": false
          },
          "sensitive_attributes": []
        }
      ]
    },
    {
      "mode": "data",
      "type": "openstack_networking_network_v2",
      "name": "r2r3",
      "provider": "provider[\"registry.terraform.io/terraform-provider-openstack/openstack\"]",
      "instances": [
        {
          "schema_version": 0,
          "attributes": {
            "admin_state_up": "true",
            "all_tags": [],
            "availability_zone_hints": [],
            "description": "",
            "dns_domain": "",
            "external": true,
            "id": "0f656566-5bb7-4501-a8dc-9302ef4f68ed",
            "matching_subnet_cidr": null,
            "mtu": 1450,
            "name": "r2r3",
            "network_id": null,
            "region": "RegionOne",
            "segments": [
              {
                "network_type": "vxlan",
                "physical_network": "",
                "segmentation_id": 877
              }
            ],
            "shared": "true",
            "status": null,
            "subnets": [
              "d32feabb-75e8-4fc4-8ed1-85d0689beec1"
            ],
            "tags": null,
            "tenant_id": "47db6af3f5ae4a958fd90100ebdef0cd",
            "transparent_vlan": false
          },
          "sensitive_attributes": []
        }
      ]
    },
    {
      "mode": "data",
      "type": "openstack_networking_network_v2",
      "name": "r2r5",
      "provider": "provider[\"registry.terraform.io/terraform-provider-openstack/openstack\"]",
      "instances": [
        {
          "schema_version": 0,
          "attributes": {
            "admin_state_up": "true",
            "all_tags": [],
            "availability_zone_hints": [],
            "description": "",
            "dns_domain": "",
            "external": true,
            "id": "18937e35-91f4-434a-a65b-f15b9757cd6c",
            "matching_subnet_cidr": null,
            "mtu": 1450,
            "name": "r2r5",
            "network_id": null,
            "region": "RegionOne",
            "segments": [
              {
                "network_type": "vxlan",
                "physical_network": "",
                "segmentation_id": 532
              }
            ],
            "shared": "true",
            "status": null,
            "subnets": [
              "afa7dd99-85e9-410a-9858-d1d7058b0393"
            ],
            "tags": null,
            "tenant_id": "47db6af3f5ae4a958fd90100ebdef0cd",
            "transparent_vlan": false
          },
          "sensitive_attributes": []
        }
      ]
    },
    {
      "mode": "data",
      "type": "openstack_networking_network_v2",
      "name": "r3r12",
      "provider": "provider[\"registry.terraform.io/terraform-provider-openstack/openstack\"]",
      "instances": [
        {
          "schema_version": 0,
          "attributes": {
            "admin_state_up": "true",
            "all_tags": [],
            "availability_zone_hints": [],
            "description": "",
            "dns_domain": "",
            "external": true,
            "id": "5b7e50b7-9699-4a9b-83d8-e7ba20486844",
            "matching_subnet_cidr": null,
            "mtu": 1450,
            "name": "r3r12",
            "network_id": null,
            "region": "RegionOne",
            "segments": [
              {
                "network_type": "vxlan",
                "physical_network": "",
                "segmentation_id": 255
              }
            ],
            "shared": "true",
            "status": null,
            "subnets": [
              "a5c75775-5a90-418e-b831-d4ebe58ec6de"
            ],
            "tags": null,
            "tenant_id": "47db6af3f5ae4a958fd90100ebdef0cd",
            "transparent_vlan": false
          },
          "sensitive_attributes": []
        }
      ]
    },
    {
      "mode": "data",
      "type": "openstack_networking_network_v2",
      "name": "r3r13",
      "provider": "provider[\"registry.terraform.io/terraform-provider-openstack/openstack\"]",
      "instances": [
        {
          "schema_version": 0,
          "attributes": {
            "admin_state_up": "true",
            "all_tags": [],
            "availability_zone_hints": [],
            "description": "",
            "dns_domain": "",
            "external": true,
            "id": "4e127b07-49b8-418a-ab6a-de77d404dcfb",
            "matching_subnet_cidr": null,
            "mtu": 1450,
            "name": "r3r13",
            "network_id": null,
            "region": "RegionOne",
            "segments": [
              {
                "network_type": "vxlan",
                "physical_network": "",
                "segmentation_id": 20
              }
            ],
            "shared": "true",
            "status": null,
            "subnets": [
              "6b5d9daf-109b-4e23-89a0-484c0fd121b0"
            ],
            "tags": null,
            "tenant_id": "47db6af3f5ae4a958fd90100ebdef0cd",
            "transparent_vlan": false
          },
          "sensitive_attributes": []
        }
      ]
    },
    {
      "mode": "data",
      "type": "openstack_networking_network_v2",
      "name": "r3r7",
      "provider": "provider[\"registry.terraform.io/terraform-provider-openstack/openstack\"]",
      "instances": [
        {
          "schema_version": 0,
          "attributes": {
            "admin_state_up": "true",
            "all_tags": [],
            "availability_zone_hints": [],
            "description": "",
            "dns_domain": "",
            "external": true,
            "id": "12b4b9f0-55e9-4dee-967f-25964f6f78a9",
            "matching_subnet_cidr": null,
            "mtu": 1450,
            "name": "r3r7",
            "network_id": null,
            "region": "RegionOne",
            "segments": [
              {
                "network_type": "vxlan",
                "physical_network": "",
                "segmentation_id": 216
              }
            ],
            "shared": "true",
            "status": null,
            "subnets": [
              "bfd746d1-765f-4f4c-9703-3e2c658d1603"
            ],
            "tags": null,
            "tenant_id": "47db6af3f5ae4a958fd90100ebdef0cd",
            "transparent_vlan": false
          },
          "sensitive_attributes": []
        }
      ]
    },
    {
      "mode": "data",
      "type": "openstack_networking_network_v2",
      "name": "r4r6",
      "provider": "provider[\"registry.terraform.io/terraform-provider-openstack/openstack\"]",
      "instances": [
        {
          "schema_version": 0,
          "attributes": {
            "admin_state_up": "true",
            "all_tags": [],
            "availability_zone_hints": [],
            "description": "",
            "dns_domain": "",
            "external": true,
            "id": "20b8b1ef-8cfe-4099-a60e-2e1306f2fd93",
            "matching_subnet_cidr": null,
            "mtu": 1450,
            "name": "r4r6",
            "network_id": null,
            "region": "RegionOne",
            "segments": [
              {
                "network_type": "vxlan",
                "physical_network": "",
                "segmentation_id": 654
              }
            ],
            "shared": "true",
            "status": null,
            "subnets": [
              "47ed346a-aba4-46e5-b900-d312a86a3cb5"
            ],
            "tags": null,
            "tenant_id": "47db6af3f5ae4a958fd90100ebdef0cd",
            "transparent_vlan": false
          },
          "sensitive_attributes": []
        }
      ]
    },
    {
      "mode": "data",
      "type": "openstack_networking_network_v2",
      "name": "r5r6",
      "provider": "provider[\"registry.terraform.io/terraform-provider-openstack/openstack\"]",
      "instances": [
        {
          "schema_version": 0,
          "attributes": {
            "admin_state_up": "true",
            "all_tags": [],
            "availability_zone_hints": [],
            "description": "",
            "dns_domain": "",
            "external": true,
            "id": "018dff4b-ad02-4ec8-b531-a71a31c6ecfa",
            "matching_subnet_cidr": null,
            "mtu": 1450,
            "name": "r5r6",
            "network_id": null,
            "region": "RegionOne",
            "segments": [
              {
                "network_type": "vxlan",
                "physical_network": "",
                "segmentation_id": 534
              }
            ],
            "shared": "true",
            "status": null,
            "subnets": [
              "05315a2e-947b-4a66-8ae9-fb82629bfce0"
            ],
            "tags": null,
            "tenant_id": "47db6af3f5ae4a958fd90100ebdef0cd",
            "transparent_vlan": false
          },
          "sensitive_attributes": []
        }
      ]
    },
    {
      "mode": "data",
      "type": "openstack_networking_network_v2",
      "name": "r6r7",
      "provider": "provider[\"registry.terraform.io/terraform-provider-openstack/openstack\"]",
      "instances": [
        {
          "schema_version": 0,
          "attributes": {
            "admin_state_up": "true",
            "all_tags": [],
            "availability_zone_hints": [],
            "description": "",
            "dns_domain": "",
            "external": true,
            "id": "a63780a3-a992-4b86-97b3-d988ec4b5bfe",
            "matching_subnet_cidr": null,
            "mtu": 1450,
            "name": "r6r7",
            "network_id": null,
            "region": "RegionOne",
            "segments": [
              {
                "network_type": "vxlan",
                "physical_network": "",
                "segmentation_id": 834
              }
            ],
            "shared": "true",
            "status": null,
            "subnets": [
              "3eda892d-4e9b-443c-8977-9fc60bd0a8c1"
            ],
            "tags": null,
            "tenant_id": "47db6af3f5ae4a958fd90100ebdef0cd",
            "transparent_vlan": false
          },
          "sensitive_attributes": []
        }
      ]
    },
    {
      "mode": "data",
      "type": "openstack_networking_network_v2",
      "name": "r7r13",
      "provider": "provider[\"registry.terraform.io/terraform-provider-openstack/openstack\"]",
      "instances": [
        {
          "schema_version": 0,
          "attributes": {
            "admin_state_up": "true",
            "all_tags": [],
            "availability_zone_hints": [],
            "description": "",
            "dns_domain": "",
            "external": true,
            "id": "e2172a2b-d6e8-488c-b932-babfbbb09d1b",
            "matching_subnet_cidr": null,
            "mtu": 1450,
            "name": "r7r13",
            "network_id": null,
            "region": "RegionOne",
            "segments": [
              {
                "network_type": "vxlan",
                "physical_network": "",
                "segmentation_id": 640
              }
            ],
            "shared": "true",
            "status": null,
            "subnets": [
              "3a406604-28b3-41b0-8007-d71c4dd413b3"
            ],
            "tags": null,
            "tenant_id": "47db6af3f5ae4a958fd90100ebdef0cd",
            "transparent_vlan": false
          },
          "sensitive_attributes": []
        }
      ]
    },
    {
      "mode": "data",
      "type": "openstack_networking_subnet_v2",
      "name": "subnet_r11r4",
      "provider": "provider[\"registry.terraform.io/terraform-provider-openstack/openstack\"]",
      "instances": [
        {
          "schema_version": 0,
          "attributes": {
            "all_tags": [],
            "allocation_pools": [
              {
                "end": "192.168.2.254",
                "start": "192.168.2.2"
              }
            ],
            "cidr": "192.168.2.0/24",
            "description": "",
            "dhcp_disabled": null,
            "dhcp_enabled": null,
            "dns_nameservers": [
              "8.8.8.8"
            ],
            "enable_dhcp": true,
            "gateway_ip": "192.168.2.1",
            "host_routes": [],
            "id": "a44fb8b0-6c35-4b51-883b-5ba4c39ec2b2",
            "ip_version": 4,
            "ipv6_address_mode": "",
            "ipv6_ra_mode": "",
            "name": "r11r4",
            "network_id": "5e1c3a0c-9825-4b11-abea-c5f1b5773bee",
            "region": "RegionOne",
            "service_types": [],
            "subnet_id": null,
            "subnetpool_id": "",
            "tags": null,
            "tenant_id": "47db6af3f5ae4a958fd90100ebdef0cd"
          },
          "sensitive_attributes": []
        }
      ]
    },
    {
      "mode": "data",
      "type": "openstack_networking_subnet_v2",
      "name": "subnet_r1r11",
      "provider": "provider[\"registry.terraform.io/terraform-provider-openstack/openstack\"]",
      "instances": [
        {
          "schema_version": 0,
          "attributes": {
            "all_tags": [],
            "allocation_pools": [
              {
                "end": "192.168.1.254",
                "start": "192.168.1.2"
              }
            ],
            "cidr": "192.168.1.0/24",
            "description": "",
            "dhcp_disabled": null,
            "dhcp_enabled": null,
            "dns_nameservers": [
              "8.8.8.8"
            ],
            "enable_dhcp": true,
            "gateway_ip": "192.168.1.1",
            "host_routes": [],
            "id": "8dc94851-3847-4c09-831f-f55df97eb602",
            "ip_version": 4,
            "ipv6_address_mode": "",
            "ipv6_ra_mode": "",
            "name": "r1r11",
            "network_id": "e2dee63f-1aac-4c2d-b977-46b610ec5b8f",
            "region": "RegionOne",
            "service_types": [],
            "subnet_id": null,
            "subnetpool_id": "",
            "tags": null,
            "tenant_id": "47db6af3f5ae4a958fd90100ebdef0cd"
          },
          "sensitive_attributes": []
        }
      ]
    },
    {
      "mode": "data",
      "type": "openstack_networking_subnet_v2",
      "name": "subnet_r1r2",
      "provider": "provider[\"registry.terraform.io/terraform-provider-openstack/openstack\"]",
      "instances": [
        {
          "schema_version": 0,
          "attributes": {
            "all_tags": [],
            "allocation_pools": [
              {
                "end": "192.168.4.254",
                "start": "192.168.4.2"
              }
            ],
            "cidr": "192.168.4.0/24",
            "description": "",
            "dhcp_disabled": null,
            "dhcp_enabled": null,
            "dns_nameservers": [
              "8.8.8.8"
            ],
            "enable_dhcp": true,
            "gateway_ip": "192.168.4.1",
            "host_routes": [],
            "id": "bca7abdf-4e00-4d47-a6f2-5cf69fae6082",
            "ip_version": 4,
            "ipv6_address_mode": "",
            "ipv6_ra_mode": "",
            "name": "r1r2",
            "network_id": "f99ab493-edcc-4ed6-9ea1-65098dafa1d6",
            "region": "RegionOne",
            "service_types": [],
            "subnet_id": null,
            "subnetpool_id": "",
            "tags": null,
            "tenant_id": "47db6af3f5ae4a958fd90100ebdef0cd"
          },
          "sensitive_attributes": []
        }
      ]
    },
    {
      "mode": "data",
      "type": "openstack_networking_subnet_v2",
      "name": "subnet_r1r4",
      "provider": "provider[\"registry.terraform.io/terraform-provider-openstack/openstack\"]",
      "instances": [
        {
          "schema_version": 0,
          "attributes": {
            "all_tags": [],
            "allocation_pools": [
              {
                "end": "192.168.3.254",
                "start": "192.168.3.2"
              }
            ],
            "cidr": "192.168.3.0/24",
            "description": "",
            "dhcp_disabled": null,
            "dhcp_enabled": null,
            "dns_nameservers": [
              "8.8.8.8"
            ],
            "enable_dhcp": true,
            "gateway_ip": "192.168.3.1",
            "host_routes": [],
            "id": "c6699e16-4fb2-4ae6-8d90-5d568974b018",
            "ip_version": 4,
            "ipv6_address_mode": "",
            "ipv6_ra_mode": "",
            "name": "r1r4",
            "network_id": "261842e3-a345-4b90-b37b-5c9ba1fce18b",
            "region": "RegionOne",
            "service_types": [],
            "subnet_id": null,
            "subnetpool_id": "",
            "tags": null,
            "tenant_id": "47db6af3f5ae4a958fd90100ebdef0cd"
          },
          "sensitive_attributes": []
        }
      ]
    },
    {
      "mode": "data",
      "type": "openstack_networking_subnet_v2",
      "name": "subnet_r2r12",
      "provider": "provider[\"registry.terraform.io/terraform-provider-openstack/openstack\"]",
      "instances": [
        {
          "schema_version": 0,
          "attributes": {
            "all_tags": [],
            "allocation_pools": [
              {
                "end": "192.168.13.254",
                "start": "192.168.13.2"
              }
            ],
            "cidr": "192.168.13.0/24",
            "description": "",
            "dhcp_disabled": null,
            "dhcp_enabled": null,
            "dns_nameservers": [
              "8.8.8.8"
            ],
            "enable_dhcp": true,
            "gateway_ip": "192.168.13.1",
            "host_routes": [],
            "id": "5d0f2222-2429-496e-9a60-4d5c6e8fda94",
            "ip_version": 4,
            "ipv6_address_mode": "",
            "ipv6_ra_mode": "",
            "name": "r2r12",
            "network_id": "c0422e79-2088-4181-9b3b-7fa3ba7c6321",
            "region": "RegionOne",
            "service_types": [],
            "subnet_id": null,
            "subnetpool_id": "",
            "tags": null,
            "tenant_id": "47db6af3f5ae4a958fd90100ebdef0cd"
          },
          "sensitive_attributes": []
        }
      ]
    },
    {
      "mode": "data",
      "type": "openstack_networking_subnet_v2",
      "name": "subnet_r2r3",
      "provider": "provider[\"registry.terraform.io/terraform-provider-openstack/openstack\"]",
      "instances": [
        {
          "schema_version": 0,
          "attributes": {
            "all_tags": [],
            "allocation_pools": [
              {
                "end": "192.168.8.254",
                "start": "192.168.8.2"
              }
            ],
            "cidr": "192.168.8.0/24",
            "description": "",
            "dhcp_disabled": null,
            "dhcp_enabled": null,
            "dns_nameservers": [
              "8.8.8.8"
            ],
            "enable_dhcp": true,
            "gateway_ip": "192.168.8.1",
            "host_routes": [],
            "id": "d32feabb-75e8-4fc4-8ed1-85d0689beec1",
            "ip_version": 4,
            "ipv6_address_mode": "",
            "ipv6_ra_mode": "",
            "name": "r2r3",
            "network_id": "0f656566-5bb7-4501-a8dc-9302ef4f68ed",
            "region": "RegionOne",
            "service_types": [],
            "subnet_id": null,
            "subnetpool_id": "",
            "tags": null,
            "tenant_id": "47db6af3f5ae4a958fd90100ebdef0cd"
          },
          "sensitive_attributes": []
        }
      ]
    },
    {
      "mode": "data",
      "type": "openstack_networking_subnet_v2",
      "name": "subnet_r2r5",
      "provider": "provider[\"registry.terraform.io/terraform-provider-openstack/openstack\"]",
      "instances": [
        {
          "schema_version": 0,
          "attributes": {
            "all_tags": [],
            "allocation_pools": [
              {
                "end": "192.168.6.254",
                "start": "192.168.6.3"
              }
            ],
            "cidr": "192.168.6.0/24",
            "description": "",
            "dhcp_disabled": null,
            "dhcp_enabled": null,
            "dns_nameservers": [
              "8.8.8.8"
            ],
            "enable_dhcp": true,
            "gateway_ip": "192.168.6.1",
            "host_routes": [],
            "id": "afa7dd99-85e9-410a-9858-d1d7058b0393",
            "ip_version": 4,
            "ipv6_address_mode": "",
            "ipv6_ra_mode": "",
            "name": "r2r5",
            "network_id": "18937e35-91f4-434a-a65b-f15b9757cd6c",
            "region": "RegionOne",
            "service_types": [],
            "subnet_id": null,
            "subnetpool_id": "",
            "tags": null,
            "tenant_id": "47db6af3f5ae4a958fd90100ebdef0cd"
          },
          "sensitive_attributes": []
        }
      ]
    },
    {
      "mode": "data",
      "type": "openstack_networking_subnet_v2",
      "name": "subnet_r3r12",
      "provider": "provider[\"registry.terraform.io/terraform-provider-openstack/openstack\"]",
      "instances": [
        {
          "schema_version": 0,
          "attributes": {
            "all_tags": [],
            "allocation_pools": [
              {
                "end": "192.168.14.254",
                "start": "192.168.14.2"
              }
            ],
            "cidr": "192.168.14.0/24",
            "description": "",
            "dhcp_disabled": null,
            "dhcp_enabled": null,
            "dns_nameservers": [
              "8.8.8.8"
            ],
            "enable_dhcp": true,
            "gateway_ip": "192.168.14.1",
            "host_routes": [],
            "id": "a5c75775-5a90-418e-b831-d4ebe58ec6de",
            "ip_version": 4,
            "ipv6_address_mode": "",
            "ipv6_ra_mode": "",
            "name": "r3r12",
            "network_id": "5b7e50b7-9699-4a9b-83d8-e7ba20486844",
            "region": "RegionOne",
            "service_types": [],
            "subnet_id": null,
            "subnetpool_id": "",
            "tags": null,
            "tenant_id": "47db6af3f5ae4a958fd90100ebdef0cd"
          },
          "sensitive_attributes": []
        }
      ]
    },
    {
      "mode": "data",
      "type": "openstack_networking_subnet_v2",
      "name": "subnet_r3r13",
      "provider": "provider[\"registry.terraform.io/terraform-provider-openstack/openstack\"]",
      "instances": [
        {
          "schema_version": 0,
          "attributes": {
            "all_tags": [],
            "allocation_pools": [
              {
                "end": "192.168.12.254",
                "start": "192.168.12.2"
              }
            ],
            "cidr": "192.168.12.0/24",
            "description": "",
            "dhcp_disabled": null,
            "dhcp_enabled": null,
            "dns_nameservers": [
              "8.8.8.8"
            ],
            "enable_dhcp": true,
            "gateway_ip": "192.168.12.1",
            "host_routes": [],
            "id": "6b5d9daf-109b-4e23-89a0-484c0fd121b0",
            "ip_version": 4,
            "ipv6_address_mode": "",
            "ipv6_ra_mode": "",
            "name": "r3r13",
            "network_id": "4e127b07-49b8-418a-ab6a-de77d404dcfb",
            "region": "RegionOne",
            "service_types": [],
            "subnet_id": null,
            "subnetpool_id": "",
            "tags": null,
            "tenant_id": "47db6af3f5ae4a958fd90100ebdef0cd"
          },
          "sensitive_attributes": []
        }
      ]
    },
    {
      "mode": "data",
      "type": "openstack_networking_subnet_v2",
      "name": "subnet_r3r7",
      "provider": "provider[\"registry.terraform.io/terraform-provider-openstack/openstack\"]",
      "instances": [
        {
          "schema_version": 0,
          "attributes": {
            "all_tags": [],
            "allocation_pools": [
              {
                "end": "192.168.10.254",
                "start": "192.168.10.2"
              }
            ],
            "cidr": "192.168.10.0/24",
            "description": "",
            "dhcp_disabled": null,
            "dhcp_enabled": null,
            "dns_nameservers": [
              "8.8.8.8"
            ],
            "enable_dhcp": true,
            "gateway_ip": "192.168.10.1",
            "host_routes": [],
            "id": "bfd746d1-765f-4f4c-9703-3e2c658d1603",
            "ip_version": 4,
            "ipv6_address_mode": "",
            "ipv6_ra_mode": "",
            "name": "r3r7",
            "network_id": "12b4b9f0-55e9-4dee-967f-25964f6f78a9",
            "region": "RegionOne",
            "service_types": [],
            "subnet_id": null,
            "subnetpool_id": "",
            "tags": null,
            "tenant_id": "47db6af3f5ae4a958fd90100ebdef0cd"
          },
          "sensitive_attributes": []
        }
      ]
    },
    {
      "mode": "data",
      "type": "openstack_networking_subnet_v2",
      "name": "subnet_r4r6",
      "provider": "provider[\"registry.terraform.io/terraform-provider-openstack/openstack\"]",
      "instances": [
        {
          "schema_version": 0,
          "attributes": {
            "all_tags": [],
            "allocation_pools": [
              {
                "end": "192.168.5.254",
                "start": "192.168.5.2"
              }
            ],
            "cidr": "192.168.5.0/24",
            "description": "",
            "dhcp_disabled": null,
            "dhcp_enabled": null,
            "dns_nameservers": [
              "8.8.8.8"
            ],
            "enable_dhcp": true,
            "gateway_ip": "192.168.5.1",
            "host_routes": [],
            "id": "47ed346a-aba4-46e5-b900-d312a86a3cb5",
            "ip_version": 4,
            "ipv6_address_mode": "",
            "ipv6_ra_mode": "",
            "name": "r4r6",
            "network_id": "20b8b1ef-8cfe-4099-a60e-2e1306f2fd93",
            "region": "RegionOne",
            "service_types": [],
            "subnet_id": null,
            "subnetpool_id": "",
            "tags": null,
            "tenant_id": "47db6af3f5ae4a958fd90100ebdef0cd"
          },
          "sensitive_attributes": []
        }
      ]
    },
    {
      "mode": "data",
      "type": "openstack_networking_subnet_v2",
      "name": "subnet_r5r6",
      "provider": "provider[\"registry.terraform.io/terraform-provider-openstack/openstack\"]",
      "instances": [
        {
          "schema_version": 0,
          "attributes": {
            "all_tags": [],
            "allocation_pools": [
              {
                "end": "192.168.7.254",
                "start": "192.168.7.2"
              }
            ],
            "cidr": "192.168.7.0/24",
            "description": "",
            "dhcp_disabled": null,
            "dhcp_enabled": null,
            "dns_nameservers": [
              "8.8.8.8"
            ],
            "enable_dhcp": true,
            "gateway_ip": "192.168.7.1",
            "host_routes": [],
            "id": "05315a2e-947b-4a66-8ae9-fb82629bfce0",
            "ip_version": 4,
            "ipv6_address_mode": "",
            "ipv6_ra_mode": "",
            "name": "r5r6",
            "network_id": "018dff4b-ad02-4ec8-b531-a71a31c6ecfa",
            "region": "RegionOne",
            "service_types": [],
            "subnet_id": null,
            "subnetpool_id": "",
            "tags": null,
            "tenant_id": "47db6af3f5ae4a958fd90100ebdef0cd"
          },
          "sensitive_attributes": []
        }
      ]
    },
    {
      "mode": "data",
      "type": "openstack_networking_subnet_v2",
      "name": "subnet_r6r7",
      "provider": "provider[\"registry.terraform.io/terraform-provider-openstack/openstack\"]",
      "instances": [
        {
          "schema_version": 0,
          "attributes": {
            "all_tags": [],
            "allocation_pools": [
              {
                "end": "192.168.9.254",
                "start": "192.168.9.2"
              }
            ],
            "cidr": "192.168.9.0/24",
            "description": "",
            "dhcp_disabled": null,
            "dhcp_enabled": null,
            "dns_nameservers": [
              "8.8.8.8"
            ],
            "enable_dhcp": true,
            "gateway_ip": "192.168.9.1",
            "host_routes": [],
            "id": "3eda892d-4e9b-443c-8977-9fc60bd0a8c1",
            "ip_version": 4,
            "ipv6_address_mode": "",
            "ipv6_ra_mode": "",
            "name": "r6r7",
            "network_id": "a63780a3-a992-4b86-97b3-d988ec4b5bfe",
            "region": "RegionOne",
            "service_types": [],
            "subnet_id": null,
            "subnetpool_id": "",
            "tags": null,
            "tenant_id": "47db6af3f5ae4a958fd90100ebdef0cd"
          },
          "sensitive_attributes": []
        }
      ]
    },
    {
      "mode": "data",
      "type": "openstack_networking_subnet_v2",
      "name": "subnet_r7r13",
      "provider": "provider[\"registry.terraform.io/terraform-provider-openstack/openstack\"]",
      "instances": [
        {
          "schema_version": 0,
          "attributes": {
            "all_tags": [],
            "allocation_pools": [
              {
                "end": "192.168.11.254",
                "start": "192.168.11.2"
              }
            ],
            "cidr": "192.168.11.0/24",
            "description": "",
            "dhcp_disabled": null,
            "dhcp_enabled": null,
            "dns_nameservers": [
              "8.8.8.8"
            ],
            "enable_dhcp": true,
            "gateway_ip": "192.168.11.1",
            "host_routes": [],
            "id": "3a406604-28b3-41b0-8007-d71c4dd413b3",
            "ip_version": 4,
            "ipv6_address_mode": "",
            "ipv6_ra_mode": "",
            "name": "r7r13",
            "network_id": "e2172a2b-d6e8-488c-b932-babfbbb09d1b",
            "region": "RegionOne",
            "service_types": [],
            "subnet_id": null,
            "subnetpool_id": "",
            "tags": null,
            "tenant_id": "47db6af3f5ae4a958fd90100ebdef0cd"
          },
          "sensitive_attributes": []
        }
      ]
    },
    {
      "mode": "managed",
      "type": "openstack_compute_instance_v2",
      "name": "r1",
      "provider": "provider[\"registry.terraform.io/terraform-provider-openstack/openstack\"]",
      "instances": [
        {
          "schema_version": 0,
          "attributes": {
            "access_ip_v4": "192.168.27.171",
            "access_ip_v6": "",
            "admin_pass": null,
            "all_metadata": {},
            "all_tags": [],
            "availability_zone": "nova",
            "availability_zone_hints": null,
            "block_device": [],
            "config_drive": null,
            "created": "2025-05-23 10:01:54 +0000 UTC",
            "flavor_id": "373be856-2584-4418-b98a-9668510059bb",
            "flavor_name": "FRR",
            "floating_ip": null,
            "force_delete": false,
            "id": "fe97a975-4bec-4bb8-a02f-487aa0a9bbc9",
            "image_id": "1d35fa76-6177-4b18-8502-aa6716b117b6",
            "image_name": "HLx-FRR",
            "key_pair": "",
            "metadata": null,
            "name": "r1",
            "network": [
              {
                "access_network": false,
                "fixed_ip_v4": "192.168.27.171",
                "fixed_ip_v6": "",
                "floating_ip": "",
                "mac": "fa:16:3e:a4:d5:27",
                "name": "management-network",
                "port": "",
                "uuid": "e00db497-40a2-4648-bb99-183a38c2371e"
              },
              {
                "access_network": false,
                "fixed_ip_v4": "192.168.3.10",
                "fixed_ip_v6": "",
                "floating_ip": "",
                "mac": "fa:16:3e:3f:93:82",
                "name": "r1r4",
                "port": "6db75b75-f15f-4fb9-9d4f-171c9d4ac43e",
                "uuid": "261842e3-a345-4b90-b37b-5c9ba1fce18b"
              },
              {
                "access_network": false,
                "fixed_ip_v4": "192.168.4.10",
                "fixed_ip_v6": "",
                "floating_ip": "",
                "mac": "fa:16:3e:66:a5:65",
                "name": "r1r2",
                "port": "564bf34d-83d2-4469-90fa-586c3d1511e1",
                "uuid": "f99ab493-edcc-4ed6-9ea1-65098dafa1d6"
              },
              {
                "access_network": false,
                "fixed_ip_v4": "192.168.1.10",
                "fixed_ip_v6": "",
                "floating_ip": "",
                "mac": "fa:16:3e:d2:02:82",
                "name": "r1r11",
                "port": "e4566fc5-d44a-4de2-bcc7-b5b7e2afd086",
                "uuid": "e2dee63f-1aac-4c2d-b977-46b610ec5b8f"
              }
            ],
            "network_mode": null,
            "personality": [],
            "power_state": "active",
            "region": "RegionOne",
            "scheduler_hints": [],
            "security_groups": [
              "default"
            ],
            "stop_before_destroy": false,
            "tags": null,
            "timeouts": null,
            "updated": "2025-05-23 10:02:24 +0000 UTC",
            "user_data": "f3dac82ba0f7cf478513b1520aa167d07d2c4208",
            "vendor_options": [],
            "volume": []
          },
          "sensitive_attributes": [
            [
              {
                "type": "get_attr",
                "value": "admin_pass"
              }
            ]
          ],
          "private": "eyJlMmJmYjczMC1lY2FhLTExZTYtOGY4OC0zNDM2M2JjN2M0YzAiOnsiY3JlYXRlIjoxODAwMDAwMDAwMDAwLCJkZWxldGUiOjE4MDAwMDAwMDAwMDAsInVwZGF0ZSI6MTgwMDAwMDAwMDAwMH19",
          "dependencies": [
            "data.openstack_compute_flavor_v2.flavor",
            "data.openstack_images_image_v2.image",
            "data.openstack_networking_network_v2.mgmt_network",
            "data.openstack_networking_network_v2.r1r11",
            "data.openstack_networking_network_v2.r1r2",
            "data.openstack_networking_network_v2.r1r4",
            "data.openstack_networking_subnet_v2.subnet_r1r11",
            "data.openstack_networking_subnet_v2.subnet_r1r2",
            "data.openstack_networking_subnet_v2.subnet_r1r4",
            "openstack_networking_port_v2.eth2_r1",
            "openstack_networking_port_v2.eth3_r1",
            "openstack_networking_port_v2.eth4_r1"
          ]
        }
      ]
    },
    {
      "mode": "managed",
      "type": "openstack_compute_instance_v2",
      "name": "r11",
      "provider": "provider[\"registry.terraform.io/terraform-provider-openstack/openstack\"]",
      "instances": [
        {
          "schema_version": 0,
          "attributes": {
            "access_ip_v4": "192.168.27.180",
            "access_ip_v6": "",
            "admin_pass": null,
            "all_metadata": {},
            "all_tags": [],
            "availability_zone": "nova",
            "availability_zone_hints": null,
            "block_device": [],
            "config_drive": null,
            "created": "2025-05-23 10:01:54 +0000 UTC",
            "flavor_id": "373be856-2584-4418-b98a-9668510059bb",
            "flavor_name": "FRR",
            "floating_ip": null,
            "force_delete": false,
            "id": "586b6926-062b-4b8c-b800-9a111e4a7661",
            "image_id": "1d35fa76-6177-4b18-8502-aa6716b117b6",
            "image_name": "HLx-FRR",
            "key_pair": "",
            "metadata": null,
            "name": "r11",
            "network": [
              {
                "access_network": false,
                "fixed_ip_v4": "192.168.27.180",
                "fixed_ip_v6": "",
                "floating_ip": "",
                "mac": "fa:16:3e:fb:d4:ec",
                "name": "management-network",
                "port": "",
                "uuid": "e00db497-40a2-4648-bb99-183a38c2371e"
              },
              {
                "access_network": false,
                "fixed_ip_v4": "192.168.1.11",
                "fixed_ip_v6": "",
                "floating_ip": "",
                "mac": "fa:16:3e:e6:6c:c1",
                "name": "r1r11",
                "port": "2fdc8078-4a64-4890-a5f1-4998d4093d95",
                "uuid": "e2dee63f-1aac-4c2d-b977-46b610ec5b8f"
              },
              {
                "access_network": false,
                "fixed_ip_v4": "192.168.2.11",
                "fixed_ip_v6": "",
                "floating_ip": "",
                "mac": "fa:16:3e:6b:3f:78",
                "name": "r11r4",
                "port": "321e0245-414b-402b-9557-ba94a4c7d31d",
                "uuid": "5e1c3a0c-9825-4b11-abea-c5f1b5773bee"
              }
            ],
            "network_mode": null,
            "personality": [],
            "power_state": "active",
            "region": "RegionOne",
            "scheduler_hints": [],
            "security_groups": [
              "default"
            ],
            "stop_before_destroy": false,
            "tags": null,
            "timeouts": null,
            "updated": "2025-05-23 10:02:26 +0000 UTC",
            "user_data": "851a2a771c99a73b2504728203032343603d22e5",
            "vendor_options": [],
            "volume": []
          },
          "sensitive_attributes": [
            [
              {
                "type": "get_attr",
                "value": "admin_pass"
              }
            ]
          ],
          "private": "eyJlMmJmYjczMC1lY2FhLTExZTYtOGY4OC0zNDM2M2JjN2M0YzAiOnsiY3JlYXRlIjoxODAwMDAwMDAwMDAwLCJkZWxldGUiOjE4MDAwMDAwMDAwMDAsInVwZGF0ZSI6MTgwMDAwMDAwMDAwMH19",
          "dependencies": [
            "data.openstack_compute_flavor_v2.flavor",
            "data.openstack_images_image_v2.image",
            "data.openstack_networking_network_v2.mgmt_network",
            "data.openstack_networking_network_v2.r11r4",
            "data.openstack_networking_network_v2.r1r11",
            "data.openstack_networking_subnet_v2.subnet_r11r4",
            "data.openstack_networking_subnet_v2.subnet_r1r11",
            "openstack_networking_port_v2.eth2_r11",
            "openstack_networking_port_v2.eth3_r11"
          ]
        }
      ]
    },
    {
      "mode": "managed",
      "type": "openstack_compute_instance_v2",
      "name": "r12",
      "provider": "provider[\"registry.terraform.io/terraform-provider-openstack/openstack\"]",
      "instances": [
        {
          "schema_version": 0,
          "attributes": {
            "access_ip_v4": "192.168.27.172",
            "access_ip_v6": "",
            "admin_pass": null,
            "all_metadata": {},
            "all_tags": [],
            "availability_zone": "nova",
            "availability_zone_hints": null,
            "block_device": [],
            "config_drive": null,
            "created": "2025-05-23 10:01:48 +0000 UTC",
            "flavor_id": "373be856-2584-4418-b98a-9668510059bb",
            "flavor_name": "FRR",
            "floating_ip": null,
            "force_delete": false,
            "id": "9b440d5c-ec6b-41ac-9c34-69b673c0792d",
            "image_id": "1d35fa76-6177-4b18-8502-aa6716b117b6",
            "image_name": "HLx-FRR",
            "key_pair": "",
            "metadata": null,
            "name": "r12",
            "network": [
              {
                "access_network": false,
                "fixed_ip_v4": "192.168.27.172",
                "fixed_ip_v6": "",
                "floating_ip": "",
                "mac": "fa:16:3e:85:32:8a",
                "name": "management-network",
                "port": "",
                "uuid": "e00db497-40a2-4648-bb99-183a38c2371e"
              },
              {
                "access_network": false,
                "fixed_ip_v4": "192.168.13.12",
                "fixed_ip_v6": "",
                "floating_ip": "",
                "mac": "fa:16:3e:51:d6:fb",
                "name": "r2r12",
                "port": "deb338a7-be02-4ea0-95cc-c0d2991a43f6",
                "uuid": "c0422e79-2088-4181-9b3b-7fa3ba7c6321"
              },
              {
                "access_network": false,
                "fixed_ip_v4": "192.168.14.12",
                "fixed_ip_v6": "",
                "floating_ip": "",
                "mac": "fa:16:3e:2d:fb:f4",
                "name": "r3r12",
                "port": "be7b042f-e1f0-4f9e-8a44-31b920d110ad",
                "uuid": "5b7e50b7-9699-4a9b-83d8-e7ba20486844"
              }
            ],
            "network_mode": null,
            "personality": [],
            "power_state": "active",
            "region": "RegionOne",
            "scheduler_hints": [],
            "security_groups": [
              "default"
            ],
            "stop_before_destroy": false,
            "tags": null,
            "timeouts": null,
            "updated": "2025-05-23 10:02:04 +0000 UTC",
            "user_data": "c0133cfa22a667540ddfc0c752a2d63a9a715a04",
            "vendor_options": [],
            "volume": []
          },
          "sensitive_attributes": [
            [
              {
                "type": "get_attr",
                "value": "admin_pass"
              }
            ]
          ],
          "private": "eyJlMmJmYjczMC1lY2FhLTExZTYtOGY4OC0zNDM2M2JjN2M0YzAiOnsiY3JlYXRlIjoxODAwMDAwMDAwMDAwLCJkZWxldGUiOjE4MDAwMDAwMDAwMDAsInVwZGF0ZSI6MTgwMDAwMDAwMDAwMH19",
          "dependencies": [
            "data.openstack_compute_flavor_v2.flavor",
            "data.openstack_images_image_v2.image",
            "data.openstack_networking_network_v2.mgmt_network",
            "data.openstack_networking_network_v2.r2r12",
            "data.openstack_networking_network_v2.r3r12",
            "data.openstack_networking_subnet_v2.subnet_r2r12",
            "data.openstack_networking_subnet_v2.subnet_r3r12",
            "openstack_networking_port_v2.eth2_r12",
            "openstack_networking_port_v2.eth4_r12"
          ]
        }
      ]
    },
    {
      "mode": "managed",
      "type": "openstack_compute_instance_v2",
      "name": "r13",
      "provider": "provider[\"registry.terraform.io/terraform-provider-openstack/openstack\"]",
      "instances": [
        {
          "schema_version": 0,
          "attributes": {
            "access_ip_v4": "192.168.27.181",
            "access_ip_v6": "",
            "admin_pass": null,
            "all_metadata": {},
            "all_tags": [],
            "availability_zone": "nova",
            "availability_zone_hints": null,
            "block_device": [],
            "config_drive": null,
            "created": "2025-05-23 10:01:53 +0000 UTC",
            "flavor_id": "373be856-2584-4418-b98a-9668510059bb",
            "flavor_name": "FRR",
            "floating_ip": null,
            "force_delete": false,
            "id": "623a6c1c-6b11-4140-8983-5dc9a7828fb2",
            "image_id": "1d35fa76-6177-4b18-8502-aa6716b117b6",
            "image_name": "HLx-FRR",
            "key_pair": "",
            "metadata": null,
            "name": "r13",
            "network": [
              {
                "access_network": false,
                "fixed_ip_v4": "192.168.27.181",
                "fixed_ip_v6": "",
                "floating_ip": "",
                "mac": "fa:16:3e:a8:32:d7",
                "name": "management-network",
                "port": "",
                "uuid": "e00db497-40a2-4648-bb99-183a38c2371e"
              },
              {
                "access_network": false,
                "fixed_ip_v4": "192.168.12.13",
                "fixed_ip_v6": "",
                "floating_ip": "",
                "mac": "fa:16:3e:c5:29:b7",
                "name": "r3r13",
                "port": "71d5c6bc-36b1-450b-a462-bd4d16d38642",
                "uuid": "4e127b07-49b8-418a-ab6a-de77d404dcfb"
              },
              {
                "access_network": false,
                "fixed_ip_v4": "192.168.11.13",
                "fixed_ip_v6": "",
                "floating_ip": "",
                "mac": "fa:16:3e:6e:18:36",
                "name": "r7r13",
                "port": "8140e5f1-1c74-4e0a-a4ef-10f0898bd6e7",
                "uuid": "e2172a2b-d6e8-488c-b932-babfbbb09d1b"
              }
            ],
            "network_mode": null,
            "personality": [],
            "power_state": "active",
            "region": "RegionOne",
            "scheduler_hints": [],
            "security_groups": [
              "default"
            ],
            "stop_before_destroy": false,
            "tags": null,
            "timeouts": null,
            "updated": "2025-05-23 10:02:14 +0000 UTC",
            "user_data": "2b6fceb8ca3836091918475db4d96a5d868d02e7",
            "vendor_options": [],
            "volume": []
          },
          "sensitive_attributes": [
            [
              {
                "type": "get_attr",
                "value": "admin_pass"
              }
            ]
          ],
          "private": "eyJlMmJmYjczMC1lY2FhLTExZTYtOGY4OC0zNDM2M2JjN2M0YzAiOnsiY3JlYXRlIjoxODAwMDAwMDAwMDAwLCJkZWxldGUiOjE4MDAwMDAwMDAwMDAsInVwZGF0ZSI6MTgwMDAwMDAwMDAwMH19",
          "dependencies": [
            "data.openstack_compute_flavor_v2.flavor",
            "data.openstack_images_image_v2.image",
            "data.openstack_networking_network_v2.mgmt_network",
            "data.openstack_networking_network_v2.r3r13",
            "data.openstack_networking_network_v2.r7r13",
            "data.openstack_networking_subnet_v2.subnet_r3r13",
            "data.openstack_networking_subnet_v2.subnet_r7r13",
            "openstack_networking_port_v2.eth2_r13",
            "openstack_networking_port_v2.eth3_r13"
          ]
        }
      ]
    },
    {
      "mode": "managed",
      "type": "openstack_compute_instance_v2",
      "name": "r2",
      "provider": "provider[\"registry.terraform.io/terraform-provider-openstack/openstack\"]",
      "instances": [
        {
          "schema_version": 0,
          "attributes": {
            "access_ip_v4": "192.168.27.182",
            "access_ip_v6": "",
            "admin_pass": null,
            "all_metadata": {},
            "all_tags": [],
            "availability_zone": "nova",
            "availability_zone_hints": null,
            "block_device": [],
            "config_drive": null,
            "created": "2025-05-23 10:01:55 +0000 UTC",
            "flavor_id": "373be856-2584-4418-b98a-9668510059bb",
            "flavor_name": "FRR",
            "floating_ip": null,
            "force_delete": false,
            "id": "f22a0609-a04d-4aa0-9cf4-c216b5f13648",
            "image_id": "1d35fa76-6177-4b18-8502-aa6716b117b6",
            "image_name": "HLx-FRR",
            "key_pair": "",
            "metadata": null,
            "name": "r2",
            "network": [
              {
                "access_network": false,
                "fixed_ip_v4": "192.168.27.182",
                "fixed_ip_v6": "",
                "floating_ip": "",
                "mac": "fa:16:3e:c6:3d:cf",
                "name": "management-network",
                "port": "",
                "uuid": "e00db497-40a2-4648-bb99-183a38c2371e"
              },
              {
                "access_network": false,
                "fixed_ip_v4": "192.168.13.20",
                "fixed_ip_v6": "",
                "floating_ip": "",
                "mac": "fa:16:3e:5a:97:4b",
                "name": "r2r12",
                "port": "99acabe9-a738-4b79-8b1d-7454862736ae",
                "uuid": "c0422e79-2088-4181-9b3b-7fa3ba7c6321"
              },
              {
                "access_network": false,
                "fixed_ip_v4": "192.168.4.20",
                "fixed_ip_v6": "",
                "floating_ip": "",
                "mac": "fa:16:3e:92:c5:08",
                "name": "r1r2",
                "port": "51bd9112-dc9b-4c5f-85f2-abc2717c93e5",
                "uuid": "f99ab493-edcc-4ed6-9ea1-65098dafa1d6"
              },
              {
                "access_network": false,
                "fixed_ip_v4": "192.168.8.20",
                "fixed_ip_v6": "",
                "floating_ip": "",
                "mac": "fa:16:3e:68:60:11",
                "name": "r2r3",
                "port": "5cc9c097-9684-4c3d-9b6e-d6c41d61e781",
                "uuid": "0f656566-5bb7-4501-a8dc-9302ef4f68ed"
              },
              {
                "access_network": false,
                "fixed_ip_v4": "192.168.6.20",
                "fixed_ip_v6": "",
                "floating_ip": "",
                "mac": "fa:16:3e:86:c9:fd",
                "name": "r2r5",
                "port": "bb3ba8bf-8645-4a5f-83f5-41c90cdca21e",
                "uuid": "18937e35-91f4-434a-a65b-f15b9757cd6c"
              }
            ],
            "network_mode": null,
            "personality": [],
            "power_state": "active",
            "region": "RegionOne",
            "scheduler_hints": [],
            "security_groups": [
              "default"
            ],
            "stop_before_destroy": false,
            "tags": null,
            "timeouts": null,
            "updated": "2025-05-23 10:02:32 +0000 UTC",
            "user_data": "91c2f10d1559152440f368dd389ecbace5a09991",
            "vendor_options": [],
            "volume": []
          },
          "sensitive_attributes": [
            [
              {
                "type": "get_attr",
                "value": "admin_pass"
              }
            ]
          ],
          "private": "eyJlMmJmYjczMC1lY2FhLTExZTYtOGY4OC0zNDM2M2JjN2M0YzAiOnsiY3JlYXRlIjoxODAwMDAwMDAwMDAwLCJkZWxldGUiOjE4MDAwMDAwMDAwMDAsInVwZGF0ZSI6MTgwMDAwMDAwMDAwMH19",
          "dependencies": [
            "data.openstack_compute_flavor_v2.flavor",
            "data.openstack_images_image_v2.image",
            "data.openstack_networking_network_v2.mgmt_network",
            "data.openstack_networking_network_v2.r1r2",
            "data.openstack_networking_network_v2.r2r12",
            "data.openstack_networking_network_v2.r2r3",
            "data.openstack_networking_network_v2.r2r5",
            "data.openstack_networking_subnet_v2.subnet_r1r2",
            "data.openstack_networking_subnet_v2.subnet_r2r12",
            "data.openstack_networking_subnet_v2.subnet_r2r3",
            "data.openstack_networking_subnet_v2.subnet_r2r5",
            "openstack_networking_port_v2.eth2_r2",
            "openstack_networking_port_v2.eth3_r2",
            "openstack_networking_port_v2.eth4_r2",
            "openstack_networking_port_v2.eth5_r2"
          ]
        }
      ]
    },
    {
      "mode": "managed",
      "type": "openstack_compute_instance_v2",
      "name": "r3",
      "provider": "provider[\"registry.terraform.io/terraform-provider-openstack/openstack\"]",
      "instances": [
        {
          "schema_version": 0,
          "attributes": {
            "access_ip_v4": "192.168.27.178",
            "access_ip_v6": "",
            "admin_pass": null,
            "all_metadata": {},
            "all_tags": [],
            "availability_zone": "nova",
            "availability_zone_hints": null,
            "block_device": [],
            "config_drive": null,
            "created": "2025-05-23 10:01:54 +0000 UTC",
            "flavor_id": "373be856-2584-4418-b98a-9668510059bb",
            "flavor_name": "FRR",
            "floating_ip": null,
            "force_delete": false,
            "id": "f8cfe454-d5ef-4138-8a64-97a6392d2037",
            "image_id": "1d35fa76-6177-4b18-8502-aa6716b117b6",
            "image_name": "HLx-FRR",
            "key_pair": "",
            "metadata": null,
            "name": "r3",
            "network": [
              {
                "access_network": false,
                "fixed_ip_v4": "192.168.27.178",
                "fixed_ip_v6": "",
                "floating_ip": "",
                "mac": "fa:16:3e:0a:00:fe",
                "name": "management-network",
                "port": "",
                "uuid": "e00db497-40a2-4648-bb99-183a38c2371e"
              },
              {
                "access_network": false,
                "fixed_ip_v4": "192.168.12.3",
                "fixed_ip_v6": "",
                "floating_ip": "",
                "mac": "fa:16:3e:2d:82:75",
                "name": "r3r13",
                "port": "5da1b291-36b6-43e1-b413-4bc132880fdd",
                "uuid": "4e127b07-49b8-418a-ab6a-de77d404dcfb"
              },
              {
                "access_network": false,
                "fixed_ip_v4": "192.168.10.3",
                "fixed_ip_v6": "",
                "floating_ip": "",
                "mac": "fa:16:3e:d5:c6:be",
                "name": "r3r7",
                "port": "4b96f351-339b-40ad-af66-90a96d01ec33",
                "uuid": "12b4b9f0-55e9-4dee-967f-25964f6f78a9"
              },
              {
                "access_network": false,
                "fixed_ip_v4": "192.168.8.3",
                "fixed_ip_v6": "",
                "floating_ip": "",
                "mac": "fa:16:3e:d5:57:0e",
                "name": "r2r3",
                "port": "3e9a2533-4afc-4a4d-b89f-527da3857a94",
                "uuid": "0f656566-5bb7-4501-a8dc-9302ef4f68ed"
              },
              {
                "access_network": false,
                "fixed_ip_v4": "192.168.14.3",
                "fixed_ip_v6": "",
                "floating_ip": "",
                "mac": "fa:16:3e:35:e9:69",
                "name": "r3r12",
                "port": "9a743efb-82d3-4a21-a622-eee972aae52a",
                "uuid": "5b7e50b7-9699-4a9b-83d8-e7ba20486844"
              }
            ],
            "network_mode": null,
            "personality": [],
            "power_state": "active",
            "region": "RegionOne",
            "scheduler_hints": [],
            "security_groups": [
              "default"
            ],
            "stop_before_destroy": false,
            "tags": null,
            "timeouts": null,
            "updated": "2025-05-23 10:02:28 +0000 UTC",
            "user_data": "8122a03f8bffd523576d867488f1bd314992b160",
            "vendor_options": [],
            "volume": []
          },
          "sensitive_attributes": [
            [
              {
                "type": "get_attr",
                "value": "admin_pass"
              }
            ]
          ],
          "private": "eyJlMmJmYjczMC1lY2FhLTExZTYtOGY4OC0zNDM2M2JjN2M0YzAiOnsiY3JlYXRlIjoxODAwMDAwMDAwMDAwLCJkZWxldGUiOjE4MDAwMDAwMDAwMDAsInVwZGF0ZSI6MTgwMDAwMDAwMDAwMH19",
          "dependencies": [
            "data.openstack_compute_flavor_v2.flavor",
            "data.openstack_images_image_v2.image",
            "data.openstack_networking_network_v2.mgmt_network",
            "data.openstack_networking_network_v2.r2r3",
            "data.openstack_networking_network_v2.r3r12",
            "data.openstack_networking_network_v2.r3r13",
            "data.openstack_networking_network_v2.r3r7",
            "data.openstack_networking_subnet_v2.subnet_r2r3",
            "data.openstack_networking_subnet_v2.subnet_r3r12",
            "data.openstack_networking_subnet_v2.subnet_r3r13",
            "data.openstack_networking_subnet_v2.subnet_r3r7",
            "openstack_networking_port_v2.eth2_r3",
            "openstack_networking_port_v2.eth3_r3",
            "openstack_networking_port_v2.eth4_r3",
            "openstack_networking_port_v2.eth5_r3"
          ]
        }
      ]
    },
    {
      "mode": "managed",
      "type": "openstack_compute_instance_v2",
      "name": "r4",
      "provider": "provider[\"registry.terraform.io/terraform-provider-openstack/openstack\"]",
      "instances": [
        {
          "schema_version": 0,
          "attributes": {
            "access_ip_v4": "192.168.27.174",
            "access_ip_v6": "",
            "admin_pass": null,
            "all_metadata": {},
            "all_tags": [],
            "availability_zone": "nova",
            "availability_zone_hints": null,
            "block_device": [],
            "config_drive": null,
            "created": "2025-05-23 10:01:49 +0000 UTC",
            "flavor_id": "373be856-2584-4418-b98a-9668510059bb",
            "flavor_name": "FRR",
            "floating_ip": null,
            "force_delete": false,
            "id": "13872910-b674-4871-a67b-765f1402dc61",
            "image_id": "1d35fa76-6177-4b18-8502-aa6716b117b6",
            "image_name": "HLx-FRR",
            "key_pair": "",
            "metadata": null,
            "name": "r4",
            "network": [
              {
                "access_network": false,
                "fixed_ip_v4": "192.168.27.174",
                "fixed_ip_v6": "",
                "floating_ip": "",
                "mac": "fa:16:3e:c6:c7:89",
                "name": "management-network",
                "port": "",
                "uuid": "e00db497-40a2-4648-bb99-183a38c2371e"
              },
              {
                "access_network": false,
                "fixed_ip_v4": "192.168.3.4",
                "fixed_ip_v6": "",
                "floating_ip": "",
                "mac": "fa:16:3e:b2:8a:a3",
                "name": "r1r4",
                "port": "90d0e217-8bac-4e8c-a401-d1963dbf783a",
                "uuid": "261842e3-a345-4b90-b37b-5c9ba1fce18b"
              },
              {
                "access_network": false,
                "fixed_ip_v4": "192.168.2.4",
                "fixed_ip_v6": "",
                "floating_ip": "",
                "mac": "fa:16:3e:e1:e2:6c",
                "name": "r11r4",
                "port": "d58d387c-0d9a-49ca-812b-bac3e68c245a",
                "uuid": "5e1c3a0c-9825-4b11-abea-c5f1b5773bee"
              },
              {
                "access_network": false,
                "fixed_ip_v4": "192.168.5.4",
                "fixed_ip_v6": "",
                "floating_ip": "",
                "mac": "fa:16:3e:5e:07:96",
                "name": "r4r6",
                "port": "4f3005e1-5899-4b38-86e0-cc300fe24f8b",
                "uuid": "20b8b1ef-8cfe-4099-a60e-2e1306f2fd93"
              }
            ],
            "network_mode": null,
            "personality": [],
            "power_state": "active",
            "region": "RegionOne",
            "scheduler_hints": [],
            "security_groups": [
              "default"
            ],
            "stop_before_destroy": false,
            "tags": null,
            "timeouts": null,
            "updated": "2025-05-23 10:02:08 +0000 UTC",
            "user_data": "cbeefca26870aad1fac855fa260239d8e1bc74e8",
            "vendor_options": [],
            "volume": []
          },
          "sensitive_attributes": [
            [
              {
                "type": "get_attr",
                "value": "admin_pass"
              }
            ]
          ],
          "private": "eyJlMmJmYjczMC1lY2FhLTExZTYtOGY4OC0zNDM2M2JjN2M0YzAiOnsiY3JlYXRlIjoxODAwMDAwMDAwMDAwLCJkZWxldGUiOjE4MDAwMDAwMDAwMDAsInVwZGF0ZSI6MTgwMDAwMDAwMDAwMH19",
          "dependencies": [
            "data.openstack_compute_flavor_v2.flavor",
            "data.openstack_images_image_v2.image",
            "data.openstack_networking_network_v2.mgmt_network",
            "data.openstack_networking_network_v2.r11r4",
            "data.openstack_networking_network_v2.r1r4",
            "data.openstack_networking_network_v2.r4r6",
            "data.openstack_networking_subnet_v2.subnet_r11r4",
            "data.openstack_networking_subnet_v2.subnet_r1r4",
            "data.openstack_networking_subnet_v2.subnet_r4r6",
            "openstack_networking_port_v2.eth2_r4",
            "openstack_networking_port_v2.eth3_r4",
            "openstack_networking_port_v2.eth4_r4"
          ]
        }
      ]
    },
    {
      "mode": "managed",
      "type": "openstack_compute_instance_v2",
      "name": "r5",
      "provider": "provider[\"registry.terraform.io/terraform-provider-openstack/openstack\"]",
      "instances": [
        {
          "schema_version": 0,
          "attributes": {
            "access_ip_v4": "192.168.27.179",
            "access_ip_v6": "",
            "admin_pass": null,
            "all_metadata": {},
            "all_tags": [],
            "availability_zone": "nova",
            "availability_zone_hints": null,
            "block_device": [],
            "config_drive": null,
            "created": "2025-05-23 10:01:53 +0000 UTC",
            "flavor_id": "373be856-2584-4418-b98a-9668510059bb",
            "flavor_name": "FRR",
            "floating_ip": null,
            "force_delete": false,
            "id": "9291bd11-b751-4787-9614-3dee58fec760",
            "image_id": "1d35fa76-6177-4b18-8502-aa6716b117b6",
            "image_name": "HLx-FRR",
            "key_pair": "",
            "metadata": null,
            "name": "r5",
            "network": [
              {
                "access_network": false,
                "fixed_ip_v4": "192.168.27.179",
                "fixed_ip_v6": "",
                "floating_ip": "",
                "mac": "fa:16:3e:7a:c8:ed",
                "name": "management-network",
                "port": "",
                "uuid": "e00db497-40a2-4648-bb99-183a38c2371e"
              },
              {
                "access_network": false,
                "fixed_ip_v4": "192.168.7.5",
                "fixed_ip_v6": "",
                "floating_ip": "",
                "mac": "fa:16:3e:3f:da:cb",
                "name": "r5r6",
                "port": "7c403eb0-8030-42ff-b82c-e4ed8ab8386f",
                "uuid": "018dff4b-ad02-4ec8-b531-a71a31c6ecfa"
              },
              {
                "access_network": false,
                "fixed_ip_v4": "192.168.6.5",
                "fixed_ip_v6": "",
                "floating_ip": "",
                "mac": "fa:16:3e:fb:3e:14",
                "name": "r2r5",
                "port": "7d21fb6e-7f68-47e2-902e-3339d9ef34de",
                "uuid": "18937e35-91f4-434a-a65b-f15b9757cd6c"
              }
            ],
            "network_mode": null,
            "personality": [],
            "power_state": "active",
            "region": "RegionOne",
            "scheduler_hints": [],
            "security_groups": [
              "default"
            ],
            "stop_before_destroy": false,
            "tags": null,
            "timeouts": null,
            "updated": "2025-05-23 10:02:16 +0000 UTC",
            "user_data": "397ffe10daf600f1fdfe40d5b2c326ecfce4eb1e",
            "vendor_options": [],
            "volume": []
          },
          "sensitive_attributes": [
            [
              {
                "type": "get_attr",
                "value": "admin_pass"
              }
            ]
          ],
          "private": "eyJlMmJmYjczMC1lY2FhLTExZTYtOGY4OC0zNDM2M2JjN2M0YzAiOnsiY3JlYXRlIjoxODAwMDAwMDAwMDAwLCJkZWxldGUiOjE4MDAwMDAwMDAwMDAsInVwZGF0ZSI6MTgwMDAwMDAwMDAwMH19",
          "dependencies": [
            "data.openstack_compute_flavor_v2.flavor",
            "data.openstack_images_image_v2.image",
            "data.openstack_networking_network_v2.mgmt_network",
            "data.openstack_networking_network_v2.r2r5",
            "data.openstack_networking_network_v2.r5r6",
            "data.openstack_networking_subnet_v2.subnet_r2r5",
            "data.openstack_networking_subnet_v2.subnet_r5r6",
            "openstack_networking_port_v2.eth2_r5",
            "openstack_networking_port_v2.eth3_r5"
          ]
        }
      ]
    },
    {
      "mode": "managed",
      "type": "openstack_compute_instance_v2",
      "name": "r6",
      "provider": "provider[\"registry.terraform.io/terraform-provider-openstack/openstack\"]",
      "instances": [
        {
          "schema_version": 0,
          "attributes": {
            "access_ip_v4": "192.168.27.185",
            "access_ip_v6": "",
            "admin_pass": null,
            "all_metadata": {},
            "all_tags": [],
            "availability_zone": "nova",
            "availability_zone_hints": null,
            "block_device": [],
            "config_drive": null,
            "created": "2025-05-23 10:01:54 +0000 UTC",
            "flavor_id": "373be856-2584-4418-b98a-9668510059bb",
            "flavor_name": "FRR",
            "floating_ip": null,
            "force_delete": false,
            "id": "6ed9ccf1-b0a7-47b5-a14c-6e7bdd6ad71c",
            "image_id": "1d35fa76-6177-4b18-8502-aa6716b117b6",
            "image_name": "HLx-FRR",
            "key_pair": "",
            "metadata": null,
            "name": "r6",
            "network": [
              {
                "access_network": false,
                "fixed_ip_v4": "192.168.27.185",
                "fixed_ip_v6": "",
                "floating_ip": "",
                "mac": "fa:16:3e:6c:35:5b",
                "name": "management-network",
                "port": "",
                "uuid": "e00db497-40a2-4648-bb99-183a38c2371e"
              },
              {
                "access_network": false,
                "fixed_ip_v4": "192.168.9.6",
                "fixed_ip_v6": "",
                "floating_ip": "",
                "mac": "fa:16:3e:33:eb:fd",
                "name": "r6r7",
                "port": "79b6604a-1b72-40e5-ab73-5954738c6adf",
                "uuid": "a63780a3-a992-4b86-97b3-d988ec4b5bfe"
              },
              {
                "access_network": false,
                "fixed_ip_v4": "192.168.7.6",
                "fixed_ip_v6": "",
                "floating_ip": "",
                "mac": "fa:16:3e:7f:8d:eb",
                "name": "r5r6",
                "port": "1b368072-a13a-4f4a-8d7b-37c1f8820286",
                "uuid": "018dff4b-ad02-4ec8-b531-a71a31c6ecfa"
              },
              {
                "access_network": false,
                "fixed_ip_v4": "192.168.5.6",
                "fixed_ip_v6": "",
                "floating_ip": "",
                "mac": "fa:16:3e:4f:4b:b1",
                "name": "r4r6",
                "port": "50fa4488-f8b4-4bfe-bbd3-57c3c6a74b04",
                "uuid": "20b8b1ef-8cfe-4099-a60e-2e1306f2fd93"
              }
            ],
            "network_mode": null,
            "personality": [],
            "power_state": "active",
            "region": "RegionOne",
            "scheduler_hints": [],
            "security_groups": [
              "default"
            ],
            "stop_before_destroy": false,
            "tags": null,
            "timeouts": null,
            "updated": "2025-05-23 10:02:24 +0000 UTC",
            "user_data": "4dc01138adddfe79481604a6a3ec5a24eb50ec32",
            "vendor_options": [],
            "volume": []
          },
          "sensitive_attributes": [
            [
              {
                "type": "get_attr",
                "value": "admin_pass"
              }
            ]
          ],
          "private": "eyJlMmJmYjczMC1lY2FhLTExZTYtOGY4OC0zNDM2M2JjN2M0YzAiOnsiY3JlYXRlIjoxODAwMDAwMDAwMDAwLCJkZWxldGUiOjE4MDAwMDAwMDAwMDAsInVwZGF0ZSI6MTgwMDAwMDAwMDAwMH19",
          "dependencies": [
            "data.openstack_compute_flavor_v2.flavor",
            "data.openstack_images_image_v2.image",
            "data.openstack_networking_network_v2.mgmt_network",
            "data.openstack_networking_network_v2.r4r6",
            "data.openstack_networking_network_v2.r5r6",
            "data.openstack_networking_network_v2.r6r7",
            "data.openstack_networking_subnet_v2.subnet_r4r6",
            "data.openstack_networking_subnet_v2.subnet_r5r6",
            "data.openstack_networking_subnet_v2.subnet_r6r7",
            "openstack_networking_port_v2.eth2_r6",
            "openstack_networking_port_v2.eth3_r6",
            "openstack_networking_port_v2.eth4_r6"
          ]
        }
      ]
    },
    {
      "mode": "managed",
      "type": "openstack_compute_instance_v2",
      "name": "r7",
      "provider": "provider[\"registry.terraform.io/terraform-provider-openstack/openstack\"]",
      "instances": [
        {
          "schema_version": 0,
          "attributes": {
            "access_ip_v4": "192.168.27.176",
            "access_ip_v6": "",
            "admin_pass": null,
            "all_metadata": {},
            "all_tags": [],
            "availability_zone": "nova",
            "availability_zone_hints": null,
            "block_device": [],
            "config_drive": null,
            "created": "2025-05-23 10:01:53 +0000 UTC",
            "flavor_id": "373be856-2584-4418-b98a-9668510059bb",
            "flavor_name": "FRR",
            "floating_ip": null,
            "force_delete": false,
            "id": "09ba5ddf-99e5-4947-9d6d-1f4088e4f9c3",
            "image_id": "1d35fa76-6177-4b18-8502-aa6716b117b6",
            "image_name": "HLx-FRR",
            "key_pair": "",
            "metadata": null,
            "name": "r7",
            "network": [
              {
                "access_network": false,
                "fixed_ip_v4": "192.168.27.176",
                "fixed_ip_v6": "",
                "floating_ip": "",
                "mac": "fa:16:3e:86:f4:e7",
                "name": "management-network",
                "port": "",
                "uuid": "e00db497-40a2-4648-bb99-183a38c2371e"
              },
              {
                "access_network": false,
                "fixed_ip_v4": "192.168.9.7",
                "fixed_ip_v6": "",
                "floating_ip": "",
                "mac": "fa:16:3e:a8:1a:b7",
                "name": "r6r7",
                "port": "84dede7f-69d5-415c-982c-06d954d56a35",
                "uuid": "a63780a3-a992-4b86-97b3-d988ec4b5bfe"
              },
              {
                "access_network": false,
                "fixed_ip_v4": "192.168.11.7",
                "fixed_ip_v6": "",
                "floating_ip": "",
                "mac": "fa:16:3e:39:d6:0f",
                "name": "r7r13",
                "port": "0358a854-6f80-4b47-af16-a319c588854f",
                "uuid": "e2172a2b-d6e8-488c-b932-babfbbb09d1b"
              },
              {
                "access_network": false,
                "fixed_ip_v4": "192.168.10.7",
                "fixed_ip_v6": "",
                "floating_ip": "",
                "mac": "fa:16:3e:45:a8:f1",
                "name": "r3r7",
                "port": "58f9ee5d-bcc3-452e-801d-484752809ca7",
                "uuid": "12b4b9f0-55e9-4dee-967f-25964f6f78a9"
              }
            ],
            "network_mode": null,
            "personality": [],
            "power_state": "active",
            "region": "RegionOne",
            "scheduler_hints": [],
            "security_groups": [
              "default"
            ],
            "stop_before_destroy": false,
            "tags": null,
            "timeouts": null,
            "updated": "2025-05-23 10:02:20 +0000 UTC",
            "user_data": "e89bda31e13efb52a392945ab3ce6da45b497607",
            "vendor_options": [],
            "volume": []
          },
          "sensitive_attributes": [
            [
              {
                "type": "get_attr",
                "value": "admin_pass"
              }
            ]
          ],
          "private": "eyJlMmJmYjczMC1lY2FhLTExZTYtOGY4OC0zNDM2M2JjN2M0YzAiOnsiY3JlYXRlIjoxODAwMDAwMDAwMDAwLCJkZWxldGUiOjE4MDAwMDAwMDAwMDAsInVwZGF0ZSI6MTgwMDAwMDAwMDAwMH19",
          "dependencies": [
            "data.openstack_compute_flavor_v2.flavor",
            "data.openstack_images_image_v2.image",
            "data.openstack_networking_network_v2.mgmt_network",
            "data.openstack_networking_network_v2.r3r7",
            "data.openstack_networking_network_v2.r6r7",
            "data.openstack_networking_network_v2.r7r13",
            "data.openstack_networking_subnet_v2.subnet_r3r7",
            "data.openstack_networking_subnet_v2.subnet_r6r7",
            "data.openstack_networking_subnet_v2.subnet_r7r13",
            "openstack_networking_port_v2.eth2_r7",
            "openstack_networking_port_v2.eth3_r7",
            "openstack_networking_port_v2.eth4_r7"
          ]
        }
      ]
    },
    {
      "mode": "managed",
      "type": "openstack_networking_port_v2",
      "name": "eth2_r1",
      "provider": "provider[\"registry.terraform.io/terraform-provider-openstack/openstack\"]",
      "instances": [
        {
          "schema_version": 0,
          "attributes": {
            "admin_state_up": true,
            "all_fixed_ips": [
              "192.168.3.10"
            ],
            "all_security_group_ids": [
              "7535b8b1-78f7-43d2-b27b-bfc252e40a5c"
            ],
            "all_tags": [],
            "allowed_address_pairs": [],
            "binding": [
              {
                "host_id": "",
                "profile": "{}",
                "vif_details": {},
                "vif_type": "unbound",
                "vnic_type": "normal"
              }
            ],
            "description": "",
            "device_id": "",
            "device_owner": "",
            "dns_assignment": [],
            "dns_name": "",
            "extra_dhcp_option": [],
            "fixed_ip": [
              {
                "ip_address": "192.168.3.10",
                "subnet_id": "c6699e16-4fb2-4ae6-8d90-5d568974b018"
              }
            ],
            "id": "6db75b75-f15f-4fb9-9d4f-171c9d4ac43e",
            "mac_address": "fa:16:3e:3f:93:82",
            "name": "r1_eth2",
            "network_id": "261842e3-a345-4b90-b37b-5c9ba1fce18b",
            "no_fixed_ip": null,
            "no_security_groups": null,
            "port_security_enabled": true,
            "qos_policy_id": "",
            "region": "RegionOne",
            "security_group_ids": null,
            "tags": null,
            "tenant_id": "47db6af3f5ae4a958fd90100ebdef0cd",
            "timeouts": null,
            "value_specs": null
          },
          "sensitive_attributes": [],
          "private": "eyJlMmJmYjczMC1lY2FhLTExZTYtOGY4OC0zNDM2M2JjN2M0YzAiOnsiY3JlYXRlIjo2MDAwMDAwMDAwMDAsImRlbGV0ZSI6NjAwMDAwMDAwMDAwfX0=",
          "dependencies": [
            "data.openstack_networking_network_v2.r1r4",
            "data.openstack_networking_subnet_v2.subnet_r1r4"
          ]
        }
      ]
    },
    {
      "mode": "managed",
      "type": "openstack_networking_port_v2",
      "name": "eth2_r11",
      "provider": "provider[\"registry.terraform.io/terraform-provider-openstack/openstack\"]",
      "instances": [
        {
          "schema_version": 0,
          "attributes": {
            "admin_state_up": true,
            "all_fixed_ips": [
              "192.168.1.11"
            ],
            "all_security_group_ids": [
              "7535b8b1-78f7-43d2-b27b-bfc252e40a5c"
            ],
            "all_tags": [],
            "allowed_address_pairs": [],
            "binding": [
              {
                "host_id": "",
                "profile": "{}",
                "vif_details": {},
                "vif_type": "unbound",
                "vnic_type": "normal"
              }
            ],
            "description": "",
            "device_id": "",
            "device_owner": "",
            "dns_assignment": [],
            "dns_name": "",
            "extra_dhcp_option": [],
            "fixed_ip": [
              {
                "ip_address": "192.168.1.11",
                "subnet_id": "8dc94851-3847-4c09-831f-f55df97eb602"
              }
            ],
            "id": "2fdc8078-4a64-4890-a5f1-4998d4093d95",
            "mac_address": "fa:16:3e:e6:6c:c1",
            "name": "r11_eth2",
            "network_id": "e2dee63f-1aac-4c2d-b977-46b610ec5b8f",
            "no_fixed_ip": null,
            "no_security_groups": null,
            "port_security_enabled": true,
            "qos_policy_id": "",
            "region": "RegionOne",
            "security_group_ids": null,
            "tags": null,
            "tenant_id": "47db6af3f5ae4a958fd90100ebdef0cd",
            "timeouts": null,
            "value_specs": null
          },
          "sensitive_attributes": [],
          "private": "eyJlMmJmYjczMC1lY2FhLTExZTYtOGY4OC0zNDM2M2JjN2M0YzAiOnsiY3JlYXRlIjo2MDAwMDAwMDAwMDAsImRlbGV0ZSI6NjAwMDAwMDAwMDAwfX0=",
          "dependencies": [
            "data.openstack_networking_network_v2.r1r11",
            "data.openstack_networking_subnet_v2.subnet_r1r11"
          ]
        }
      ]
    },
    {
      "mode": "managed",
      "type": "openstack_networking_port_v2",
      "name": "eth2_r12",
      "provider": "provider[\"registry.terraform.io/terraform-provider-openstack/openstack\"]",
      "instances": [
        {
          "schema_version": 0,
          "attributes": {
            "admin_state_up": true,
            "all_fixed_ips": [
              "192.168.13.12"
            ],
            "all_security_group_ids": [
              "7535b8b1-78f7-43d2-b27b-bfc252e40a5c"
            ],
            "all_tags": [],
            "allowed_address_pairs": [],
            "binding": [
              {
                "host_id": "",
                "profile": "{}",
                "vif_details": {},
                "vif_type": "unbound",
                "vnic_type": "normal"
              }
            ],
            "description": "",
            "device_id": "",
            "device_owner": "",
            "dns_assignment": [],
            "dns_name": "",
            "extra_dhcp_option": [],
            "fixed_ip": [
              {
                "ip_address": "192.168.13.12",
                "subnet_id": "5d0f2222-2429-496e-9a60-4d5c6e8fda94"
              }
            ],
            "id": "deb338a7-be02-4ea0-95cc-c0d2991a43f6",
            "mac_address": "fa:16:3e:51:d6:fb",
            "name": "r12_eth2",
            "network_id": "c0422e79-2088-4181-9b3b-7fa3ba7c6321",
            "no_fixed_ip": null,
            "no_security_groups": null,
            "port_security_enabled": true,
            "qos_policy_id": "",
            "region": "RegionOne",
            "security_group_ids": null,
            "tags": null,
            "tenant_id": "47db6af3f5ae4a958fd90100ebdef0cd",
            "timeouts": null,
            "value_specs": null
          },
          "sensitive_attributes": [],
          "private": "eyJlMmJmYjczMC1lY2FhLTExZTYtOGY4OC0zNDM2M2JjN2M0YzAiOnsiY3JlYXRlIjo2MDAwMDAwMDAwMDAsImRlbGV0ZSI6NjAwMDAwMDAwMDAwfX0=",
          "dependencies": [
            "data.openstack_networking_network_v2.r2r12",
            "data.openstack_networking_subnet_v2.subnet_r2r12"
          ]
        }
      ]
    },
    {
      "mode": "managed",
      "type": "openstack_networking_port_v2",
      "name": "eth2_r13",
      "provider": "provider[\"registry.terraform.io/terraform-provider-openstack/openstack\"]",
      "instances": [
        {
          "schema_version": 0,
          "attributes": {
            "admin_state_up": true,
            "all_fixed_ips": [
              "192.168.12.13"
            ],
            "all_security_group_ids": [
              "7535b8b1-78f7-43d2-b27b-bfc252e40a5c"
            ],
            "all_tags": [],
            "allowed_address_pairs": [],
            "binding": [
              {
                "host_id": "",
                "profile": "{}",
                "vif_details": {},
                "vif_type": "unbound",
                "vnic_type": "normal"
              }
            ],
            "description": "",
            "device_id": "",
            "device_owner": "",
            "dns_assignment": [],
            "dns_name": "",
            "extra_dhcp_option": [],
            "fixed_ip": [
              {
                "ip_address": "192.168.12.13",
                "subnet_id": "6b5d9daf-109b-4e23-89a0-484c0fd121b0"
              }
            ],
            "id": "71d5c6bc-36b1-450b-a462-bd4d16d38642",
            "mac_address": "fa:16:3e:c5:29:b7",
            "name": "r13_eth2",
            "network_id": "4e127b07-49b8-418a-ab6a-de77d404dcfb",
            "no_fixed_ip": null,
            "no_security_groups": null,
            "port_security_enabled": true,
            "qos_policy_id": "",
            "region": "RegionOne",
            "security_group_ids": null,
            "tags": null,
            "tenant_id": "47db6af3f5ae4a958fd90100ebdef0cd",
            "timeouts": null,
            "value_specs": null
          },
          "sensitive_attributes": [],
          "private": "eyJlMmJmYjczMC1lY2FhLTExZTYtOGY4OC0zNDM2M2JjN2M0YzAiOnsiY3JlYXRlIjo2MDAwMDAwMDAwMDAsImRlbGV0ZSI6NjAwMDAwMDAwMDAwfX0=",
          "dependencies": [
            "data.openstack_networking_network_v2.r3r13",
            "data.openstack_networking_subnet_v2.subnet_r3r13"
          ]
        }
      ]
    },
    {
      "mode": "managed",
      "type": "openstack_networking_port_v2",
      "name": "eth2_r2",
      "provider": "provider[\"registry.terraform.io/terraform-provider-openstack/openstack\"]",
      "instances": [
        {
          "schema_version": 0,
          "attributes": {
            "admin_state_up": true,
            "all_fixed_ips": [
              "192.168.13.20"
            ],
            "all_security_group_ids": [
              "7535b8b1-78f7-43d2-b27b-bfc252e40a5c"
            ],
            "all_tags": [],
            "allowed_address_pairs": [],
            "binding": [
              {
                "host_id": "",
                "profile": "{}",
                "vif_details": {},
                "vif_type": "unbound",
                "vnic_type": "normal"
              }
            ],
            "description": "",
            "device_id": "",
            "device_owner": "",
            "dns_assignment": [],
            "dns_name": "",
            "extra_dhcp_option": [],
            "fixed_ip": [
              {
                "ip_address": "192.168.13.20",
                "subnet_id": "5d0f2222-2429-496e-9a60-4d5c6e8fda94"
              }
            ],
            "id": "99acabe9-a738-4b79-8b1d-7454862736ae",
            "mac_address": "fa:16:3e:5a:97:4b",
            "name": "r2_eth2",
            "network_id": "c0422e79-2088-4181-9b3b-7fa3ba7c6321",
            "no_fixed_ip": null,
            "no_security_groups": null,
            "port_security_enabled": true,
            "qos_policy_id": "",
            "region": "RegionOne",
            "security_group_ids": null,
            "tags": null,
            "tenant_id": "47db6af3f5ae4a958fd90100ebdef0cd",
            "timeouts": null,
            "value_specs": null
          },
          "sensitive_attributes": [],
          "private": "eyJlMmJmYjczMC1lY2FhLTExZTYtOGY4OC0zNDM2M2JjN2M0YzAiOnsiY3JlYXRlIjo2MDAwMDAwMDAwMDAsImRlbGV0ZSI6NjAwMDAwMDAwMDAwfX0=",
          "dependencies": [
            "data.openstack_networking_network_v2.r2r12",
            "data.openstack_networking_subnet_v2.subnet_r2r12"
          ]
        }
      ]
    },
    {
      "mode": "managed",
      "type": "openstack_networking_port_v2",
      "name": "eth2_r3",
      "provider": "provider[\"registry.terraform.io/terraform-provider-openstack/openstack\"]",
      "instances": [
        {
          "schema_version": 0,
          "attributes": {
            "admin_state_up": true,
            "all_fixed_ips": [
              "192.168.12.3"
            ],
            "all_security_group_ids": [
              "7535b8b1-78f7-43d2-b27b-bfc252e40a5c"
            ],
            "all_tags": [],
            "allowed_address_pairs": [],
            "binding": [
              {
                "host_id": "",
                "profile": "{}",
                "vif_details": {},
                "vif_type": "unbound",
                "vnic_type": "normal"
              }
            ],
            "description": "",
            "device_id": "",
            "device_owner": "",
            "dns_assignment": [],
            "dns_name": "",
            "extra_dhcp_option": [],
            "fixed_ip": [
              {
                "ip_address": "192.168.12.3",
                "subnet_id": "6b5d9daf-109b-4e23-89a0-484c0fd121b0"
              }
            ],
            "id": "5da1b291-36b6-43e1-b413-4bc132880fdd",
            "mac_address": "fa:16:3e:2d:82:75",
            "name": "r3_eth2",
            "network_id": "4e127b07-49b8-418a-ab6a-de77d404dcfb",
            "no_fixed_ip": null,
            "no_security_groups": null,
            "port_security_enabled": true,
            "qos_policy_id": "",
            "region": "RegionOne",
            "security_group_ids": null,
            "tags": null,
            "tenant_id": "47db6af3f5ae4a958fd90100ebdef0cd",
            "timeouts": null,
            "value_specs": null
          },
          "sensitive_attributes": [],
          "private": "eyJlMmJmYjczMC1lY2FhLTExZTYtOGY4OC0zNDM2M2JjN2M0YzAiOnsiY3JlYXRlIjo2MDAwMDAwMDAwMDAsImRlbGV0ZSI6NjAwMDAwMDAwMDAwfX0=",
          "dependencies": [
            "data.openstack_networking_network_v2.r3r13",
            "data.openstack_networking_subnet_v2.subnet_r3r13"
          ]
        }
      ]
    },
    {
      "mode": "managed",
      "type": "openstack_networking_port_v2",
      "name": "eth2_r4",
      "provider": "provider[\"registry.terraform.io/terraform-provider-openstack/openstack\"]",
      "instances": [
        {
          "schema_version": 0,
          "attributes": {
            "admin_state_up": true,
            "all_fixed_ips": [
              "192.168.3.4"
            ],
            "all_security_group_ids": [
              "7535b8b1-78f7-43d2-b27b-bfc252e40a5c"
            ],
            "all_tags": [],
            "allowed_address_pairs": [],
            "binding": [
              {
                "host_id": "",
                "profile": "{}",
                "vif_details": {},
                "vif_type": "unbound",
                "vnic_type": "normal"
              }
            ],
            "description": "",
            "device_id": "",
            "device_owner": "",
            "dns_assignment": [],
            "dns_name": "",
            "extra_dhcp_option": [],
            "fixed_ip": [
              {
                "ip_address": "192.168.3.4",
                "subnet_id": "c6699e16-4fb2-4ae6-8d90-5d568974b018"
              }
            ],
            "id": "90d0e217-8bac-4e8c-a401-d1963dbf783a",
            "mac_address": "fa:16:3e:b2:8a:a3",
            "name": "r4_eth2",
            "network_id": "261842e3-a345-4b90-b37b-5c9ba1fce18b",
            "no_fixed_ip": null,
            "no_security_groups": null,
            "port_security_enabled": true,
            "qos_policy_id": "",
            "region": "RegionOne",
            "security_group_ids": null,
            "tags": null,
            "tenant_id": "47db6af3f5ae4a958fd90100ebdef0cd",
            "timeouts": null,
            "value_specs": null
          },
          "sensitive_attributes": [],
          "private": "eyJlMmJmYjczMC1lY2FhLTExZTYtOGY4OC0zNDM2M2JjN2M0YzAiOnsiY3JlYXRlIjo2MDAwMDAwMDAwMDAsImRlbGV0ZSI6NjAwMDAwMDAwMDAwfX0=",
          "dependencies": [
            "data.openstack_networking_network_v2.r1r4",
            "data.openstack_networking_subnet_v2.subnet_r1r4"
          ]
        }
      ]
    },
    {
      "mode": "managed",
      "type": "openstack_networking_port_v2",
      "name": "eth2_r5",
      "provider": "provider[\"registry.terraform.io/terraform-provider-openstack/openstack\"]",
      "instances": [
        {
          "schema_version": 0,
          "attributes": {
            "admin_state_up": true,
            "all_fixed_ips": [
              "192.168.7.5"
            ],
            "all_security_group_ids": [
              "7535b8b1-78f7-43d2-b27b-bfc252e40a5c"
            ],
            "all_tags": [],
            "allowed_address_pairs": [],
            "binding": [
              {
                "host_id": "",
                "profile": "{}",
                "vif_details": {},
                "vif_type": "unbound",
                "vnic_type": "normal"
              }
            ],
            "description": "",
            "device_id": "",
            "device_owner": "",
            "dns_assignment": [],
            "dns_name": "",
            "extra_dhcp_option": [],
            "fixed_ip": [
              {
                "ip_address": "192.168.7.5",
                "subnet_id": "05315a2e-947b-4a66-8ae9-fb82629bfce0"
              }
            ],
            "id": "7c403eb0-8030-42ff-b82c-e4ed8ab8386f",
            "mac_address": "fa:16:3e:3f:da:cb",
            "name": "r5_eth2",
            "network_id": "018dff4b-ad02-4ec8-b531-a71a31c6ecfa",
            "no_fixed_ip": null,
            "no_security_groups": null,
            "port_security_enabled": true,
            "qos_policy_id": "",
            "region": "RegionOne",
            "security_group_ids": null,
            "tags": null,
            "tenant_id": "47db6af3f5ae4a958fd90100ebdef0cd",
            "timeouts": null,
            "value_specs": null
          },
          "sensitive_attributes": [],
          "private": "eyJlMmJmYjczMC1lY2FhLTExZTYtOGY4OC0zNDM2M2JjN2M0YzAiOnsiY3JlYXRlIjo2MDAwMDAwMDAwMDAsImRlbGV0ZSI6NjAwMDAwMDAwMDAwfX0=",
          "dependencies": [
            "data.openstack_networking_network_v2.r5r6",
            "data.openstack_networking_subnet_v2.subnet_r5r6"
          ]
        }
      ]
    },
    {
      "mode": "managed",
      "type": "openstack_networking_port_v2",
      "name": "eth2_r6",
      "provider": "provider[\"registry.terraform.io/terraform-provider-openstack/openstack\"]",
      "instances": [
        {
          "schema_version": 0,
          "attributes": {
            "admin_state_up": true,
            "all_fixed_ips": [
              "192.168.9.6"
            ],
            "all_security_group_ids": [
              "7535b8b1-78f7-43d2-b27b-bfc252e40a5c"
            ],
            "all_tags": [],
            "allowed_address_pairs": [],
            "binding": [
              {
                "host_id": "",
                "profile": "{}",
                "vif_details": {},
                "vif_type": "unbound",
                "vnic_type": "normal"
              }
            ],
            "description": "",
            "device_id": "",
            "device_owner": "",
            "dns_assignment": [],
            "dns_name": "",
            "extra_dhcp_option": [],
            "fixed_ip": [
              {
                "ip_address": "192.168.9.6",
                "subnet_id": "3eda892d-4e9b-443c-8977-9fc60bd0a8c1"
              }
            ],
            "id": "79b6604a-1b72-40e5-ab73-5954738c6adf",
            "mac_address": "fa:16:3e:33:eb:fd",
            "name": "r6_eth2",
            "network_id": "a63780a3-a992-4b86-97b3-d988ec4b5bfe",
            "no_fixed_ip": null,
            "no_security_groups": null,
            "port_security_enabled": true,
            "qos_policy_id": "",
            "region": "RegionOne",
            "security_group_ids": null,
            "tags": null,
            "tenant_id": "47db6af3f5ae4a958fd90100ebdef0cd",
            "timeouts": null,
            "value_specs": null
          },
          "sensitive_attributes": [],
          "private": "eyJlMmJmYjczMC1lY2FhLTExZTYtOGY4OC0zNDM2M2JjN2M0YzAiOnsiY3JlYXRlIjo2MDAwMDAwMDAwMDAsImRlbGV0ZSI6NjAwMDAwMDAwMDAwfX0=",
          "dependencies": [
            "data.openstack_networking_network_v2.r6r7",
            "data.openstack_networking_subnet_v2.subnet_r6r7"
          ]
        }
      ]
    },
    {
      "mode": "managed",
      "type": "openstack_networking_port_v2",
      "name": "eth2_r7",
      "provider": "provider[\"registry.terraform.io/terraform-provider-openstack/openstack\"]",
      "instances": [
        {
          "schema_version": 0,
          "attributes": {
            "admin_state_up": true,
            "all_fixed_ips": [
              "192.168.9.7"
            ],
            "all_security_group_ids": [
              "7535b8b1-78f7-43d2-b27b-bfc252e40a5c"
            ],
            "all_tags": [],
            "allowed_address_pairs": [],
            "binding": [
              {
                "host_id": "",
                "profile": "{}",
                "vif_details": {},
                "vif_type": "unbound",
                "vnic_type": "normal"
              }
            ],
            "description": "",
            "device_id": "",
            "device_owner": "",
            "dns_assignment": [],
            "dns_name": "",
            "extra_dhcp_option": [],
            "fixed_ip": [
              {
                "ip_address": "192.168.9.7",
                "subnet_id": "3eda892d-4e9b-443c-8977-9fc60bd0a8c1"
              }
            ],
            "id": "84dede7f-69d5-415c-982c-06d954d56a35",
            "mac_address": "fa:16:3e:a8:1a:b7",
            "name": "r7_eth2",
            "network_id": "a63780a3-a992-4b86-97b3-d988ec4b5bfe",
            "no_fixed_ip": null,
            "no_security_groups": null,
            "port_security_enabled": true,
            "qos_policy_id": "",
            "region": "RegionOne",
            "security_group_ids": null,
            "tags": null,
            "tenant_id": "47db6af3f5ae4a958fd90100ebdef0cd",
            "timeouts": null,
            "value_specs": null
          },
          "sensitive_attributes": [],
          "private": "eyJlMmJmYjczMC1lY2FhLTExZTYtOGY4OC0zNDM2M2JjN2M0YzAiOnsiY3JlYXRlIjo2MDAwMDAwMDAwMDAsImRlbGV0ZSI6NjAwMDAwMDAwMDAwfX0=",
          "dependencies": [
            "data.openstack_networking_network_v2.r6r7",
            "data.openstack_networking_subnet_v2.subnet_r6r7"
          ]
        }
      ]
    },
    {
      "mode": "managed",
      "type": "openstack_networking_port_v2",
      "name": "eth3_r1",
      "provider": "provider[\"registry.terraform.io/terraform-provider-openstack/openstack\"]",
      "instances": [
        {
          "schema_version": 0,
          "attributes": {
            "admin_state_up": true,
            "all_fixed_ips": [
              "192.168.4.10"
            ],
            "all_security_group_ids": [
              "7535b8b1-78f7-43d2-b27b-bfc252e40a5c"
            ],
            "all_tags": [],
            "allowed_address_pairs": [],
            "binding": [
              {
                "host_id": "",
                "profile": "{}",
                "vif_details": {},
                "vif_type": "unbound",
                "vnic_type": "normal"
              }
            ],
            "description": "",
            "device_id": "",
            "device_owner": "",
            "dns_assignment": [],
            "dns_name": "",
            "extra_dhcp_option": [],
            "fixed_ip": [
              {
                "ip_address": "192.168.4.10",
                "subnet_id": "bca7abdf-4e00-4d47-a6f2-5cf69fae6082"
              }
            ],
            "id": "564bf34d-83d2-4469-90fa-586c3d1511e1",
            "mac_address": "fa:16:3e:66:a5:65",
            "name": "r1_eth3",
            "network_id": "f99ab493-edcc-4ed6-9ea1-65098dafa1d6",
            "no_fixed_ip": null,
            "no_security_groups": null,
            "port_security_enabled": true,
            "qos_policy_id": "",
            "region": "RegionOne",
            "security_group_ids": null,
            "tags": null,
            "tenant_id": "47db6af3f5ae4a958fd90100ebdef0cd",
            "timeouts": null,
            "value_specs": null
          },
          "sensitive_attributes": [],
          "private": "eyJlMmJmYjczMC1lY2FhLTExZTYtOGY4OC0zNDM2M2JjN2M0YzAiOnsiY3JlYXRlIjo2MDAwMDAwMDAwMDAsImRlbGV0ZSI6NjAwMDAwMDAwMDAwfX0=",
          "dependencies": [
            "data.openstack_networking_network_v2.r1r2",
            "data.openstack_networking_subnet_v2.subnet_r1r2"
          ]
        }
      ]
    },
    {
      "mode": "managed",
      "type": "openstack_networking_port_v2",
      "name": "eth3_r11",
      "provider": "provider[\"registry.terraform.io/terraform-provider-openstack/openstack\"]",
      "instances": [
        {
          "schema_version": 0,
          "attributes": {
            "admin_state_up": true,
            "all_fixed_ips": [
              "192.168.2.11"
            ],
            "all_security_group_ids": [
              "7535b8b1-78f7-43d2-b27b-bfc252e40a5c"
            ],
            "all_tags": [],
            "allowed_address_pairs": [],
            "binding": [
              {
                "host_id": "",
                "profile": "{}",
                "vif_details": {},
                "vif_type": "unbound",
                "vnic_type": "normal"
              }
            ],
            "description": "",
            "device_id": "",
            "device_owner": "",
            "dns_assignment": [],
            "dns_name": "",
            "extra_dhcp_option": [],
            "fixed_ip": [
              {
                "ip_address": "192.168.2.11",
                "subnet_id": "a44fb8b0-6c35-4b51-883b-5ba4c39ec2b2"
              }
            ],
            "id": "321e0245-414b-402b-9557-ba94a4c7d31d",
            "mac_address": "fa:16:3e:6b:3f:78",
            "name": "r11_eth3",
            "network_id": "5e1c3a0c-9825-4b11-abea-c5f1b5773bee",
            "no_fixed_ip": null,
            "no_security_groups": null,
            "port_security_enabled": true,
            "qos_policy_id": "",
            "region": "RegionOne",
            "security_group_ids": null,
            "tags": null,
            "tenant_id": "47db6af3f5ae4a958fd90100ebdef0cd",
            "timeouts": null,
            "value_specs": null
          },
          "sensitive_attributes": [],
          "private": "eyJlMmJmYjczMC1lY2FhLTExZTYtOGY4OC0zNDM2M2JjN2M0YzAiOnsiY3JlYXRlIjo2MDAwMDAwMDAwMDAsImRlbGV0ZSI6NjAwMDAwMDAwMDAwfX0=",
          "dependencies": [
            "data.openstack_networking_network_v2.r11r4",
            "data.openstack_networking_subnet_v2.subnet_r11r4"
          ]
        }
      ]
    },
    {
      "mode": "managed",
      "type": "openstack_networking_port_v2",
      "name": "eth3_r13",
      "provider": "provider[\"registry.terraform.io/terraform-provider-openstack/openstack\"]",
      "instances": [
        {
          "schema_version": 0,
          "attributes": {
            "admin_state_up": true,
            "all_fixed_ips": [
              "192.168.11.13"
            ],
            "all_security_group_ids": [
              "7535b8b1-78f7-43d2-b27b-bfc252e40a5c"
            ],
            "all_tags": [],
            "allowed_address_pairs": [],
            "binding": [
              {
                "host_id": "",
                "profile": "{}",
                "vif_details": {},
                "vif_type": "unbound",
                "vnic_type": "normal"
              }
            ],
            "description": "",
            "device_id": "",
            "device_owner": "",
            "dns_assignment": [],
            "dns_name": "",
            "extra_dhcp_option": [],
            "fixed_ip": [
              {
                "ip_address": "192.168.11.13",
                "subnet_id": "3a406604-28b3-41b0-8007-d71c4dd413b3"
              }
            ],
            "id": "8140e5f1-1c74-4e0a-a4ef-10f0898bd6e7",
            "mac_address": "fa:16:3e:6e:18:36",
            "name": "r13_eth3",
            "network_id": "e2172a2b-d6e8-488c-b932-babfbbb09d1b",
            "no_fixed_ip": null,
            "no_security_groups": null,
            "port_security_enabled": true,
            "qos_policy_id": "",
            "region": "RegionOne",
            "security_group_ids": null,
            "tags": null,
            "tenant_id": "47db6af3f5ae4a958fd90100ebdef0cd",
            "timeouts": null,
            "value_specs": null
          },
          "sensitive_attributes": [],
          "private": "eyJlMmJmYjczMC1lY2FhLTExZTYtOGY4OC0zNDM2M2JjN2M0YzAiOnsiY3JlYXRlIjo2MDAwMDAwMDAwMDAsImRlbGV0ZSI6NjAwMDAwMDAwMDAwfX0=",
          "dependencies": [
            "data.openstack_networking_network_v2.r7r13",
            "data.openstack_networking_subnet_v2.subnet_r7r13"
          ]
        }
      ]
    },
    {
      "mode": "managed",
      "type": "openstack_networking_port_v2",
      "name": "eth3_r2",
      "provider": "provider[\"registry.terraform.io/terraform-provider-openstack/openstack\"]",
      "instances": [
        {
          "schema_version": 0,
          "attributes": {
            "admin_state_up": true,
            "all_fixed_ips": [
              "192.168.4.20"
            ],
            "all_security_group_ids": [
              "7535b8b1-78f7-43d2-b27b-bfc252e40a5c"
            ],
            "all_tags": [],
            "allowed_address_pairs": [],
            "binding": [
              {
                "host_id": "",
                "profile": "{}",
                "vif_details": {},
                "vif_type": "unbound",
                "vnic_type": "normal"
              }
            ],
            "description": "",
            "device_id": "",
            "device_owner": "",
            "dns_assignment": [],
            "dns_name": "",
            "extra_dhcp_option": [],
            "fixed_ip": [
              {
                "ip_address": "192.168.4.20",
                "subnet_id": "bca7abdf-4e00-4d47-a6f2-5cf69fae6082"
              }
            ],
            "id": "51bd9112-dc9b-4c5f-85f2-abc2717c93e5",
            "mac_address": "fa:16:3e:92:c5:08",
            "name": "r2_eth3",
            "network_id": "f99ab493-edcc-4ed6-9ea1-65098dafa1d6",
            "no_fixed_ip": null,
            "no_security_groups": null,
            "port_security_enabled": true,
            "qos_policy_id": "",
            "region": "RegionOne",
            "security_group_ids": null,
            "tags": null,
            "tenant_id": "47db6af3f5ae4a958fd90100ebdef0cd",
            "timeouts": null,
            "value_specs": null
          },
          "sensitive_attributes": [],
          "private": "eyJlMmJmYjczMC1lY2FhLTExZTYtOGY4OC0zNDM2M2JjN2M0YzAiOnsiY3JlYXRlIjo2MDAwMDAwMDAwMDAsImRlbGV0ZSI6NjAwMDAwMDAwMDAwfX0=",
          "dependencies": [
            "data.openstack_networking_network_v2.r1r2",
            "data.openstack_networking_subnet_v2.subnet_r1r2"
          ]
        }
      ]
    },
    {
      "mode": "managed",
      "type": "openstack_networking_port_v2",
      "name": "eth3_r3",
      "provider": "provider[\"registry.terraform.io/terraform-provider-openstack/openstack\"]",
      "instances": [
        {
          "schema_version": 0,
          "attributes": {
            "admin_state_up": true,
            "all_fixed_ips": [
              "192.168.10.3"
            ],
            "all_security_group_ids": [
              "7535b8b1-78f7-43d2-b27b-bfc252e40a5c"
            ],
            "all_tags": [],
            "allowed_address_pairs": [],
            "binding": [
              {
                "host_id": "",
                "profile": "{}",
                "vif_details": {},
                "vif_type": "unbound",
                "vnic_type": "normal"
              }
            ],
            "description": "",
            "device_id": "",
            "device_owner": "",
            "dns_assignment": [],
            "dns_name": "",
            "extra_dhcp_option": [],
            "fixed_ip": [
              {
                "ip_address": "192.168.10.3",
                "subnet_id": "bfd746d1-765f-4f4c-9703-3e2c658d1603"
              }
            ],
            "id": "4b96f351-339b-40ad-af66-90a96d01ec33",
            "mac_address": "fa:16:3e:d5:c6:be",
            "name": "r3_eth3",
            "network_id": "12b4b9f0-55e9-4dee-967f-25964f6f78a9",
            "no_fixed_ip": null,
            "no_security_groups": null,
            "port_security_enabled": true,
            "qos_policy_id": "",
            "region": "RegionOne",
            "security_group_ids": null,
            "tags": null,
            "tenant_id": "47db6af3f5ae4a958fd90100ebdef0cd",
            "timeouts": null,
            "value_specs": null
          },
          "sensitive_attributes": [],
          "private": "eyJlMmJmYjczMC1lY2FhLTExZTYtOGY4OC0zNDM2M2JjN2M0YzAiOnsiY3JlYXRlIjo2MDAwMDAwMDAwMDAsImRlbGV0ZSI6NjAwMDAwMDAwMDAwfX0=",
          "dependencies": [
            "data.openstack_networking_network_v2.r3r7",
            "data.openstack_networking_subnet_v2.subnet_r3r7"
          ]
        }
      ]
    },
    {
      "mode": "managed",
      "type": "openstack_networking_port_v2",
      "name": "eth3_r4",
      "provider": "provider[\"registry.terraform.io/terraform-provider-openstack/openstack\"]",
      "instances": [
        {
          "schema_version": 0,
          "attributes": {
            "admin_state_up": true,
            "all_fixed_ips": [
              "192.168.2.4"
            ],
            "all_security_group_ids": [
              "7535b8b1-78f7-43d2-b27b-bfc252e40a5c"
            ],
            "all_tags": [],
            "allowed_address_pairs": [],
            "binding": [
              {
                "host_id": "",
                "profile": "{}",
                "vif_details": {},
                "vif_type": "unbound",
                "vnic_type": "normal"
              }
            ],
            "description": "",
            "device_id": "",
            "device_owner": "",
            "dns_assignment": [],
            "dns_name": "",
            "extra_dhcp_option": [],
            "fixed_ip": [
              {
                "ip_address": "192.168.2.4",
                "subnet_id": "a44fb8b0-6c35-4b51-883b-5ba4c39ec2b2"
              }
            ],
            "id": "d58d387c-0d9a-49ca-812b-bac3e68c245a",
            "mac_address": "fa:16:3e:e1:e2:6c",
            "name": "r4_eth3",
            "network_id": "5e1c3a0c-9825-4b11-abea-c5f1b5773bee",
            "no_fixed_ip": null,
            "no_security_groups": null,
            "port_security_enabled": true,
            "qos_policy_id": "",
            "region": "RegionOne",
            "security_group_ids": null,
            "tags": null,
            "tenant_id": "47db6af3f5ae4a958fd90100ebdef0cd",
            "timeouts": null,
            "value_specs": null
          },
          "sensitive_attributes": [],
          "private": "eyJlMmJmYjczMC1lY2FhLTExZTYtOGY4OC0zNDM2M2JjN2M0YzAiOnsiY3JlYXRlIjo2MDAwMDAwMDAwMDAsImRlbGV0ZSI6NjAwMDAwMDAwMDAwfX0=",
          "dependencies": [
            "data.openstack_networking_network_v2.r11r4",
            "data.openstack_networking_subnet_v2.subnet_r11r4"
          ]
        }
      ]
    },
    {
      "mode": "managed",
      "type": "openstack_networking_port_v2",
      "name": "eth3_r5",
      "provider": "provider[\"registry.terraform.io/terraform-provider-openstack/openstack\"]",
      "instances": [
        {
          "schema_version": 0,
          "attributes": {
            "admin_state_up": true,
            "all_fixed_ips": [
              "192.168.6.5"
            ],
            "all_security_group_ids": [
              "7535b8b1-78f7-43d2-b27b-bfc252e40a5c"
            ],
            "all_tags": [],
            "allowed_address_pairs": [],
            "binding": [
              {
                "host_id": "",
                "profile": "{}",
                "vif_details": {},
                "vif_type": "unbound",
                "vnic_type": "normal"
              }
            ],
            "description": "",
            "device_id": "",
            "device_owner": "",
            "dns_assignment": [],
            "dns_name": "",
            "extra_dhcp_option": [],
            "fixed_ip": [
              {
                "ip_address": "192.168.6.5",
                "subnet_id": "afa7dd99-85e9-410a-9858-d1d7058b0393"
              }
            ],
            "id": "7d21fb6e-7f68-47e2-902e-3339d9ef34de",
            "mac_address": "fa:16:3e:fb:3e:14",
            "name": "r5_eth3",
            "network_id": "18937e35-91f4-434a-a65b-f15b9757cd6c",
            "no_fixed_ip": null,
            "no_security_groups": null,
            "port_security_enabled": true,
            "qos_policy_id": "",
            "region": "RegionOne",
            "security_group_ids": null,
            "tags": null,
            "tenant_id": "47db6af3f5ae4a958fd90100ebdef0cd",
            "timeouts": null,
            "value_specs": null
          },
          "sensitive_attributes": [],
          "private": "eyJlMmJmYjczMC1lY2FhLTExZTYtOGY4OC0zNDM2M2JjN2M0YzAiOnsiY3JlYXRlIjo2MDAwMDAwMDAwMDAsImRlbGV0ZSI6NjAwMDAwMDAwMDAwfX0=",
          "dependencies": [
            "data.openstack_networking_network_v2.r2r5",
            "data.openstack_networking_subnet_v2.subnet_r2r5"
          ]
        }
      ]
    },
    {
      "mode": "managed",
      "type": "openstack_networking_port_v2",
      "name": "eth3_r6",
      "provider": "provider[\"registry.terraform.io/terraform-provider-openstack/openstack\"]",
      "instances": [
        {
          "schema_version": 0,
          "attributes": {
            "admin_state_up": true,
            "all_fixed_ips": [
              "192.168.7.6"
            ],
            "all_security_group_ids": [
              "7535b8b1-78f7-43d2-b27b-bfc252e40a5c"
            ],
            "all_tags": [],
            "allowed_address_pairs": [],
            "binding": [
              {
                "host_id": "",
                "profile": "{}",
                "vif_details": {},
                "vif_type": "unbound",
                "vnic_type": "normal"
              }
            ],
            "description": "",
            "device_id": "",
            "device_owner": "",
            "dns_assignment": [],
            "dns_name": "",
            "extra_dhcp_option": [],
            "fixed_ip": [
              {
                "ip_address": "192.168.7.6",
                "subnet_id": "05315a2e-947b-4a66-8ae9-fb82629bfce0"
              }
            ],
            "id": "1b368072-a13a-4f4a-8d7b-37c1f8820286",
            "mac_address": "fa:16:3e:7f:8d:eb",
            "name": "r6_eth3",
            "network_id": "018dff4b-ad02-4ec8-b531-a71a31c6ecfa",
            "no_fixed_ip": null,
            "no_security_groups": null,
            "port_security_enabled": true,
            "qos_policy_id": "",
            "region": "RegionOne",
            "security_group_ids": null,
            "tags": null,
            "tenant_id": "47db6af3f5ae4a958fd90100ebdef0cd",
            "timeouts": null,
            "value_specs": null
          },
          "sensitive_attributes": [],
          "private": "eyJlMmJmYjczMC1lY2FhLTExZTYtOGY4OC0zNDM2M2JjN2M0YzAiOnsiY3JlYXRlIjo2MDAwMDAwMDAwMDAsImRlbGV0ZSI6NjAwMDAwMDAwMDAwfX0=",
          "dependencies": [
            "data.openstack_networking_network_v2.r5r6",
            "data.openstack_networking_subnet_v2.subnet_r5r6"
          ]
        }
      ]
    },
    {
      "mode": "managed",
      "type": "openstack_networking_port_v2",
      "name": "eth3_r7",
      "provider": "provider[\"registry.terraform.io/terraform-provider-openstack/openstack\"]",
      "instances": [
        {
          "schema_version": 0,
          "attributes": {
            "admin_state_up": true,
            "all_fixed_ips": [
              "192.168.11.7"
            ],
            "all_security_group_ids": [
              "7535b8b1-78f7-43d2-b27b-bfc252e40a5c"
            ],
            "all_tags": [],
            "allowed_address_pairs": [],
            "binding": [
              {
                "host_id": "",
                "profile": "{}",
                "vif_details": {},
                "vif_type": "unbound",
                "vnic_type": "normal"
              }
            ],
            "description": "",
            "device_id": "",
            "device_owner": "",
            "dns_assignment": [],
            "dns_name": "",
            "extra_dhcp_option": [],
            "fixed_ip": [
              {
                "ip_address": "192.168.11.7",
                "subnet_id": "3a406604-28b3-41b0-8007-d71c4dd413b3"
              }
            ],
            "id": "0358a854-6f80-4b47-af16-a319c588854f",
            "mac_address": "fa:16:3e:39:d6:0f",
            "name": "r7_eth3",
            "network_id": "e2172a2b-d6e8-488c-b932-babfbbb09d1b",
            "no_fixed_ip": null,
            "no_security_groups": null,
            "port_security_enabled": true,
            "qos_policy_id": "",
            "region": "RegionOne",
            "security_group_ids": null,
            "tags": null,
            "tenant_id": "47db6af3f5ae4a958fd90100ebdef0cd",
            "timeouts": null,
            "value_specs": null
          },
          "sensitive_attributes": [],
          "private": "eyJlMmJmYjczMC1lY2FhLTExZTYtOGY4OC0zNDM2M2JjN2M0YzAiOnsiY3JlYXRlIjo2MDAwMDAwMDAwMDAsImRlbGV0ZSI6NjAwMDAwMDAwMDAwfX0=",
          "dependencies": [
            "data.openstack_networking_network_v2.r7r13",
            "data.openstack_networking_subnet_v2.subnet_r7r13"
          ]
        }
      ]
    },
    {
      "mode": "managed",
      "type": "openstack_networking_port_v2",
      "name": "eth4_r1",
      "provider": "provider[\"registry.terraform.io/terraform-provider-openstack/openstack\"]",
      "instances": [
        {
          "schema_version": 0,
          "attributes": {
            "admin_state_up": true,
            "all_fixed_ips": [
              "192.168.1.10"
            ],
            "all_security_group_ids": [
              "7535b8b1-78f7-43d2-b27b-bfc252e40a5c"
            ],
            "all_tags": [],
            "allowed_address_pairs": [],
            "binding": [
              {
                "host_id": "",
                "profile": "{}",
                "vif_details": {},
                "vif_type": "unbound",
                "vnic_type": "normal"
              }
            ],
            "description": "",
            "device_id": "",
            "device_owner": "",
            "dns_assignment": [],
            "dns_name": "",
            "extra_dhcp_option": [],
            "fixed_ip": [
              {
                "ip_address": "192.168.1.10",
                "subnet_id": "8dc94851-3847-4c09-831f-f55df97eb602"
              }
            ],
            "id": "e4566fc5-d44a-4de2-bcc7-b5b7e2afd086",
            "mac_address": "fa:16:3e:d2:02:82",
            "name": "r1_eth4",
            "network_id": "e2dee63f-1aac-4c2d-b977-46b610ec5b8f",
            "no_fixed_ip": null,
            "no_security_groups": null,
            "port_security_enabled": true,
            "qos_policy_id": "",
            "region": "RegionOne",
            "security_group_ids": null,
            "tags": null,
            "tenant_id": "47db6af3f5ae4a958fd90100ebdef0cd",
            "timeouts": null,
            "value_specs": null
          },
          "sensitive_attributes": [],
          "private": "eyJlMmJmYjczMC1lY2FhLTExZTYtOGY4OC0zNDM2M2JjN2M0YzAiOnsiY3JlYXRlIjo2MDAwMDAwMDAwMDAsImRlbGV0ZSI6NjAwMDAwMDAwMDAwfX0=",
          "dependencies": [
            "data.openstack_networking_network_v2.r1r11",
            "data.openstack_networking_subnet_v2.subnet_r1r11"
          ]
        }
      ]
    },
    {
      "mode": "managed",
      "type": "openstack_networking_port_v2",
      "name": "eth4_r12",
      "provider": "provider[\"registry.terraform.io/terraform-provider-openstack/openstack\"]",
      "instances": [
        {
          "schema_version": 0,
          "attributes": {
            "admin_state_up": true,
            "all_fixed_ips": [
              "192.168.14.12"
            ],
            "all_security_group_ids": [
              "7535b8b1-78f7-43d2-b27b-bfc252e40a5c"
            ],
            "all_tags": [],
            "allowed_address_pairs": [],
            "binding": [
              {
                "host_id": "",
                "profile": "{}",
                "vif_details": {},
                "vif_type": "unbound",
                "vnic_type": "normal"
              }
            ],
            "description": "",
            "device_id": "",
            "device_owner": "",
            "dns_assignment": [],
            "dns_name": "",
            "extra_dhcp_option": [],
            "fixed_ip": [
              {
                "ip_address": "192.168.14.12",
                "subnet_id": "a5c75775-5a90-418e-b831-d4ebe58ec6de"
              }
            ],
            "id": "be7b042f-e1f0-4f9e-8a44-31b920d110ad",
            "mac_address": "fa:16:3e:2d:fb:f4",
            "name": "r12_eth4",
            "network_id": "5b7e50b7-9699-4a9b-83d8-e7ba20486844",
            "no_fixed_ip": null,
            "no_security_groups": null,
            "port_security_enabled": true,
            "qos_policy_id": "",
            "region": "RegionOne",
            "security_group_ids": null,
            "tags": null,
            "tenant_id": "47db6af3f5ae4a958fd90100ebdef0cd",
            "timeouts": null,
            "value_specs": null
          },
          "sensitive_attributes": [],
          "private": "eyJlMmJmYjczMC1lY2FhLTExZTYtOGY4OC0zNDM2M2JjN2M0YzAiOnsiY3JlYXRlIjo2MDAwMDAwMDAwMDAsImRlbGV0ZSI6NjAwMDAwMDAwMDAwfX0=",
          "dependencies": [
            "data.openstack_networking_network_v2.r3r12",
            "data.openstack_networking_subnet_v2.subnet_r3r12"
          ]
        }
      ]
    },
    {
      "mode": "managed",
      "type": "openstack_networking_port_v2",
      "name": "eth4_r2",
      "provider": "provider[\"registry.terraform.io/terraform-provider-openstack/openstack\"]",
      "instances": [
        {
          "schema_version": 0,
          "attributes": {
            "admin_state_up": true,
            "all_fixed_ips": [
              "192.168.8.20"
            ],
            "all_security_group_ids": [
              "7535b8b1-78f7-43d2-b27b-bfc252e40a5c"
            ],
            "all_tags": [],
            "allowed_address_pairs": [],
            "binding": [
              {
                "host_id": "",
                "profile": "{}",
                "vif_details": {},
                "vif_type": "unbound",
                "vnic_type": "normal"
              }
            ],
            "description": "",
            "device_id": "",
            "device_owner": "",
            "dns_assignment": [],
            "dns_name": "",
            "extra_dhcp_option": [],
            "fixed_ip": [
              {
                "ip_address": "192.168.8.20",
                "subnet_id": "d32feabb-75e8-4fc4-8ed1-85d0689beec1"
              }
            ],
            "id": "5cc9c097-9684-4c3d-9b6e-d6c41d61e781",
            "mac_address": "fa:16:3e:68:60:11",
            "name": "r2_eth4",
            "network_id": "0f656566-5bb7-4501-a8dc-9302ef4f68ed",
            "no_fixed_ip": null,
            "no_security_groups": null,
            "port_security_enabled": true,
            "qos_policy_id": "",
            "region": "RegionOne",
            "security_group_ids": null,
            "tags": null,
            "tenant_id": "47db6af3f5ae4a958fd90100ebdef0cd",
            "timeouts": null,
            "value_specs": null
          },
          "sensitive_attributes": [],
          "private": "eyJlMmJmYjczMC1lY2FhLTExZTYtOGY4OC0zNDM2M2JjN2M0YzAiOnsiY3JlYXRlIjo2MDAwMDAwMDAwMDAsImRlbGV0ZSI6NjAwMDAwMDAwMDAwfX0=",
          "dependencies": [
            "data.openstack_networking_network_v2.r2r3",
            "data.openstack_networking_subnet_v2.subnet_r2r3"
          ]
        }
      ]
    },
    {
      "mode": "managed",
      "type": "openstack_networking_port_v2",
      "name": "eth4_r3",
      "provider": "provider[\"registry.terraform.io/terraform-provider-openstack/openstack\"]",
      "instances": [
        {
          "schema_version": 0,
          "attributes": {
            "admin_state_up": true,
            "all_fixed_ips": [
              "192.168.8.3"
            ],
            "all_security_group_ids": [
              "7535b8b1-78f7-43d2-b27b-bfc252e40a5c"
            ],
            "all_tags": [],
            "allowed_address_pairs": [],
            "binding": [
              {
                "host_id": "",
                "profile": "{}",
                "vif_details": {},
                "vif_type": "unbound",
                "vnic_type": "normal"
              }
            ],
            "description": "",
            "device_id": "",
            "device_owner": "",
            "dns_assignment": [],
            "dns_name": "",
            "extra_dhcp_option": [],
            "fixed_ip": [
              {
                "ip_address": "192.168.8.3",
                "subnet_id": "d32feabb-75e8-4fc4-8ed1-85d0689beec1"
              }
            ],
            "id": "3e9a2533-4afc-4a4d-b89f-527da3857a94",
            "mac_address": "fa:16:3e:d5:57:0e",
            "name": "r3_eth4",
            "network_id": "0f656566-5bb7-4501-a8dc-9302ef4f68ed",
            "no_fixed_ip": null,
            "no_security_groups": null,
            "port_security_enabled": true,
            "qos_policy_id": "",
            "region": "RegionOne",
            "security_group_ids": null,
            "tags": null,
            "tenant_id": "47db6af3f5ae4a958fd90100ebdef0cd",
            "timeouts": null,
            "value_specs": null
          },
          "sensitive_attributes": [],
          "private": "eyJlMmJmYjczMC1lY2FhLTExZTYtOGY4OC0zNDM2M2JjN2M0YzAiOnsiY3JlYXRlIjo2MDAwMDAwMDAwMDAsImRlbGV0ZSI6NjAwMDAwMDAwMDAwfX0=",
          "dependencies": [
            "data.openstack_networking_network_v2.r2r3",
            "data.openstack_networking_subnet_v2.subnet_r2r3"
          ]
        }
      ]
    },
    {
      "mode": "managed",
      "type": "openstack_networking_port_v2",
      "name": "eth4_r4",
      "provider": "provider[\"registry.terraform.io/terraform-provider-openstack/openstack\"]",
      "instances": [
        {
          "schema_version": 0,
          "attributes": {
            "admin_state_up": true,
            "all_fixed_ips": [
              "192.168.5.4"
            ],
            "all_security_group_ids": [
              "7535b8b1-78f7-43d2-b27b-bfc252e40a5c"
            ],
            "all_tags": [],
            "allowed_address_pairs": [],
            "binding": [
              {
                "host_id": "",
                "profile": "{}",
                "vif_details": {},
                "vif_type": "unbound",
                "vnic_type": "normal"
              }
            ],
            "description": "",
            "device_id": "",
            "device_owner": "",
            "dns_assignment": [],
            "dns_name": "",
            "extra_dhcp_option": [],
            "fixed_ip": [
              {
                "ip_address": "192.168.5.4",
                "subnet_id": "47ed346a-aba4-46e5-b900-d312a86a3cb5"
              }
            ],
            "id": "4f3005e1-5899-4b38-86e0-cc300fe24f8b",
            "mac_address": "fa:16:3e:5e:07:96",
            "name": "r4_eth4",
            "network_id": "20b8b1ef-8cfe-4099-a60e-2e1306f2fd93",
            "no_fixed_ip": null,
            "no_security_groups": null,
            "port_security_enabled": true,
            "qos_policy_id": "",
            "region": "RegionOne",
            "security_group_ids": null,
            "tags": null,
            "tenant_id": "47db6af3f5ae4a958fd90100ebdef0cd",
            "timeouts": null,
            "value_specs": null
          },
          "sensitive_attributes": [],
          "private": "eyJlMmJmYjczMC1lY2FhLTExZTYtOGY4OC0zNDM2M2JjN2M0YzAiOnsiY3JlYXRlIjo2MDAwMDAwMDAwMDAsImRlbGV0ZSI6NjAwMDAwMDAwMDAwfX0=",
          "dependencies": [
            "data.openstack_networking_network_v2.r4r6",
            "data.openstack_networking_subnet_v2.subnet_r4r6"
          ]
        }
      ]
    },
    {
      "mode": "managed",
      "type": "openstack_networking_port_v2",
      "name": "eth4_r6",
      "provider": "provider[\"registry.terraform.io/terraform-provider-openstack/openstack\"]",
      "instances": [
        {
          "schema_version": 0,
          "attributes": {
            "admin_state_up": true,
            "all_fixed_ips": [
              "192.168.5.6"
            ],
            "all_security_group_ids": [
              "7535b8b1-78f7-43d2-b27b-bfc252e40a5c"
            ],
            "all_tags": [],
            "allowed_address_pairs": [],
            "binding": [
              {
                "host_id": "",
                "profile": "{}",
                "vif_details": {},
                "vif_type": "unbound",
                "vnic_type": "normal"
              }
            ],
            "description": "",
            "device_id": "",
            "device_owner": "",
            "dns_assignment": [],
            "dns_name": "",
            "extra_dhcp_option": [],
            "fixed_ip": [
              {
                "ip_address": "192.168.5.6",
                "subnet_id": "47ed346a-aba4-46e5-b900-d312a86a3cb5"
              }
            ],
            "id": "50fa4488-f8b4-4bfe-bbd3-57c3c6a74b04",
            "mac_address": "fa:16:3e:4f:4b:b1",
            "name": "r6_eth4",
            "network_id": "20b8b1ef-8cfe-4099-a60e-2e1306f2fd93",
            "no_fixed_ip": null,
            "no_security_groups": null,
            "port_security_enabled": true,
            "qos_policy_id": "",
            "region": "RegionOne",
            "security_group_ids": null,
            "tags": null,
            "tenant_id": "47db6af3f5ae4a958fd90100ebdef0cd",
            "timeouts": null,
            "value_specs": null
          },
          "sensitive_attributes": [],
          "private": "eyJlMmJmYjczMC1lY2FhLTExZTYtOGY4OC0zNDM2M2JjN2M0YzAiOnsiY3JlYXRlIjo2MDAwMDAwMDAwMDAsImRlbGV0ZSI6NjAwMDAwMDAwMDAwfX0=",
          "dependencies": [
            "data.openstack_networking_network_v2.r4r6",
            "data.openstack_networking_subnet_v2.subnet_r4r6"
          ]
        }
      ]
    },
    {
      "mode": "managed",
      "type": "openstack_networking_port_v2",
      "name": "eth4_r7",
      "provider": "provider[\"registry.terraform.io/terraform-provider-openstack/openstack\"]",
      "instances": [
        {
          "schema_version": 0,
          "attributes": {
            "admin_state_up": true,
            "all_fixed_ips": [
              "192.168.10.7"
            ],
            "all_security_group_ids": [
              "7535b8b1-78f7-43d2-b27b-bfc252e40a5c"
            ],
            "all_tags": [],
            "allowed_address_pairs": [],
            "binding": [
              {
                "host_id": "",
                "profile": "{}",
                "vif_details": {},
                "vif_type": "unbound",
                "vnic_type": "normal"
              }
            ],
            "description": "",
            "device_id": "",
            "device_owner": "",
            "dns_assignment": [],
            "dns_name": "",
            "extra_dhcp_option": [],
            "fixed_ip": [
              {
                "ip_address": "192.168.10.7",
                "subnet_id": "bfd746d1-765f-4f4c-9703-3e2c658d1603"
              }
            ],
            "id": "58f9ee5d-bcc3-452e-801d-484752809ca7",
            "mac_address": "fa:16:3e:45:a8:f1",
            "name": "r7_eth4",
            "network_id": "12b4b9f0-55e9-4dee-967f-25964f6f78a9",
            "no_fixed_ip": null,
            "no_security_groups": null,
            "port_security_enabled": true,
            "qos_policy_id": "",
            "region": "RegionOne",
            "security_group_ids": null,
            "tags": null,
            "tenant_id": "47db6af3f5ae4a958fd90100ebdef0cd",
            "timeouts": null,
            "value_specs": null
          },
          "sensitive_attributes": [],
          "private": "eyJlMmJmYjczMC1lY2FhLTExZTYtOGY4OC0zNDM2M2JjN2M0YzAiOnsiY3JlYXRlIjo2MDAwMDAwMDAwMDAsImRlbGV0ZSI6NjAwMDAwMDAwMDAwfX0=",
          "dependencies": [
            "data.openstack_networking_network_v2.r3r7",
            "data.openstack_networking_subnet_v2.subnet_r3r7"
          ]
        }
      ]
    },
    {
      "mode": "managed",
      "type": "openstack_networking_port_v2",
      "name": "eth5_r2",
      "provider": "provider[\"registry.terraform.io/terraform-provider-openstack/openstack\"]",
      "instances": [
        {
          "schema_version": 0,
          "attributes": {
            "admin_state_up": true,
            "all_fixed_ips": [
              "192.168.6.20"
            ],
            "all_security_group_ids": [
              "7535b8b1-78f7-43d2-b27b-bfc252e40a5c"
            ],
            "all_tags": [],
            "allowed_address_pairs": [],
            "binding": [
              {
                "host_id": "",
                "profile": "{}",
                "vif_details": {},
                "vif_type": "unbound",
                "vnic_type": "normal"
              }
            ],
            "description": "",
            "device_id": "",
            "device_owner": "",
            "dns_assignment": [],
            "dns_name": "",
            "extra_dhcp_option": [],
            "fixed_ip": [
              {
                "ip_address": "192.168.6.20",
                "subnet_id": "afa7dd99-85e9-410a-9858-d1d7058b0393"
              }
            ],
            "id": "bb3ba8bf-8645-4a5f-83f5-41c90cdca21e",
            "mac_address": "fa:16:3e:86:c9:fd",
            "name": "r5_eth5",
            "network_id": "18937e35-91f4-434a-a65b-f15b9757cd6c",
            "no_fixed_ip": null,
            "no_security_groups": null,
            "port_security_enabled": true,
            "qos_policy_id": "",
            "region": "RegionOne",
            "security_group_ids": null,
            "tags": null,
            "tenant_id": "47db6af3f5ae4a958fd90100ebdef0cd",
            "timeouts": null,
            "value_specs": null
          },
          "sensitive_attributes": [],
          "private": "eyJlMmJmYjczMC1lY2FhLTExZTYtOGY4OC0zNDM2M2JjN2M0YzAiOnsiY3JlYXRlIjo2MDAwMDAwMDAwMDAsImRlbGV0ZSI6NjAwMDAwMDAwMDAwfX0=",
          "dependencies": [
            "data.openstack_networking_network_v2.r2r5",
            "data.openstack_networking_subnet_v2.subnet_r2r5"
          ]
        }
      ]
    },
    {
      "mode": "managed",
      "type": "openstack_networking_port_v2",
      "name": "eth5_r3",
      "provider": "provider[\"registry.terraform.io/terraform-provider-openstack/openstack\"]",
      "instances": [
        {
          "schema_version": 0,
          "attributes": {
            "admin_state_up": true,
            "all_fixed_ips": [
              "192.168.14.3"
            ],
            "all_security_group_ids": [
              "7535b8b1-78f7-43d2-b27b-bfc252e40a5c"
            ],
            "all_tags": [],
            "allowed_address_pairs": [],
            "binding": [
              {
                "host_id": "",
                "profile": "{}",
                "vif_details": {},
                "vif_type": "unbound",
                "vnic_type": "normal"
              }
            ],
            "description": "",
            "device_id": "",
            "device_owner": "",
            "dns_assignment": [],
            "dns_name": "",
            "extra_dhcp_option": [],
            "fixed_ip": [
              {
                "ip_address": "192.168.14.3",
                "subnet_id": "a5c75775-5a90-418e-b831-d4ebe58ec6de"
              }
            ],
            "id": "9a743efb-82d3-4a21-a622-eee972aae52a",
            "mac_address": "fa:16:3e:35:e9:69",
            "name": "r3_eth5",
            "network_id": "5b7e50b7-9699-4a9b-83d8-e7ba20486844",
            "no_fixed_ip": null,
            "no_security_groups": null,
            "port_security_enabled": true,
            "qos_policy_id": "",
            "region": "RegionOne",
            "security_group_ids": null,
            "tags": null,
            "tenant_id": "47db6af3f5ae4a958fd90100ebdef0cd",
            "timeouts": null,
            "value_specs": null
          },
          "sensitive_attributes": [],
          "private": "eyJlMmJmYjczMC1lY2FhLTExZTYtOGY4OC0zNDM2M2JjN2M0YzAiOnsiY3JlYXRlIjo2MDAwMDAwMDAwMDAsImRlbGV0ZSI6NjAwMDAwMDAwMDAwfX0=",
          "dependencies": [
            "data.openstack_networking_network_v2.r3r12",
            "data.openstack_networking_subnet_v2.subnet_r3r12"
          ]
        }
      ]
    }
  ],
  "check_results": null
}
