{
  "version": 4,
  "terraform_version": "1.11.4",
  "serial": 537,
  "lineage": "4bad1374-8aed-cc24-0a3e-7ec7b5f41058",
  "outputs": {},
  "resources": [
    {
      "mode": "data",
      "type": "openstack_compute_flavor_v2",
      "name": "flavor",
      "provider": "provider[\"registry.terraform.io/terraform-provider-openstack/openstack\"]",
      "instances": [
        {
          "schema_version": 0,
          "attributes": {
            "description": "",
            "disk": 25,
            "extra_specs": {},
            "flavor_id": "373be856-2584-4418-b98a-9668510059bb",
            "id": "373be856-2584-4418-b98a-9668510059bb",
            "is_public": true,
            "min_disk": null,
            "min_ram": null,
            "name": "FRR",
            "ram": 2048,
            "region": null,
            "rx_tx_factor": 1,
            "swap": 0,
            "vcpus": 2
          },
          "sensitive_attributes": []
        }
      ]
    },
    {
      "mode": "data",
      "type": "openstack_compute_flavor_v2",
      "name": "flavor_edge",
      "provider": "provider[\"registry.terraform.io/terraform-provider-openstack/openstack\"]",
      "instances": [
        {
          "schema_version": 0,
          "attributes": {
            "description": "",
            "disk": 30,
            "extra_specs": {},
            "flavor_id": "57af8fd7-10fd-4fa1-964c-9d1fbe39de46",
            "id": "57af8fd7-10fd-4fa1-964c-9d1fbe39de46",
            "is_public": true,
            "min_disk": null,
            "min_ram": null,
            "name": "Edgev3",
            "ram": 11000,
            "region": null,
            "rx_tx_factor": 1,
            "swap": 0,
            "vcpus": 20
          },
          "sensitive_attributes": []
        }
      ]
    },
    {
      "mode": "data",
      "type": "openstack_images_image_v2",
      "name": "image",
      "provider": "provider[\"registry.terraform.io/terraform-provider-openstack/openstack\"]",
      "instances": [
        {
          "schema_version": 0,
          "attributes": {
            "checksum": "34970c096b26c58993caf1dbdbf15426",
            "container_format": "bare",
            "created_at": "2025-05-21T16:47:30Z",
            "disk_format": "qcow2",
            "file": "/v2/images/1d35fa76-6177-4b18-8502-aa6716b117b6/file",
            "hidden": false,
            "id": "1d35fa76-6177-4b18-8502-aa6716b117b6",
            "member_status": null,
            "metadata": {},
            "min_disk_gb": 0,
            "min_ram_mb": 0,
            "most_recent": false,
            "name": "HLx-FRR",
            "name_regex": null,
            "owner": "7c7e226752784147b88a571dc1f14b26",
            "properties": {
              "os_hash_algo": "sha512",
              "os_hash_value": "d526c1e7803dcf5f47e795b1f24093b332c81787a0a801bc4c5bbfae15eb21d20f4e5350bb8e09f4553aeabdc04b808b113c56359cd73be5820a0a08e23a959b",
              "owner_specified.openstack.md5": "",
              "owner_specified.openstack.object": "images/HLx-FRR",
              "owner_specified.openstack.sha256": "",
              "stores": "file"
            },
            "protected": false,
            "region": "RegionOne",
            "schema": "/v2/schemas/image",
            "size_bytes": 6728646656,
            "size_max": null,
            "size_min": null,
            "sort_direction": "asc",
            "sort_key": "name",
            "tag": null,
            "tags": [],
            "updated_at": "2025-05-21T16:48:18Z",
            "visibility": "private"
          },
          "sensitive_attributes": []
        }
      ]
    },
    {
      "mode": "data",
      "type": "openstack_images_image_v2",
      "name": "image_edge",
      "provider": "provider[\"registry.terraform.io/terraform-provider-openstack/openstack\"]",
      "instances": [
        {
          "schema_version": 0,
          "attributes": {
            "checksum": "9006bed9701737d2d22a1b8d5b13c137",
            "container_format": "bare",
            "created_at": "2025-05-14T11:15:03Z",
            "disk_format": "qcow2",
            "file": "/v2/images/0f63647e-c38a-402b-b3fe-bacdd6236c68/file",
            "hidden": false,
            "id": "0f63647e-c38a-402b-b3fe-bacdd6236c68",
            "member_status": null,
            "metadata": {},
            "min_disk_gb": 0,
            "min_ram_mb": 0,
            "most_recent": false,
            "name": "Ubuntu 22.04",
            "name_regex": null,
            "owner": "7c7e226752784147b88a571dc1f14b26",
            "properties": {
              "os_hash_algo": "sha512",
              "os_hash_value": "13bab295444b89db4044e2b8806c1a59ee9caaab666cd6403fc4617d00a081bf3429fea3d1a347a6fb9143ad64d721da528f0a02eae1350cc917883da9c3cc14",
              "stores": "file"
            },
            "protected": false,
            "region": "RegionOne",
            "schema": "/v2/schemas/image",
            "size_bytes": 667727360,
            "size_max": null,
            "size_min": null,
            "sort_direction": "asc",
            "sort_key": "name",
            "tag": null,
            "tags": [],
            "updated_at": "2025-05-14T11:16:02Z",
            "visibility": "public"
          },
          "sensitive_attributes": []
        }
      ]
    },
    {
      "mode": "data",
      "type": "openstack_networking_network_v2",
      "name": "mgmt_network",
      "provider": "provider[\"registry.terraform.io/terraform-provider-openstack/openstack\"]",
      "instances": [
        {
          "schema_version": 0,
          "attributes": {
            "admin_state_up": "true",
            "all_tags": [],
            "availability_zone_hints": [],
            "description": "",
            "dns_domain": "",
            "external": true,
            "id": "e00db497-40a2-4648-bb99-183a38c2371e",
            "matching_subnet_cidr": null,
            "mtu": 1500,
            "name": "management-network",
            "network_id": null,
            "region": "RegionOne",
            "segments": [
              {
                "network_type": "flat",
                "physical_network": "physnet1",
                "segmentation_id": 0
              }
            ],
            "shared": "true",
            "status": null,
            "subnets": [
              "06ff9050-d42e-4504-ac0f-69b030077ede"
            ],
            "tags": null,
            "tenant_id": "311f8f3d723644368e2a386ad7e38cfb",
            "transparent_vlan": false
          },
          "sensitive_attributes": []
        }
      ]
    },
    {
      "mode": "data",
      "type": "openstack_networking_network_v2",
      "name": "r11r4",
      "provider": "provider[\"registry.terraform.io/terraform-provider-openstack/openstack\"]",
      "instances": [
        {
          "schema_version": 0,
          "attributes": {
            "admin_state_up": "true",
            "all_tags": [],
            "availability_zone_hints": [],
            "description": "",
            "dns_domain": "",
            "external": true,
            "id": "5e1c3a0c-9825-4b11-abea-c5f1b5773bee",
            "matching_subnet_cidr": null,
            "mtu": 1450,
            "name": "r11r4",
            "network_id": null,
            "region": "RegionOne",
            "segments": [
              {
                "network_type": "vxlan",
                "physical_network": "",
                "segmentation_id": 150
              }
            ],
            "shared": "true",
            "status": null,
            "subnets": [
              "a44fb8b0-6c35-4b51-883b-5ba4c39ec2b2"
            ],
            "tags": null,
            "tenant_id": "47db6af3f5ae4a958fd90100ebdef0cd",
            "transparent_vlan": false
          },
          "sensitive_attributes": []
        }
      ]
    },
    {
      "mode": "data",
      "type": "openstack_networking_network_v2",
      "name": "r1r11",
      "provider": "provider[\"registry.terraform.io/terraform-provider-openstack/openstack\"]",
      "instances": [
        {
          "schema_version": 0,
          "attributes": {
            "admin_state_up": "true",
            "all_tags": [],
            "availability_zone_hints": [],
            "description": "",
            "dns_domain": "",
            "external": true,
            "id": "e2dee63f-1aac-4c2d-b977-46b610ec5b8f",
            "matching_subnet_cidr": null,
            "mtu": 1450,
            "name": "r1r11",
            "network_id": null,
            "region": "RegionOne",
            "segments": [
              {
                "network_type": "vxlan",
                "physical_network": "",
                "segmentation_id": 455
              }
            ],
            "shared": "true",
            "status": null,
            "subnets": [
              "8dc94851-3847-4c09-831f-f55df97eb602"
            ],
            "tags": null,
            "tenant_id": "47db6af3f5ae4a958fd90100ebdef0cd",
            "transparent_vlan": false
          },
          "sensitive_attributes": []
        }
      ]
    },
    {
      "mode": "data",
      "type": "openstack_networking_network_v2",
      "name": "r1r2",
      "provider": "provider[\"registry.terraform.io/terraform-provider-openstack/openstack\"]",
      "instances": [
        {
          "schema_version": 0,
          "attributes": {
            "admin_state_up": "true",
            "all_tags": [],
            "availability_zone_hints": [],
            "description": "",
            "dns_domain": "",
            "external": true,
            "id": "f99ab493-edcc-4ed6-9ea1-65098dafa1d6",
            "matching_subnet_cidr": null,
            "mtu": 1450,
            "name": "r1r2",
            "network_id": null,
            "region": "RegionOne",
            "segments": [
              {
                "network_type": "vxlan",
                "physical_network": "",
                "segmentation_id": 529
              }
            ],
            "shared": "true",
            "status": null,
            "subnets": [
              "bca7abdf-4e00-4d47-a6f2-5cf69fae6082"
            ],
            "tags": null,
            "tenant_id": "47db6af3f5ae4a958fd90100ebdef0cd",
            "transparent_vlan": false
          },
          "sensitive_attributes": []
        }
      ]
    },
    {
      "mode": "data",
      "type": "openstack_networking_network_v2",
      "name": "r1r4",
      "provider": "provider[\"registry.terraform.io/terraform-provider-openstack/openstack\"]",
      "instances": [
        {
          "schema_version": 0,
          "attributes": {
            "admin_state_up": "true",
            "all_tags": [],
            "availability_zone_hints": [],
            "description": "",
            "dns_domain": "",
            "external": true,
            "id": "261842e3-a345-4b90-b37b-5c9ba1fce18b",
            "matching_subnet_cidr": null,
            "mtu": 1450,
            "name": "r1r4",
            "network_id": null,
            "region": "RegionOne",
            "segments": [
              {
                "network_type": "vxlan",
                "physical_network": "",
                "segmentation_id": 268
              }
            ],
            "shared": "true",
            "status": null,
            "subnets": [
              "c6699e16-4fb2-4ae6-8d90-5d568974b018"
            ],
            "tags": null,
            "tenant_id": "47db6af3f5ae4a958fd90100ebdef0cd",
            "transparent_vlan": false
          },
          "sensitive_attributes": []
        }
      ]
    },
    {
      "mode": "data",
      "type": "openstack_networking_network_v2",
      "name": "r2-gateway",
      "provider": "provider[\"registry.terraform.io/terraform-provider-openstack/openstack\"]",
      "instances": [
        {
          "schema_version": 0,
          "attributes": {
            "admin_state_up": "true",
            "all_tags": [],
            "availability_zone_hints": [],
            "description": "",
            "dns_domain": "",
            "external": false,
            "id": "94c8a8b2-a012-46e3-b739-9bd64f11ca7d",
            "matching_subnet_cidr": null,
            "mtu": 1450,
            "name": "r2-gateway",
            "network_id": null,
            "region": "RegionOne",
            "segments": [
              {
                "network_type": "vxlan",
                "physical_network": "",
                "segmentation_id": 176
              }
            ],
            "shared": "true",
            "status": null,
            "subnets": [
              "03c5efb8-a240-4232-8183-6fc510d1a691"
            ],
            "tags": null,
            "tenant_id": "47db6af3f5ae4a958fd90100ebdef0cd",
            "transparent_vlan": false
          },
          "sensitive_attributes": []
        }
      ]
    },
    {
      "mode": "data",
      "type": "openstack_networking_network_v2",
      "name": "r2r12",
      "provider": "provider[\"registry.terraform.io/terraform-provider-openstack/openstack\"]",
      "instances": [
        {
          "schema_version": 0,
          "attributes": {
            "admin_state_up": "true",
            "all_tags": [],
            "availability_zone_hints": [],
            "description": "",
            "dns_domain": "",
            "external": true,
            "id": "c0422e79-2088-4181-9b3b-7fa3ba7c6321",
            "matching_subnet_cidr": null,
            "mtu": 1450,
            "name": "r2r12",
            "network_id": null,
            "region": "RegionOne",
            "segments": [
              {
                "network_type": "vxlan",
                "physical_network": "",
                "segmentation_id": 733
              }
            ],
            "shared": "true",
            "status": null,
            "subnets": [
              "5d0f2222-2429-496e-9a60-4d5c6e8fda94"
            ],
            "tags": null,
            "tenant_id": "47db6af3f5ae4a958fd90100ebdef0cd",
            "transparent_vlan": false
          },
          "sensitive_attributes": []
        }
      ]
    },
    {
      "mode": "data",
      "type": "openstack_networking_network_v2",
      "name": "r2r3",
      "provider": "provider[\"registry.terraform.io/terraform-provider-openstack/openstack\"]",
      "instances": [
        {
          "schema_version": 0,
          "attributes": {
            "admin_state_up": "true",
            "all_tags": [],
            "availability_zone_hints": [],
            "description": "",
            "dns_domain": "",
            "external": true,
            "id": "0f656566-5bb7-4501-a8dc-9302ef4f68ed",
            "matching_subnet_cidr": null,
            "mtu": 1450,
            "name": "r2r3",
            "network_id": null,
            "region": "RegionOne",
            "segments": [
              {
                "network_type": "vxlan",
                "physical_network": "",
                "segmentation_id": 877
              }
            ],
            "shared": "true",
            "status": null,
            "subnets": [
              "d32feabb-75e8-4fc4-8ed1-85d0689beec1"
            ],
            "tags": null,
            "tenant_id": "47db6af3f5ae4a958fd90100ebdef0cd",
            "transparent_vlan": false
          },
          "sensitive_attributes": []
        }
      ]
    },
    {
      "mode": "data",
      "type": "openstack_networking_network_v2",
      "name": "r2r5",
      "provider": "provider[\"registry.terraform.io/terraform-provider-openstack/openstack\"]",
      "instances": [
        {
          "schema_version": 0,
          "attributes": {
            "admin_state_up": "true",
            "all_tags": [],
            "availability_zone_hints": [],
            "description": "",
            "dns_domain": "",
            "external": true,
            "id": "18937e35-91f4-434a-a65b-f15b9757cd6c",
            "matching_subnet_cidr": null,
            "mtu": 1450,
            "name": "r2r5",
            "network_id": null,
            "region": "RegionOne",
            "segments": [
              {
                "network_type": "vxlan",
                "physical_network": "",
                "segmentation_id": 532
              }
            ],
            "shared": "true",
            "status": null,
            "subnets": [
              "afa7dd99-85e9-410a-9858-d1d7058b0393"
            ],
            "tags": null,
            "tenant_id": "47db6af3f5ae4a958fd90100ebdef0cd",
            "transparent_vlan": false
          },
          "sensitive_attributes": []
        }
      ]
    },
    {
      "mode": "data",
      "type": "openstack_networking_network_v2",
      "name": "r3r12",
      "provider": "provider[\"registry.terraform.io/terraform-provider-openstack/openstack\"]",
      "instances": [
        {
          "schema_version": 0,
          "attributes": {
            "admin_state_up": "true",
            "all_tags": [],
            "availability_zone_hints": [],
            "description": "",
            "dns_domain": "",
            "external": true,
            "id": "5b7e50b7-9699-4a9b-83d8-e7ba20486844",
            "matching_subnet_cidr": null,
            "mtu": 1450,
            "name": "r3r12",
            "network_id": null,
            "region": "RegionOne",
            "segments": [
              {
                "network_type": "vxlan",
                "physical_network": "",
                "segmentation_id": 255
              }
            ],
            "shared": "true",
            "status": null,
            "subnets": [
              "a5c75775-5a90-418e-b831-d4ebe58ec6de"
            ],
            "tags": null,
            "tenant_id": "47db6af3f5ae4a958fd90100ebdef0cd",
            "transparent_vlan": false
          },
          "sensitive_attributes": []
        }
      ]
    },
    {
      "mode": "data",
      "type": "openstack_networking_network_v2",
      "name": "r3r13",
      "provider": "provider[\"registry.terraform.io/terraform-provider-openstack/openstack\"]",
      "instances": [
        {
          "schema_version": 0,
          "attributes": {
            "admin_state_up": "true",
            "all_tags": [],
            "availability_zone_hints": [],
            "description": "",
            "dns_domain": "",
            "external": true,
            "id": "4e127b07-49b8-418a-ab6a-de77d404dcfb",
            "matching_subnet_cidr": null,
            "mtu": 1450,
            "name": "r3r13",
            "network_id": null,
            "region": "RegionOne",
            "segments": [
              {
                "network_type": "vxlan",
                "physical_network": "",
                "segmentation_id": 20
              }
            ],
            "shared": "true",
            "status": null,
            "subnets": [
              "6b5d9daf-109b-4e23-89a0-484c0fd121b0"
            ],
            "tags": null,
            "tenant_id": "47db6af3f5ae4a958fd90100ebdef0cd",
            "transparent_vlan": false
          },
          "sensitive_attributes": []
        }
      ]
    },
    {
      "mode": "data",
      "type": "openstack_networking_network_v2",
      "name": "r3r7",
      "provider": "provider[\"registry.terraform.io/terraform-provider-openstack/openstack\"]",
      "instances": [
        {
          "schema_version": 0,
          "attributes": {
            "admin_state_up": "true",
            "all_tags": [],
            "availability_zone_hints": [],
            "description": "",
            "dns_domain": "",
            "external": true,
            "id": "12b4b9f0-55e9-4dee-967f-25964f6f78a9",
            "matching_subnet_cidr": null,
            "mtu": 1450,
            "name": "r3r7",
            "network_id": null,
            "region": "RegionOne",
            "segments": [
              {
                "network_type": "vxlan",
                "physical_network": "",
                "segmentation_id": 216
              }
            ],
            "shared": "true",
            "status": null,
            "subnets": [
              "bfd746d1-765f-4f4c-9703-3e2c658d1603"
            ],
            "tags": null,
            "tenant_id": "47db6af3f5ae4a958fd90100ebdef0cd",
            "transparent_vlan": false
          },
          "sensitive_attributes": []
        }
      ]
    },
    {
      "mode": "data",
      "type": "openstack_networking_network_v2",
      "name": "r4r6",
      "provider": "provider[\"registry.terraform.io/terraform-provider-openstack/openstack\"]",
      "instances": [
        {
          "schema_version": 0,
          "attributes": {
            "admin_state_up": "true",
            "all_tags": [],
            "availability_zone_hints": [],
            "description": "",
            "dns_domain": "",
            "external": true,
            "id": "20b8b1ef-8cfe-4099-a60e-2e1306f2fd93",
            "matching_subnet_cidr": null,
            "mtu": 1450,
            "name": "r4r6",
            "network_id": null,
            "region": "RegionOne",
            "segments": [
              {
                "network_type": "vxlan",
                "physical_network": "",
                "segmentation_id": 654
              }
            ],
            "shared": "true",
            "status": null,
            "subnets": [
              "47ed346a-aba4-46e5-b900-d312a86a3cb5"
            ],
            "tags": null,
            "tenant_id": "47db6af3f5ae4a958fd90100ebdef0cd",
            "transparent_vlan": false
          },
          "sensitive_attributes": []
        }
      ]
    },
    {
      "mode": "data",
      "type": "openstack_networking_network_v2",
      "name": "r5r6",
      "provider": "provider[\"registry.terraform.io/terraform-provider-openstack/openstack\"]",
      "instances": [
        {
          "schema_version": 0,
          "attributes": {
            "admin_state_up": "true",
            "all_tags": [],
            "availability_zone_hints": [],
            "description": "",
            "dns_domain": "",
            "external": true,
            "id": "018dff4b-ad02-4ec8-b531-a71a31c6ecfa",
            "matching_subnet_cidr": null,
            "mtu": 1450,
            "name": "r5r6",
            "network_id": null,
            "region": "RegionOne",
            "segments": [
              {
                "network_type": "vxlan",
                "physical_network": "",
                "segmentation_id": 534
              }
            ],
            "shared": "true",
            "status": null,
            "subnets": [
              "05315a2e-947b-4a66-8ae9-fb82629bfce0"
            ],
            "tags": null,
            "tenant_id": "47db6af3f5ae4a958fd90100ebdef0cd",
            "transparent_vlan": false
          },
          "sensitive_attributes": []
        }
      ]
    },
    {
      "mode": "data",
      "type": "openstack_networking_network_v2",
      "name": "r6r7",
      "provider": "provider[\"registry.terraform.io/terraform-provider-openstack/openstack\"]",
      "instances": [
        {
          "schema_version": 0,
          "attributes": {
            "admin_state_up": "true",
            "all_tags": [],
            "availability_zone_hints": [],
            "description": "",
            "dns_domain": "",
            "external": true,
            "id": "a63780a3-a992-4b86-97b3-d988ec4b5bfe",
            "matching_subnet_cidr": null,
            "mtu": 1450,
            "name": "r6r7",
            "network_id": null,
            "region": "RegionOne",
            "segments": [
              {
                "network_type": "vxlan",
                "physical_network": "",
                "segmentation_id": 834
              }
            ],
            "shared": "true",
            "status": null,
            "subnets": [
              "3eda892d-4e9b-443c-8977-9fc60bd0a8c1"
            ],
            "tags": null,
            "tenant_id": "47db6af3f5ae4a958fd90100ebdef0cd",
            "transparent_vlan": false
          },
          "sensitive_attributes": []
        }
      ]
    },
    {
      "mode": "data",
      "type": "openstack_networking_network_v2",
      "name": "r7r13",
      "provider": "provider[\"registry.terraform.io/terraform-provider-openstack/openstack\"]",
      "instances": [
        {
          "schema_version": 0,
          "attributes": {
            "admin_state_up": "true",
            "all_tags": [],
            "availability_zone_hints": [],
            "description": "",
            "dns_domain": "",
            "external": true,
            "id": "e2172a2b-d6e8-488c-b932-babfbbb09d1b",
            "matching_subnet_cidr": null,
            "mtu": 1450,
            "name": "r7r13",
            "network_id": null,
            "region": "RegionOne",
            "segments": [
              {
                "network_type": "vxlan",
                "physical_network": "",
                "segmentation_id": 640
              }
            ],
            "shared": "true",
            "status": null,
            "subnets": [
              "3a406604-28b3-41b0-8007-d71c4dd413b3"
            ],
            "tags": null,
            "tenant_id": "47db6af3f5ae4a958fd90100ebdef0cd",
            "transparent_vlan": false
          },
          "sensitive_attributes": []
        }
      ]
    },
    {
      "mode": "data",
      "type": "openstack_networking_subnet_v2",
      "name": "subnet_mgmt_network",
      "provider": "provider[\"registry.terraform.io/terraform-provider-openstack/openstack\"]",
      "instances": [
        {
          "schema_version": 0,
          "attributes": {
            "all_tags": [],
            "allocation_pools": [
              {
                "end": "192.168.27.186",
                "start": "192.168.27.166"
              }
            ],
            "cidr": "192.168.27.0/24",
            "description": "",
            "dhcp_disabled": null,
            "dhcp_enabled": null,
            "dns_nameservers": [],
            "enable_dhcp": true,
            "gateway_ip": "192.168.27.1",
            "host_routes": [],
            "id": "06ff9050-d42e-4504-ac0f-69b030077ede",
            "ip_version": 4,
            "ipv6_address_mode": "",
            "ipv6_ra_mode": "",
            "name": "management-subnet",
            "network_id": "e00db497-40a2-4648-bb99-183a38c2371e",
            "region": "RegionOne",
            "service_types": [],
            "subnet_id": null,
            "subnetpool_id": "",
            "tags": null,
            "tenant_id": "311f8f3d723644368e2a386ad7e38cfb"
          },
          "sensitive_attributes": []
        }
      ]
    },
    {
      "mode": "data",
      "type": "openstack_networking_subnet_v2",
      "name": "subnet_r11r4",
      "provider": "provider[\"registry.terraform.io/terraform-provider-openstack/openstack\"]",
      "instances": [
        {
          "schema_version": 0,
          "attributes": {
            "all_tags": [],
            "allocation_pools": [
              {
                "end": "192.168.2.254",
                "start": "192.168.2.12"
              }
            ],
            "cidr": "192.168.2.0/24",
            "description": "",
            "dhcp_disabled": null,
            "dhcp_enabled": null,
            "dns_nameservers": [],
            "enable_dhcp": true,
            "gateway_ip": "",
            "host_routes": [],
            "id": "a44fb8b0-6c35-4b51-883b-5ba4c39ec2b2",
            "ip_version": 4,
            "ipv6_address_mode": "",
            "ipv6_ra_mode": "",
            "name": "r11r4",
            "network_id": "5e1c3a0c-9825-4b11-abea-c5f1b5773bee",
            "region": "RegionOne",
            "service_types": [],
            "subnet_id": null,
            "subnetpool_id": "",
            "tags": null,
            "tenant_id": "47db6af3f5ae4a958fd90100ebdef0cd"
          },
          "sensitive_attributes": []
        }
      ]
    },
    {
      "mode": "data",
      "type": "openstack_networking_subnet_v2",
      "name": "subnet_r1r11",
      "provider": "provider[\"registry.terraform.io/terraform-provider-openstack/openstack\"]",
      "instances": [
        {
          "schema_version": 0,
          "attributes": {
            "all_tags": [],
            "allocation_pools": [
              {
                "end": "192.168.1.254",
                "start": "192.168.1.12"
              }
            ],
            "cidr": "192.168.1.0/24",
            "description": "",
            "dhcp_disabled": null,
            "dhcp_enabled": null,
            "dns_nameservers": [],
            "enable_dhcp": true,
            "gateway_ip": "",
            "host_routes": [],
            "id": "8dc94851-3847-4c09-831f-f55df97eb602",
            "ip_version": 4,
            "ipv6_address_mode": "",
            "ipv6_ra_mode": "",
            "name": "r1r11",
            "network_id": "e2dee63f-1aac-4c2d-b977-46b610ec5b8f",
            "region": "RegionOne",
            "service_types": [],
            "subnet_id": null,
            "subnetpool_id": "",
            "tags": null,
            "tenant_id": "47db6af3f5ae4a958fd90100ebdef0cd"
          },
          "sensitive_attributes": []
        }
      ]
    },
    {
      "mode": "data",
      "type": "openstack_networking_subnet_v2",
      "name": "subnet_r1r2",
      "provider": "provider[\"registry.terraform.io/terraform-provider-openstack/openstack\"]",
      "instances": [
        {
          "schema_version": 0,
          "attributes": {
            "all_tags": [],
            "allocation_pools": [
              {
                "end": "192.168.4.254",
                "start": "192.168.4.2"
              }
            ],
            "cidr": "192.168.4.0/24",
            "description": "",
            "dhcp_disabled": null,
            "dhcp_enabled": null,
            "dns_nameservers": [],
            "enable_dhcp": true,
            "gateway_ip": "",
            "host_routes": [],
            "id": "bca7abdf-4e00-4d47-a6f2-5cf69fae6082",
            "ip_version": 4,
            "ipv6_address_mode": "",
            "ipv6_ra_mode": "",
            "name": "r1r2",
            "network_id": "f99ab493-edcc-4ed6-9ea1-65098dafa1d6",
            "region": "RegionOne",
            "service_types": [],
            "subnet_id": null,
            "subnetpool_id": "",
            "tags": null,
            "tenant_id": "47db6af3f5ae4a958fd90100ebdef0cd"
          },
          "sensitive_attributes": []
        }
      ]
    },
    {
      "mode": "data",
      "type": "openstack_networking_subnet_v2",
      "name": "subnet_r1r4",
      "provider": "provider[\"registry.terraform.io/terraform-provider-openstack/openstack\"]",
      "instances": [
        {
          "schema_version": 0,
          "attributes": {
            "all_tags": [],
            "allocation_pools": [
              {
                "end": "192.168.3.254",
                "start": "192.168.3.5"
              }
            ],
            "cidr": "192.168.3.0/24",
            "description": "",
            "dhcp_disabled": null,
            "dhcp_enabled": null,
            "dns_nameservers": [],
            "enable_dhcp": true,
            "gateway_ip": "",
            "host_routes": [],
            "id": "c6699e16-4fb2-4ae6-8d90-5d568974b018",
            "ip_version": 4,
            "ipv6_address_mode": "",
            "ipv6_ra_mode": "",
            "name": "r1r4",
            "network_id": "261842e3-a345-4b90-b37b-5c9ba1fce18b",
            "region": "RegionOne",
            "service_types": [],
            "subnet_id": null,
            "subnetpool_id": "",
            "tags": null,
            "tenant_id": "47db6af3f5ae4a958fd90100ebdef0cd"
          },
          "sensitive_attributes": []
        }
      ]
    },
    {
      "mode": "data",
      "type": "openstack_networking_subnet_v2",
      "name": "subnet_r2-gateway",
      "provider": "provider[\"registry.terraform.io/terraform-provider-openstack/openstack\"]",
      "instances": [
        {
          "schema_version": 0,
          "attributes": {
            "all_tags": [],
            "allocation_pools": [
              {
                "end": "192.168.15.254",
                "start": "192.168.15.3"
              }
            ],
            "cidr": "192.168.15.0/24",
            "description": "",
            "dhcp_disabled": null,
            "dhcp_enabled": null,
            "dns_nameservers": [],
            "enable_dhcp": true,
            "gateway_ip": "",
            "host_routes": [],
            "id": "03c5efb8-a240-4232-8183-6fc510d1a691",
            "ip_version": 4,
            "ipv6_address_mode": "",
            "ipv6_ra_mode": "",
            "name": "r2-gateway",
            "network_id": "94c8a8b2-a012-46e3-b739-9bd64f11ca7d",
            "region": "RegionOne",
            "service_types": [],
            "subnet_id": null,
            "subnetpool_id": "",
            "tags": null,
            "tenant_id": "47db6af3f5ae4a958fd90100ebdef0cd"
          },
          "sensitive_attributes": []
        }
      ]
    },
    {
      "mode": "data",
      "type": "openstack_networking_subnet_v2",
      "name": "subnet_r2r12",
      "provider": "provider[\"registry.terraform.io/terraform-provider-openstack/openstack\"]",
      "instances": [
        {
          "schema_version": 0,
          "attributes": {
            "all_tags": [],
            "allocation_pools": [
              {
                "end": "192.168.13.254",
                "start": "192.168.13.21"
              }
            ],
            "cidr": "192.168.13.0/24",
            "description": "",
            "dhcp_disabled": null,
            "dhcp_enabled": null,
            "dns_nameservers": [],
            "enable_dhcp": true,
            "gateway_ip": "",
            "host_routes": [],
            "id": "5d0f2222-2429-496e-9a60-4d5c6e8fda94",
            "ip_version": 4,
            "ipv6_address_mode": "",
            "ipv6_ra_mode": "",
            "name": "r2r12",
            "network_id": "c0422e79-2088-4181-9b3b-7fa3ba7c6321",
            "region": "RegionOne",
            "service_types": [],
            "subnet_id": null,
            "subnetpool_id": "",
            "tags": null,
            "tenant_id": "47db6af3f5ae4a958fd90100ebdef0cd"
          },
          "sensitive_attributes": []
        }
      ]
    },
    {
      "mode": "data",
      "type": "openstack_networking_subnet_v2",
      "name": "subnet_r2r3",
      "provider": "provider[\"registry.terraform.io/terraform-provider-openstack/openstack\"]",
      "instances": [
        {
          "schema_version": 0,
          "attributes": {
            "all_tags": [],
            "allocation_pools": [
              {
                "end": "192.168.8.254",
                "start": "192.168.8.21"
              }
            ],
            "cidr": "192.168.8.0/24",
            "description": "",
            "dhcp_disabled": null,
            "dhcp_enabled": null,
            "dns_nameservers": [],
            "enable_dhcp": true,
            "gateway_ip": "",
            "host_routes": [],
            "id": "d32feabb-75e8-4fc4-8ed1-85d0689beec1",
            "ip_version": 4,
            "ipv6_address_mode": "",
            "ipv6_ra_mode": "",
            "name": "r2r3",
            "network_id": "0f656566-5bb7-4501-a8dc-9302ef4f68ed",
            "region": "RegionOne",
            "service_types": [],
            "subnet_id": null,
            "subnetpool_id": "",
            "tags": null,
            "tenant_id": "47db6af3f5ae4a958fd90100ebdef0cd"
          },
          "sensitive_attributes": []
        }
      ]
    },
    {
      "mode": "data",
      "type": "openstack_networking_subnet_v2",
      "name": "subnet_r2r5",
      "provider": "provider[\"registry.terraform.io/terraform-provider-openstack/openstack\"]",
      "instances": [
        {
          "schema_version": 0,
          "attributes": {
            "all_tags": [],
            "allocation_pools": [
              {
                "end": "192.168.6.254",
                "start": "192.168.6.6"
              }
            ],
            "cidr": "192.168.6.0/24",
            "description": "",
            "dhcp_disabled": null,
            "dhcp_enabled": null,
            "dns_nameservers": [],
            "enable_dhcp": true,
            "gateway_ip": "",
            "host_routes": [],
            "id": "afa7dd99-85e9-410a-9858-d1d7058b0393",
            "ip_version": 4,
            "ipv6_address_mode": "",
            "ipv6_ra_mode": "",
            "name": "r2r5",
            "network_id": "18937e35-91f4-434a-a65b-f15b9757cd6c",
            "region": "RegionOne",
            "service_types": [],
            "subnet_id": null,
            "subnetpool_id": "",
            "tags": null,
            "tenant_id": "47db6af3f5ae4a958fd90100ebdef0cd"
          },
          "sensitive_attributes": []
        }
      ]
    },
    {
      "mode": "data",
      "type": "openstack_networking_subnet_v2",
      "name": "subnet_r3r12",
      "provider": "provider[\"registry.terraform.io/terraform-provider-openstack/openstack\"]",
      "instances": [
        {
          "schema_version": 0,
          "attributes": {
            "all_tags": [],
            "allocation_pools": [
              {
                "end": "192.168.14.254",
                "start": "192.168.14.4"
              }
            ],
            "cidr": "192.168.14.0/24",
            "description": "",
            "dhcp_disabled": null,
            "dhcp_enabled": null,
            "dns_nameservers": [],
            "enable_dhcp": true,
            "gateway_ip": "",
            "host_routes": [],
            "id": "a5c75775-5a90-418e-b831-d4ebe58ec6de",
            "ip_version": 4,
            "ipv6_address_mode": "",
            "ipv6_ra_mode": "",
            "name": "r3r12",
            "network_id": "5b7e50b7-9699-4a9b-83d8-e7ba20486844",
            "region": "RegionOne",
            "service_types": [],
            "subnet_id": null,
            "subnetpool_id": "",
            "tags": null,
            "tenant_id": "47db6af3f5ae4a958fd90100ebdef0cd"
          },
          "sensitive_attributes": []
        }
      ]
    },
    {
      "mode": "data",
      "type": "openstack_networking_subnet_v2",
      "name": "subnet_r3r13",
      "provider": "provider[\"registry.terraform.io/terraform-provider-openstack/openstack\"]",
      "instances": [
        {
          "schema_version": 0,
          "attributes": {
            "all_tags": [],
            "allocation_pools": [
              {
                "end": "192.168.12.254",
                "start": "192.168.12.14"
              }
            ],
            "cidr": "192.168.12.0/24",
            "description": "",
            "dhcp_disabled": null,
            "dhcp_enabled": null,
            "dns_nameservers": [],
            "enable_dhcp": true,
            "gateway_ip": "",
            "host_routes": [],
            "id": "6b5d9daf-109b-4e23-89a0-484c0fd121b0",
            "ip_version": 4,
            "ipv6_address_mode": "",
            "ipv6_ra_mode": "",
            "name": "r3r13",
            "network_id": "4e127b07-49b8-418a-ab6a-de77d404dcfb",
            "region": "RegionOne",
            "service_types": [],
            "subnet_id": null,
            "subnetpool_id": "",
            "tags": null,
            "tenant_id": "47db6af3f5ae4a958fd90100ebdef0cd"
          },
          "sensitive_attributes": []
        }
      ]
    },
    {
      "mode": "data",
      "type": "openstack_networking_subnet_v2",
      "name": "subnet_r3r7",
      "provider": "provider[\"registry.terraform.io/terraform-provider-openstack/openstack\"]",
      "instances": [
        {
          "schema_version": 0,
          "attributes": {
            "all_tags": [],
            "allocation_pools": [
              {
                "end": "192.168.10.254",
                "start": "192.168.10.8"
              }
            ],
            "cidr": "192.168.10.0/24",
            "description": "",
            "dhcp_disabled": null,
            "dhcp_enabled": null,
            "dns_nameservers": [],
            "enable_dhcp": true,
            "gateway_ip": "",
            "host_routes": [],
            "id": "bfd746d1-765f-4f4c-9703-3e2c658d1603",
            "ip_version": 4,
            "ipv6_address_mode": "",
            "ipv6_ra_mode": "",
            "name": "r3r7",
            "network_id": "12b4b9f0-55e9-4dee-967f-25964f6f78a9",
            "region": "RegionOne",
            "service_types": [],
            "subnet_id": null,
            "subnetpool_id": "",
            "tags": null,
            "tenant_id": "47db6af3f5ae4a958fd90100ebdef0cd"
          },
          "sensitive_attributes": []
        }
      ]
    },
    {
      "mode": "data",
      "type": "openstack_networking_subnet_v2",
      "name": "subnet_r4r6",
      "provider": "provider[\"registry.terraform.io/terraform-provider-openstack/openstack\"]",
      "instances": [
        {
          "schema_version": 0,
          "attributes": {
            "all_tags": [],
            "allocation_pools": [
              {
                "end": "192.168.5.254",
                "start": "192.168.5.5"
              }
            ],
            "cidr": "192.168.5.0/24",
            "description": "",
            "dhcp_disabled": null,
            "dhcp_enabled": null,
            "dns_nameservers": [],
            "enable_dhcp": true,
            "gateway_ip": "",
            "host_routes": [],
            "id": "47ed346a-aba4-46e5-b900-d312a86a3cb5",
            "ip_version": 4,
            "ipv6_address_mode": "",
            "ipv6_ra_mode": "",
            "name": "r4r6",
            "network_id": "20b8b1ef-8cfe-4099-a60e-2e1306f2fd93",
            "region": "RegionOne",
            "service_types": [],
            "subnet_id": null,
            "subnetpool_id": "",
            "tags": null,
            "tenant_id": "47db6af3f5ae4a958fd90100ebdef0cd"
          },
          "sensitive_attributes": []
        }
      ]
    },
    {
      "mode": "data",
      "type": "openstack_networking_subnet_v2",
      "name": "subnet_r5r6",
      "provider": "provider[\"registry.terraform.io/terraform-provider-openstack/openstack\"]",
      "instances": [
        {
          "schema_version": 0,
          "attributes": {
            "all_tags": [],
            "allocation_pools": [
              {
                "end": "192.168.7.254",
                "start": "192.168.7.7"
              }
            ],
            "cidr": "192.168.7.0/24",
            "description": "",
            "dhcp_disabled": null,
            "dhcp_enabled": null,
            "dns_nameservers": [],
            "enable_dhcp": true,
            "gateway_ip": "",
            "host_routes": [],
            "id": "05315a2e-947b-4a66-8ae9-fb82629bfce0",
            "ip_version": 4,
            "ipv6_address_mode": "",
            "ipv6_ra_mode": "",
            "name": "r5r6",
            "network_id": "018dff4b-ad02-4ec8-b531-a71a31c6ecfa",
            "region": "RegionOne",
            "service_types": [],
            "subnet_id": null,
            "subnetpool_id": "",
            "tags": null,
            "tenant_id": "47db6af3f5ae4a958fd90100ebdef0cd"
          },
          "sensitive_attributes": []
        }
      ]
    },
    {
      "mode": "data",
      "type": "openstack_networking_subnet_v2",
      "name": "subnet_r6r7",
      "provider": "provider[\"registry.terraform.io/terraform-provider-openstack/openstack\"]",
      "instances": [
        {
          "schema_version": 0,
          "attributes": {
            "all_tags": [],
            "allocation_pools": [
              {
                "end": "192.168.9.254",
                "start": "192.168.9.7"
              }
            ],
            "cidr": "192.168.9.0/24",
            "description": "",
            "dhcp_disabled": null,
            "dhcp_enabled": null,
            "dns_nameservers": [],
            "enable_dhcp": true,
            "gateway_ip": "",
            "host_routes": [],
            "id": "3eda892d-4e9b-443c-8977-9fc60bd0a8c1",
            "ip_version": 4,
            "ipv6_address_mode": "",
            "ipv6_ra_mode": "",
            "name": "r6r7",
            "network_id": "a63780a3-a992-4b86-97b3-d988ec4b5bfe",
            "region": "RegionOne",
            "service_types": [],
            "subnet_id": null,
            "subnetpool_id": "",
            "tags": null,
            "tenant_id": "47db6af3f5ae4a958fd90100ebdef0cd"
          },
          "sensitive_attributes": []
        }
      ]
    },
    {
      "mode": "data",
      "type": "openstack_networking_subnet_v2",
      "name": "subnet_r7r13",
      "provider": "provider[\"registry.terraform.io/terraform-provider-openstack/openstack\"]",
      "instances": [
        {
          "schema_version": 0,
          "attributes": {
            "all_tags": [],
            "allocation_pools": [
              {
                "end": "192.168.11.254",
                "start": "192.168.11.8"
              }
            ],
            "cidr": "192.168.11.0/24",
            "description": "",
            "dhcp_disabled": null,
            "dhcp_enabled": null,
            "dns_nameservers": [],
            "enable_dhcp": true,
            "gateway_ip": "",
            "host_routes": [],
            "id": "3a406604-28b3-41b0-8007-d71c4dd413b3",
            "ip_version": 4,
            "ipv6_address_mode": "",
            "ipv6_ra_mode": "",
            "name": "r7r13",
            "network_id": "e2172a2b-d6e8-488c-b932-babfbbb09d1b",
            "region": "RegionOne",
            "service_types": [],
            "subnet_id": null,
            "subnetpool_id": "",
            "tags": null,
            "tenant_id": "47db6af3f5ae4a958fd90100ebdef0cd"
          },
          "sensitive_attributes": []
        }
      ]
    },
    {
      "mode": "managed",
      "type": "openstack_compute_instance_v2",
      "name": "edge",
      "provider": "provider[\"registry.terraform.io/terraform-provider-openstack/openstack\"]",
      "instances": [
        {
          "schema_version": 0,
          "attributes": {
            "access_ip_v4": "192.168.27.185",
            "access_ip_v6": "",
            "admin_pass": null,
            "all_metadata": {},
            "all_tags": [],
            "availability_zone": "nova",
            "availability_zone_hints": null,
            "block_device": [],
            "config_drive": null,
            "created": "2025-06-06 18:50:09 +0000 UTC",
            "flavor_id": "57af8fd7-10fd-4fa1-964c-9d1fbe39de46",
            "flavor_name": "Edgev3",
            "floating_ip": null,
            "force_delete": false,
            "id": "3a9b36d9-aa78-42df-9ea6-3b6c79f96c87",
            "image_id": "0f63647e-c38a-402b-b3fe-bacdd6236c68",
            "image_name": "Ubuntu 22.04",
            "key_pair": "",
            "metadata": null,
            "name": "edge",
            "network": [
              {
                "access_network": false,
                "fixed_ip_v4": "192.168.27.185",
                "fixed_ip_v6": "",
                "floating_ip": "",
                "mac": "fa:16:3e:3b:f5:f9",
                "name": "management-network",
                "port": "3359ce41-6ab9-4fad-9eba-faff3e0e0672",
                "uuid": "e00db497-40a2-4648-bb99-183a38c2371e"
              }
            ],
            "network_mode": null,
            "personality": [],
            "power_state": "active",
            "region": "RegionOne",
            "scheduler_hints": [],
            "security_groups": [],
            "stop_before_destroy": false,
            "tags": null,
            "timeouts": null,
            "updated": "2025-06-06 18:50:21 +0000 UTC",
            "user_data": "cd0798e36e6811ae5c5ecc2cc504eb6e32ffd094",
            "vendor_options": [],
            "volume": []
          },
          "sensitive_attributes": [
            [
              {
                "type": "get_attr",
                "value": "admin_pass"
              }
            ]
          ],
          "private": "eyJlMmJmYjczMC1lY2FhLTExZTYtOGY4OC0zNDM2M2JjN2M0YzAiOnsiY3JlYXRlIjoxODAwMDAwMDAwMDAwLCJkZWxldGUiOjE4MDAwMDAwMDAwMDAsInVwZGF0ZSI6MTgwMDAwMDAwMDAwMH19",
          "dependencies": [
            "data.openstack_compute_flavor_v2.flavor_edge",
            "data.openstack_images_image_v2.image_edge",
            "data.openstack_networking_network_v2.mgmt_network",
            "data.openstack_networking_subnet_v2.subnet_mgmt_network",
            "openstack_networking_port_v2.ens3_edge"
          ]
        }
      ]
    },
    {
      "mode": "managed",
      "type": "openstack_compute_instance_v2",
      "name": "gateway",
      "provider": "provider[\"registry.terraform.io/terraform-provider-openstack/openstack\"]",
      "instances": [
        {
          "schema_version": 0,
          "attributes": {
            "access_ip_v4": "192.168.27.178",
            "access_ip_v6": "",
            "admin_pass": null,
            "all_metadata": {},
            "all_tags": [],
            "availability_zone": "nova",
            "availability_zone_hints": null,
            "block_device": [],
            "config_drive": null,
            "created": "2025-06-06 18:50:10 +0000 UTC",
            "flavor_id": "373be856-2584-4418-b98a-9668510059bb",
            "flavor_name": "FRR",
            "floating_ip": null,
            "force_delete": false,
            "id": "89879ea8-cd18-4965-b011-84f6b1f5dbba",
            "image_id": "1d35fa76-6177-4b18-8502-aa6716b117b6",
            "image_name": "HLx-FRR",
            "key_pair": "",
            "metadata": null,
            "name": "gateway",
            "network": [
              {
                "access_network": false,
                "fixed_ip_v4": "192.168.27.178",
                "fixed_ip_v6": "",
                "floating_ip": "",
                "mac": "fa:16:3e:74:a3:b3",
                "name": "management-network",
                "port": "",
                "uuid": "e00db497-40a2-4648-bb99-183a38c2371e"
              },
              {
                "access_network": false,
                "fixed_ip_v4": "192.168.15.3",
                "fixed_ip_v6": "",
                "floating_ip": "",
                "mac": "fa:16:3e:7a:61:21",
                "name": "r2-gateway",
                "port": "98b4d9d9-08f1-43cd-a8a8-6f4f51e744d1",
                "uuid": "94c8a8b2-a012-46e3-b739-9bd64f11ca7d"
              }
            ],
            "network_mode": null,
            "personality": [],
            "power_state": "active",
            "region": "RegionOne",
            "scheduler_hints": [],
            "security_groups": [
              "default"
            ],
            "stop_before_destroy": false,
            "tags": null,
            "timeouts": null,
            "updated": "2025-06-06 18:50:31 +0000 UTC",
            "user_data": "84a9ba489aee0e3a7e87c5be86101cb292486bc5",
            "vendor_options": [],
            "volume": []
          },
          "sensitive_attributes": [
            [
              {
                "type": "get_attr",
                "value": "admin_pass"
              }
            ]
          ],
          "private": "eyJlMmJmYjczMC1lY2FhLTExZTYtOGY4OC0zNDM2M2JjN2M0YzAiOnsiY3JlYXRlIjoxODAwMDAwMDAwMDAwLCJkZWxldGUiOjE4MDAwMDAwMDAwMDAsInVwZGF0ZSI6MTgwMDAwMDAwMDAwMH19",
          "dependencies": [
            "data.openstack_compute_flavor_v2.flavor",
            "data.openstack_images_image_v2.image",
            "data.openstack_networking_network_v2.mgmt_network",
            "data.openstack_networking_network_v2.r2-gateway",
            "data.openstack_networking_subnet_v2.subnet_r2-gateway",
            "openstack_networking_port_v2.ens1_gateway"
          ]
        }
      ]
    },
    {
      "mode": "managed",
      "type": "openstack_compute_instance_v2",
      "name": "r1",
      "provider": "provider[\"registry.terraform.io/terraform-provider-openstack/openstack\"]",
      "instances": [
        {
          "schema_version": 0,
          "attributes": {
            "access_ip_v4": "192.168.27.176",
            "access_ip_v6": "",
            "admin_pass": null,
            "all_metadata": {},
            "all_tags": [],
            "availability_zone": "nova",
            "availability_zone_hints": null,
            "block_device": [],
            "config_drive": null,
            "created": "2025-06-06 18:50:11 +0000 UTC",
            "flavor_id": "373be856-2584-4418-b98a-9668510059bb",
            "flavor_name": "FRR",
            "floating_ip": null,
            "force_delete": false,
            "id": "f7b4ce8b-c42f-4a38-931f-5add21ad315d",
            "image_id": "1d35fa76-6177-4b18-8502-aa6716b117b6",
            "image_name": "HLx-FRR",
            "key_pair": "",
            "metadata": null,
            "name": "r1",
            "network": [
              {
                "access_network": false,
                "fixed_ip_v4": "192.168.27.176",
                "fixed_ip_v6": "",
                "floating_ip": "",
                "mac": "fa:16:3e:6b:2d:3b",
                "name": "management-network",
                "port": "",
                "uuid": "e00db497-40a2-4648-bb99-183a38c2371e"
              },
              {
                "access_network": false,
                "fixed_ip_v4": "192.168.3.1",
                "fixed_ip_v6": "",
                "floating_ip": "",
                "mac": "fa:16:3e:51:65:f4",
                "name": "r1r4",
                "port": "27b54c09-ca6b-4865-9c52-8c1f74479b79",
                "uuid": "261842e3-a345-4b90-b37b-5c9ba1fce18b"
              },
              {
                "access_network": false,
                "fixed_ip_v4": "192.168.4.1",
                "fixed_ip_v6": "",
                "floating_ip": "",
                "mac": "fa:16:3e:cb:95:79",
                "name": "r1r2",
                "port": "12b675ff-cf48-49b3-9e76-0efc1f8052f9",
                "uuid": "f99ab493-edcc-4ed6-9ea1-65098dafa1d6"
              },
              {
                "access_network": false,
                "fixed_ip_v4": "192.168.1.1",
                "fixed_ip_v6": "",
                "floating_ip": "",
                "mac": "fa:16:3e:2b:43:63",
                "name": "r1r11",
                "port": "8bd8ea60-9bfd-4cbf-be0f-b793e0e078f3",
                "uuid": "e2dee63f-1aac-4c2d-b977-46b610ec5b8f"
              }
            ],
            "network_mode": null,
            "personality": [],
            "power_state": "active",
            "region": "RegionOne",
            "scheduler_hints": [],
            "security_groups": [
              "default"
            ],
            "stop_before_destroy": false,
            "tags": null,
            "timeouts": null,
            "updated": "2025-06-06 18:50:44 +0000 UTC",
            "user_data": "042e3e3487aa452cc57bea355ceef51cbb652823",
            "vendor_options": [],
            "volume": []
          },
          "sensitive_attributes": [
            [
              {
                "type": "get_attr",
                "value": "admin_pass"
              }
            ]
          ],
          "private": "eyJlMmJmYjczMC1lY2FhLTExZTYtOGY4OC0zNDM2M2JjN2M0YzAiOnsiY3JlYXRlIjoxODAwMDAwMDAwMDAwLCJkZWxldGUiOjE4MDAwMDAwMDAwMDAsInVwZGF0ZSI6MTgwMDAwMDAwMDAwMH19",
          "dependencies": [
            "data.openstack_compute_flavor_v2.flavor",
            "data.openstack_images_image_v2.image",
            "data.openstack_networking_network_v2.mgmt_network",
            "data.openstack_networking_network_v2.r1r11",
            "data.openstack_networking_network_v2.r1r2",
            "data.openstack_networking_network_v2.r1r4",
            "data.openstack_networking_subnet_v2.subnet_r1r11",
            "data.openstack_networking_subnet_v2.subnet_r1r2",
            "data.openstack_networking_subnet_v2.subnet_r1r4",
            "openstack_networking_port_v2.ens4_r1",
            "openstack_networking_port_v2.ens5_r1",
            "openstack_networking_port_v2.ens6_r1"
          ]
        }
      ]
    },
    {
      "mode": "managed",
      "type": "openstack_compute_instance_v2",
      "name": "r11",
      "provider": "provider[\"registry.terraform.io/terraform-provider-openstack/openstack\"]",
      "instances": [
        {
          "schema_version": 0,
          "attributes": {
            "access_ip_v4": "192.168.27.175",
            "access_ip_v6": "",
            "admin_pass": null,
            "all_metadata": {},
            "all_tags": [],
            "availability_zone": "nova",
            "availability_zone_hints": null,
            "block_device": [],
            "config_drive": null,
            "created": "2025-06-06 18:50:10 +0000 UTC",
            "flavor_id": "373be856-2584-4418-b98a-9668510059bb",
            "flavor_name": "FRR",
            "floating_ip": null,
            "force_delete": false,
            "id": "7ca3dc3b-80a0-4890-84e2-13cf5f918b08",
            "image_id": "1d35fa76-6177-4b18-8502-aa6716b117b6",
            "image_name": "HLx-FRR",
            "key_pair": "",
            "metadata": null,
            "name": "r11",
            "network": [
              {
                "access_network": false,
                "fixed_ip_v4": "192.168.27.175",
                "fixed_ip_v6": "",
                "floating_ip": "",
                "mac": "fa:16:3e:43:b7:f4",
                "name": "management-network",
                "port": "d751dab7-fdf2-4cb3-afc2-1146a7bb856f",
                "uuid": "e00db497-40a2-4648-bb99-183a38c2371e"
              },
              {
                "access_network": false,
                "fixed_ip_v4": "192.168.1.11",
                "fixed_ip_v6": "",
                "floating_ip": "",
                "mac": "fa:16:3e:31:c2:b1",
                "name": "r1r11",
                "port": "b84acfc9-8dac-4269-98f9-5b27fe9a675a",
                "uuid": "e2dee63f-1aac-4c2d-b977-46b610ec5b8f"
              },
              {
                "access_network": false,
                "fixed_ip_v4": "192.168.2.11",
                "fixed_ip_v6": "",
                "floating_ip": "",
                "mac": "fa:16:3e:02:ba:aa",
                "name": "r11r4",
                "port": "5039fa71-70e5-4823-acba-d860a1d1e45b",
                "uuid": "5e1c3a0c-9825-4b11-abea-c5f1b5773bee"
              }
            ],
            "network_mode": null,
            "personality": [],
            "power_state": "active",
            "region": "RegionOne",
            "scheduler_hints": [],
            "security_groups": [],
            "stop_before_destroy": false,
            "tags": null,
            "timeouts": null,
            "updated": "2025-06-06 18:50:35 +0000 UTC",
            "user_data": "525a130b3151952cdfee1626f0b509eee350d903",
            "vendor_options": [],
            "volume": []
          },
          "sensitive_attributes": [
            [
              {
                "type": "get_attr",
                "value": "admin_pass"
              }
            ]
          ],
          "private": "eyJlMmJmYjczMC1lY2FhLTExZTYtOGY4OC0zNDM2M2JjN2M0YzAiOnsiY3JlYXRlIjoxODAwMDAwMDAwMDAwLCJkZWxldGUiOjE4MDAwMDAwMDAwMDAsInVwZGF0ZSI6MTgwMDAwMDAwMDAwMH19",
          "dependencies": [
            "data.openstack_compute_flavor_v2.flavor",
            "data.openstack_images_image_v2.image",
            "data.openstack_networking_network_v2.mgmt_network",
            "data.openstack_networking_network_v2.r11r4",
            "data.openstack_networking_network_v2.r1r11",
            "data.openstack_networking_subnet_v2.subnet_mgmt_network",
            "data.openstack_networking_subnet_v2.subnet_r11r4",
            "data.openstack_networking_subnet_v2.subnet_r1r11",
            "openstack_networking_port_v2.ens3_r11",
            "openstack_networking_port_v2.ens4_r11",
            "openstack_networking_port_v2.ens5_r11"
          ]
        }
      ]
    },
    {
      "mode": "managed",
      "type": "openstack_compute_instance_v2",
      "name": "r12",
      "provider": "provider[\"registry.terraform.io/terraform-provider-openstack/openstack\"]",
      "instances": [
        {
          "schema_version": 0,
          "attributes": {
            "access_ip_v4": "192.168.27.182",
            "access_ip_v6": "",
            "admin_pass": null,
            "all_metadata": {},
            "all_tags": [],
            "availability_zone": "nova",
            "availability_zone_hints": null,
            "block_device": [],
            "config_drive": null,
            "created": "2025-06-06 18:50:25 +0000 UTC",
            "flavor_id": "373be856-2584-4418-b98a-9668510059bb",
            "flavor_name": "FRR",
            "floating_ip": null,
            "force_delete": false,
            "id": "98ee3941-aca7-4521-b12b-fe0376749f64",
            "image_id": "1d35fa76-6177-4b18-8502-aa6716b117b6",
            "image_name": "HLx-FRR",
            "key_pair": "",
            "metadata": null,
            "name": "r12",
            "network": [
              {
                "access_network": false,
                "fixed_ip_v4": "192.168.27.182",
                "fixed_ip_v6": "",
                "floating_ip": "",
                "mac": "fa:16:3e:5f:b2:bb",
                "name": "management-network",
                "port": "",
                "uuid": "e00db497-40a2-4648-bb99-183a38c2371e"
              },
              {
                "access_network": false,
                "fixed_ip_v4": "192.168.13.12",
                "fixed_ip_v6": "",
                "floating_ip": "",
                "mac": "fa:16:3e:ec:38:45",
                "name": "r2r12",
                "port": "74093bb2-1ffb-4e12-8d86-e81e92172593",
                "uuid": "c0422e79-2088-4181-9b3b-7fa3ba7c6321"
              },
              {
                "access_network": false,
                "fixed_ip_v4": "192.168.14.12",
                "fixed_ip_v6": "",
                "floating_ip": "",
                "mac": "fa:16:3e:2a:5f:ae",
                "name": "r3r12",
                "port": "b52327cf-bd51-4b5a-a89a-c211636aeaa6",
                "uuid": "5b7e50b7-9699-4a9b-83d8-e7ba20486844"
              }
            ],
            "network_mode": null,
            "personality": [],
            "power_state": "active",
            "region": "RegionOne",
            "scheduler_hints": [],
            "security_groups": [
              "default"
            ],
            "stop_before_destroy": false,
            "tags": null,
            "timeouts": null,
            "updated": "2025-06-06 18:50:54 +0000 UTC",
            "user_data": "9965802ccd479fbc5fac3258535b57038c78335a",
            "vendor_options": [],
            "volume": []
          },
          "sensitive_attributes": [
            [
              {
                "type": "get_attr",
                "value": "admin_pass"
              }
            ]
          ],
          "private": "eyJlMmJmYjczMC1lY2FhLTExZTYtOGY4OC0zNDM2M2JjN2M0YzAiOnsiY3JlYXRlIjoxODAwMDAwMDAwMDAwLCJkZWxldGUiOjE4MDAwMDAwMDAwMDAsInVwZGF0ZSI6MTgwMDAwMDAwMDAwMH19",
          "dependencies": [
            "data.openstack_compute_flavor_v2.flavor",
            "data.openstack_images_image_v2.image",
            "data.openstack_networking_network_v2.mgmt_network",
            "data.openstack_networking_network_v2.r2r12",
            "data.openstack_networking_network_v2.r3r12",
            "data.openstack_networking_subnet_v2.subnet_r2r12",
            "data.openstack_networking_subnet_v2.subnet_r3r12",
            "openstack_networking_port_v2.ens4_r12",
            "openstack_networking_port_v2.ens5_r12"
          ]
        }
      ]
    },
    {
      "mode": "managed",
      "type": "openstack_compute_instance_v2",
      "name": "r13",
      "provider": "provider[\"registry.terraform.io/terraform-provider-openstack/openstack\"]",
      "instances": [
        {
          "schema_version": 0,
          "attributes": {
            "access_ip_v4": "192.168.27.168",
            "access_ip_v6": "",
            "admin_pass": null,
            "all_metadata": {},
            "all_tags": [],
            "availability_zone": "nova",
            "availability_zone_hints": null,
            "block_device": [],
            "config_drive": null,
            "created": "2025-06-06 18:50:10 +0000 UTC",
            "flavor_id": "373be856-2584-4418-b98a-9668510059bb",
            "flavor_name": "FRR",
            "floating_ip": null,
            "force_delete": false,
            "id": "03dff420-f0db-4456-a6f2-359e657fc7e4",
            "image_id": "1d35fa76-6177-4b18-8502-aa6716b117b6",
            "image_name": "HLx-FRR",
            "key_pair": "",
            "metadata": null,
            "name": "r13",
            "network": [
              {
                "access_network": false,
                "fixed_ip_v4": "192.168.27.168",
                "fixed_ip_v6": "",
                "floating_ip": "",
                "mac": "fa:16:3e:ce:23:38",
                "name": "management-network",
                "port": "",
                "uuid": "e00db497-40a2-4648-bb99-183a38c2371e"
              },
              {
                "access_network": false,
                "fixed_ip_v4": "192.168.12.13",
                "fixed_ip_v6": "",
                "floating_ip": "",
                "mac": "fa:16:3e:d6:b3:c7",
                "name": "r3r13",
                "port": "ab727906-7d06-43f9-b56c-5194cb2e451c",
                "uuid": "4e127b07-49b8-418a-ab6a-de77d404dcfb"
              },
              {
                "access_network": false,
                "fixed_ip_v4": "192.168.11.13",
                "fixed_ip_v6": "",
                "floating_ip": "",
                "mac": "fa:16:3e:b5:c9:e8",
                "name": "r7r13",
                "port": "a40d0dde-ef11-4eee-9c0d-3cd037f9a6c7",
                "uuid": "e2172a2b-d6e8-488c-b932-babfbbb09d1b"
              }
            ],
            "network_mode": null,
            "personality": [],
            "power_state": "active",
            "region": "RegionOne",
            "scheduler_hints": [],
            "security_groups": [
              "default"
            ],
            "stop_before_destroy": false,
            "tags": null,
            "timeouts": null,
            "updated": "2025-06-06 18:50:31 +0000 UTC",
            "user_data": "8d1dea8471fa9820562831ccd6eba256526062dd",
            "vendor_options": [],
            "volume": []
          },
          "sensitive_attributes": [
            [
              {
                "type": "get_attr",
                "value": "admin_pass"
              }
            ]
          ],
          "private": "eyJlMmJmYjczMC1lY2FhLTExZTYtOGY4OC0zNDM2M2JjN2M0YzAiOnsiY3JlYXRlIjoxODAwMDAwMDAwMDAwLCJkZWxldGUiOjE4MDAwMDAwMDAwMDAsInVwZGF0ZSI6MTgwMDAwMDAwMDAwMH19",
          "dependencies": [
            "data.openstack_compute_flavor_v2.flavor",
            "data.openstack_images_image_v2.image",
            "data.openstack_networking_network_v2.mgmt_network",
            "data.openstack_networking_network_v2.r3r13",
            "data.openstack_networking_network_v2.r7r13",
            "data.openstack_networking_subnet_v2.subnet_r3r13",
            "data.openstack_networking_subnet_v2.subnet_r7r13",
            "openstack_networking_port_v2.ens4_r13",
            "openstack_networking_port_v2.ens5_r13"
          ]
        }
      ]
    },
    {
      "mode": "managed",
      "type": "openstack_compute_instance_v2",
      "name": "r2",
      "provider": "provider[\"registry.terraform.io/terraform-provider-openstack/openstack\"]",
      "instances": [
        {
          "schema_version": 0,
          "attributes": {
            "access_ip_v4": "192.168.27.173",
            "access_ip_v6": "",
            "admin_pass": null,
            "all_metadata": {},
            "all_tags": [],
            "availability_zone": "nova",
            "availability_zone_hints": null,
            "block_device": [],
            "config_drive": null,
            "created": "2025-06-06 18:50:12 +0000 UTC",
            "flavor_id": "373be856-2584-4418-b98a-9668510059bb",
            "flavor_name": "FRR",
            "floating_ip": null,
            "force_delete": false,
            "id": "aa08f22e-5735-4f16-be57-b405f9980345",
            "image_id": "1d35fa76-6177-4b18-8502-aa6716b117b6",
            "image_name": "HLx-FRR",
            "key_pair": "",
            "metadata": null,
            "name": "r2",
            "network": [
              {
                "access_network": false,
                "fixed_ip_v4": "192.168.27.173",
                "fixed_ip_v6": "",
                "floating_ip": "",
                "mac": "fa:16:3e:f2:bc:75",
                "name": "management-network",
                "port": "",
                "uuid": "e00db497-40a2-4648-bb99-183a38c2371e"
              },
              {
                "access_network": false,
                "fixed_ip_v4": "192.168.15.20",
                "fixed_ip_v6": "",
                "floating_ip": "",
                "mac": "fa:16:3e:ce:82:3c",
                "name": "r2-gateway",
                "port": "e82676b7-5819-426f-b949-64117716fbfe",
                "uuid": "94c8a8b2-a012-46e3-b739-9bd64f11ca7d"
              },
              {
                "access_network": false,
                "fixed_ip_v4": "192.168.13.20",
                "fixed_ip_v6": "",
                "floating_ip": "",
                "mac": "fa:16:3e:c9:71:dc",
                "name": "r2r12",
                "port": "3cda08af-5932-4ef6-af5b-d0f81657fce6",
                "uuid": "c0422e79-2088-4181-9b3b-7fa3ba7c6321"
              },
              {
                "access_network": false,
                "fixed_ip_v4": "192.168.4.20",
                "fixed_ip_v6": "",
                "floating_ip": "",
                "mac": "fa:16:3e:11:10:f9",
                "name": "r1r2",
                "port": "324ec187-91b8-4261-8b2e-f7036b7c6a40",
                "uuid": "f99ab493-edcc-4ed6-9ea1-65098dafa1d6"
              },
              {
                "access_network": false,
                "fixed_ip_v4": "192.168.8.20",
                "fixed_ip_v6": "",
                "floating_ip": "",
                "mac": "fa:16:3e:19:53:5c",
                "name": "r2r3",
                "port": "0f0139f0-d0ba-4ca0-8a9f-90c45088da15",
                "uuid": "0f656566-5bb7-4501-a8dc-9302ef4f68ed"
              },
              {
                "access_network": false,
                "fixed_ip_v4": "192.168.6.20",
                "fixed_ip_v6": "",
                "floating_ip": "",
                "mac": "fa:16:3e:0f:75:62",
                "name": "r2r5",
                "port": "93ec78bc-f9a4-431f-b579-7d3978aab56f",
                "uuid": "18937e35-91f4-434a-a65b-f15b9757cd6c"
              }
            ],
            "network_mode": null,
            "personality": [],
            "power_state": "active",
            "region": "RegionOne",
            "scheduler_hints": [],
            "security_groups": [
              "default"
            ],
            "stop_before_destroy": false,
            "tags": null,
            "timeouts": null,
            "updated": "2025-06-06 18:50:50 +0000 UTC",
            "user_data": "7d2948b31e70a86f2c77245e33793f74f03c01f3",
            "vendor_options": [],
            "volume": []
          },
          "sensitive_attributes": [
            [
              {
                "type": "get_attr",
                "value": "admin_pass"
              }
            ]
          ],
          "private": "eyJlMmJmYjczMC1lY2FhLTExZTYtOGY4OC0zNDM2M2JjN2M0YzAiOnsiY3JlYXRlIjoxODAwMDAwMDAwMDAwLCJkZWxldGUiOjE4MDAwMDAwMDAwMDAsInVwZGF0ZSI6MTgwMDAwMDAwMDAwMH19",
          "dependencies": [
            "data.openstack_compute_flavor_v2.flavor",
            "data.openstack_images_image_v2.image",
            "data.openstack_networking_network_v2.mgmt_network",
            "data.openstack_networking_network_v2.r1r2",
            "data.openstack_networking_network_v2.r2-gateway",
            "data.openstack_networking_network_v2.r2r12",
            "data.openstack_networking_network_v2.r2r3",
            "data.openstack_networking_network_v2.r2r5",
            "data.openstack_networking_subnet_v2.subnet_r1r2",
            "data.openstack_networking_subnet_v2.subnet_r2-gateway",
            "data.openstack_networking_subnet_v2.subnet_r2r12",
            "data.openstack_networking_subnet_v2.subnet_r2r3",
            "data.openstack_networking_subnet_v2.subnet_r2r5",
            "openstack_networking_port_v2.ens4_r2",
            "openstack_networking_port_v2.ens5_r2",
            "openstack_networking_port_v2.ens6_r2",
            "openstack_networking_port_v2.ens7_r2",
            "openstack_networking_port_v2.ens8_r2"
          ]
        }
      ]
    },
    {
      "mode": "managed",
      "type": "openstack_compute_instance_v2",
      "name": "r3",
      "provider": "provider[\"registry.terraform.io/terraform-provider-openstack/openstack\"]",
      "instances": [
        {
          "schema_version": 0,
          "attributes": {
            "access_ip_v4": "192.168.27.174",
            "access_ip_v6": "",
            "admin_pass": null,
            "all_metadata": {},
            "all_tags": [],
            "availability_zone": "nova",
            "availability_zone_hints": null,
            "block_device": [],
            "config_drive": null,
            "created": "2025-06-06 18:50:36 +0000 UTC",
            "flavor_id": "373be856-2584-4418-b98a-9668510059bb",
            "flavor_name": "FRR",
            "floating_ip": null,
            "force_delete": false,
            "id": "3e1d5239-47b3-4360-a148-a5dbb4401810",
            "image_id": "1d35fa76-6177-4b18-8502-aa6716b117b6",
            "image_name": "HLx-FRR",
            "key_pair": "",
            "metadata": null,
            "name": "r3",
            "network": [
              {
                "access_network": false,
                "fixed_ip_v4": "192.168.27.174",
                "fixed_ip_v6": "",
                "floating_ip": "",
                "mac": "fa:16:3e:a8:e3:2f",
                "name": "management-network",
                "port": "",
                "uuid": "e00db497-40a2-4648-bb99-183a38c2371e"
              },
              {
                "access_network": false,
                "fixed_ip_v4": "192.168.12.3",
                "fixed_ip_v6": "",
                "floating_ip": "",
                "mac": "fa:16:3e:2b:ae:f8",
                "name": "r3r13",
                "port": "a266dd1e-5b35-44ef-902b-ece1fe0eec34",
                "uuid": "4e127b07-49b8-418a-ab6a-de77d404dcfb"
              },
              {
                "access_network": false,
                "fixed_ip_v4": "192.168.10.3",
                "fixed_ip_v6": "",
                "floating_ip": "",
                "mac": "fa:16:3e:5f:24:dd",
                "name": "r3r7",
                "port": "1497696c-9a74-4633-b061-36ce659bda32",
                "uuid": "12b4b9f0-55e9-4dee-967f-25964f6f78a9"
              },
              {
                "access_network": false,
                "fixed_ip_v4": "192.168.8.3",
                "fixed_ip_v6": "",
                "floating_ip": "",
                "mac": "fa:16:3e:fd:1f:06",
                "name": "r2r3",
                "port": "d86b9fb4-84f3-4968-b7b7-68348dc1f256",
                "uuid": "0f656566-5bb7-4501-a8dc-9302ef4f68ed"
              },
              {
                "access_network": false,
                "fixed_ip_v4": "192.168.14.3",
                "fixed_ip_v6": "",
                "floating_ip": "",
                "mac": "fa:16:3e:8a:c4:93",
                "name": "r3r12",
                "port": "7a835e58-c1d8-45c0-887e-6d1b39003802",
                "uuid": "5b7e50b7-9699-4a9b-83d8-e7ba20486844"
              }
            ],
            "network_mode": null,
            "personality": [],
            "power_state": "active",
            "region": "RegionOne",
            "scheduler_hints": [],
            "security_groups": [
              "default"
            ],
            "stop_before_destroy": false,
            "tags": null,
            "timeouts": null,
            "updated": "2025-06-06 18:50:55 +0000 UTC",
            "user_data": "397dc3e5ee871b49fad10514d59b45b09e3c0e76",
            "vendor_options": [],
            "volume": []
          },
          "sensitive_attributes": [
            [
              {
                "type": "get_attr",
                "value": "admin_pass"
              }
            ]
          ],
          "private": "eyJlMmJmYjczMC1lY2FhLTExZTYtOGY4OC0zNDM2M2JjN2M0YzAiOnsiY3JlYXRlIjoxODAwMDAwMDAwMDAwLCJkZWxldGUiOjE4MDAwMDAwMDAwMDAsInVwZGF0ZSI6MTgwMDAwMDAwMDAwMH19",
          "dependencies": [
            "data.openstack_compute_flavor_v2.flavor",
            "data.openstack_images_image_v2.image",
            "data.openstack_networking_network_v2.mgmt_network",
            "data.openstack_networking_network_v2.r2r3",
            "data.openstack_networking_network_v2.r3r12",
            "data.openstack_networking_network_v2.r3r13",
            "data.openstack_networking_network_v2.r3r7",
            "data.openstack_networking_subnet_v2.subnet_r2r3",
            "data.openstack_networking_subnet_v2.subnet_r3r12",
            "data.openstack_networking_subnet_v2.subnet_r3r13",
            "data.openstack_networking_subnet_v2.subnet_r3r7",
            "openstack_networking_port_v2.ens4_r3",
            "openstack_networking_port_v2.ens5_r3",
            "openstack_networking_port_v2.ens6_r3",
            "openstack_networking_port_v2.ens7_r3"
          ]
        }
      ]
    },
    {
      "mode": "managed",
      "type": "openstack_compute_instance_v2",
      "name": "r4",
      "provider": "provider[\"registry.terraform.io/terraform-provider-openstack/openstack\"]",
      "instances": [
        {
          "schema_version": 0,
          "attributes": {
            "access_ip_v4": "192.168.27.183",
            "access_ip_v6": "",
            "admin_pass": null,
            "all_metadata": {},
            "all_tags": [],
            "availability_zone": "nova",
            "availability_zone_hints": null,
            "block_device": [],
            "config_drive": null,
            "created": "2025-06-06 18:50:11 +0000 UTC",
            "flavor_id": "373be856-2584-4418-b98a-9668510059bb",
            "flavor_name": "FRR",
            "floating_ip": null,
            "force_delete": false,
            "id": "e817f115-2ea3-4be8-8ecf-31c06cc36231",
            "image_id": "1d35fa76-6177-4b18-8502-aa6716b117b6",
            "image_name": "HLx-FRR",
            "key_pair": "",
            "metadata": null,
            "name": "r4",
            "network": [
              {
                "access_network": false,
                "fixed_ip_v4": "192.168.27.183",
                "fixed_ip_v6": "",
                "floating_ip": "",
                "mac": "fa:16:3e:d6:b7:a6",
                "name": "management-network",
                "port": "",
                "uuid": "e00db497-40a2-4648-bb99-183a38c2371e"
              },
              {
                "access_network": false,
                "fixed_ip_v4": "192.168.3.4",
                "fixed_ip_v6": "",
                "floating_ip": "",
                "mac": "fa:16:3e:1d:f7:24",
                "name": "r1r4",
                "port": "fcf61c58-a0b8-4c76-bc69-ce379ac7c505",
                "uuid": "261842e3-a345-4b90-b37b-5c9ba1fce18b"
              },
              {
                "access_network": false,
                "fixed_ip_v4": "192.168.2.4",
                "fixed_ip_v6": "",
                "floating_ip": "",
                "mac": "fa:16:3e:7f:88:2e",
                "name": "r11r4",
                "port": "87b68894-570e-4151-8e63-e45007e43750",
                "uuid": "5e1c3a0c-9825-4b11-abea-c5f1b5773bee"
              },
              {
                "access_network": false,
                "fixed_ip_v4": "192.168.5.4",
                "fixed_ip_v6": "",
                "floating_ip": "",
                "mac": "fa:16:3e:1e:cd:84",
                "name": "r4r6",
                "port": "2853abcf-ace9-4f44-9297-5521b20236f1",
                "uuid": "20b8b1ef-8cfe-4099-a60e-2e1306f2fd93"
              }
            ],
            "network_mode": null,
            "personality": [],
            "power_state": "active",
            "region": "RegionOne",
            "scheduler_hints": [],
            "security_groups": [
              "default"
            ],
            "stop_before_destroy": false,
            "tags": null,
            "timeouts": null,
            "updated": "2025-06-06 18:50:40 +0000 UTC",
            "user_data": "dd2993cdc619aeaa5a9c4a6eb70901f39be32945",
            "vendor_options": [],
            "volume": []
          },
          "sensitive_attributes": [
            [
              {
                "type": "get_attr",
                "value": "admin_pass"
              }
            ]
          ],
          "private": "eyJlMmJmYjczMC1lY2FhLTExZTYtOGY4OC0zNDM2M2JjN2M0YzAiOnsiY3JlYXRlIjoxODAwMDAwMDAwMDAwLCJkZWxldGUiOjE4MDAwMDAwMDAwMDAsInVwZGF0ZSI6MTgwMDAwMDAwMDAwMH19",
          "dependencies": [
            "data.openstack_compute_flavor_v2.flavor",
            "data.openstack_images_image_v2.image",
            "data.openstack_networking_network_v2.mgmt_network",
            "data.openstack_networking_network_v2.r11r4",
            "data.openstack_networking_network_v2.r1r4",
            "data.openstack_networking_network_v2.r4r6",
            "data.openstack_networking_subnet_v2.subnet_r11r4",
            "data.openstack_networking_subnet_v2.subnet_r1r4",
            "data.openstack_networking_subnet_v2.subnet_r4r6",
            "openstack_networking_port_v2.ens4_r4",
            "openstack_networking_port_v2.ens5_r4",
            "openstack_networking_port_v2.ens6_r4"
          ]
        }
      ]
    },
    {
      "mode": "managed",
      "type": "openstack_compute_instance_v2",
      "name": "r5",
      "provider": "provider[\"registry.terraform.io/terraform-provider-openstack/openstack\"]",
      "instances": [
        {
          "schema_version": 0,
          "attributes": {
            "access_ip_v4": "192.168.27.167",
            "access_ip_v6": "",
            "admin_pass": null,
            "all_metadata": {},
            "all_tags": [],
            "availability_zone": "nova",
            "availability_zone_hints": null,
            "block_device": [],
            "config_drive": null,
            "created": "2025-06-06 18:50:10 +0000 UTC",
            "flavor_id": "373be856-2584-4418-b98a-9668510059bb",
            "flavor_name": "FRR",
            "floating_ip": null,
            "force_delete": false,
            "id": "2082c03a-e42b-4e1d-907c-7aca0e8ffe9d",
            "image_id": "1d35fa76-6177-4b18-8502-aa6716b117b6",
            "image_name": "HLx-FRR",
            "key_pair": "",
            "metadata": null,
            "name": "r5",
            "network": [
              {
                "access_network": false,
                "fixed_ip_v4": "192.168.27.167",
                "fixed_ip_v6": "",
                "floating_ip": "",
                "mac": "fa:16:3e:d5:dc:f0",
                "name": "management-network",
                "port": "",
                "uuid": "e00db497-40a2-4648-bb99-183a38c2371e"
              },
              {
                "access_network": false,
                "fixed_ip_v4": "192.168.7.5",
                "fixed_ip_v6": "",
                "floating_ip": "",
                "mac": "fa:16:3e:c2:40:9a",
                "name": "r5r6",
                "port": "cdd9b1f5-7527-447d-b53d-bb583a013656",
                "uuid": "018dff4b-ad02-4ec8-b531-a71a31c6ecfa"
              },
              {
                "access_network": false,
                "fixed_ip_v4": "192.168.6.5",
                "fixed_ip_v6": "",
                "floating_ip": "",
                "mac": "fa:16:3e:5b:18:8d",
                "name": "r2r5",
                "port": "8f7019fe-edca-40eb-8b78-36d72e049d04",
                "uuid": "18937e35-91f4-434a-a65b-f15b9757cd6c"
              }
            ],
            "network_mode": null,
            "personality": [],
            "power_state": "active",
            "region": "RegionOne",
            "scheduler_hints": [],
            "security_groups": [
              "default"
            ],
            "stop_before_destroy": false,
            "tags": null,
            "timeouts": null,
            "updated": "2025-06-06 18:50:29 +0000 UTC",
            "user_data": "6058dbb1d663b485538c90a2dd3df6c32f9abdb1",
            "vendor_options": [],
            "volume": []
          },
          "sensitive_attributes": [
            [
              {
                "type": "get_attr",
                "value": "admin_pass"
              }
            ]
          ],
          "private": "eyJlMmJmYjczMC1lY2FhLTExZTYtOGY4OC0zNDM2M2JjN2M0YzAiOnsiY3JlYXRlIjoxODAwMDAwMDAwMDAwLCJkZWxldGUiOjE4MDAwMDAwMDAwMDAsInVwZGF0ZSI6MTgwMDAwMDAwMDAwMH19",
          "dependencies": [
            "data.openstack_compute_flavor_v2.flavor",
            "data.openstack_images_image_v2.image",
            "data.openstack_networking_network_v2.mgmt_network",
            "data.openstack_networking_network_v2.r2r5",
            "data.openstack_networking_network_v2.r5r6",
            "data.openstack_networking_subnet_v2.subnet_r2r5",
            "data.openstack_networking_subnet_v2.subnet_r5r6",
            "openstack_networking_port_v2.ens4_r5",
            "openstack_networking_port_v2.ens5_r5"
          ]
        }
      ]
    },
    {
      "mode": "managed",
      "type": "openstack_compute_instance_v2",
      "name": "r6",
      "provider": "provider[\"registry.terraform.io/terraform-provider-openstack/openstack\"]",
      "instances": [
        {
          "schema_version": 0,
          "attributes": {
            "access_ip_v4": "192.168.27.169",
            "access_ip_v6": "",
            "admin_pass": null,
            "all_metadata": {},
            "all_tags": [],
            "availability_zone": "nova",
            "availability_zone_hints": null,
            "block_device": [],
            "config_drive": null,
            "created": "2025-06-06 18:50:16 +0000 UTC",
            "flavor_id": "373be856-2584-4418-b98a-9668510059bb",
            "flavor_name": "FRR",
            "floating_ip": null,
            "force_delete": false,
            "id": "7be37b2f-d24d-455a-baad-3f9badd9ec8d",
            "image_id": "1d35fa76-6177-4b18-8502-aa6716b117b6",
            "image_name": "HLx-FRR",
            "key_pair": "",
            "metadata": null,
            "name": "r6",
            "network": [
              {
                "access_network": false,
                "fixed_ip_v4": "192.168.27.169",
                "fixed_ip_v6": "",
                "floating_ip": "",
                "mac": "fa:16:3e:7c:4a:4b",
                "name": "management-network",
                "port": "",
                "uuid": "e00db497-40a2-4648-bb99-183a38c2371e"
              },
              {
                "access_network": false,
                "fixed_ip_v4": "192.168.9.6",
                "fixed_ip_v6": "",
                "floating_ip": "",
                "mac": "fa:16:3e:a8:e8:10",
                "name": "r6r7",
                "port": "795f6ac6-a480-4dfe-a4c5-62ed9dc6fdb5",
                "uuid": "a63780a3-a992-4b86-97b3-d988ec4b5bfe"
              },
              {
                "access_network": false,
                "fixed_ip_v4": "192.168.7.6",
                "fixed_ip_v6": "",
                "floating_ip": "",
                "mac": "fa:16:3e:58:22:98",
                "name": "r5r6",
                "port": "3086fb93-ef9e-4df5-8ddb-31e68ec6fc8f",
                "uuid": "018dff4b-ad02-4ec8-b531-a71a31c6ecfa"
              },
              {
                "access_network": false,
                "fixed_ip_v4": "192.168.5.6",
                "fixed_ip_v6": "",
                "floating_ip": "",
                "mac": "fa:16:3e:ee:01:10",
                "name": "r4r6",
                "port": "1cd2045b-f70a-4093-9241-b4659be689f8",
                "uuid": "20b8b1ef-8cfe-4099-a60e-2e1306f2fd93"
              }
            ],
            "network_mode": null,
            "personality": [],
            "power_state": "active",
            "region": "RegionOne",
            "scheduler_hints": [],
            "security_groups": [
              "default"
            ],
            "stop_before_destroy": false,
            "tags": null,
            "timeouts": null,
            "updated": "2025-06-06 18:50:50 +0000 UTC",
            "user_data": "9a124a4fd5472a87069e652b5ac95ba5ae908762",
            "vendor_options": [],
            "volume": []
          },
          "sensitive_attributes": [
            [
              {
                "type": "get_attr",
                "value": "admin_pass"
              }
            ]
          ],
          "private": "eyJlMmJmYjczMC1lY2FhLTExZTYtOGY4OC0zNDM2M2JjN2M0YzAiOnsiY3JlYXRlIjoxODAwMDAwMDAwMDAwLCJkZWxldGUiOjE4MDAwMDAwMDAwMDAsInVwZGF0ZSI6MTgwMDAwMDAwMDAwMH19",
          "dependencies": [
            "data.openstack_compute_flavor_v2.flavor",
            "data.openstack_images_image_v2.image",
            "data.openstack_networking_network_v2.mgmt_network",
            "data.openstack_networking_network_v2.r4r6",
            "data.openstack_networking_network_v2.r5r6",
            "data.openstack_networking_network_v2.r6r7",
            "data.openstack_networking_subnet_v2.subnet_r4r6",
            "data.openstack_networking_subnet_v2.subnet_r5r6",
            "data.openstack_networking_subnet_v2.subnet_r6r7",
            "openstack_networking_port_v2.ens4_r6",
            "openstack_networking_port_v2.ens5_r6",
            "openstack_networking_port_v2.ens6_r6"
          ]
        }
      ]
    },
    {
      "mode": "managed",
      "type": "openstack_compute_instance_v2",
      "name": "r7",
      "provider": "provider[\"registry.terraform.io/terraform-provider-openstack/openstack\"]",
      "instances": [
        {
          "schema_version": 0,
          "attributes": {
            "access_ip_v4": "192.168.27.177",
            "access_ip_v6": "",
            "admin_pass": null,
            "all_metadata": {},
            "all_tags": [],
            "availability_zone": "nova",
            "availability_zone_hints": null,
            "block_device": [],
            "config_drive": null,
            "created": "2025-06-06 18:50:16 +0000 UTC",
            "flavor_id": "373be856-2584-4418-b98a-9668510059bb",
            "flavor_name": "FRR",
            "floating_ip": null,
            "force_delete": false,
            "id": "eaf5e23a-42ca-4e8e-83d3-98c26b247426",
            "image_id": "1d35fa76-6177-4b18-8502-aa6716b117b6",
            "image_name": "HLx-FRR",
            "key_pair": "",
            "metadata": null,
            "name": "r7",
            "network": [
              {
                "access_network": false,
                "fixed_ip_v4": "192.168.27.177",
                "fixed_ip_v6": "",
                "floating_ip": "",
                "mac": "fa:16:3e:ec:4b:a5",
                "name": "management-network",
                "port": "",
                "uuid": "e00db497-40a2-4648-bb99-183a38c2371e"
              },
              {
                "access_network": false,
                "fixed_ip_v4": "192.168.9.7",
                "fixed_ip_v6": "",
                "floating_ip": "",
                "mac": "fa:16:3e:bf:87:ab",
                "name": "r6r7",
                "port": "13e01c7c-444e-43d6-942f-602c220bea75",
                "uuid": "a63780a3-a992-4b86-97b3-d988ec4b5bfe"
              },
              {
                "access_network": false,
                "fixed_ip_v4": "192.168.11.7",
                "fixed_ip_v6": "",
                "floating_ip": "",
                "mac": "fa:16:3e:e7:5d:bf",
                "name": "r7r13",
                "port": "c0bfc973-55ca-42c4-acaf-96c9f87fd9ac",
                "uuid": "e2172a2b-d6e8-488c-b932-babfbbb09d1b"
              },
              {
                "access_network": false,
                "fixed_ip_v4": "192.168.10.7",
                "fixed_ip_v6": "",
                "floating_ip": "",
                "mac": "fa:16:3e:f0:b1:8f",
                "name": "r3r7",
                "port": "bac9cd52-2716-4157-988e-b0f3cd900c19",
                "uuid": "12b4b9f0-55e9-4dee-967f-25964f6f78a9"
              }
            ],
            "network_mode": null,
            "personality": [],
            "power_state": "active",
            "region": "RegionOne",
            "scheduler_hints": [],
            "security_groups": [
              "default"
            ],
            "stop_before_destroy": false,
            "tags": null,
            "timeouts": null,
            "updated": "2025-06-06 18:50:50 +0000 UTC",
            "user_data": "6f500b4502f1ee65d42ba1183e1511015926a832",
            "vendor_options": [],
            "volume": []
          },
          "sensitive_attributes": [
            [
              {
                "type": "get_attr",
                "value": "admin_pass"
              }
            ]
          ],
          "private": "eyJlMmJmYjczMC1lY2FhLTExZTYtOGY4OC0zNDM2M2JjN2M0YzAiOnsiY3JlYXRlIjoxODAwMDAwMDAwMDAwLCJkZWxldGUiOjE4MDAwMDAwMDAwMDAsInVwZGF0ZSI6MTgwMDAwMDAwMDAwMH19",
          "dependencies": [
            "data.openstack_compute_flavor_v2.flavor",
            "data.openstack_images_image_v2.image",
            "data.openstack_networking_network_v2.mgmt_network",
            "data.openstack_networking_network_v2.r3r7",
            "data.openstack_networking_network_v2.r6r7",
            "data.openstack_networking_network_v2.r7r13",
            "data.openstack_networking_subnet_v2.subnet_r3r7",
            "data.openstack_networking_subnet_v2.subnet_r6r7",
            "data.openstack_networking_subnet_v2.subnet_r7r13",
            "openstack_networking_port_v2.ens4_r7",
            "openstack_networking_port_v2.ens5_r7",
            "openstack_networking_port_v2.ens6_r7"
          ]
        }
      ]
    },
    {
      "mode": "managed",
      "type": "openstack_networking_port_v2",
      "name": "ens1_gateway",
      "provider": "provider[\"registry.terraform.io/terraform-provider-openstack/openstack\"]",
      "instances": [
        {
          "schema_version": 0,
          "attributes": {
            "admin_state_up": true,
            "all_fixed_ips": [
              "192.168.15.3"
            ],
            "all_security_group_ids": [],
            "all_tags": [],
            "allowed_address_pairs": [],
            "binding": [
              {
                "host_id": "",
                "profile": "{}",
                "vif_details": {},
                "vif_type": "unbound",
                "vnic_type": "normal"
              }
            ],
            "description": "",
            "device_id": "",
            "device_owner": "",
            "dns_assignment": [],
            "dns_name": "",
            "extra_dhcp_option": [],
            "fixed_ip": [
              {
                "ip_address": "192.168.15.3",
                "subnet_id": "03c5efb8-a240-4232-8183-6fc510d1a691"
              }
            ],
            "id": "98b4d9d9-08f1-43cd-a8a8-6f4f51e744d1",
            "mac_address": "fa:16:3e:7a:61:21",
            "name": "ens1",
            "network_id": "94c8a8b2-a012-46e3-b739-9bd64f11ca7d",
            "no_fixed_ip": null,
            "no_security_groups": null,
            "port_security_enabled": false,
            "qos_policy_id": "",
            "region": "RegionOne",
            "security_group_ids": null,
            "tags": null,
            "tenant_id": "47db6af3f5ae4a958fd90100ebdef0cd",
            "timeouts": null,
            "value_specs": null
          },
          "sensitive_attributes": [],
          "private": "eyJlMmJmYjczMC1lY2FhLTExZTYtOGY4OC0zNDM2M2JjN2M0YzAiOnsiY3JlYXRlIjo2MDAwMDAwMDAwMDAsImRlbGV0ZSI6NjAwMDAwMDAwMDAwfX0=",
          "dependencies": [
            "data.openstack_networking_network_v2.r2-gateway",
            "data.openstack_networking_subnet_v2.subnet_r2-gateway"
          ]
        }
      ]
    },
    {
      "mode": "managed",
      "type": "openstack_networking_port_v2",
      "name": "ens3_edge",
      "provider": "provider[\"registry.terraform.io/terraform-provider-openstack/openstack\"]",
      "instances": [
        {
          "schema_version": 0,
          "attributes": {
            "admin_state_up": true,
            "all_fixed_ips": [
              "192.168.27.185"
            ],
            "all_security_group_ids": [],
            "all_tags": [],
            "allowed_address_pairs": [],
            "binding": [
              {
                "host_id": "",
                "profile": "{}",
                "vif_details": {},
                "vif_type": "unbound",
                "vnic_type": "normal"
              }
            ],
            "description": "",
            "device_id": "",
            "device_owner": "",
            "dns_assignment": [],
            "dns_name": "",
            "extra_dhcp_option": [],
            "fixed_ip": [
              {
                "ip_address": "192.168.27.185",
                "subnet_id": "06ff9050-d42e-4504-ac0f-69b030077ede"
              }
            ],
            "id": "3359ce41-6ab9-4fad-9eba-faff3e0e0672",
            "mac_address": "fa:16:3e:3b:f5:f9",
            "name": "ens3",
            "network_id": "e00db497-40a2-4648-bb99-183a38c2371e",
            "no_fixed_ip": null,
            "no_security_groups": null,
            "port_security_enabled": false,
            "qos_policy_id": "",
            "region": "RegionOne",
            "security_group_ids": null,
            "tags": null,
            "tenant_id": "47db6af3f5ae4a958fd90100ebdef0cd",
            "timeouts": null,
            "value_specs": null
          },
          "sensitive_attributes": [],
          "private": "eyJlMmJmYjczMC1lY2FhLTExZTYtOGY4OC0zNDM2M2JjN2M0YzAiOnsiY3JlYXRlIjo2MDAwMDAwMDAwMDAsImRlbGV0ZSI6NjAwMDAwMDAwMDAwfX0=",
          "dependencies": [
            "data.openstack_networking_network_v2.mgmt_network",
            "data.openstack_networking_subnet_v2.subnet_mgmt_network"
          ]
        }
      ]
    },
    {
      "mode": "managed",
      "type": "openstack_networking_port_v2",
      "name": "ens3_r11",
      "provider": "provider[\"registry.terraform.io/terraform-provider-openstack/openstack\"]",
      "instances": [
        {
          "schema_version": 0,
          "attributes": {
            "admin_state_up": true,
            "all_fixed_ips": [
              "192.168.27.175"
            ],
            "all_security_group_ids": [],
            "all_tags": [],
            "allowed_address_pairs": [],
            "binding": [
              {
                "host_id": "",
                "profile": "{}",
                "vif_details": {},
                "vif_type": "unbound",
                "vnic_type": "normal"
              }
            ],
            "description": "",
            "device_id": "",
            "device_owner": "",
            "dns_assignment": [],
            "dns_name": "",
            "extra_dhcp_option": [],
            "fixed_ip": [
              {
                "ip_address": "192.168.27.175",
                "subnet_id": "06ff9050-d42e-4504-ac0f-69b030077ede"
              }
            ],
            "id": "d751dab7-fdf2-4cb3-afc2-1146a7bb856f",
            "mac_address": "fa:16:3e:43:b7:f4",
            "name": "ens3",
            "network_id": "e00db497-40a2-4648-bb99-183a38c2371e",
            "no_fixed_ip": null,
            "no_security_groups": null,
            "port_security_enabled": false,
            "qos_policy_id": "",
            "region": "RegionOne",
            "security_group_ids": null,
            "tags": null,
            "tenant_id": "47db6af3f5ae4a958fd90100ebdef0cd",
            "timeouts": null,
            "value_specs": null
          },
          "sensitive_attributes": [],
          "private": "eyJlMmJmYjczMC1lY2FhLTExZTYtOGY4OC0zNDM2M2JjN2M0YzAiOnsiY3JlYXRlIjo2MDAwMDAwMDAwMDAsImRlbGV0ZSI6NjAwMDAwMDAwMDAwfX0=",
          "dependencies": [
            "data.openstack_networking_network_v2.mgmt_network",
            "data.openstack_networking_subnet_v2.subnet_mgmt_network"
          ]
        }
      ]
    },
    {
      "mode": "managed",
      "type": "openstack_networking_port_v2",
      "name": "ens4_r1",
      "provider": "provider[\"registry.terraform.io/terraform-provider-openstack/openstack\"]",
      "instances": [
        {
          "schema_version": 0,
          "attributes": {
            "admin_state_up": true,
            "all_fixed_ips": [
              "192.168.3.1"
            ],
            "all_security_group_ids": [],
            "all_tags": [],
            "allowed_address_pairs": [],
            "binding": [
              {
                "host_id": "",
                "profile": "{}",
                "vif_details": {},
                "vif_type": "unbound",
                "vnic_type": "normal"
              }
            ],
            "description": "",
            "device_id": "",
            "device_owner": "",
            "dns_assignment": [],
            "dns_name": "",
            "extra_dhcp_option": [],
            "fixed_ip": [
              {
                "ip_address": "192.168.3.1",
                "subnet_id": "c6699e16-4fb2-4ae6-8d90-5d568974b018"
              }
            ],
            "id": "27b54c09-ca6b-4865-9c52-8c1f74479b79",
            "mac_address": "fa:16:3e:51:65:f4",
            "name": "ens4",
            "network_id": "261842e3-a345-4b90-b37b-5c9ba1fce18b",
            "no_fixed_ip": null,
            "no_security_groups": null,
            "port_security_enabled": false,
            "qos_policy_id": "",
            "region": "RegionOne",
            "security_group_ids": null,
            "tags": null,
            "tenant_id": "47db6af3f5ae4a958fd90100ebdef0cd",
            "timeouts": null,
            "value_specs": null
          },
          "sensitive_attributes": [],
          "private": "eyJlMmJmYjczMC1lY2FhLTExZTYtOGY4OC0zNDM2M2JjN2M0YzAiOnsiY3JlYXRlIjo2MDAwMDAwMDAwMDAsImRlbGV0ZSI6NjAwMDAwMDAwMDAwfX0=",
          "dependencies": [
            "data.openstack_networking_network_v2.r1r4",
            "data.openstack_networking_subnet_v2.subnet_r1r4"
          ]
        }
      ]
    },
    {
      "mode": "managed",
      "type": "openstack_networking_port_v2",
      "name": "ens4_r11",
      "provider": "provider[\"registry.terraform.io/terraform-provider-openstack/openstack\"]",
      "instances": [
        {
          "schema_version": 0,
          "attributes": {
            "admin_state_up": true,
            "all_fixed_ips": [
              "192.168.1.11"
            ],
            "all_security_group_ids": [],
            "all_tags": [],
            "allowed_address_pairs": [],
            "binding": [
              {
                "host_id": "",
                "profile": "{}",
                "vif_details": {},
                "vif_type": "unbound",
                "vnic_type": "normal"
              }
            ],
            "description": "",
            "device_id": "",
            "device_owner": "",
            "dns_assignment": [],
            "dns_name": "",
            "extra_dhcp_option": [],
            "fixed_ip": [
              {
                "ip_address": "192.168.1.11",
                "subnet_id": "8dc94851-3847-4c09-831f-f55df97eb602"
              }
            ],
            "id": "b84acfc9-8dac-4269-98f9-5b27fe9a675a",
            "mac_address": "fa:16:3e:31:c2:b1",
            "name": "ens4",
            "network_id": "e2dee63f-1aac-4c2d-b977-46b610ec5b8f",
            "no_fixed_ip": null,
            "no_security_groups": null,
            "port_security_enabled": false,
            "qos_policy_id": "",
            "region": "RegionOne",
            "security_group_ids": null,
            "tags": null,
            "tenant_id": "47db6af3f5ae4a958fd90100ebdef0cd",
            "timeouts": null,
            "value_specs": null
          },
          "sensitive_attributes": [],
          "private": "eyJlMmJmYjczMC1lY2FhLTExZTYtOGY4OC0zNDM2M2JjN2M0YzAiOnsiY3JlYXRlIjo2MDAwMDAwMDAwMDAsImRlbGV0ZSI6NjAwMDAwMDAwMDAwfX0=",
          "dependencies": [
            "data.openstack_networking_network_v2.r1r11",
            "data.openstack_networking_subnet_v2.subnet_r1r11"
          ]
        }
      ]
    },
    {
      "mode": "managed",
      "type": "openstack_networking_port_v2",
      "name": "ens4_r12",
      "provider": "provider[\"registry.terraform.io/terraform-provider-openstack/openstack\"]",
      "instances": [
        {
          "schema_version": 0,
          "attributes": {
            "admin_state_up": true,
            "all_fixed_ips": [
              "192.168.13.12"
            ],
            "all_security_group_ids": [],
            "all_tags": [],
            "allowed_address_pairs": [],
            "binding": [
              {
                "host_id": "",
                "profile": "{}",
                "vif_details": {},
                "vif_type": "unbound",
                "vnic_type": "normal"
              }
            ],
            "description": "",
            "device_id": "",
            "device_owner": "",
            "dns_assignment": [],
            "dns_name": "",
            "extra_dhcp_option": [],
            "fixed_ip": [
              {
                "ip_address": "192.168.13.12",
                "subnet_id": "5d0f2222-2429-496e-9a60-4d5c6e8fda94"
              }
            ],
            "id": "74093bb2-1ffb-4e12-8d86-e81e92172593",
            "mac_address": "fa:16:3e:ec:38:45",
            "name": "ens4",
            "network_id": "c0422e79-2088-4181-9b3b-7fa3ba7c6321",
            "no_fixed_ip": null,
            "no_security_groups": null,
            "port_security_enabled": false,
            "qos_policy_id": "",
            "region": "RegionOne",
            "security_group_ids": null,
            "tags": null,
            "tenant_id": "47db6af3f5ae4a958fd90100ebdef0cd",
            "timeouts": null,
            "value_specs": null
          },
          "sensitive_attributes": [],
          "private": "eyJlMmJmYjczMC1lY2FhLTExZTYtOGY4OC0zNDM2M2JjN2M0YzAiOnsiY3JlYXRlIjo2MDAwMDAwMDAwMDAsImRlbGV0ZSI6NjAwMDAwMDAwMDAwfX0=",
          "dependencies": [
            "data.openstack_networking_network_v2.r2r12",
            "data.openstack_networking_subnet_v2.subnet_r2r12"
          ]
        }
      ]
    },
    {
      "mode": "managed",
      "type": "openstack_networking_port_v2",
      "name": "ens4_r13",
      "provider": "provider[\"registry.terraform.io/terraform-provider-openstack/openstack\"]",
      "instances": [
        {
          "schema_version": 0,
          "attributes": {
            "admin_state_up": true,
            "all_fixed_ips": [
              "192.168.12.13"
            ],
            "all_security_group_ids": [],
            "all_tags": [],
            "allowed_address_pairs": [],
            "binding": [
              {
                "host_id": "",
                "profile": "{}",
                "vif_details": {},
                "vif_type": "unbound",
                "vnic_type": "normal"
              }
            ],
            "description": "",
            "device_id": "",
            "device_owner": "",
            "dns_assignment": [],
            "dns_name": "",
            "extra_dhcp_option": [],
            "fixed_ip": [
              {
                "ip_address": "192.168.12.13",
                "subnet_id": "6b5d9daf-109b-4e23-89a0-484c0fd121b0"
              }
            ],
            "id": "ab727906-7d06-43f9-b56c-5194cb2e451c",
            "mac_address": "fa:16:3e:d6:b3:c7",
            "name": "ens4",
            "network_id": "4e127b07-49b8-418a-ab6a-de77d404dcfb",
            "no_fixed_ip": null,
            "no_security_groups": null,
            "port_security_enabled": false,
            "qos_policy_id": "",
            "region": "RegionOne",
            "security_group_ids": null,
            "tags": null,
            "tenant_id": "47db6af3f5ae4a958fd90100ebdef0cd",
            "timeouts": null,
            "value_specs": null
          },
          "sensitive_attributes": [],
          "private": "eyJlMmJmYjczMC1lY2FhLTExZTYtOGY4OC0zNDM2M2JjN2M0YzAiOnsiY3JlYXRlIjo2MDAwMDAwMDAwMDAsImRlbGV0ZSI6NjAwMDAwMDAwMDAwfX0=",
          "dependencies": [
            "data.openstack_networking_network_v2.r3r13",
            "data.openstack_networking_subnet_v2.subnet_r3r13"
          ]
        }
      ]
    },
    {
      "mode": "managed",
      "type": "openstack_networking_port_v2",
      "name": "ens4_r2",
      "provider": "provider[\"registry.terraform.io/terraform-provider-openstack/openstack\"]",
      "instances": [
        {
          "schema_version": 0,
          "attributes": {
            "admin_state_up": true,
            "all_fixed_ips": [
              "192.168.15.20"
            ],
            "all_security_group_ids": [],
            "all_tags": [],
            "allowed_address_pairs": [],
            "binding": [
              {
                "host_id": "",
                "profile": "{}",
                "vif_details": {},
                "vif_type": "unbound",
                "vnic_type": "normal"
              }
            ],
            "description": "",
            "device_id": "",
            "device_owner": "",
            "dns_assignment": [],
            "dns_name": "",
            "extra_dhcp_option": [],
            "fixed_ip": [
              {
                "ip_address": "192.168.15.20",
                "subnet_id": "03c5efb8-a240-4232-8183-6fc510d1a691"
              }
            ],
            "id": "e82676b7-5819-426f-b949-64117716fbfe",
            "mac_address": "fa:16:3e:ce:82:3c",
            "name": "ens4",
            "network_id": "94c8a8b2-a012-46e3-b739-9bd64f11ca7d",
            "no_fixed_ip": null,
            "no_security_groups": null,
            "port_security_enabled": false,
            "qos_policy_id": "",
            "region": "RegionOne",
            "security_group_ids": null,
            "tags": null,
            "tenant_id": "47db6af3f5ae4a958fd90100ebdef0cd",
            "timeouts": null,
            "value_specs": null
          },
          "sensitive_attributes": [],
          "private": "eyJlMmJmYjczMC1lY2FhLTExZTYtOGY4OC0zNDM2M2JjN2M0YzAiOnsiY3JlYXRlIjo2MDAwMDAwMDAwMDAsImRlbGV0ZSI6NjAwMDAwMDAwMDAwfX0=",
          "dependencies": [
            "data.openstack_networking_network_v2.r2-gateway",
            "data.openstack_networking_subnet_v2.subnet_r2-gateway"
          ]
        }
      ]
    },
    {
      "mode": "managed",
      "type": "openstack_networking_port_v2",
      "name": "ens4_r3",
      "provider": "provider[\"registry.terraform.io/terraform-provider-openstack/openstack\"]",
      "instances": [
        {
          "schema_version": 0,
          "attributes": {
            "admin_state_up": true,
            "all_fixed_ips": [
              "192.168.12.3"
            ],
            "all_security_group_ids": [],
            "all_tags": [],
            "allowed_address_pairs": [],
            "binding": [
              {
                "host_id": "",
                "profile": "{}",
                "vif_details": {},
                "vif_type": "unbound",
                "vnic_type": "normal"
              }
            ],
            "description": "",
            "device_id": "",
            "device_owner": "",
            "dns_assignment": [],
            "dns_name": "",
            "extra_dhcp_option": [],
            "fixed_ip": [
              {
                "ip_address": "192.168.12.3",
                "subnet_id": "6b5d9daf-109b-4e23-89a0-484c0fd121b0"
              }
            ],
            "id": "a266dd1e-5b35-44ef-902b-ece1fe0eec34",
            "mac_address": "fa:16:3e:2b:ae:f8",
            "name": "ens4",
            "network_id": "4e127b07-49b8-418a-ab6a-de77d404dcfb",
            "no_fixed_ip": null,
            "no_security_groups": null,
            "port_security_enabled": false,
            "qos_policy_id": "",
            "region": "RegionOne",
            "security_group_ids": null,
            "tags": null,
            "tenant_id": "47db6af3f5ae4a958fd90100ebdef0cd",
            "timeouts": null,
            "value_specs": null
          },
          "sensitive_attributes": [],
          "private": "eyJlMmJmYjczMC1lY2FhLTExZTYtOGY4OC0zNDM2M2JjN2M0YzAiOnsiY3JlYXRlIjo2MDAwMDAwMDAwMDAsImRlbGV0ZSI6NjAwMDAwMDAwMDAwfX0=",
          "dependencies": [
            "data.openstack_networking_network_v2.r3r13",
            "data.openstack_networking_subnet_v2.subnet_r3r13"
          ]
        }
      ]
    },
    {
      "mode": "managed",
      "type": "openstack_networking_port_v2",
      "name": "ens4_r4",
      "provider": "provider[\"registry.terraform.io/terraform-provider-openstack/openstack\"]",
      "instances": [
        {
          "schema_version": 0,
          "attributes": {
            "admin_state_up": true,
            "all_fixed_ips": [
              "192.168.3.4"
            ],
            "all_security_group_ids": [],
            "all_tags": [],
            "allowed_address_pairs": [],
            "binding": [
              {
                "host_id": "",
                "profile": "{}",
                "vif_details": {},
                "vif_type": "unbound",
                "vnic_type": "normal"
              }
            ],
            "description": "",
            "device_id": "",
            "device_owner": "",
            "dns_assignment": [],
            "dns_name": "",
            "extra_dhcp_option": [],
            "fixed_ip": [
              {
                "ip_address": "192.168.3.4",
                "subnet_id": "c6699e16-4fb2-4ae6-8d90-5d568974b018"
              }
            ],
            "id": "fcf61c58-a0b8-4c76-bc69-ce379ac7c505",
            "mac_address": "fa:16:3e:1d:f7:24",
            "name": "ens4",
            "network_id": "261842e3-a345-4b90-b37b-5c9ba1fce18b",
            "no_fixed_ip": null,
            "no_security_groups": null,
            "port_security_enabled": false,
            "qos_policy_id": "",
            "region": "RegionOne",
            "security_group_ids": null,
            "tags": null,
            "tenant_id": "47db6af3f5ae4a958fd90100ebdef0cd",
            "timeouts": null,
            "value_specs": null
          },
          "sensitive_attributes": [],
          "private": "eyJlMmJmYjczMC1lY2FhLTExZTYtOGY4OC0zNDM2M2JjN2M0YzAiOnsiY3JlYXRlIjo2MDAwMDAwMDAwMDAsImRlbGV0ZSI6NjAwMDAwMDAwMDAwfX0=",
          "dependencies": [
            "data.openstack_networking_network_v2.r1r4",
            "data.openstack_networking_subnet_v2.subnet_r1r4"
          ]
        }
      ]
    },
    {
      "mode": "managed",
      "type": "openstack_networking_port_v2",
      "name": "ens4_r5",
      "provider": "provider[\"registry.terraform.io/terraform-provider-openstack/openstack\"]",
      "instances": [
        {
          "schema_version": 0,
          "attributes": {
            "admin_state_up": true,
            "all_fixed_ips": [
              "192.168.7.5"
            ],
            "all_security_group_ids": [],
            "all_tags": [],
            "allowed_address_pairs": [],
            "binding": [
              {
                "host_id": "",
                "profile": "{}",
                "vif_details": {},
                "vif_type": "unbound",
                "vnic_type": "normal"
              }
            ],
            "description": "",
            "device_id": "",
            "device_owner": "",
            "dns_assignment": [],
            "dns_name": "",
            "extra_dhcp_option": [],
            "fixed_ip": [
              {
                "ip_address": "192.168.7.5",
                "subnet_id": "05315a2e-947b-4a66-8ae9-fb82629bfce0"
              }
            ],
            "id": "cdd9b1f5-7527-447d-b53d-bb583a013656",
            "mac_address": "fa:16:3e:c2:40:9a",
            "name": "ens4",
            "network_id": "018dff4b-ad02-4ec8-b531-a71a31c6ecfa",
            "no_fixed_ip": null,
            "no_security_groups": null,
            "port_security_enabled": false,
            "qos_policy_id": "",
            "region": "RegionOne",
            "security_group_ids": null,
            "tags": null,
            "tenant_id": "47db6af3f5ae4a958fd90100ebdef0cd",
            "timeouts": null,
            "value_specs": null
          },
          "sensitive_attributes": [],
          "private": "eyJlMmJmYjczMC1lY2FhLTExZTYtOGY4OC0zNDM2M2JjN2M0YzAiOnsiY3JlYXRlIjo2MDAwMDAwMDAwMDAsImRlbGV0ZSI6NjAwMDAwMDAwMDAwfX0=",
          "dependencies": [
            "data.openstack_networking_network_v2.r5r6",
            "data.openstack_networking_subnet_v2.subnet_r5r6"
          ]
        }
      ]
    },
    {
      "mode": "managed",
      "type": "openstack_networking_port_v2",
      "name": "ens4_r6",
      "provider": "provider[\"registry.terraform.io/terraform-provider-openstack/openstack\"]",
      "instances": [
        {
          "schema_version": 0,
          "attributes": {
            "admin_state_up": true,
            "all_fixed_ips": [
              "192.168.9.6"
            ],
            "all_security_group_ids": [],
            "all_tags": [],
            "allowed_address_pairs": [],
            "binding": [
              {
                "host_id": "",
                "profile": "{}",
                "vif_details": {},
                "vif_type": "unbound",
                "vnic_type": "normal"
              }
            ],
            "description": "",
            "device_id": "",
            "device_owner": "",
            "dns_assignment": [],
            "dns_name": "",
            "extra_dhcp_option": [],
            "fixed_ip": [
              {
                "ip_address": "192.168.9.6",
                "subnet_id": "3eda892d-4e9b-443c-8977-9fc60bd0a8c1"
              }
            ],
            "id": "795f6ac6-a480-4dfe-a4c5-62ed9dc6fdb5",
            "mac_address": "fa:16:3e:a8:e8:10",
            "name": "ens4",
            "network_id": "a63780a3-a992-4b86-97b3-d988ec4b5bfe",
            "no_fixed_ip": null,
            "no_security_groups": null,
            "port_security_enabled": false,
            "qos_policy_id": "",
            "region": "RegionOne",
            "security_group_ids": null,
            "tags": null,
            "tenant_id": "47db6af3f5ae4a958fd90100ebdef0cd",
            "timeouts": null,
            "value_specs": null
          },
          "sensitive_attributes": [],
          "private": "eyJlMmJmYjczMC1lY2FhLTExZTYtOGY4OC0zNDM2M2JjN2M0YzAiOnsiY3JlYXRlIjo2MDAwMDAwMDAwMDAsImRlbGV0ZSI6NjAwMDAwMDAwMDAwfX0=",
          "dependencies": [
            "data.openstack_networking_network_v2.r6r7",
            "data.openstack_networking_subnet_v2.subnet_r6r7"
          ]
        }
      ]
    },
    {
      "mode": "managed",
      "type": "openstack_networking_port_v2",
      "name": "ens4_r7",
      "provider": "provider[\"registry.terraform.io/terraform-provider-openstack/openstack\"]",
      "instances": [
        {
          "schema_version": 0,
          "attributes": {
            "admin_state_up": true,
            "all_fixed_ips": [
              "192.168.9.7"
            ],
            "all_security_group_ids": [],
            "all_tags": [],
            "allowed_address_pairs": [],
            "binding": [
              {
                "host_id": "",
                "profile": "{}",
                "vif_details": {},
                "vif_type": "unbound",
                "vnic_type": "normal"
              }
            ],
            "description": "",
            "device_id": "",
            "device_owner": "",
            "dns_assignment": [],
            "dns_name": "",
            "extra_dhcp_option": [],
            "fixed_ip": [
              {
                "ip_address": "192.168.9.7",
                "subnet_id": "3eda892d-4e9b-443c-8977-9fc60bd0a8c1"
              }
            ],
            "id": "13e01c7c-444e-43d6-942f-602c220bea75",
            "mac_address": "fa:16:3e:bf:87:ab",
            "name": "ens4",
            "network_id": "a63780a3-a992-4b86-97b3-d988ec4b5bfe",
            "no_fixed_ip": null,
            "no_security_groups": null,
            "port_security_enabled": false,
            "qos_policy_id": "",
            "region": "RegionOne",
            "security_group_ids": null,
            "tags": null,
            "tenant_id": "47db6af3f5ae4a958fd90100ebdef0cd",
            "timeouts": null,
            "value_specs": null
          },
          "sensitive_attributes": [],
          "private": "eyJlMmJmYjczMC1lY2FhLTExZTYtOGY4OC0zNDM2M2JjN2M0YzAiOnsiY3JlYXRlIjo2MDAwMDAwMDAwMDAsImRlbGV0ZSI6NjAwMDAwMDAwMDAwfX0=",
          "dependencies": [
            "data.openstack_networking_network_v2.r6r7",
            "data.openstack_networking_subnet_v2.subnet_r6r7"
          ]
        }
      ]
    },
    {
      "mode": "managed",
      "type": "openstack_networking_port_v2",
      "name": "ens5_r1",
      "provider": "provider[\"registry.terraform.io/terraform-provider-openstack/openstack\"]",
      "instances": [
        {
          "schema_version": 0,
          "attributes": {
            "admin_state_up": true,
            "all_fixed_ips": [
              "192.168.4.1"
            ],
            "all_security_group_ids": [],
            "all_tags": [],
            "allowed_address_pairs": [],
            "binding": [
              {
                "host_id": "",
                "profile": "{}",
                "vif_details": {},
                "vif_type": "unbound",
                "vnic_type": "normal"
              }
            ],
            "description": "",
            "device_id": "",
            "device_owner": "",
            "dns_assignment": [],
            "dns_name": "",
            "extra_dhcp_option": [],
            "fixed_ip": [
              {
                "ip_address": "192.168.4.1",
                "subnet_id": "bca7abdf-4e00-4d47-a6f2-5cf69fae6082"
              }
            ],
            "id": "12b675ff-cf48-49b3-9e76-0efc1f8052f9",
            "mac_address": "fa:16:3e:cb:95:79",
            "name": "ens5",
            "network_id": "f99ab493-edcc-4ed6-9ea1-65098dafa1d6",
            "no_fixed_ip": null,
            "no_security_groups": null,
            "port_security_enabled": false,
            "qos_policy_id": "",
            "region": "RegionOne",
            "security_group_ids": null,
            "tags": null,
            "tenant_id": "47db6af3f5ae4a958fd90100ebdef0cd",
            "timeouts": null,
            "value_specs": null
          },
          "sensitive_attributes": [],
          "private": "eyJlMmJmYjczMC1lY2FhLTExZTYtOGY4OC0zNDM2M2JjN2M0YzAiOnsiY3JlYXRlIjo2MDAwMDAwMDAwMDAsImRlbGV0ZSI6NjAwMDAwMDAwMDAwfX0=",
          "dependencies": [
            "data.openstack_networking_network_v2.r1r2",
            "data.openstack_networking_subnet_v2.subnet_r1r2"
          ]
        }
      ]
    },
    {
      "mode": "managed",
      "type": "openstack_networking_port_v2",
      "name": "ens5_r11",
      "provider": "provider[\"registry.terraform.io/terraform-provider-openstack/openstack\"]",
      "instances": [
        {
          "schema_version": 0,
          "attributes": {
            "admin_state_up": true,
            "all_fixed_ips": [
              "192.168.2.11"
            ],
            "all_security_group_ids": [],
            "all_tags": [],
            "allowed_address_pairs": [],
            "binding": [
              {
                "host_id": "",
                "profile": "{}",
                "vif_details": {},
                "vif_type": "unbound",
                "vnic_type": "normal"
              }
            ],
            "description": "",
            "device_id": "",
            "device_owner": "",
            "dns_assignment": [],
            "dns_name": "",
            "extra_dhcp_option": [],
            "fixed_ip": [
              {
                "ip_address": "192.168.2.11",
                "subnet_id": "a44fb8b0-6c35-4b51-883b-5ba4c39ec2b2"
              }
            ],
            "id": "5039fa71-70e5-4823-acba-d860a1d1e45b",
            "mac_address": "fa:16:3e:02:ba:aa",
            "name": "ens5",
            "network_id": "5e1c3a0c-9825-4b11-abea-c5f1b5773bee",
            "no_fixed_ip": null,
            "no_security_groups": null,
            "port_security_enabled": false,
            "qos_policy_id": "",
            "region": "RegionOne",
            "security_group_ids": null,
            "tags": null,
            "tenant_id": "47db6af3f5ae4a958fd90100ebdef0cd",
            "timeouts": null,
            "value_specs": null
          },
          "sensitive_attributes": [],
          "private": "eyJlMmJmYjczMC1lY2FhLTExZTYtOGY4OC0zNDM2M2JjN2M0YzAiOnsiY3JlYXRlIjo2MDAwMDAwMDAwMDAsImRlbGV0ZSI6NjAwMDAwMDAwMDAwfX0=",
          "dependencies": [
            "data.openstack_networking_network_v2.r11r4",
            "data.openstack_networking_subnet_v2.subnet_r11r4"
          ]
        }
      ]
    },
    {
      "mode": "managed",
      "type": "openstack_networking_port_v2",
      "name": "ens5_r12",
      "provider": "provider[\"registry.terraform.io/terraform-provider-openstack/openstack\"]",
      "instances": [
        {
          "schema_version": 0,
          "attributes": {
            "admin_state_up": true,
            "all_fixed_ips": [
              "192.168.14.12"
            ],
            "all_security_group_ids": [],
            "all_tags": [],
            "allowed_address_pairs": [],
            "binding": [
              {
                "host_id": "",
                "profile": "{}",
                "vif_details": {},
                "vif_type": "unbound",
                "vnic_type": "normal"
              }
            ],
            "description": "",
            "device_id": "",
            "device_owner": "",
            "dns_assignment": [],
            "dns_name": "",
            "extra_dhcp_option": [],
            "fixed_ip": [
              {
                "ip_address": "192.168.14.12",
                "subnet_id": "a5c75775-5a90-418e-b831-d4ebe58ec6de"
              }
            ],
            "id": "b52327cf-bd51-4b5a-a89a-c211636aeaa6",
            "mac_address": "fa:16:3e:2a:5f:ae",
            "name": "ens5",
            "network_id": "5b7e50b7-9699-4a9b-83d8-e7ba20486844",
            "no_fixed_ip": null,
            "no_security_groups": null,
            "port_security_enabled": false,
            "qos_policy_id": "",
            "region": "RegionOne",
            "security_group_ids": null,
            "tags": null,
            "tenant_id": "47db6af3f5ae4a958fd90100ebdef0cd",
            "timeouts": null,
            "value_specs": null
          },
          "sensitive_attributes": [],
          "private": "eyJlMmJmYjczMC1lY2FhLTExZTYtOGY4OC0zNDM2M2JjN2M0YzAiOnsiY3JlYXRlIjo2MDAwMDAwMDAwMDAsImRlbGV0ZSI6NjAwMDAwMDAwMDAwfX0=",
          "dependencies": [
            "data.openstack_networking_network_v2.r3r12",
            "data.openstack_networking_subnet_v2.subnet_r3r12"
          ]
        }
      ]
    },
    {
      "mode": "managed",
      "type": "openstack_networking_port_v2",
      "name": "ens5_r13",
      "provider": "provider[\"registry.terraform.io/terraform-provider-openstack/openstack\"]",
      "instances": [
        {
          "schema_version": 0,
          "attributes": {
            "admin_state_up": true,
            "all_fixed_ips": [
              "192.168.11.13"
            ],
            "all_security_group_ids": [],
            "all_tags": [],
            "allowed_address_pairs": [],
            "binding": [
              {
                "host_id": "",
                "profile": "{}",
                "vif_details": {},
                "vif_type": "unbound",
                "vnic_type": "normal"
              }
            ],
            "description": "",
            "device_id": "",
            "device_owner": "",
            "dns_assignment": [],
            "dns_name": "",
            "extra_dhcp_option": [],
            "fixed_ip": [
              {
                "ip_address": "192.168.11.13",
                "subnet_id": "3a406604-28b3-41b0-8007-d71c4dd413b3"
              }
            ],
            "id": "a40d0dde-ef11-4eee-9c0d-3cd037f9a6c7",
            "mac_address": "fa:16:3e:b5:c9:e8",
            "name": "ens5",
            "network_id": "e2172a2b-d6e8-488c-b932-babfbbb09d1b",
            "no_fixed_ip": null,
            "no_security_groups": null,
            "port_security_enabled": false,
            "qos_policy_id": "",
            "region": "RegionOne",
            "security_group_ids": null,
            "tags": null,
            "tenant_id": "47db6af3f5ae4a958fd90100ebdef0cd",
            "timeouts": null,
            "value_specs": null
          },
          "sensitive_attributes": [],
          "private": "eyJlMmJmYjczMC1lY2FhLTExZTYtOGY4OC0zNDM2M2JjN2M0YzAiOnsiY3JlYXRlIjo2MDAwMDAwMDAwMDAsImRlbGV0ZSI6NjAwMDAwMDAwMDAwfX0=",
          "dependencies": [
            "data.openstack_networking_network_v2.r7r13",
            "data.openstack_networking_subnet_v2.subnet_r7r13"
          ]
        }
      ]
    },
    {
      "mode": "managed",
      "type": "openstack_networking_port_v2",
      "name": "ens5_r2",
      "provider": "provider[\"registry.terraform.io/terraform-provider-openstack/openstack\"]",
      "instances": [
        {
          "schema_version": 0,
          "attributes": {
            "admin_state_up": true,
            "all_fixed_ips": [
              "192.168.13.20"
            ],
            "all_security_group_ids": [],
            "all_tags": [],
            "allowed_address_pairs": [],
            "binding": [
              {
                "host_id": "",
                "profile": "{}",
                "vif_details": {},
                "vif_type": "unbound",
                "vnic_type": "normal"
              }
            ],
            "description": "",
            "device_id": "",
            "device_owner": "",
            "dns_assignment": [],
            "dns_name": "",
            "extra_dhcp_option": [],
            "fixed_ip": [
              {
                "ip_address": "192.168.13.20",
                "subnet_id": "5d0f2222-2429-496e-9a60-4d5c6e8fda94"
              }
            ],
            "id": "3cda08af-5932-4ef6-af5b-d0f81657fce6",
            "mac_address": "fa:16:3e:c9:71:dc",
            "name": "ens5",
            "network_id": "c0422e79-2088-4181-9b3b-7fa3ba7c6321",
            "no_fixed_ip": null,
            "no_security_groups": null,
            "port_security_enabled": false,
            "qos_policy_id": "",
            "region": "RegionOne",
            "security_group_ids": null,
            "tags": null,
            "tenant_id": "47db6af3f5ae4a958fd90100ebdef0cd",
            "timeouts": null,
            "value_specs": null
          },
          "sensitive_attributes": [],
          "private": "eyJlMmJmYjczMC1lY2FhLTExZTYtOGY4OC0zNDM2M2JjN2M0YzAiOnsiY3JlYXRlIjo2MDAwMDAwMDAwMDAsImRlbGV0ZSI6NjAwMDAwMDAwMDAwfX0=",
          "dependencies": [
            "data.openstack_networking_network_v2.r2r12",
            "data.openstack_networking_subnet_v2.subnet_r2r12"
          ]
        }
      ]
    },
    {
      "mode": "managed",
      "type": "openstack_networking_port_v2",
      "name": "ens5_r3",
      "provider": "provider[\"registry.terraform.io/terraform-provider-openstack/openstack\"]",
      "instances": [
        {
          "schema_version": 0,
          "attributes": {
            "admin_state_up": true,
            "all_fixed_ips": [
              "192.168.10.3"
            ],
            "all_security_group_ids": [],
            "all_tags": [],
            "allowed_address_pairs": [],
            "binding": [
              {
                "host_id": "",
                "profile": "{}",
                "vif_details": {},
                "vif_type": "unbound",
                "vnic_type": "normal"
              }
            ],
            "description": "",
            "device_id": "",
            "device_owner": "",
            "dns_assignment": [],
            "dns_name": "",
            "extra_dhcp_option": [],
            "fixed_ip": [
              {
                "ip_address": "192.168.10.3",
                "subnet_id": "bfd746d1-765f-4f4c-9703-3e2c658d1603"
              }
            ],
            "id": "1497696c-9a74-4633-b061-36ce659bda32",
            "mac_address": "fa:16:3e:5f:24:dd",
            "name": "ens5",
            "network_id": "12b4b9f0-55e9-4dee-967f-25964f6f78a9",
            "no_fixed_ip": null,
            "no_security_groups": null,
            "port_security_enabled": false,
            "qos_policy_id": "",
            "region": "RegionOne",
            "security_group_ids": null,
            "tags": null,
            "tenant_id": "47db6af3f5ae4a958fd90100ebdef0cd",
            "timeouts": null,
            "value_specs": null
          },
          "sensitive_attributes": [],
          "private": "eyJlMmJmYjczMC1lY2FhLTExZTYtOGY4OC0zNDM2M2JjN2M0YzAiOnsiY3JlYXRlIjo2MDAwMDAwMDAwMDAsImRlbGV0ZSI6NjAwMDAwMDAwMDAwfX0=",
          "dependencies": [
            "data.openstack_networking_network_v2.r3r7",
            "data.openstack_networking_subnet_v2.subnet_r3r7"
          ]
        }
      ]
    },
    {
      "mode": "managed",
      "type": "openstack_networking_port_v2",
      "name": "ens5_r4",
      "provider": "provider[\"registry.terraform.io/terraform-provider-openstack/openstack\"]",
      "instances": [
        {
          "schema_version": 0,
          "attributes": {
            "admin_state_up": true,
            "all_fixed_ips": [
              "192.168.2.4"
            ],
            "all_security_group_ids": [],
            "all_tags": [],
            "allowed_address_pairs": [],
            "binding": [
              {
                "host_id": "",
                "profile": "{}",
                "vif_details": {},
                "vif_type": "unbound",
                "vnic_type": "normal"
              }
            ],
            "description": "",
            "device_id": "",
            "device_owner": "",
            "dns_assignment": [],
            "dns_name": "",
            "extra_dhcp_option": [],
            "fixed_ip": [
              {
                "ip_address": "192.168.2.4",
                "subnet_id": "a44fb8b0-6c35-4b51-883b-5ba4c39ec2b2"
              }
            ],
            "id": "87b68894-570e-4151-8e63-e45007e43750",
            "mac_address": "fa:16:3e:7f:88:2e",
            "name": "ens5",
            "network_id": "5e1c3a0c-9825-4b11-abea-c5f1b5773bee",
            "no_fixed_ip": null,
            "no_security_groups": null,
            "port_security_enabled": false,
            "qos_policy_id": "",
            "region": "RegionOne",
            "security_group_ids": null,
            "tags": null,
            "tenant_id": "47db6af3f5ae4a958fd90100ebdef0cd",
            "timeouts": null,
            "value_specs": null
          },
          "sensitive_attributes": [],
          "private": "eyJlMmJmYjczMC1lY2FhLTExZTYtOGY4OC0zNDM2M2JjN2M0YzAiOnsiY3JlYXRlIjo2MDAwMDAwMDAwMDAsImRlbGV0ZSI6NjAwMDAwMDAwMDAwfX0=",
          "dependencies": [
            "data.openstack_networking_network_v2.r11r4",
            "data.openstack_networking_subnet_v2.subnet_r11r4"
          ]
        }
      ]
    },
    {
      "mode": "managed",
      "type": "openstack_networking_port_v2",
      "name": "ens5_r5",
      "provider": "provider[\"registry.terraform.io/terraform-provider-openstack/openstack\"]",
      "instances": [
        {
          "schema_version": 0,
          "attributes": {
            "admin_state_up": true,
            "all_fixed_ips": [
              "192.168.6.5"
            ],
            "all_security_group_ids": [],
            "all_tags": [],
            "allowed_address_pairs": [],
            "binding": [
              {
                "host_id": "",
                "profile": "{}",
                "vif_details": {},
                "vif_type": "unbound",
                "vnic_type": "normal"
              }
            ],
            "description": "",
            "device_id": "",
            "device_owner": "",
            "dns_assignment": [],
            "dns_name": "",
            "extra_dhcp_option": [],
            "fixed_ip": [
              {
                "ip_address": "192.168.6.5",
                "subnet_id": "afa7dd99-85e9-410a-9858-d1d7058b0393"
              }
            ],
            "id": "8f7019fe-edca-40eb-8b78-36d72e049d04",
            "mac_address": "fa:16:3e:5b:18:8d",
            "name": "ens5",
            "network_id": "18937e35-91f4-434a-a65b-f15b9757cd6c",
            "no_fixed_ip": null,
            "no_security_groups": null,
            "port_security_enabled": false,
            "qos_policy_id": "",
            "region": "RegionOne",
            "security_group_ids": null,
            "tags": null,
            "tenant_id": "47db6af3f5ae4a958fd90100ebdef0cd",
            "timeouts": null,
            "value_specs": null
          },
          "sensitive_attributes": [],
          "private": "eyJlMmJmYjczMC1lY2FhLTExZTYtOGY4OC0zNDM2M2JjN2M0YzAiOnsiY3JlYXRlIjo2MDAwMDAwMDAwMDAsImRlbGV0ZSI6NjAwMDAwMDAwMDAwfX0=",
          "dependencies": [
            "data.openstack_networking_network_v2.r2r5",
            "data.openstack_networking_subnet_v2.subnet_r2r5"
          ]
        }
      ]
    },
    {
      "mode": "managed",
      "type": "openstack_networking_port_v2",
      "name": "ens5_r6",
      "provider": "provider[\"registry.terraform.io/terraform-provider-openstack/openstack\"]",
      "instances": [
        {
          "schema_version": 0,
          "attributes": {
            "admin_state_up": true,
            "all_fixed_ips": [
              "192.168.7.6"
            ],
            "all_security_group_ids": [],
            "all_tags": [],
            "allowed_address_pairs": [],
            "binding": [
              {
                "host_id": "",
                "profile": "{}",
                "vif_details": {},
                "vif_type": "unbound",
                "vnic_type": "normal"
              }
            ],
            "description": "",
            "device_id": "",
            "device_owner": "",
            "dns_assignment": [],
            "dns_name": "",
            "extra_dhcp_option": [],
            "fixed_ip": [
              {
                "ip_address": "192.168.7.6",
                "subnet_id": "05315a2e-947b-4a66-8ae9-fb82629bfce0"
              }
            ],
            "id": "3086fb93-ef9e-4df5-8ddb-31e68ec6fc8f",
            "mac_address": "fa:16:3e:58:22:98",
            "name": "ens5",
            "network_id": "018dff4b-ad02-4ec8-b531-a71a31c6ecfa",
            "no_fixed_ip": null,
            "no_security_groups": null,
            "port_security_enabled": false,
            "qos_policy_id": "",
            "region": "RegionOne",
            "security_group_ids": null,
            "tags": null,
            "tenant_id": "47db6af3f5ae4a958fd90100ebdef0cd",
            "timeouts": null,
            "value_specs": null
          },
          "sensitive_attributes": [],
          "private": "eyJlMmJmYjczMC1lY2FhLTExZTYtOGY4OC0zNDM2M2JjN2M0YzAiOnsiY3JlYXRlIjo2MDAwMDAwMDAwMDAsImRlbGV0ZSI6NjAwMDAwMDAwMDAwfX0=",
          "dependencies": [
            "data.openstack_networking_network_v2.r5r6",
            "data.openstack_networking_subnet_v2.subnet_r5r6"
          ]
        }
      ]
    },
    {
      "mode": "managed",
      "type": "openstack_networking_port_v2",
      "name": "ens5_r7",
      "provider": "provider[\"registry.terraform.io/terraform-provider-openstack/openstack\"]",
      "instances": [
        {
          "schema_version": 0,
          "attributes": {
            "admin_state_up": true,
            "all_fixed_ips": [
              "192.168.11.7"
            ],
            "all_security_group_ids": [],
            "all_tags": [],
            "allowed_address_pairs": [],
            "binding": [
              {
                "host_id": "",
                "profile": "{}",
                "vif_details": {},
                "vif_type": "unbound",
                "vnic_type": "normal"
              }
            ],
            "description": "",
            "device_id": "",
            "device_owner": "",
            "dns_assignment": [],
            "dns_name": "",
            "extra_dhcp_option": [],
            "fixed_ip": [
              {
                "ip_address": "192.168.11.7",
                "subnet_id": "3a406604-28b3-41b0-8007-d71c4dd413b3"
              }
            ],
            "id": "c0bfc973-55ca-42c4-acaf-96c9f87fd9ac",
            "mac_address": "fa:16:3e:e7:5d:bf",
            "name": "ens5",
            "network_id": "e2172a2b-d6e8-488c-b932-babfbbb09d1b",
            "no_fixed_ip": null,
            "no_security_groups": null,
            "port_security_enabled": false,
            "qos_policy_id": "",
            "region": "RegionOne",
            "security_group_ids": null,
            "tags": null,
            "tenant_id": "47db6af3f5ae4a958fd90100ebdef0cd",
            "timeouts": null,
            "value_specs": null
          },
          "sensitive_attributes": [],
          "private": "eyJlMmJmYjczMC1lY2FhLTExZTYtOGY4OC0zNDM2M2JjN2M0YzAiOnsiY3JlYXRlIjo2MDAwMDAwMDAwMDAsImRlbGV0ZSI6NjAwMDAwMDAwMDAwfX0=",
          "dependencies": [
            "data.openstack_networking_network_v2.r7r13",
            "data.openstack_networking_subnet_v2.subnet_r7r13"
          ]
        }
      ]
    },
    {
      "mode": "managed",
      "type": "openstack_networking_port_v2",
      "name": "ens6_r1",
      "provider": "provider[\"registry.terraform.io/terraform-provider-openstack/openstack\"]",
      "instances": [
        {
          "schema_version": 0,
          "attributes": {
            "admin_state_up": true,
            "all_fixed_ips": [
              "192.168.1.1"
            ],
            "all_security_group_ids": [],
            "all_tags": [],
            "allowed_address_pairs": [],
            "binding": [
              {
                "host_id": "",
                "profile": "{}",
                "vif_details": {},
                "vif_type": "unbound",
                "vnic_type": "normal"
              }
            ],
            "description": "",
            "device_id": "",
            "device_owner": "",
            "dns_assignment": [],
            "dns_name": "",
            "extra_dhcp_option": [],
            "fixed_ip": [
              {
                "ip_address": "192.168.1.1",
                "subnet_id": "8dc94851-3847-4c09-831f-f55df97eb602"
              }
            ],
            "id": "8bd8ea60-9bfd-4cbf-be0f-b793e0e078f3",
            "mac_address": "fa:16:3e:2b:43:63",
            "name": "ens6",
            "network_id": "e2dee63f-1aac-4c2d-b977-46b610ec5b8f",
            "no_fixed_ip": null,
            "no_security_groups": null,
            "port_security_enabled": false,
            "qos_policy_id": "",
            "region": "RegionOne",
            "security_group_ids": null,
            "tags": null,
            "tenant_id": "47db6af3f5ae4a958fd90100ebdef0cd",
            "timeouts": null,
            "value_specs": null
          },
          "sensitive_attributes": [],
          "private": "eyJlMmJmYjczMC1lY2FhLTExZTYtOGY4OC0zNDM2M2JjN2M0YzAiOnsiY3JlYXRlIjo2MDAwMDAwMDAwMDAsImRlbGV0ZSI6NjAwMDAwMDAwMDAwfX0=",
          "dependencies": [
            "data.openstack_networking_network_v2.r1r11",
            "data.openstack_networking_subnet_v2.subnet_r1r11"
          ]
        }
      ]
    },
    {
      "mode": "managed",
      "type": "openstack_networking_port_v2",
      "name": "ens6_r2",
      "provider": "provider[\"registry.terraform.io/terraform-provider-openstack/openstack\"]",
      "instances": [
        {
          "schema_version": 0,
          "attributes": {
            "admin_state_up": true,
            "all_fixed_ips": [
              "192.168.4.20"
            ],
            "all_security_group_ids": [],
            "all_tags": [],
            "allowed_address_pairs": [],
            "binding": [
              {
                "host_id": "",
                "profile": "{}",
                "vif_details": {},
                "vif_type": "unbound",
                "vnic_type": "normal"
              }
            ],
            "description": "",
            "device_id": "",
            "device_owner": "",
            "dns_assignment": [],
            "dns_name": "",
            "extra_dhcp_option": [],
            "fixed_ip": [
              {
                "ip_address": "192.168.4.20",
                "subnet_id": "bca7abdf-4e00-4d47-a6f2-5cf69fae6082"
              }
            ],
            "id": "324ec187-91b8-4261-8b2e-f7036b7c6a40",
            "mac_address": "fa:16:3e:11:10:f9",
            "name": "ens6",
            "network_id": "f99ab493-edcc-4ed6-9ea1-65098dafa1d6",
            "no_fixed_ip": null,
            "no_security_groups": null,
            "port_security_enabled": false,
            "qos_policy_id": "",
            "region": "RegionOne",
            "security_group_ids": null,
            "tags": null,
            "tenant_id": "47db6af3f5ae4a958fd90100ebdef0cd",
            "timeouts": null,
            "value_specs": null
          },
          "sensitive_attributes": [],
          "private": "eyJlMmJmYjczMC1lY2FhLTExZTYtOGY4OC0zNDM2M2JjN2M0YzAiOnsiY3JlYXRlIjo2MDAwMDAwMDAwMDAsImRlbGV0ZSI6NjAwMDAwMDAwMDAwfX0=",
          "dependencies": [
            "data.openstack_networking_network_v2.r1r2",
            "data.openstack_networking_subnet_v2.subnet_r1r2"
          ]
        }
      ]
    },
    {
      "mode": "managed",
      "type": "openstack_networking_port_v2",
      "name": "ens6_r3",
      "provider": "provider[\"registry.terraform.io/terraform-provider-openstack/openstack\"]",
      "instances": [
        {
          "schema_version": 0,
          "attributes": {
            "admin_state_up": true,
            "all_fixed_ips": [
              "192.168.8.3"
            ],
            "all_security_group_ids": [],
            "all_tags": [],
            "allowed_address_pairs": [],
            "binding": [
              {
                "host_id": "",
                "profile": "{}",
                "vif_details": {},
                "vif_type": "unbound",
                "vnic_type": "normal"
              }
            ],
            "description": "",
            "device_id": "",
            "device_owner": "",
            "dns_assignment": [],
            "dns_name": "",
            "extra_dhcp_option": [],
            "fixed_ip": [
              {
                "ip_address": "192.168.8.3",
                "subnet_id": "d32feabb-75e8-4fc4-8ed1-85d0689beec1"
              }
            ],
            "id": "d86b9fb4-84f3-4968-b7b7-68348dc1f256",
            "mac_address": "fa:16:3e:fd:1f:06",
            "name": "ens6",
            "network_id": "0f656566-5bb7-4501-a8dc-9302ef4f68ed",
            "no_fixed_ip": null,
            "no_security_groups": null,
            "port_security_enabled": false,
            "qos_policy_id": "",
            "region": "RegionOne",
            "security_group_ids": null,
            "tags": null,
            "tenant_id": "47db6af3f5ae4a958fd90100ebdef0cd",
            "timeouts": null,
            "value_specs": null
          },
          "sensitive_attributes": [],
          "private": "eyJlMmJmYjczMC1lY2FhLTExZTYtOGY4OC0zNDM2M2JjN2M0YzAiOnsiY3JlYXRlIjo2MDAwMDAwMDAwMDAsImRlbGV0ZSI6NjAwMDAwMDAwMDAwfX0=",
          "dependencies": [
            "data.openstack_networking_network_v2.r2r3",
            "data.openstack_networking_subnet_v2.subnet_r2r3"
          ]
        }
      ]
    },
    {
      "mode": "managed",
      "type": "openstack_networking_port_v2",
      "name": "ens6_r4",
      "provider": "provider[\"registry.terraform.io/terraform-provider-openstack/openstack\"]",
      "instances": [
        {
          "schema_version": 0,
          "attributes": {
            "admin_state_up": true,
            "all_fixed_ips": [
              "192.168.5.4"
            ],
            "all_security_group_ids": [],
            "all_tags": [],
            "allowed_address_pairs": [],
            "binding": [
              {
                "host_id": "",
                "profile": "{}",
                "vif_details": {},
                "vif_type": "unbound",
                "vnic_type": "normal"
              }
            ],
            "description": "",
            "device_id": "",
            "device_owner": "",
            "dns_assignment": [],
            "dns_name": "",
            "extra_dhcp_option": [],
            "fixed_ip": [
              {
                "ip_address": "192.168.5.4",
                "subnet_id": "47ed346a-aba4-46e5-b900-d312a86a3cb5"
              }
            ],
            "id": "2853abcf-ace9-4f44-9297-5521b20236f1",
            "mac_address": "fa:16:3e:1e:cd:84",
            "name": "ens6",
            "network_id": "20b8b1ef-8cfe-4099-a60e-2e1306f2fd93",
            "no_fixed_ip": null,
            "no_security_groups": null,
            "port_security_enabled": false,
            "qos_policy_id": "",
            "region": "RegionOne",
            "security_group_ids": null,
            "tags": null,
            "tenant_id": "47db6af3f5ae4a958fd90100ebdef0cd",
            "timeouts": null,
            "value_specs": null
          },
          "sensitive_attributes": [],
          "private": "eyJlMmJmYjczMC1lY2FhLTExZTYtOGY4OC0zNDM2M2JjN2M0YzAiOnsiY3JlYXRlIjo2MDAwMDAwMDAwMDAsImRlbGV0ZSI6NjAwMDAwMDAwMDAwfX0=",
          "dependencies": [
            "data.openstack_networking_network_v2.r4r6",
            "data.openstack_networking_subnet_v2.subnet_r4r6"
          ]
        }
      ]
    },
    {
      "mode": "managed",
      "type": "openstack_networking_port_v2",
      "name": "ens6_r6",
      "provider": "provider[\"registry.terraform.io/terraform-provider-openstack/openstack\"]",
      "instances": [
        {
          "schema_version": 0,
          "attributes": {
            "admin_state_up": true,
            "all_fixed_ips": [
              "192.168.5.6"
            ],
            "all_security_group_ids": [],
            "all_tags": [],
            "allowed_address_pairs": [],
            "binding": [
              {
                "host_id": "",
                "profile": "{}",
                "vif_details": {},
                "vif_type": "unbound",
                "vnic_type": "normal"
              }
            ],
            "description": "",
            "device_id": "",
            "device_owner": "",
            "dns_assignment": [],
            "dns_name": "",
            "extra_dhcp_option": [],
            "fixed_ip": [
              {
                "ip_address": "192.168.5.6",
                "subnet_id": "47ed346a-aba4-46e5-b900-d312a86a3cb5"
              }
            ],
            "id": "1cd2045b-f70a-4093-9241-b4659be689f8",
            "mac_address": "fa:16:3e:ee:01:10",
            "name": "ens6",
            "network_id": "20b8b1ef-8cfe-4099-a60e-2e1306f2fd93",
            "no_fixed_ip": null,
            "no_security_groups": null,
            "port_security_enabled": false,
            "qos_policy_id": "",
            "region": "RegionOne",
            "security_group_ids": null,
            "tags": null,
            "tenant_id": "47db6af3f5ae4a958fd90100ebdef0cd",
            "timeouts": null,
            "value_specs": null
          },
          "sensitive_attributes": [],
          "private": "eyJlMmJmYjczMC1lY2FhLTExZTYtOGY4OC0zNDM2M2JjN2M0YzAiOnsiY3JlYXRlIjo2MDAwMDAwMDAwMDAsImRlbGV0ZSI6NjAwMDAwMDAwMDAwfX0=",
          "dependencies": [
            "data.openstack_networking_network_v2.r4r6",
            "data.openstack_networking_subnet_v2.subnet_r4r6"
          ]
        }
      ]
    },
    {
      "mode": "managed",
      "type": "openstack_networking_port_v2",
      "name": "ens6_r7",
      "provider": "provider[\"registry.terraform.io/terraform-provider-openstack/openstack\"]",
      "instances": [
        {
          "schema_version": 0,
          "attributes": {
            "admin_state_up": true,
            "all_fixed_ips": [
              "192.168.10.7"
            ],
            "all_security_group_ids": [],
            "all_tags": [],
            "allowed_address_pairs": [],
            "binding": [
              {
                "host_id": "",
                "profile": "{}",
                "vif_details": {},
                "vif_type": "unbound",
                "vnic_type": "normal"
              }
            ],
            "description": "",
            "device_id": "",
            "device_owner": "",
            "dns_assignment": [],
            "dns_name": "",
            "extra_dhcp_option": [],
            "fixed_ip": [
              {
                "ip_address": "192.168.10.7",
                "subnet_id": "bfd746d1-765f-4f4c-9703-3e2c658d1603"
              }
            ],
            "id": "bac9cd52-2716-4157-988e-b0f3cd900c19",
            "mac_address": "fa:16:3e:f0:b1:8f",
            "name": "ens6",
            "network_id": "12b4b9f0-55e9-4dee-967f-25964f6f78a9",
            "no_fixed_ip": null,
            "no_security_groups": null,
            "port_security_enabled": false,
            "qos_policy_id": "",
            "region": "RegionOne",
            "security_group_ids": null,
            "tags": null,
            "tenant_id": "47db6af3f5ae4a958fd90100ebdef0cd",
            "timeouts": null,
            "value_specs": null
          },
          "sensitive_attributes": [],
          "private": "eyJlMmJmYjczMC1lY2FhLTExZTYtOGY4OC0zNDM2M2JjN2M0YzAiOnsiY3JlYXRlIjo2MDAwMDAwMDAwMDAsImRlbGV0ZSI6NjAwMDAwMDAwMDAwfX0=",
          "dependencies": [
            "data.openstack_networking_network_v2.r3r7",
            "data.openstack_networking_subnet_v2.subnet_r3r7"
          ]
        }
      ]
    },
    {
      "mode": "managed",
      "type": "openstack_networking_port_v2",
      "name": "ens7_r2",
      "provider": "provider[\"registry.terraform.io/terraform-provider-openstack/openstack\"]",
      "instances": [
        {
          "schema_version": 0,
          "attributes": {
            "admin_state_up": true,
            "all_fixed_ips": [
              "192.168.8.20"
            ],
            "all_security_group_ids": [],
            "all_tags": [],
            "allowed_address_pairs": [],
            "binding": [
              {
                "host_id": "",
                "profile": "{}",
                "vif_details": {},
                "vif_type": "unbound",
                "vnic_type": "normal"
              }
            ],
            "description": "",
            "device_id": "",
            "device_owner": "",
            "dns_assignment": [],
            "dns_name": "",
            "extra_dhcp_option": [],
            "fixed_ip": [
              {
                "ip_address": "192.168.8.20",
                "subnet_id": "d32feabb-75e8-4fc4-8ed1-85d0689beec1"
              }
            ],
            "id": "0f0139f0-d0ba-4ca0-8a9f-90c45088da15",
            "mac_address": "fa:16:3e:19:53:5c",
            "name": "ens7",
            "network_id": "0f656566-5bb7-4501-a8dc-9302ef4f68ed",
            "no_fixed_ip": null,
            "no_security_groups": null,
            "port_security_enabled": false,
            "qos_policy_id": "",
            "region": "RegionOne",
            "security_group_ids": null,
            "tags": null,
            "tenant_id": "47db6af3f5ae4a958fd90100ebdef0cd",
            "timeouts": null,
            "value_specs": null
          },
          "sensitive_attributes": [],
          "private": "eyJlMmJmYjczMC1lY2FhLTExZTYtOGY4OC0zNDM2M2JjN2M0YzAiOnsiY3JlYXRlIjo2MDAwMDAwMDAwMDAsImRlbGV0ZSI6NjAwMDAwMDAwMDAwfX0=",
          "dependencies": [
            "data.openstack_networking_network_v2.r2r3",
            "data.openstack_networking_subnet_v2.subnet_r2r3"
          ]
        }
      ]
    },
    {
      "mode": "managed",
      "type": "openstack_networking_port_v2",
      "name": "ens7_r3",
      "provider": "provider[\"registry.terraform.io/terraform-provider-openstack/openstack\"]",
      "instances": [
        {
          "schema_version": 0,
          "attributes": {
            "admin_state_up": true,
            "all_fixed_ips": [
              "192.168.14.3"
            ],
            "all_security_group_ids": [],
            "all_tags": [],
            "allowed_address_pairs": [],
            "binding": [
              {
                "host_id": "",
                "profile": "{}",
                "vif_details": {},
                "vif_type": "unbound",
                "vnic_type": "normal"
              }
            ],
            "description": "",
            "device_id": "",
            "device_owner": "",
            "dns_assignment": [],
            "dns_name": "",
            "extra_dhcp_option": [],
            "fixed_ip": [
              {
                "ip_address": "192.168.14.3",
                "subnet_id": "a5c75775-5a90-418e-b831-d4ebe58ec6de"
              }
            ],
            "id": "7a835e58-c1d8-45c0-887e-6d1b39003802",
            "mac_address": "fa:16:3e:8a:c4:93",
            "name": "ens7",
            "network_id": "5b7e50b7-9699-4a9b-83d8-e7ba20486844",
            "no_fixed_ip": null,
            "no_security_groups": null,
            "port_security_enabled": false,
            "qos_policy_id": "",
            "region": "RegionOne",
            "security_group_ids": null,
            "tags": null,
            "tenant_id": "47db6af3f5ae4a958fd90100ebdef0cd",
            "timeouts": null,
            "value_specs": null
          },
          "sensitive_attributes": [],
          "private": "eyJlMmJmYjczMC1lY2FhLTExZTYtOGY4OC0zNDM2M2JjN2M0YzAiOnsiY3JlYXRlIjo2MDAwMDAwMDAwMDAsImRlbGV0ZSI6NjAwMDAwMDAwMDAwfX0=",
          "dependencies": [
            "data.openstack_networking_network_v2.r3r12",
            "data.openstack_networking_subnet_v2.subnet_r3r12"
          ]
        }
      ]
    },
    {
      "mode": "managed",
      "type": "openstack_networking_port_v2",
      "name": "ens8_r2",
      "provider": "provider[\"registry.terraform.io/terraform-provider-openstack/openstack\"]",
      "instances": [
        {
          "schema_version": 0,
          "attributes": {
            "admin_state_up": true,
            "all_fixed_ips": [
              "192.168.6.20"
            ],
            "all_security_group_ids": [],
            "all_tags": [],
            "allowed_address_pairs": [],
            "binding": [
              {
                "host_id": "",
                "profile": "{}",
                "vif_details": {},
                "vif_type": "unbound",
                "vnic_type": "normal"
              }
            ],
            "description": "",
            "device_id": "",
            "device_owner": "",
            "dns_assignment": [],
            "dns_name": "",
            "extra_dhcp_option": [],
            "fixed_ip": [
              {
                "ip_address": "192.168.6.20",
                "subnet_id": "afa7dd99-85e9-410a-9858-d1d7058b0393"
              }
            ],
            "id": "93ec78bc-f9a4-431f-b579-7d3978aab56f",
            "mac_address": "fa:16:3e:0f:75:62",
            "name": "ens5",
            "network_id": "18937e35-91f4-434a-a65b-f15b9757cd6c",
            "no_fixed_ip": null,
            "no_security_groups": null,
            "port_security_enabled": false,
            "qos_policy_id": "",
            "region": "RegionOne",
            "security_group_ids": null,
            "tags": null,
            "tenant_id": "47db6af3f5ae4a958fd90100ebdef0cd",
            "timeouts": null,
            "value_specs": null
          },
          "sensitive_attributes": [],
          "private": "eyJlMmJmYjczMC1lY2FhLTExZTYtOGY4OC0zNDM2M2JjN2M0YzAiOnsiY3JlYXRlIjo2MDAwMDAwMDAwMDAsImRlbGV0ZSI6NjAwMDAwMDAwMDAwfX0=",
          "dependencies": [
            "data.openstack_networking_network_v2.r2r5",
            "data.openstack_networking_subnet_v2.subnet_r2r5"
          ]
        }
      ]
    }
  ],
  "check_results": null
}
