{
  "version": 4,
  "terraform_version": "1.11.4",
  "serial": 2025,
  "lineage": "e435fae4-b7e0-ea69-a159-55f5a828d3ee",
  "outputs": {},
  "resources": [
    {
      "mode": "data",
      "type": "openstack_compute_flavor_v2",
      "name": "flavor",
      "provider": "provider[\"registry.terraform.io/terraform-provider-openstack/openstack\"]",
      "instances": [
        {
          "schema_version": 0,
          "attributes": {
            "description": "",
            "disk": 25,
            "extra_specs": {},
            "flavor_id": "373be856-2584-4418-b98a-9668510059bb",
            "id": "373be856-2584-4418-b98a-9668510059bb",
            "is_public": true,
            "min_disk": null,
            "min_ram": null,
            "name": "FRR",
            "ram": 2048,
            "region": null,
            "rx_tx_factor": 1,
            "swap": 0,
            "vcpus": 2
          },
          "sensitive_attributes": []
        }
      ]
    },
    {
      "mode": "data",
      "type": "openstack_images_image_v2",
      "name": "image",
      "provider": "provider[\"registry.terraform.io/terraform-provider-openstack/openstack\"]",
      "instances": [
        {
          "schema_version": 0,
          "attributes": {
            "checksum": "34970c096b26c58993caf1dbdbf15426",
            "container_format": "bare",
            "created_at": "2025-05-21T16:47:30Z",
            "disk_format": "qcow2",
            "file": "/v2/images/1d35fa76-6177-4b18-8502-aa6716b117b6/file",
            "hidden": false,
            "id": "1d35fa76-6177-4b18-8502-aa6716b117b6",
            "member_status": null,
            "metadata": {},
            "min_disk_gb": 0,
            "min_ram_mb": 0,
            "most_recent": false,
            "name": "HLx-FRR",
            "name_regex": null,
            "owner": "7c7e226752784147b88a571dc1f14b26",
            "properties": {
              "os_hash_algo": "sha512",
              "os_hash_value": "d526c1e7803dcf5f47e795b1f24093b332c81787a0a801bc4c5bbfae15eb21d20f4e5350bb8e09f4553aeabdc04b808b113c56359cd73be5820a0a08e23a959b",
              "owner_specified.openstack.md5": "",
              "owner_specified.openstack.object": "images/HLx-FRR",
              "owner_specified.openstack.sha256": "",
              "stores": "file"
            },
            "protected": false,
            "region": "RegionOne",
            "schema": "/v2/schemas/image",
            "size_bytes": 6728646656,
            "size_max": null,
            "size_min": null,
            "sort_direction": "asc",
            "sort_key": "name",
            "tag": null,
            "tags": [],
            "updated_at": "2025-05-21T16:48:18Z",
            "visibility": "private"
          },
          "sensitive_attributes": []
        }
      ]
    },
    {
      "mode": "data",
      "type": "openstack_networking_network_v2",
      "name": "mgmt_network",
      "provider": "provider[\"registry.terraform.io/terraform-provider-openstack/openstack\"]",
      "instances": [
        {
          "schema_version": 0,
          "attributes": {
            "admin_state_up": "true",
            "all_tags": [],
            "availability_zone_hints": [],
            "description": "",
            "dns_domain": "",
            "external": true,
            "id": "e00db497-40a2-4648-bb99-183a38c2371e",
            "matching_subnet_cidr": null,
            "mtu": 1500,
            "name": "management-network",
            "network_id": null,
            "region": "RegionOne",
            "segments": [
              {
                "network_type": "flat",
                "physical_network": "physnet1",
                "segmentation_id": 0
              }
            ],
            "shared": "true",
            "status": null,
            "subnets": [
              "06ff9050-d42e-4504-ac0f-69b030077ede"
            ],
            "tags": null,
            "tenant_id": "311f8f3d723644368e2a386ad7e38cfb",
            "transparent_vlan": false
          },
          "sensitive_attributes": []
        }
      ]
    },
    {
      "mode": "data",
      "type": "openstack_networking_network_v2",
      "name": "r11r4",
      "provider": "provider[\"registry.terraform.io/terraform-provider-openstack/openstack\"]",
      "instances": [
        {
          "schema_version": 0,
          "attributes": {
            "admin_state_up": "true",
            "all_tags": [],
            "availability_zone_hints": [],
            "description": "",
            "dns_domain": "",
            "external": true,
            "id": "5e1c3a0c-9825-4b11-abea-c5f1b5773bee",
            "matching_subnet_cidr": null,
            "mtu": 1450,
            "name": "r11r4",
            "network_id": null,
            "region": "RegionOne",
            "segments": [
              {
                "network_type": "vxlan",
                "physical_network": "",
                "segmentation_id": 150
              }
            ],
            "shared": "true",
            "status": null,
            "subnets": [
              "a44fb8b0-6c35-4b51-883b-5ba4c39ec2b2"
            ],
            "tags": null,
            "tenant_id": "47db6af3f5ae4a958fd90100ebdef0cd",
            "transparent_vlan": false
          },
          "sensitive_attributes": []
        }
      ]
    },
    {
      "mode": "data",
      "type": "openstack_networking_network_v2",
      "name": "r1r11",
      "provider": "provider[\"registry.terraform.io/terraform-provider-openstack/openstack\"]",
      "instances": [
        {
          "schema_version": 0,
          "attributes": {
            "admin_state_up": "true",
            "all_tags": [],
            "availability_zone_hints": [],
            "description": "",
            "dns_domain": "",
            "external": true,
            "id": "e2dee63f-1aac-4c2d-b977-46b610ec5b8f",
            "matching_subnet_cidr": null,
            "mtu": 1450,
            "name": "r1r11",
            "network_id": null,
            "region": "RegionOne",
            "segments": [
              {
                "network_type": "vxlan",
                "physical_network": "",
                "segmentation_id": 455
              }
            ],
            "shared": "true",
            "status": null,
            "subnets": [
              "8dc94851-3847-4c09-831f-f55df97eb602"
            ],
            "tags": null,
            "tenant_id": "47db6af3f5ae4a958fd90100ebdef0cd",
            "transparent_vlan": false
          },
          "sensitive_attributes": []
        }
      ]
    },
    {
      "mode": "data",
      "type": "openstack_networking_network_v2",
      "name": "r1r2",
      "provider": "provider[\"registry.terraform.io/terraform-provider-openstack/openstack\"]",
      "instances": [
        {
          "schema_version": 0,
          "attributes": {
            "admin_state_up": "true",
            "all_tags": [],
            "availability_zone_hints": [],
            "description": "",
            "dns_domain": "",
            "external": true,
            "id": "f99ab493-edcc-4ed6-9ea1-65098dafa1d6",
            "matching_subnet_cidr": null,
            "mtu": 1450,
            "name": "r1r2",
            "network_id": null,
            "region": "RegionOne",
            "segments": [
              {
                "network_type": "vxlan",
                "physical_network": "",
                "segmentation_id": 529
              }
            ],
            "shared": "true",
            "status": null,
            "subnets": [
              "bca7abdf-4e00-4d47-a6f2-5cf69fae6082"
            ],
            "tags": null,
            "tenant_id": "47db6af3f5ae4a958fd90100ebdef0cd",
            "transparent_vlan": false
          },
          "sensitive_attributes": []
        }
      ]
    },
    {
      "mode": "data",
      "type": "openstack_networking_network_v2",
      "name": "r1r4",
      "provider": "provider[\"registry.terraform.io/terraform-provider-openstack/openstack\"]",
      "instances": [
        {
          "schema_version": 0,
          "attributes": {
            "admin_state_up": "true",
            "all_tags": [],
            "availability_zone_hints": [],
            "description": "",
            "dns_domain": "",
            "external": true,
            "id": "261842e3-a345-4b90-b37b-5c9ba1fce18b",
            "matching_subnet_cidr": null,
            "mtu": 1450,
            "name": "r1r4",
            "network_id": null,
            "region": "RegionOne",
            "segments": [
              {
                "network_type": "vxlan",
                "physical_network": "",
                "segmentation_id": 268
              }
            ],
            "shared": "true",
            "status": null,
            "subnets": [
              "c6699e16-4fb2-4ae6-8d90-5d568974b018"
            ],
            "tags": null,
            "tenant_id": "47db6af3f5ae4a958fd90100ebdef0cd",
            "transparent_vlan": false
          },
          "sensitive_attributes": []
        }
      ]
    },
    {
      "mode": "data",
      "type": "openstack_networking_network_v2",
      "name": "r2r12",
      "provider": "provider[\"registry.terraform.io/terraform-provider-openstack/openstack\"]",
      "instances": [
        {
          "schema_version": 0,
          "attributes": {
            "admin_state_up": "true",
            "all_tags": [],
            "availability_zone_hints": [],
            "description": "",
            "dns_domain": "",
            "external": true,
            "id": "c0422e79-2088-4181-9b3b-7fa3ba7c6321",
            "matching_subnet_cidr": null,
            "mtu": 1450,
            "name": "r2r12",
            "network_id": null,
            "region": "RegionOne",
            "segments": [
              {
                "network_type": "vxlan",
                "physical_network": "",
                "segmentation_id": 733
              }
            ],
            "shared": "true",
            "status": null,
            "subnets": [
              "5d0f2222-2429-496e-9a60-4d5c6e8fda94"
            ],
            "tags": null,
            "tenant_id": "47db6af3f5ae4a958fd90100ebdef0cd",
            "transparent_vlan": false
          },
          "sensitive_attributes": []
        }
      ]
    },
    {
      "mode": "data",
      "type": "openstack_networking_network_v2",
      "name": "r2r3",
      "provider": "provider[\"registry.terraform.io/terraform-provider-openstack/openstack\"]",
      "instances": [
        {
          "schema_version": 0,
          "attributes": {
            "admin_state_up": "true",
            "all_tags": [],
            "availability_zone_hints": [],
            "description": "",
            "dns_domain": "",
            "external": true,
            "id": "0f656566-5bb7-4501-a8dc-9302ef4f68ed",
            "matching_subnet_cidr": null,
            "mtu": 1450,
            "name": "r2r3",
            "network_id": null,
            "region": "RegionOne",
            "segments": [
              {
                "network_type": "vxlan",
                "physical_network": "",
                "segmentation_id": 877
              }
            ],
            "shared": "true",
            "status": null,
            "subnets": [
              "d32feabb-75e8-4fc4-8ed1-85d0689beec1"
            ],
            "tags": null,
            "tenant_id": "47db6af3f5ae4a958fd90100ebdef0cd",
            "transparent_vlan": false
          },
          "sensitive_attributes": []
        }
      ]
    },
    {
      "mode": "data",
      "type": "openstack_networking_network_v2",
      "name": "r2r5",
      "provider": "provider[\"registry.terraform.io/terraform-provider-openstack/openstack\"]",
      "instances": [
        {
          "schema_version": 0,
          "attributes": {
            "admin_state_up": "true",
            "all_tags": [],
            "availability_zone_hints": [],
            "description": "",
            "dns_domain": "",
            "external": true,
            "id": "18937e35-91f4-434a-a65b-f15b9757cd6c",
            "matching_subnet_cidr": null,
            "mtu": 1450,
            "name": "r2r5",
            "network_id": null,
            "region": "RegionOne",
            "segments": [
              {
                "network_type": "vxlan",
                "physical_network": "",
                "segmentation_id": 532
              }
            ],
            "shared": "true",
            "status": null,
            "subnets": [
              "afa7dd99-85e9-410a-9858-d1d7058b0393"
            ],
            "tags": null,
            "tenant_id": "47db6af3f5ae4a958fd90100ebdef0cd",
            "transparent_vlan": false
          },
          "sensitive_attributes": []
        }
      ]
    },
    {
      "mode": "data",
      "type": "openstack_networking_network_v2",
      "name": "r3r12",
      "provider": "provider[\"registry.terraform.io/terraform-provider-openstack/openstack\"]",
      "instances": [
        {
          "schema_version": 0,
          "attributes": {
            "admin_state_up": "true",
            "all_tags": [],
            "availability_zone_hints": [],
            "description": "",
            "dns_domain": "",
            "external": true,
            "id": "5b7e50b7-9699-4a9b-83d8-e7ba20486844",
            "matching_subnet_cidr": null,
            "mtu": 1450,
            "name": "r3r12",
            "network_id": null,
            "region": "RegionOne",
            "segments": [
              {
                "network_type": "vxlan",
                "physical_network": "",
                "segmentation_id": 255
              }
            ],
            "shared": "true",
            "status": null,
            "subnets": [
              "a5c75775-5a90-418e-b831-d4ebe58ec6de"
            ],
            "tags": null,
            "tenant_id": "47db6af3f5ae4a958fd90100ebdef0cd",
            "transparent_vlan": false
          },
          "sensitive_attributes": []
        }
      ]
    },
    {
      "mode": "data",
      "type": "openstack_networking_network_v2",
      "name": "r3r13",
      "provider": "provider[\"registry.terraform.io/terraform-provider-openstack/openstack\"]",
      "instances": [
        {
          "schema_version": 0,
          "attributes": {
            "admin_state_up": "true",
            "all_tags": [],
            "availability_zone_hints": [],
            "description": "",
            "dns_domain": "",
            "external": true,
            "id": "4e127b07-49b8-418a-ab6a-de77d404dcfb",
            "matching_subnet_cidr": null,
            "mtu": 1450,
            "name": "r3r13",
            "network_id": null,
            "region": "RegionOne",
            "segments": [
              {
                "network_type": "vxlan",
                "physical_network": "",
                "segmentation_id": 20
              }
            ],
            "shared": "true",
            "status": null,
            "subnets": [
              "6b5d9daf-109b-4e23-89a0-484c0fd121b0"
            ],
            "tags": null,
            "tenant_id": "47db6af3f5ae4a958fd90100ebdef0cd",
            "transparent_vlan": false
          },
          "sensitive_attributes": []
        }
      ]
    },
    {
      "mode": "data",
      "type": "openstack_networking_network_v2",
      "name": "r3r7",
      "provider": "provider[\"registry.terraform.io/terraform-provider-openstack/openstack\"]",
      "instances": [
        {
          "schema_version": 0,
          "attributes": {
            "admin_state_up": "true",
            "all_tags": [],
            "availability_zone_hints": [],
            "description": "",
            "dns_domain": "",
            "external": true,
            "id": "12b4b9f0-55e9-4dee-967f-25964f6f78a9",
            "matching_subnet_cidr": null,
            "mtu": 1450,
            "name": "r3r7",
            "network_id": null,
            "region": "RegionOne",
            "segments": [
              {
                "network_type": "vxlan",
                "physical_network": "",
                "segmentation_id": 216
              }
            ],
            "shared": "true",
            "status": null,
            "subnets": [
              "bfd746d1-765f-4f4c-9703-3e2c658d1603"
            ],
            "tags": null,
            "tenant_id": "47db6af3f5ae4a958fd90100ebdef0cd",
            "transparent_vlan": false
          },
          "sensitive_attributes": []
        }
      ]
    },
    {
      "mode": "data",
      "type": "openstack_networking_network_v2",
      "name": "r4r6",
      "provider": "provider[\"registry.terraform.io/terraform-provider-openstack/openstack\"]",
      "instances": [
        {
          "schema_version": 0,
          "attributes": {
            "admin_state_up": "true",
            "all_tags": [],
            "availability_zone_hints": [],
            "description": "",
            "dns_domain": "",
            "external": true,
            "id": "20b8b1ef-8cfe-4099-a60e-2e1306f2fd93",
            "matching_subnet_cidr": null,
            "mtu": 1450,
            "name": "r4r6",
            "network_id": null,
            "region": "RegionOne",
            "segments": [
              {
                "network_type": "vxlan",
                "physical_network": "",
                "segmentation_id": 654
              }
            ],
            "shared": "true",
            "status": null,
            "subnets": [
              "47ed346a-aba4-46e5-b900-d312a86a3cb5"
            ],
            "tags": null,
            "tenant_id": "47db6af3f5ae4a958fd90100ebdef0cd",
            "transparent_vlan": false
          },
          "sensitive_attributes": []
        }
      ]
    },
    {
      "mode": "data",
      "type": "openstack_networking_network_v2",
      "name": "r5r6",
      "provider": "provider[\"registry.terraform.io/terraform-provider-openstack/openstack\"]",
      "instances": [
        {
          "schema_version": 0,
          "attributes": {
            "admin_state_up": "true",
            "all_tags": [],
            "availability_zone_hints": [],
            "description": "",
            "dns_domain": "",
            "external": true,
            "id": "018dff4b-ad02-4ec8-b531-a71a31c6ecfa",
            "matching_subnet_cidr": null,
            "mtu": 1450,
            "name": "r5r6",
            "network_id": null,
            "region": "RegionOne",
            "segments": [
              {
                "network_type": "vxlan",
                "physical_network": "",
                "segmentation_id": 534
              }
            ],
            "shared": "true",
            "status": null,
            "subnets": [
              "05315a2e-947b-4a66-8ae9-fb82629bfce0"
            ],
            "tags": null,
            "tenant_id": "47db6af3f5ae4a958fd90100ebdef0cd",
            "transparent_vlan": false
          },
          "sensitive_attributes": []
        }
      ]
    },
    {
      "mode": "data",
      "type": "openstack_networking_network_v2",
      "name": "r6r7",
      "provider": "provider[\"registry.terraform.io/terraform-provider-openstack/openstack\"]",
      "instances": [
        {
          "schema_version": 0,
          "attributes": {
            "admin_state_up": "true",
            "all_tags": [],
            "availability_zone_hints": [],
            "description": "",
            "dns_domain": "",
            "external": true,
            "id": "a63780a3-a992-4b86-97b3-d988ec4b5bfe",
            "matching_subnet_cidr": null,
            "mtu": 1450,
            "name": "r6r7",
            "network_id": null,
            "region": "RegionOne",
            "segments": [
              {
                "network_type": "vxlan",
                "physical_network": "",
                "segmentation_id": 834
              }
            ],
            "shared": "true",
            "status": null,
            "subnets": [
              "3eda892d-4e9b-443c-8977-9fc60bd0a8c1"
            ],
            "tags": null,
            "tenant_id": "47db6af3f5ae4a958fd90100ebdef0cd",
            "transparent_vlan": false
          },
          "sensitive_attributes": []
        }
      ]
    },
    {
      "mode": "data",
      "type": "openstack_networking_network_v2",
      "name": "r7r13",
      "provider": "provider[\"registry.terraform.io/terraform-provider-openstack/openstack\"]",
      "instances": [
        {
          "schema_version": 0,
          "attributes": {
            "admin_state_up": "true",
            "all_tags": [],
            "availability_zone_hints": [],
            "description": "",
            "dns_domain": "",
            "external": true,
            "id": "e2172a2b-d6e8-488c-b932-babfbbb09d1b",
            "matching_subnet_cidr": null,
            "mtu": 1450,
            "name": "r7r13",
            "network_id": null,
            "region": "RegionOne",
            "segments": [
              {
                "network_type": "vxlan",
                "physical_network": "",
                "segmentation_id": 640
              }
            ],
            "shared": "true",
            "status": null,
            "subnets": [
              "3a406604-28b3-41b0-8007-d71c4dd413b3"
            ],
            "tags": null,
            "tenant_id": "47db6af3f5ae4a958fd90100ebdef0cd",
            "transparent_vlan": false
          },
          "sensitive_attributes": []
        }
      ]
    },
    {
      "mode": "data",
      "type": "openstack_networking_subnet_v2",
      "name": "subnet_r11r4",
      "provider": "provider[\"registry.terraform.io/terraform-provider-openstack/openstack\"]",
      "instances": [
        {
          "schema_version": 0,
          "attributes": {
            "all_tags": [],
            "allocation_pools": [
              {
                "end": "192.168.2.254",
                "start": "192.168.2.2"
              }
            ],
            "cidr": "192.168.2.0/24",
            "description": "",
            "dhcp_disabled": null,
            "dhcp_enabled": null,
            "dns_nameservers": [],
            "enable_dhcp": true,
            "gateway_ip": "",
            "host_routes": [],
            "id": "a44fb8b0-6c35-4b51-883b-5ba4c39ec2b2",
            "ip_version": 4,
            "ipv6_address_mode": "",
            "ipv6_ra_mode": "",
            "name": "r11r4",
            "network_id": "5e1c3a0c-9825-4b11-abea-c5f1b5773bee",
            "region": "RegionOne",
            "service_types": [],
            "subnet_id": null,
            "subnetpool_id": "",
            "tags": null,
            "tenant_id": "47db6af3f5ae4a958fd90100ebdef0cd"
          },
          "sensitive_attributes": []
        }
      ]
    },
    {
      "mode": "data",
      "type": "openstack_networking_subnet_v2",
      "name": "subnet_r1r11",
      "provider": "provider[\"registry.terraform.io/terraform-provider-openstack/openstack\"]",
      "instances": [
        {
          "schema_version": 0,
          "attributes": {
            "all_tags": [],
            "allocation_pools": [
              {
                "end": "192.168.1.254",
                "start": "192.168.1.2"
              }
            ],
            "cidr": "192.168.1.0/24",
            "description": "",
            "dhcp_disabled": null,
            "dhcp_enabled": null,
            "dns_nameservers": [],
            "enable_dhcp": true,
            "gateway_ip": "",
            "host_routes": [],
            "id": "8dc94851-3847-4c09-831f-f55df97eb602",
            "ip_version": 4,
            "ipv6_address_mode": "",
            "ipv6_ra_mode": "",
            "name": "r1r11",
            "network_id": "e2dee63f-1aac-4c2d-b977-46b610ec5b8f",
            "region": "RegionOne",
            "service_types": [],
            "subnet_id": null,
            "subnetpool_id": "",
            "tags": null,
            "tenant_id": "47db6af3f5ae4a958fd90100ebdef0cd"
          },
          "sensitive_attributes": []
        }
      ]
    },
    {
      "mode": "data",
      "type": "openstack_networking_subnet_v2",
      "name": "subnet_r1r2",
      "provider": "provider[\"registry.terraform.io/terraform-provider-openstack/openstack\"]",
      "instances": [
        {
          "schema_version": 0,
          "attributes": {
            "all_tags": [],
            "allocation_pools": [
              {
                "end": "192.168.4.254",
                "start": "192.168.4.2"
              }
            ],
            "cidr": "192.168.4.0/24",
            "description": "",
            "dhcp_disabled": null,
            "dhcp_enabled": null,
            "dns_nameservers": [],
            "enable_dhcp": true,
            "gateway_ip": "",
            "host_routes": [],
            "id": "bca7abdf-4e00-4d47-a6f2-5cf69fae6082",
            "ip_version": 4,
            "ipv6_address_mode": "",
            "ipv6_ra_mode": "",
            "name": "r1r2",
            "network_id": "f99ab493-edcc-4ed6-9ea1-65098dafa1d6",
            "region": "RegionOne",
            "service_types": [],
            "subnet_id": null,
            "subnetpool_id": "",
            "tags": null,
            "tenant_id": "47db6af3f5ae4a958fd90100ebdef0cd"
          },
          "sensitive_attributes": []
        }
      ]
    },
    {
      "mode": "data",
      "type": "openstack_networking_subnet_v2",
      "name": "subnet_r1r4",
      "provider": "provider[\"registry.terraform.io/terraform-provider-openstack/openstack\"]",
      "instances": [
        {
          "schema_version": 0,
          "attributes": {
            "all_tags": [],
            "allocation_pools": [
              {
                "end": "192.168.3.254",
                "start": "192.168.3.2"
              }
            ],
            "cidr": "192.168.3.0/24",
            "description": "",
            "dhcp_disabled": null,
            "dhcp_enabled": null,
            "dns_nameservers": [],
            "enable_dhcp": true,
            "gateway_ip": "",
            "host_routes": [],
            "id": "c6699e16-4fb2-4ae6-8d90-5d568974b018",
            "ip_version": 4,
            "ipv6_address_mode": "",
            "ipv6_ra_mode": "",
            "name": "r1r4",
            "network_id": "261842e3-a345-4b90-b37b-5c9ba1fce18b",
            "region": "RegionOne",
            "service_types": [],
            "subnet_id": null,
            "subnetpool_id": "",
            "tags": null,
            "tenant_id": "47db6af3f5ae4a958fd90100ebdef0cd"
          },
          "sensitive_attributes": []
        }
      ]
    },
    {
      "mode": "data",
      "type": "openstack_networking_subnet_v2",
      "name": "subnet_r2r12",
      "provider": "provider[\"registry.terraform.io/terraform-provider-openstack/openstack\"]",
      "instances": [
        {
          "schema_version": 0,
          "attributes": {
            "all_tags": [],
            "allocation_pools": [
              {
                "end": "192.168.13.254",
                "start": "192.168.13.2"
              }
            ],
            "cidr": "192.168.13.0/24",
            "description": "",
            "dhcp_disabled": null,
            "dhcp_enabled": null,
            "dns_nameservers": [],
            "enable_dhcp": true,
            "gateway_ip": "",
            "host_routes": [],
            "id": "5d0f2222-2429-496e-9a60-4d5c6e8fda94",
            "ip_version": 4,
            "ipv6_address_mode": "",
            "ipv6_ra_mode": "",
            "name": "r2r12",
            "network_id": "c0422e79-2088-4181-9b3b-7fa3ba7c6321",
            "region": "RegionOne",
            "service_types": [],
            "subnet_id": null,
            "subnetpool_id": "",
            "tags": null,
            "tenant_id": "47db6af3f5ae4a958fd90100ebdef0cd"
          },
          "sensitive_attributes": []
        }
      ]
    },
    {
      "mode": "data",
      "type": "openstack_networking_subnet_v2",
      "name": "subnet_r2r3",
      "provider": "provider[\"registry.terraform.io/terraform-provider-openstack/openstack\"]",
      "instances": [
        {
          "schema_version": 0,
          "attributes": {
            "all_tags": [],
            "allocation_pools": [
              {
                "end": "192.168.8.254",
                "start": "192.168.8.2"
              }
            ],
            "cidr": "192.168.8.0/24",
            "description": "",
            "dhcp_disabled": null,
            "dhcp_enabled": null,
            "dns_nameservers": [],
            "enable_dhcp": true,
            "gateway_ip": "",
            "host_routes": [],
            "id": "d32feabb-75e8-4fc4-8ed1-85d0689beec1",
            "ip_version": 4,
            "ipv6_address_mode": "",
            "ipv6_ra_mode": "",
            "name": "r2r3",
            "network_id": "0f656566-5bb7-4501-a8dc-9302ef4f68ed",
            "region": "RegionOne",
            "service_types": [],
            "subnet_id": null,
            "subnetpool_id": "",
            "tags": null,
            "tenant_id": "47db6af3f5ae4a958fd90100ebdef0cd"
          },
          "sensitive_attributes": []
        }
      ]
    },
    {
      "mode": "data",
      "type": "openstack_networking_subnet_v2",
      "name": "subnet_r2r5",
      "provider": "provider[\"registry.terraform.io/terraform-provider-openstack/openstack\"]",
      "instances": [
        {
          "schema_version": 0,
          "attributes": {
            "all_tags": [],
            "allocation_pools": [
              {
                "end": "192.168.6.254",
                "start": "192.168.6.3"
              }
            ],
            "cidr": "192.168.6.0/24",
            "description": "",
            "dhcp_disabled": null,
            "dhcp_enabled": null,
            "dns_nameservers": [],
            "enable_dhcp": true,
            "gateway_ip": "",
            "host_routes": [],
            "id": "afa7dd99-85e9-410a-9858-d1d7058b0393",
            "ip_version": 4,
            "ipv6_address_mode": "",
            "ipv6_ra_mode": "",
            "name": "r2r5",
            "network_id": "18937e35-91f4-434a-a65b-f15b9757cd6c",
            "region": "RegionOne",
            "service_types": [],
            "subnet_id": null,
            "subnetpool_id": "",
            "tags": null,
            "tenant_id": "47db6af3f5ae4a958fd90100ebdef0cd"
          },
          "sensitive_attributes": []
        }
      ]
    },
    {
      "mode": "data",
      "type": "openstack_networking_subnet_v2",
      "name": "subnet_r3r12",
      "provider": "provider[\"registry.terraform.io/terraform-provider-openstack/openstack\"]",
      "instances": [
        {
          "schema_version": 0,
          "attributes": {
            "all_tags": [],
            "allocation_pools": [
              {
                "end": "192.168.14.254",
                "start": "192.168.14.2"
              }
            ],
            "cidr": "192.168.14.0/24",
            "description": "",
            "dhcp_disabled": null,
            "dhcp_enabled": null,
            "dns_nameservers": [],
            "enable_dhcp": true,
            "gateway_ip": "",
            "host_routes": [],
            "id": "a5c75775-5a90-418e-b831-d4ebe58ec6de",
            "ip_version": 4,
            "ipv6_address_mode": "",
            "ipv6_ra_mode": "",
            "name": "r3r12",
            "network_id": "5b7e50b7-9699-4a9b-83d8-e7ba20486844",
            "region": "RegionOne",
            "service_types": [],
            "subnet_id": null,
            "subnetpool_id": "",
            "tags": null,
            "tenant_id": "47db6af3f5ae4a958fd90100ebdef0cd"
          },
          "sensitive_attributes": []
        }
      ]
    },
    {
      "mode": "data",
      "type": "openstack_networking_subnet_v2",
      "name": "subnet_r3r13",
      "provider": "provider[\"registry.terraform.io/terraform-provider-openstack/openstack\"]",
      "instances": [
        {
          "schema_version": 0,
          "attributes": {
            "all_tags": [],
            "allocation_pools": [
              {
                "end": "192.168.12.254",
                "start": "192.168.12.2"
              }
            ],
            "cidr": "192.168.12.0/24",
            "description": "",
            "dhcp_disabled": null,
            "dhcp_enabled": null,
            "dns_nameservers": [],
            "enable_dhcp": true,
            "gateway_ip": "",
            "host_routes": [],
            "id": "6b5d9daf-109b-4e23-89a0-484c0fd121b0",
            "ip_version": 4,
            "ipv6_address_mode": "",
            "ipv6_ra_mode": "",
            "name": "r3r13",
            "network_id": "4e127b07-49b8-418a-ab6a-de77d404dcfb",
            "region": "RegionOne",
            "service_types": [],
            "subnet_id": null,
            "subnetpool_id": "",
            "tags": null,
            "tenant_id": "47db6af3f5ae4a958fd90100ebdef0cd"
          },
          "sensitive_attributes": []
        }
      ]
    },
    {
      "mode": "data",
      "type": "openstack_networking_subnet_v2",
      "name": "subnet_r3r7",
      "provider": "provider[\"registry.terraform.io/terraform-provider-openstack/openstack\"]",
      "instances": [
        {
          "schema_version": 0,
          "attributes": {
            "all_tags": [],
            "allocation_pools": [
              {
                "end": "192.168.10.254",
                "start": "192.168.10.2"
              }
            ],
            "cidr": "192.168.10.0/24",
            "description": "",
            "dhcp_disabled": null,
            "dhcp_enabled": null,
            "dns_nameservers": [],
            "enable_dhcp": true,
            "gateway_ip": "",
            "host_routes": [],
            "id": "bfd746d1-765f-4f4c-9703-3e2c658d1603",
            "ip_version": 4,
            "ipv6_address_mode": "",
            "ipv6_ra_mode": "",
            "name": "r3r7",
            "network_id": "12b4b9f0-55e9-4dee-967f-25964f6f78a9",
            "region": "RegionOne",
            "service_types": [],
            "subnet_id": null,
            "subnetpool_id": "",
            "tags": null,
            "tenant_id": "47db6af3f5ae4a958fd90100ebdef0cd"
          },
          "sensitive_attributes": []
        }
      ]
    },
    {
      "mode": "data",
      "type": "openstack_networking_subnet_v2",
      "name": "subnet_r4r6",
      "provider": "provider[\"registry.terraform.io/terraform-provider-openstack/openstack\"]",
      "instances": [
        {
          "schema_version": 0,
          "attributes": {
            "all_tags": [],
            "allocation_pools": [
              {
                "end": "192.168.5.254",
                "start": "192.168.5.2"
              }
            ],
            "cidr": "192.168.5.0/24",
            "description": "",
            "dhcp_disabled": null,
            "dhcp_enabled": null,
            "dns_nameservers": [],
            "enable_dhcp": true,
            "gateway_ip": "",
            "host_routes": [],
            "id": "47ed346a-aba4-46e5-b900-d312a86a3cb5",
            "ip_version": 4,
            "ipv6_address_mode": "",
            "ipv6_ra_mode": "",
            "name": "r4r6",
            "network_id": "20b8b1ef-8cfe-4099-a60e-2e1306f2fd93",
            "region": "RegionOne",
            "service_types": [],
            "subnet_id": null,
            "subnetpool_id": "",
            "tags": null,
            "tenant_id": "47db6af3f5ae4a958fd90100ebdef0cd"
          },
          "sensitive_attributes": []
        }
      ]
    },
    {
      "mode": "data",
      "type": "openstack_networking_subnet_v2",
      "name": "subnet_r5r6",
      "provider": "provider[\"registry.terraform.io/terraform-provider-openstack/openstack\"]",
      "instances": [
        {
          "schema_version": 0,
          "attributes": {
            "all_tags": [],
            "allocation_pools": [
              {
                "end": "192.168.7.254",
                "start": "192.168.7.2"
              }
            ],
            "cidr": "192.168.7.0/24",
            "description": "",
            "dhcp_disabled": null,
            "dhcp_enabled": null,
            "dns_nameservers": [],
            "enable_dhcp": true,
            "gateway_ip": "",
            "host_routes": [],
            "id": "05315a2e-947b-4a66-8ae9-fb82629bfce0",
            "ip_version": 4,
            "ipv6_address_mode": "",
            "ipv6_ra_mode": "",
            "name": "r5r6",
            "network_id": "018dff4b-ad02-4ec8-b531-a71a31c6ecfa",
            "region": "RegionOne",
            "service_types": [],
            "subnet_id": null,
            "subnetpool_id": "",
            "tags": null,
            "tenant_id": "47db6af3f5ae4a958fd90100ebdef0cd"
          },
          "sensitive_attributes": []
        }
      ]
    },
    {
      "mode": "data",
      "type": "openstack_networking_subnet_v2",
      "name": "subnet_r6r7",
      "provider": "provider[\"registry.terraform.io/terraform-provider-openstack/openstack\"]",
      "instances": [
        {
          "schema_version": 0,
          "attributes": {
            "all_tags": [],
            "allocation_pools": [
              {
                "end": "192.168.9.254",
                "start": "192.168.9.2"
              }
            ],
            "cidr": "192.168.9.0/24",
            "description": "",
            "dhcp_disabled": null,
            "dhcp_enabled": null,
            "dns_nameservers": [],
            "enable_dhcp": true,
            "gateway_ip": "",
            "host_routes": [],
            "id": "3eda892d-4e9b-443c-8977-9fc60bd0a8c1",
            "ip_version": 4,
            "ipv6_address_mode": "",
            "ipv6_ra_mode": "",
            "name": "r6r7",
            "network_id": "a63780a3-a992-4b86-97b3-d988ec4b5bfe",
            "region": "RegionOne",
            "service_types": [],
            "subnet_id": null,
            "subnetpool_id": "",
            "tags": null,
            "tenant_id": "47db6af3f5ae4a958fd90100ebdef0cd"
          },
          "sensitive_attributes": []
        }
      ]
    },
    {
      "mode": "data",
      "type": "openstack_networking_subnet_v2",
      "name": "subnet_r7r13",
      "provider": "provider[\"registry.terraform.io/terraform-provider-openstack/openstack\"]",
      "instances": [
        {
          "schema_version": 0,
          "attributes": {
            "all_tags": [],
            "allocation_pools": [
              {
                "end": "192.168.11.254",
                "start": "192.168.11.2"
              }
            ],
            "cidr": "192.168.11.0/24",
            "description": "",
            "dhcp_disabled": null,
            "dhcp_enabled": null,
            "dns_nameservers": [],
            "enable_dhcp": true,
            "gateway_ip": "",
            "host_routes": [],
            "id": "3a406604-28b3-41b0-8007-d71c4dd413b3",
            "ip_version": 4,
            "ipv6_address_mode": "",
            "ipv6_ra_mode": "",
            "name": "r7r13",
            "network_id": "e2172a2b-d6e8-488c-b932-babfbbb09d1b",
            "region": "RegionOne",
            "service_types": [],
            "subnet_id": null,
            "subnetpool_id": "",
            "tags": null,
            "tenant_id": "47db6af3f5ae4a958fd90100ebdef0cd"
          },
          "sensitive_attributes": []
        }
      ]
    },
    {
      "mode": "managed",
      "type": "openstack_compute_instance_v2",
      "name": "r1",
      "provider": "provider[\"registry.terraform.io/terraform-provider-openstack/openstack\"]",
      "instances": [
        {
          "schema_version": 0,
          "attributes": {
            "access_ip_v4": "192.168.27.184",
            "access_ip_v6": "",
            "admin_pass": null,
            "all_metadata": {},
            "all_tags": [],
            "availability_zone": "nova",
            "availability_zone_hints": null,
            "block_device": [],
            "config_drive": null,
            "created": "2025-05-26 11:12:20 +0000 UTC",
            "flavor_id": "373be856-2584-4418-b98a-9668510059bb",
            "flavor_name": "FRR",
            "floating_ip": null,
            "force_delete": false,
            "id": "2edc71e1-b08e-4a49-b64c-f1ea7ead5a2e",
            "image_id": "1d35fa76-6177-4b18-8502-aa6716b117b6",
            "image_name": "HLx-FRR",
            "key_pair": "",
            "metadata": null,
            "name": "r1",
            "network": [
              {
                "access_network": false,
                "fixed_ip_v4": "192.168.27.184",
                "fixed_ip_v6": "",
                "floating_ip": "",
                "mac": "fa:16:3e:23:8c:e5",
                "name": "management-network",
                "port": "",
                "uuid": "e00db497-40a2-4648-bb99-183a38c2371e"
              },
              {
                "access_network": false,
                "fixed_ip_v4": "192.168.3.1",
                "fixed_ip_v6": "",
                "floating_ip": "",
                "mac": "fa:16:3e:38:42:28",
                "name": "r1r4",
                "port": "90c90055-5b2e-4dab-b1c6-cdf2182e51f4",
                "uuid": "261842e3-a345-4b90-b37b-5c9ba1fce18b"
              },
              {
                "access_network": false,
                "fixed_ip_v4": "192.168.4.1",
                "fixed_ip_v6": "",
                "floating_ip": "",
                "mac": "fa:16:3e:a4:0a:fa",
                "name": "r1r2",
                "port": "ec528392-1481-44c9-8357-2790423216a8",
                "uuid": "f99ab493-edcc-4ed6-9ea1-65098dafa1d6"
              },
              {
                "access_network": false,
                "fixed_ip_v4": "192.168.1.1",
                "fixed_ip_v6": "",
                "floating_ip": "",
                "mac": "fa:16:3e:7f:27:fe",
                "name": "r1r11",
                "port": "53a831be-d734-44cb-9748-42fc9177fb38",
                "uuid": "e2dee63f-1aac-4c2d-b977-46b610ec5b8f"
              }
            ],
            "network_mode": null,
            "personality": [],
            "power_state": "active",
            "region": "RegionOne",
            "scheduler_hints": [],
            "security_groups": [
              "default"
            ],
            "stop_before_destroy": false,
            "tags": null,
            "timeouts": null,
            "updated": "2025-05-26 11:12:48 +0000 UTC",
            "user_data": "f3dac82ba0f7cf478513b1520aa167d07d2c4208",
            "vendor_options": [],
            "volume": []
          },
          "sensitive_attributes": [
            [
              {
                "type": "get_attr",
                "value": "admin_pass"
              }
            ]
          ],
          "private": "eyJlMmJmYjczMC1lY2FhLTExZTYtOGY4OC0zNDM2M2JjN2M0YzAiOnsiY3JlYXRlIjoxODAwMDAwMDAwMDAwLCJkZWxldGUiOjE4MDAwMDAwMDAwMDAsInVwZGF0ZSI6MTgwMDAwMDAwMDAwMH19",
          "dependencies": [
            "data.openstack_compute_flavor_v2.flavor",
            "data.openstack_images_image_v2.image",
            "data.openstack_networking_network_v2.mgmt_network",
            "data.openstack_networking_network_v2.r1r11",
            "data.openstack_networking_network_v2.r1r2",
            "data.openstack_networking_network_v2.r1r4",
            "data.openstack_networking_subnet_v2.subnet_r1r11",
            "data.openstack_networking_subnet_v2.subnet_r1r2",
            "data.openstack_networking_subnet_v2.subnet_r1r4",
            "openstack_networking_port_v2.eth2_r1",
            "openstack_networking_port_v2.eth3_r1",
            "openstack_networking_port_v2.eth4_r1"
          ]
        }
      ]
    },
    {
      "mode": "managed",
      "type": "openstack_compute_instance_v2",
      "name": "r11",
      "provider": "provider[\"registry.terraform.io/terraform-provider-openstack/openstack\"]",
      "instances": [
        {
          "schema_version": 0,
          "attributes": {
            "access_ip_v4": "192.168.27.174",
            "access_ip_v6": "",
            "admin_pass": null,
            "all_metadata": {},
            "all_tags": [],
            "availability_zone": "nova",
            "availability_zone_hints": null,
            "block_device": [],
            "config_drive": null,
            "created": "2025-05-26 11:12:14 +0000 UTC",
            "flavor_id": "373be856-2584-4418-b98a-9668510059bb",
            "flavor_name": "FRR",
            "floating_ip": null,
            "force_delete": false,
            "id": "2ffabd47-b761-4dd2-9bb9-f72f597e745d",
            "image_id": "1d35fa76-6177-4b18-8502-aa6716b117b6",
            "image_name": "HLx-FRR",
            "key_pair": "",
            "metadata": null,
            "name": "r11",
            "network": [
              {
                "access_network": false,
                "fixed_ip_v4": "192.168.27.174",
                "fixed_ip_v6": "",
                "floating_ip": "",
                "mac": "fa:16:3e:05:a6:8b",
                "name": "management-network",
                "port": "",
                "uuid": "e00db497-40a2-4648-bb99-183a38c2371e"
              },
              {
                "access_network": false,
                "fixed_ip_v4": "192.168.1.11",
                "fixed_ip_v6": "",
                "floating_ip": "",
                "mac": "fa:16:3e:92:cf:4d",
                "name": "r1r11",
                "port": "3e485db6-87f9-4252-81c4-2a80f43dab4a",
                "uuid": "e2dee63f-1aac-4c2d-b977-46b610ec5b8f"
              },
              {
                "access_network": false,
                "fixed_ip_v4": "192.168.2.11",
                "fixed_ip_v6": "",
                "floating_ip": "",
                "mac": "fa:16:3e:60:e9:b2",
                "name": "r11r4",
                "port": "fc680bcc-87bd-4fa9-98ff-5ac043a7e0c3",
                "uuid": "5e1c3a0c-9825-4b11-abea-c5f1b5773bee"
              }
            ],
            "network_mode": null,
            "personality": [],
            "power_state": "active",
            "region": "RegionOne",
            "scheduler_hints": [],
            "security_groups": [
              "default"
            ],
            "stop_before_destroy": false,
            "tags": null,
            "timeouts": null,
            "updated": "2025-05-26 11:12:30 +0000 UTC",
            "user_data": "851a2a771c99a73b2504728203032343603d22e5",
            "vendor_options": [],
            "volume": []
          },
          "sensitive_attributes": [
            [
              {
                "type": "get_attr",
                "value": "admin_pass"
              }
            ]
          ],
          "private": "eyJlMmJmYjczMC1lY2FhLTExZTYtOGY4OC0zNDM2M2JjN2M0YzAiOnsiY3JlYXRlIjoxODAwMDAwMDAwMDAwLCJkZWxldGUiOjE4MDAwMDAwMDAwMDAsInVwZGF0ZSI6MTgwMDAwMDAwMDAwMH19",
          "dependencies": [
            "data.openstack_compute_flavor_v2.flavor",
            "data.openstack_images_image_v2.image",
            "data.openstack_networking_network_v2.mgmt_network",
            "data.openstack_networking_network_v2.r11r4",
            "data.openstack_networking_network_v2.r1r11",
            "data.openstack_networking_subnet_v2.subnet_r11r4",
            "data.openstack_networking_subnet_v2.subnet_r1r11",
            "openstack_networking_port_v2.eth2_r11",
            "openstack_networking_port_v2.eth3_r11"
          ]
        }
      ]
    },
    {
      "mode": "managed",
      "type": "openstack_compute_instance_v2",
      "name": "r12",
      "provider": "provider[\"registry.terraform.io/terraform-provider-openstack/openstack\"]",
      "instances": [
        {
          "schema_version": 0,
          "attributes": {
            "access_ip_v4": "192.168.27.181",
            "access_ip_v6": "",
            "admin_pass": null,
            "all_metadata": {},
            "all_tags": [],
            "availability_zone": "nova",
            "availability_zone_hints": null,
            "block_device": [],
            "config_drive": null,
            "created": "2025-05-26 11:12:19 +0000 UTC",
            "flavor_id": "373be856-2584-4418-b98a-9668510059bb",
            "flavor_name": "FRR",
            "floating_ip": null,
            "force_delete": false,
            "id": "f3c17292-e89b-48ce-a7c2-602cc49557da",
            "image_id": "1d35fa76-6177-4b18-8502-aa6716b117b6",
            "image_name": "HLx-FRR",
            "key_pair": "",
            "metadata": null,
            "name": "r12",
            "network": [
              {
                "access_network": false,
                "fixed_ip_v4": "192.168.27.181",
                "fixed_ip_v6": "",
                "floating_ip": "",
                "mac": "fa:16:3e:dc:63:65",
                "name": "management-network",
                "port": "",
                "uuid": "e00db497-40a2-4648-bb99-183a38c2371e"
              },
              {
                "access_network": false,
                "fixed_ip_v4": "192.168.13.12",
                "fixed_ip_v6": "",
                "floating_ip": "",
                "mac": "fa:16:3e:0a:70:f0",
                "name": "r2r12",
                "port": "93645367-6d1f-4d11-bc82-db0de4ba8db2",
                "uuid": "c0422e79-2088-4181-9b3b-7fa3ba7c6321"
              },
              {
                "access_network": false,
                "fixed_ip_v4": "192.168.14.12",
                "fixed_ip_v6": "",
                "floating_ip": "",
                "mac": "fa:16:3e:73:23:8b",
                "name": "r3r12",
                "port": "3de14784-803d-49ca-9f1e-8b3de3885f21",
                "uuid": "5b7e50b7-9699-4a9b-83d8-e7ba20486844"
              }
            ],
            "network_mode": null,
            "personality": [],
            "power_state": "active",
            "region": "RegionOne",
            "scheduler_hints": [],
            "security_groups": [
              "default"
            ],
            "stop_before_destroy": false,
            "tags": null,
            "timeouts": null,
            "updated": "2025-05-26 11:12:38 +0000 UTC",
            "user_data": "c0133cfa22a667540ddfc0c752a2d63a9a715a04",
            "vendor_options": [],
            "volume": []
          },
          "sensitive_attributes": [
            [
              {
                "type": "get_attr",
                "value": "admin_pass"
              }
            ]
          ],
          "private": "eyJlMmJmYjczMC1lY2FhLTExZTYtOGY4OC0zNDM2M2JjN2M0YzAiOnsiY3JlYXRlIjoxODAwMDAwMDAwMDAwLCJkZWxldGUiOjE4MDAwMDAwMDAwMDAsInVwZGF0ZSI6MTgwMDAwMDAwMDAwMH19",
          "dependencies": [
            "data.openstack_compute_flavor_v2.flavor",
            "data.openstack_images_image_v2.image",
            "data.openstack_networking_network_v2.mgmt_network",
            "data.openstack_networking_network_v2.r2r12",
            "data.openstack_networking_network_v2.r3r12",
            "data.openstack_networking_subnet_v2.subnet_r2r12",
            "data.openstack_networking_subnet_v2.subnet_r3r12",
            "openstack_networking_port_v2.eth2_r12",
            "openstack_networking_port_v2.eth4_r12"
          ]
        }
      ]
    },
    {
      "mode": "managed",
      "type": "openstack_compute_instance_v2",
      "name": "r13",
      "provider": "provider[\"registry.terraform.io/terraform-provider-openstack/openstack\"]",
      "instances": [
        {
          "schema_version": 0,
          "attributes": {
            "access_ip_v4": "192.168.27.176",
            "access_ip_v6": "",
            "admin_pass": null,
            "all_metadata": {},
            "all_tags": [],
            "availability_zone": "nova",
            "availability_zone_hints": null,
            "block_device": [],
            "config_drive": null,
            "created": "2025-05-26 11:12:19 +0000 UTC",
            "flavor_id": "373be856-2584-4418-b98a-9668510059bb",
            "flavor_name": "FRR",
            "floating_ip": null,
            "force_delete": false,
            "id": "c9a23874-3f22-4cc1-807c-10fe19aec961",
            "image_id": "1d35fa76-6177-4b18-8502-aa6716b117b6",
            "image_name": "HLx-FRR",
            "key_pair": "",
            "metadata": null,
            "name": "r13",
            "network": [
              {
                "access_network": false,
                "fixed_ip_v4": "192.168.27.176",
                "fixed_ip_v6": "",
                "floating_ip": "",
                "mac": "fa:16:3e:7e:62:63",
                "name": "management-network",
                "port": "",
                "uuid": "e00db497-40a2-4648-bb99-183a38c2371e"
              },
              {
                "access_network": false,
                "fixed_ip_v4": "192.168.12.13",
                "fixed_ip_v6": "",
                "floating_ip": "",
                "mac": "fa:16:3e:82:ec:4b",
                "name": "r3r13",
                "port": "77590782-9010-4372-8828-5f2d4a268ac8",
                "uuid": "4e127b07-49b8-418a-ab6a-de77d404dcfb"
              },
              {
                "access_network": false,
                "fixed_ip_v4": "192.168.11.13",
                "fixed_ip_v6": "",
                "floating_ip": "",
                "mac": "fa:16:3e:c3:92:be",
                "name": "r7r13",
                "port": "5e57e0c3-8d7d-4dc0-aaff-0b55717c9d47",
                "uuid": "e2172a2b-d6e8-488c-b932-babfbbb09d1b"
              }
            ],
            "network_mode": null,
            "personality": [],
            "power_state": "active",
            "region": "RegionOne",
            "scheduler_hints": [],
            "security_groups": [
              "default"
            ],
            "stop_before_destroy": false,
            "tags": null,
            "timeouts": null,
            "updated": "2025-05-26 11:12:34 +0000 UTC",
            "user_data": "2b6fceb8ca3836091918475db4d96a5d868d02e7",
            "vendor_options": [],
            "volume": []
          },
          "sensitive_attributes": [
            [
              {
                "type": "get_attr",
                "value": "admin_pass"
              }
            ]
          ],
          "private": "eyJlMmJmYjczMC1lY2FhLTExZTYtOGY4OC0zNDM2M2JjN2M0YzAiOnsiY3JlYXRlIjoxODAwMDAwMDAwMDAwLCJkZWxldGUiOjE4MDAwMDAwMDAwMDAsInVwZGF0ZSI6MTgwMDAwMDAwMDAwMH19",
          "dependencies": [
            "data.openstack_compute_flavor_v2.flavor",
            "data.openstack_images_image_v2.image",
            "data.openstack_networking_network_v2.mgmt_network",
            "data.openstack_networking_network_v2.r3r13",
            "data.openstack_networking_network_v2.r7r13",
            "data.openstack_networking_subnet_v2.subnet_r3r13",
            "data.openstack_networking_subnet_v2.subnet_r7r13",
            "openstack_networking_port_v2.eth2_r13",
            "openstack_networking_port_v2.eth3_r13"
          ]
        }
      ]
    },
    {
      "mode": "managed",
      "type": "openstack_compute_instance_v2",
      "name": "r2",
      "provider": "provider[\"registry.terraform.io/terraform-provider-openstack/openstack\"]",
      "instances": [
        {
          "schema_version": 0,
          "attributes": {
            "access_ip_v4": "192.168.27.167",
            "access_ip_v6": "",
            "admin_pass": null,
            "all_metadata": {},
            "all_tags": [],
            "availability_zone": "nova",
            "availability_zone_hints": null,
            "block_device": [],
            "config_drive": null,
            "created": "2025-05-26 11:12:21 +0000 UTC",
            "flavor_id": "373be856-2584-4418-b98a-9668510059bb",
            "flavor_name": "FRR",
            "floating_ip": null,
            "force_delete": false,
            "id": "5ac34d4f-4a22-4cfb-afc1-0738ba740dca",
            "image_id": "1d35fa76-6177-4b18-8502-aa6716b117b6",
            "image_name": "HLx-FRR",
            "key_pair": "",
            "metadata": null,
            "name": "r2",
            "network": [
              {
                "access_network": false,
                "fixed_ip_v4": "192.168.27.167",
                "fixed_ip_v6": "",
                "floating_ip": "",
                "mac": "fa:16:3e:29:1f:36",
                "name": "management-network",
                "port": "",
                "uuid": "e00db497-40a2-4648-bb99-183a38c2371e"
              },
              {
                "access_network": false,
                "fixed_ip_v4": "192.168.13.20",
                "fixed_ip_v6": "",
                "floating_ip": "",
                "mac": "fa:16:3e:39:2b:07",
                "name": "r2r12",
                "port": "be14771c-1639-4709-9706-a6502120fe52",
                "uuid": "c0422e79-2088-4181-9b3b-7fa3ba7c6321"
              },
              {
                "access_network": false,
                "fixed_ip_v4": "192.168.4.20",
                "fixed_ip_v6": "",
                "floating_ip": "",
                "mac": "fa:16:3e:9b:04:3b",
                "name": "r1r2",
                "port": "ed717b34-7b6f-4a16-b8ae-5add7ac1e2ce",
                "uuid": "f99ab493-edcc-4ed6-9ea1-65098dafa1d6"
              },
              {
                "access_network": false,
                "fixed_ip_v4": "192.168.8.20",
                "fixed_ip_v6": "",
                "floating_ip": "",
                "mac": "fa:16:3e:b6:f4:a2",
                "name": "r2r3",
                "port": "b2ff5dff-526b-4ca1-8956-e5f225460f68",
                "uuid": "0f656566-5bb7-4501-a8dc-9302ef4f68ed"
              },
              {
                "access_network": false,
                "fixed_ip_v4": "192.168.6.20",
                "fixed_ip_v6": "",
                "floating_ip": "",
                "mac": "fa:16:3e:4f:79:07",
                "name": "r2r5",
                "port": "d610d71e-f565-4bd7-b2de-895ca2feb0f6",
                "uuid": "18937e35-91f4-434a-a65b-f15b9757cd6c"
              }
            ],
            "network_mode": null,
            "personality": [],
            "power_state": "active",
            "region": "RegionOne",
            "scheduler_hints": [],
            "security_groups": [
              "default"
            ],
            "stop_before_destroy": false,
            "tags": null,
            "timeouts": null,
            "updated": "2025-05-26 11:12:54 +0000 UTC",
            "user_data": "91c2f10d1559152440f368dd389ecbace5a09991",
            "vendor_options": [],
            "volume": []
          },
          "sensitive_attributes": [
            [
              {
                "type": "get_attr",
                "value": "admin_pass"
              }
            ]
          ],
          "private": "eyJlMmJmYjczMC1lY2FhLTExZTYtOGY4OC0zNDM2M2JjN2M0YzAiOnsiY3JlYXRlIjoxODAwMDAwMDAwMDAwLCJkZWxldGUiOjE4MDAwMDAwMDAwMDAsInVwZGF0ZSI6MTgwMDAwMDAwMDAwMH19",
          "dependencies": [
            "data.openstack_compute_flavor_v2.flavor",
            "data.openstack_images_image_v2.image",
            "data.openstack_networking_network_v2.mgmt_network",
            "data.openstack_networking_network_v2.r1r2",
            "data.openstack_networking_network_v2.r2r12",
            "data.openstack_networking_network_v2.r2r3",
            "data.openstack_networking_network_v2.r2r5",
            "data.openstack_networking_subnet_v2.subnet_r1r2",
            "data.openstack_networking_subnet_v2.subnet_r2r12",
            "data.openstack_networking_subnet_v2.subnet_r2r3",
            "data.openstack_networking_subnet_v2.subnet_r2r5",
            "openstack_networking_port_v2.eth2_r2",
            "openstack_networking_port_v2.eth3_r2",
            "openstack_networking_port_v2.eth4_r2",
            "openstack_networking_port_v2.eth5_r2"
          ]
        }
      ]
    },
    {
      "mode": "managed",
      "type": "openstack_compute_instance_v2",
      "name": "r3",
      "provider": "provider[\"registry.terraform.io/terraform-provider-openstack/openstack\"]",
      "instances": [
        {
          "schema_version": 0,
          "attributes": {
            "access_ip_v4": "192.168.27.185",
            "access_ip_v6": "",
            "admin_pass": null,
            "all_metadata": {},
            "all_tags": [],
            "availability_zone": "nova",
            "availability_zone_hints": null,
            "block_device": [],
            "config_drive": null,
            "created": "2025-05-26 11:12:21 +0000 UTC",
            "flavor_id": "373be856-2584-4418-b98a-9668510059bb",
            "flavor_name": "FRR",
            "floating_ip": null,
            "force_delete": false,
            "id": "1a7e60db-aeeb-4578-b394-9b47ac4ab9d1",
            "image_id": "1d35fa76-6177-4b18-8502-aa6716b117b6",
            "image_name": "HLx-FRR",
            "key_pair": "",
            "metadata": null,
            "name": "r3",
            "network": [
              {
                "access_network": false,
                "fixed_ip_v4": "192.168.27.185",
                "fixed_ip_v6": "",
                "floating_ip": "",
                "mac": "fa:16:3e:f9:6b:5c",
                "name": "management-network",
                "port": "",
                "uuid": "e00db497-40a2-4648-bb99-183a38c2371e"
              },
              {
                "access_network": false,
                "fixed_ip_v4": "192.168.12.3",
                "fixed_ip_v6": "",
                "floating_ip": "",
                "mac": "fa:16:3e:e8:e1:2a",
                "name": "r3r13",
                "port": "69433d6f-3aaa-462e-9528-fd8647dbc741",
                "uuid": "4e127b07-49b8-418a-ab6a-de77d404dcfb"
              },
              {
                "access_network": false,
                "fixed_ip_v4": "192.168.10.3",
                "fixed_ip_v6": "",
                "floating_ip": "",
                "mac": "fa:16:3e:e2:53:a2",
                "name": "r3r7",
                "port": "308831ce-da36-470d-8631-bf23fda29fc7",
                "uuid": "12b4b9f0-55e9-4dee-967f-25964f6f78a9"
              },
              {
                "access_network": false,
                "fixed_ip_v4": "192.168.8.3",
                "fixed_ip_v6": "",
                "floating_ip": "",
                "mac": "fa:16:3e:25:c4:1b",
                "name": "r2r3",
                "port": "a9f271a5-092b-4a65-baa6-010721f53885",
                "uuid": "0f656566-5bb7-4501-a8dc-9302ef4f68ed"
              },
              {
                "access_network": false,
                "fixed_ip_v4": "192.168.14.3",
                "fixed_ip_v6": "",
                "floating_ip": "",
                "mac": "fa:16:3e:42:12:02",
                "name": "r3r12",
                "port": "fab9530c-2e2a-4f94-becb-1e31b7c3e06f",
                "uuid": "5b7e50b7-9699-4a9b-83d8-e7ba20486844"
              }
            ],
            "network_mode": null,
            "personality": [],
            "power_state": "active",
            "region": "RegionOne",
            "scheduler_hints": [],
            "security_groups": [
              "default"
            ],
            "stop_before_destroy": false,
            "tags": null,
            "timeouts": null,
            "updated": "2025-05-26 11:12:52 +0000 UTC",
            "user_data": "8122a03f8bffd523576d867488f1bd314992b160",
            "vendor_options": [],
            "volume": []
          },
          "sensitive_attributes": [
            [
              {
                "type": "get_attr",
                "value": "admin_pass"
              }
            ]
          ],
          "private": "eyJlMmJmYjczMC1lY2FhLTExZTYtOGY4OC0zNDM2M2JjN2M0YzAiOnsiY3JlYXRlIjoxODAwMDAwMDAwMDAwLCJkZWxldGUiOjE4MDAwMDAwMDAwMDAsInVwZGF0ZSI6MTgwMDAwMDAwMDAwMH19",
          "dependencies": [
            "data.openstack_compute_flavor_v2.flavor",
            "data.openstack_images_image_v2.image",
            "data.openstack_networking_network_v2.mgmt_network",
            "data.openstack_networking_network_v2.r2r3",
            "data.openstack_networking_network_v2.r3r12",
            "data.openstack_networking_network_v2.r3r13",
            "data.openstack_networking_network_v2.r3r7",
            "data.openstack_networking_subnet_v2.subnet_r2r3",
            "data.openstack_networking_subnet_v2.subnet_r3r12",
            "data.openstack_networking_subnet_v2.subnet_r3r13",
            "data.openstack_networking_subnet_v2.subnet_r3r7",
            "openstack_networking_port_v2.eth2_r3",
            "openstack_networking_port_v2.eth3_r3",
            "openstack_networking_port_v2.eth4_r3",
            "openstack_networking_port_v2.eth5_r3"
          ]
        }
      ]
    },
    {
      "mode": "managed",
      "type": "openstack_compute_instance_v2",
      "name": "r4",
      "provider": "provider[\"registry.terraform.io/terraform-provider-openstack/openstack\"]",
      "instances": [
        {
          "schema_version": 0,
          "attributes": {
            "access_ip_v4": "192.168.27.173",
            "access_ip_v6": "",
            "admin_pass": null,
            "all_metadata": {},
            "all_tags": [],
            "availability_zone": "nova",
            "availability_zone_hints": null,
            "block_device": [],
            "config_drive": null,
            "created": "2025-05-26 11:12:20 +0000 UTC",
            "flavor_id": "373be856-2584-4418-b98a-9668510059bb",
            "flavor_name": "FRR",
            "floating_ip": null,
            "force_delete": false,
            "id": "1fec63fd-27bd-41a4-9784-55e69461c965",
            "image_id": "1d35fa76-6177-4b18-8502-aa6716b117b6",
            "image_name": "HLx-FRR",
            "key_pair": "",
            "metadata": null,
            "name": "r4",
            "network": [
              {
                "access_network": false,
                "fixed_ip_v4": "192.168.27.173",
                "fixed_ip_v6": "",
                "floating_ip": "",
                "mac": "fa:16:3e:ef:36:a1",
                "name": "management-network",
                "port": "",
                "uuid": "e00db497-40a2-4648-bb99-183a38c2371e"
              },
              {
                "access_network": false,
                "fixed_ip_v4": "192.168.3.4",
                "fixed_ip_v6": "",
                "floating_ip": "",
                "mac": "fa:16:3e:7a:64:29",
                "name": "r1r4",
                "port": "fd77a9e8-dc16-483c-992b-4e1bae23d4e7",
                "uuid": "261842e3-a345-4b90-b37b-5c9ba1fce18b"
              },
              {
                "access_network": false,
                "fixed_ip_v4": "192.168.2.4",
                "fixed_ip_v6": "",
                "floating_ip": "",
                "mac": "fa:16:3e:00:aa:09",
                "name": "r11r4",
                "port": "9dbfec80-c92f-484a-b4ef-cf1229c62adc",
                "uuid": "5e1c3a0c-9825-4b11-abea-c5f1b5773bee"
              },
              {
                "access_network": false,
                "fixed_ip_v4": "192.168.5.4",
                "fixed_ip_v6": "",
                "floating_ip": "",
                "mac": "fa:16:3e:6f:51:4c",
                "name": "r4r6",
                "port": "306516ab-9994-4701-9d21-4fcc38bab738",
                "uuid": "20b8b1ef-8cfe-4099-a60e-2e1306f2fd93"
              }
            ],
            "network_mode": null,
            "personality": [],
            "power_state": "active",
            "region": "RegionOne",
            "scheduler_hints": [],
            "security_groups": [
              "default"
            ],
            "stop_before_destroy": false,
            "tags": null,
            "timeouts": null,
            "updated": "2025-05-26 11:12:47 +0000 UTC",
            "user_data": "cbeefca26870aad1fac855fa260239d8e1bc74e8",
            "vendor_options": [],
            "volume": []
          },
          "sensitive_attributes": [
            [
              {
                "type": "get_attr",
                "value": "admin_pass"
              }
            ]
          ],
          "private": "eyJlMmJmYjczMC1lY2FhLTExZTYtOGY4OC0zNDM2M2JjN2M0YzAiOnsiY3JlYXRlIjoxODAwMDAwMDAwMDAwLCJkZWxldGUiOjE4MDAwMDAwMDAwMDAsInVwZGF0ZSI6MTgwMDAwMDAwMDAwMH19",
          "dependencies": [
            "data.openstack_compute_flavor_v2.flavor",
            "data.openstack_images_image_v2.image",
            "data.openstack_networking_network_v2.mgmt_network",
            "data.openstack_networking_network_v2.r11r4",
            "data.openstack_networking_network_v2.r1r4",
            "data.openstack_networking_network_v2.r4r6",
            "data.openstack_networking_subnet_v2.subnet_r11r4",
            "data.openstack_networking_subnet_v2.subnet_r1r4",
            "data.openstack_networking_subnet_v2.subnet_r4r6",
            "openstack_networking_port_v2.eth2_r4",
            "openstack_networking_port_v2.eth3_r4",
            "openstack_networking_port_v2.eth4_r4"
          ]
        }
      ]
    },
    {
      "mode": "managed",
      "type": "openstack_compute_instance_v2",
      "name": "r5",
      "provider": "provider[\"registry.terraform.io/terraform-provider-openstack/openstack\"]",
      "instances": [
        {
          "schema_version": 0,
          "attributes": {
            "access_ip_v4": "192.168.27.171",
            "access_ip_v6": "",
            "admin_pass": null,
            "all_metadata": {},
            "all_tags": [],
            "availability_zone": "nova",
            "availability_zone_hints": null,
            "block_device": [],
            "config_drive": null,
            "created": "2025-05-26 11:12:20 +0000 UTC",
            "flavor_id": "373be856-2584-4418-b98a-9668510059bb",
            "flavor_name": "FRR",
            "floating_ip": null,
            "force_delete": false,
            "id": "dae8a6f5-c6cf-4655-8989-5ee389f5e048",
            "image_id": "1d35fa76-6177-4b18-8502-aa6716b117b6",
            "image_name": "HLx-FRR",
            "key_pair": "",
            "metadata": null,
            "name": "r5",
            "network": [
              {
                "access_network": false,
                "fixed_ip_v4": "192.168.27.171",
                "fixed_ip_v6": "",
                "floating_ip": "",
                "mac": "fa:16:3e:5c:f2:45",
                "name": "management-network",
                "port": "",
                "uuid": "e00db497-40a2-4648-bb99-183a38c2371e"
              },
              {
                "access_network": false,
                "fixed_ip_v4": "192.168.7.5",
                "fixed_ip_v6": "",
                "floating_ip": "",
                "mac": "fa:16:3e:ad:7c:37",
                "name": "r5r6",
                "port": "73de0259-35e1-4d9b-b660-5ba056f8149c",
                "uuid": "018dff4b-ad02-4ec8-b531-a71a31c6ecfa"
              },
              {
                "access_network": false,
                "fixed_ip_v4": "192.168.6.5",
                "fixed_ip_v6": "",
                "floating_ip": "",
                "mac": "fa:16:3e:18:42:34",
                "name": "r2r5",
                "port": "c6bbba10-d751-449a-88d8-9d28ca07fb14",
                "uuid": "18937e35-91f4-434a-a65b-f15b9757cd6c"
              }
            ],
            "network_mode": null,
            "personality": [],
            "power_state": "active",
            "region": "RegionOne",
            "scheduler_hints": [],
            "security_groups": [
              "default"
            ],
            "stop_before_destroy": false,
            "tags": null,
            "timeouts": null,
            "updated": "2025-05-26 11:12:40 +0000 UTC",
            "user_data": "397ffe10daf600f1fdfe40d5b2c326ecfce4eb1e",
            "vendor_options": [],
            "volume": []
          },
          "sensitive_attributes": [
            [
              {
                "type": "get_attr",
                "value": "admin_pass"
              }
            ]
          ],
          "private": "eyJlMmJmYjczMC1lY2FhLTExZTYtOGY4OC0zNDM2M2JjN2M0YzAiOnsiY3JlYXRlIjoxODAwMDAwMDAwMDAwLCJkZWxldGUiOjE4MDAwMDAwMDAwMDAsInVwZGF0ZSI6MTgwMDAwMDAwMDAwMH19",
          "dependencies": [
            "data.openstack_compute_flavor_v2.flavor",
            "data.openstack_images_image_v2.image",
            "data.openstack_networking_network_v2.mgmt_network",
            "data.openstack_networking_network_v2.r2r5",
            "data.openstack_networking_network_v2.r5r6",
            "data.openstack_networking_subnet_v2.subnet_r2r5",
            "data.openstack_networking_subnet_v2.subnet_r5r6",
            "openstack_networking_port_v2.eth2_r5",
            "openstack_networking_port_v2.eth3_r5"
          ]
        }
      ]
    },
    {
      "mode": "managed",
      "type": "openstack_compute_instance_v2",
      "name": "r6",
      "provider": "provider[\"registry.terraform.io/terraform-provider-openstack/openstack\"]",
      "instances": [
        {
          "schema_version": 0,
          "attributes": {
            "access_ip_v4": "192.168.27.179",
            "access_ip_v6": "",
            "admin_pass": null,
            "all_metadata": {},
            "all_tags": [],
            "availability_zone": "nova",
            "availability_zone_hints": null,
            "block_device": [],
            "config_drive": null,
            "created": "2025-05-26 11:12:15 +0000 UTC",
            "flavor_id": "373be856-2584-4418-b98a-9668510059bb",
            "flavor_name": "FRR",
            "floating_ip": null,
            "force_delete": false,
            "id": "de0623fe-c08e-4380-93fc-29f21c2724a5",
            "image_id": "1d35fa76-6177-4b18-8502-aa6716b117b6",
            "image_name": "HLx-FRR",
            "key_pair": "",
            "metadata": null,
            "name": "r6",
            "network": [
              {
                "access_network": false,
                "fixed_ip_v4": "192.168.27.179",
                "fixed_ip_v6": "",
                "floating_ip": "",
                "mac": "fa:16:3e:9c:c9:08",
                "name": "management-network",
                "port": "",
                "uuid": "e00db497-40a2-4648-bb99-183a38c2371e"
              },
              {
                "access_network": false,
                "fixed_ip_v4": "192.168.9.6",
                "fixed_ip_v6": "",
                "floating_ip": "",
                "mac": "fa:16:3e:f5:b9:a3",
                "name": "r6r7",
                "port": "89fda8a9-db4a-4a74-8688-8e7813d768d1",
                "uuid": "a63780a3-a992-4b86-97b3-d988ec4b5bfe"
              },
              {
                "access_network": false,
                "fixed_ip_v4": "192.168.7.6",
                "fixed_ip_v6": "",
                "floating_ip": "",
                "mac": "fa:16:3e:75:9d:c4",
                "name": "r5r6",
                "port": "63964174-ad53-4929-94bf-7b93a2d375f3",
                "uuid": "018dff4b-ad02-4ec8-b531-a71a31c6ecfa"
              },
              {
                "access_network": false,
                "fixed_ip_v4": "192.168.5.6",
                "fixed_ip_v6": "",
                "floating_ip": "",
                "mac": "fa:16:3e:f8:8f:97",
                "name": "r4r6",
                "port": "cbf532f6-95bf-403c-85b6-87b2949b5936",
                "uuid": "20b8b1ef-8cfe-4099-a60e-2e1306f2fd93"
              }
            ],
            "network_mode": null,
            "personality": [],
            "power_state": "active",
            "region": "RegionOne",
            "scheduler_hints": [],
            "security_groups": [
              "default"
            ],
            "stop_before_destroy": false,
            "tags": null,
            "timeouts": null,
            "updated": "2025-05-26 11:12:34 +0000 UTC",
            "user_data": "4dc01138adddfe79481604a6a3ec5a24eb50ec32",
            "vendor_options": [],
            "volume": []
          },
          "sensitive_attributes": [
            [
              {
                "type": "get_attr",
                "value": "admin_pass"
              }
            ]
          ],
          "private": "eyJlMmJmYjczMC1lY2FhLTExZTYtOGY4OC0zNDM2M2JjN2M0YzAiOnsiY3JlYXRlIjoxODAwMDAwMDAwMDAwLCJkZWxldGUiOjE4MDAwMDAwMDAwMDAsInVwZGF0ZSI6MTgwMDAwMDAwMDAwMH19",
          "dependencies": [
            "data.openstack_compute_flavor_v2.flavor",
            "data.openstack_images_image_v2.image",
            "data.openstack_networking_network_v2.mgmt_network",
            "data.openstack_networking_network_v2.r4r6",
            "data.openstack_networking_network_v2.r5r6",
            "data.openstack_networking_network_v2.r6r7",
            "data.openstack_networking_subnet_v2.subnet_r4r6",
            "data.openstack_networking_subnet_v2.subnet_r5r6",
            "data.openstack_networking_subnet_v2.subnet_r6r7",
            "openstack_networking_port_v2.eth2_r6",
            "openstack_networking_port_v2.eth3_r6",
            "openstack_networking_port_v2.eth4_r6"
          ]
        }
      ]
    },
    {
      "mode": "managed",
      "type": "openstack_compute_instance_v2",
      "name": "r7",
      "provider": "provider[\"registry.terraform.io/terraform-provider-openstack/openstack\"]",
      "instances": [
        {
          "schema_version": 0,
          "attributes": {
            "access_ip_v4": "192.168.27.169",
            "access_ip_v6": "",
            "admin_pass": null,
            "all_metadata": {},
            "all_tags": [],
            "availability_zone": "nova",
            "availability_zone_hints": null,
            "block_device": [],
            "config_drive": null,
            "created": "2025-05-26 11:12:20 +0000 UTC",
            "flavor_id": "373be856-2584-4418-b98a-9668510059bb",
            "flavor_name": "FRR",
            "floating_ip": null,
            "force_delete": false,
            "id": "12a123f0-01e1-4078-b12c-010de49cb3d2",
            "image_id": "1d35fa76-6177-4b18-8502-aa6716b117b6",
            "image_name": "HLx-FRR",
            "key_pair": "",
            "metadata": null,
            "name": "r7",
            "network": [
              {
                "access_network": false,
                "fixed_ip_v4": "192.168.27.169",
                "fixed_ip_v6": "",
                "floating_ip": "",
                "mac": "fa:16:3e:04:e5:22",
                "name": "management-network",
                "port": "",
                "uuid": "e00db497-40a2-4648-bb99-183a38c2371e"
              },
              {
                "access_network": false,
                "fixed_ip_v4": "192.168.9.7",
                "fixed_ip_v6": "",
                "floating_ip": "",
                "mac": "fa:16:3e:9e:22:95",
                "name": "r6r7",
                "port": "e6fea2b6-6a4c-47fe-b32c-0087c411cf36",
                "uuid": "a63780a3-a992-4b86-97b3-d988ec4b5bfe"
              },
              {
                "access_network": false,
                "fixed_ip_v4": "192.168.11.7",
                "fixed_ip_v6": "",
                "floating_ip": "",
                "mac": "fa:16:3e:8c:5b:26",
                "name": "r7r13",
                "port": "0ca13af2-bd27-4f2c-9948-15f9980fb5a9",
                "uuid": "e2172a2b-d6e8-488c-b932-babfbbb09d1b"
              },
              {
                "access_network": false,
                "fixed_ip_v4": "192.168.10.7",
                "fixed_ip_v6": "",
                "floating_ip": "",
                "mac": "fa:16:3e:6b:20:c4",
                "name": "r3r7",
                "port": "ada1a1c3-dade-41cd-b68e-a4a055281767",
                "uuid": "12b4b9f0-55e9-4dee-967f-25964f6f78a9"
              }
            ],
            "network_mode": null,
            "personality": [],
            "power_state": "active",
            "region": "RegionOne",
            "scheduler_hints": [],
            "security_groups": [
              "default"
            ],
            "stop_before_destroy": false,
            "tags": null,
            "timeouts": null,
            "updated": "2025-05-26 11:12:44 +0000 UTC",
            "user_data": "e89bda31e13efb52a392945ab3ce6da45b497607",
            "vendor_options": [],
            "volume": []
          },
          "sensitive_attributes": [
            [
              {
                "type": "get_attr",
                "value": "admin_pass"
              }
            ]
          ],
          "private": "eyJlMmJmYjczMC1lY2FhLTExZTYtOGY4OC0zNDM2M2JjN2M0YzAiOnsiY3JlYXRlIjoxODAwMDAwMDAwMDAwLCJkZWxldGUiOjE4MDAwMDAwMDAwMDAsInVwZGF0ZSI6MTgwMDAwMDAwMDAwMH19",
          "dependencies": [
            "data.openstack_compute_flavor_v2.flavor",
            "data.openstack_images_image_v2.image",
            "data.openstack_networking_network_v2.mgmt_network",
            "data.openstack_networking_network_v2.r3r7",
            "data.openstack_networking_network_v2.r6r7",
            "data.openstack_networking_network_v2.r7r13",
            "data.openstack_networking_subnet_v2.subnet_r3r7",
            "data.openstack_networking_subnet_v2.subnet_r6r7",
            "data.openstack_networking_subnet_v2.subnet_r7r13",
            "openstack_networking_port_v2.eth2_r7",
            "openstack_networking_port_v2.eth3_r7",
            "openstack_networking_port_v2.eth4_r7"
          ]
        }
      ]
    },
    {
      "mode": "managed",
      "type": "openstack_networking_port_v2",
      "name": "eth2_r1",
      "provider": "provider[\"registry.terraform.io/terraform-provider-openstack/openstack\"]",
      "instances": [
        {
          "schema_version": 0,
          "attributes": {
            "admin_state_up": true,
            "all_fixed_ips": [
              "192.168.3.1"
            ],
            "all_security_group_ids": [],
            "all_tags": [],
            "allowed_address_pairs": [],
            "binding": [
              {
                "host_id": "",
                "profile": "{}",
                "vif_details": {},
                "vif_type": "unbound",
                "vnic_type": "normal"
              }
            ],
            "description": "",
            "device_id": "",
            "device_owner": "",
            "dns_assignment": [],
            "dns_name": "",
            "extra_dhcp_option": [],
            "fixed_ip": [
              {
                "ip_address": "192.168.3.1",
                "subnet_id": "c6699e16-4fb2-4ae6-8d90-5d568974b018"
              }
            ],
            "id": "90c90055-5b2e-4dab-b1c6-cdf2182e51f4",
            "mac_address": "fa:16:3e:38:42:28",
            "name": "eth2",
            "network_id": "261842e3-a345-4b90-b37b-5c9ba1fce18b",
            "no_fixed_ip": null,
            "no_security_groups": null,
            "port_security_enabled": false,
            "qos_policy_id": "",
            "region": "RegionOne",
            "security_group_ids": null,
            "tags": null,
            "tenant_id": "47db6af3f5ae4a958fd90100ebdef0cd",
            "timeouts": null,
            "value_specs": null
          },
          "sensitive_attributes": [],
          "private": "eyJlMmJmYjczMC1lY2FhLTExZTYtOGY4OC0zNDM2M2JjN2M0YzAiOnsiY3JlYXRlIjo2MDAwMDAwMDAwMDAsImRlbGV0ZSI6NjAwMDAwMDAwMDAwfX0=",
          "dependencies": [
            "data.openstack_networking_network_v2.r1r4",
            "data.openstack_networking_subnet_v2.subnet_r1r4"
          ]
        }
      ]
    },
    {
      "mode": "managed",
      "type": "openstack_networking_port_v2",
      "name": "eth2_r11",
      "provider": "provider[\"registry.terraform.io/terraform-provider-openstack/openstack\"]",
      "instances": [
        {
          "schema_version": 0,
          "attributes": {
            "admin_state_up": true,
            "all_fixed_ips": [
              "192.168.1.11"
            ],
            "all_security_group_ids": [],
            "all_tags": [],
            "allowed_address_pairs": [],
            "binding": [
              {
                "host_id": "",
                "profile": "{}",
                "vif_details": {},
                "vif_type": "unbound",
                "vnic_type": "normal"
              }
            ],
            "description": "",
            "device_id": "",
            "device_owner": "",
            "dns_assignment": [],
            "dns_name": "",
            "extra_dhcp_option": [],
            "fixed_ip": [
              {
                "ip_address": "192.168.1.11",
                "subnet_id": "8dc94851-3847-4c09-831f-f55df97eb602"
              }
            ],
            "id": "3e485db6-87f9-4252-81c4-2a80f43dab4a",
            "mac_address": "fa:16:3e:92:cf:4d",
            "name": "eth2",
            "network_id": "e2dee63f-1aac-4c2d-b977-46b610ec5b8f",
            "no_fixed_ip": null,
            "no_security_groups": null,
            "port_security_enabled": false,
            "qos_policy_id": "",
            "region": "RegionOne",
            "security_group_ids": null,
            "tags": null,
            "tenant_id": "47db6af3f5ae4a958fd90100ebdef0cd",
            "timeouts": null,
            "value_specs": null
          },
          "sensitive_attributes": [],
          "private": "eyJlMmJmYjczMC1lY2FhLTExZTYtOGY4OC0zNDM2M2JjN2M0YzAiOnsiY3JlYXRlIjo2MDAwMDAwMDAwMDAsImRlbGV0ZSI6NjAwMDAwMDAwMDAwfX0=",
          "dependencies": [
            "data.openstack_networking_network_v2.r1r11",
            "data.openstack_networking_subnet_v2.subnet_r1r11"
          ]
        }
      ]
    },
    {
      "mode": "managed",
      "type": "openstack_networking_port_v2",
      "name": "eth2_r12",
      "provider": "provider[\"registry.terraform.io/terraform-provider-openstack/openstack\"]",
      "instances": [
        {
          "schema_version": 0,
          "attributes": {
            "admin_state_up": true,
            "all_fixed_ips": [
              "192.168.13.12"
            ],
            "all_security_group_ids": [],
            "all_tags": [],
            "allowed_address_pairs": [],
            "binding": [
              {
                "host_id": "",
                "profile": "{}",
                "vif_details": {},
                "vif_type": "unbound",
                "vnic_type": "normal"
              }
            ],
            "description": "",
            "device_id": "",
            "device_owner": "",
            "dns_assignment": [],
            "dns_name": "",
            "extra_dhcp_option": [],
            "fixed_ip": [
              {
                "ip_address": "192.168.13.12",
                "subnet_id": "5d0f2222-2429-496e-9a60-4d5c6e8fda94"
              }
            ],
            "id": "93645367-6d1f-4d11-bc82-db0de4ba8db2",
            "mac_address": "fa:16:3e:0a:70:f0",
            "name": "eth2",
            "network_id": "c0422e79-2088-4181-9b3b-7fa3ba7c6321",
            "no_fixed_ip": null,
            "no_security_groups": null,
            "port_security_enabled": false,
            "qos_policy_id": "",
            "region": "RegionOne",
            "security_group_ids": null,
            "tags": null,
            "tenant_id": "47db6af3f5ae4a958fd90100ebdef0cd",
            "timeouts": null,
            "value_specs": null
          },
          "sensitive_attributes": [],
          "private": "eyJlMmJmYjczMC1lY2FhLTExZTYtOGY4OC0zNDM2M2JjN2M0YzAiOnsiY3JlYXRlIjo2MDAwMDAwMDAwMDAsImRlbGV0ZSI6NjAwMDAwMDAwMDAwfX0=",
          "dependencies": [
            "data.openstack_networking_network_v2.r2r12",
            "data.openstack_networking_subnet_v2.subnet_r2r12"
          ]
        }
      ]
    },
    {
      "mode": "managed",
      "type": "openstack_networking_port_v2",
      "name": "eth2_r13",
      "provider": "provider[\"registry.terraform.io/terraform-provider-openstack/openstack\"]",
      "instances": [
        {
          "schema_version": 0,
          "attributes": {
            "admin_state_up": true,
            "all_fixed_ips": [
              "192.168.12.13"
            ],
            "all_security_group_ids": [],
            "all_tags": [],
            "allowed_address_pairs": [],
            "binding": [
              {
                "host_id": "",
                "profile": "{}",
                "vif_details": {},
                "vif_type": "unbound",
                "vnic_type": "normal"
              }
            ],
            "description": "",
            "device_id": "",
            "device_owner": "",
            "dns_assignment": [],
            "dns_name": "",
            "extra_dhcp_option": [],
            "fixed_ip": [
              {
                "ip_address": "192.168.12.13",
                "subnet_id": "6b5d9daf-109b-4e23-89a0-484c0fd121b0"
              }
            ],
            "id": "77590782-9010-4372-8828-5f2d4a268ac8",
            "mac_address": "fa:16:3e:82:ec:4b",
            "name": "eth2",
            "network_id": "4e127b07-49b8-418a-ab6a-de77d404dcfb",
            "no_fixed_ip": null,
            "no_security_groups": null,
            "port_security_enabled": false,
            "qos_policy_id": "",
            "region": "RegionOne",
            "security_group_ids": null,
            "tags": null,
            "tenant_id": "47db6af3f5ae4a958fd90100ebdef0cd",
            "timeouts": null,
            "value_specs": null
          },
          "sensitive_attributes": [],
          "private": "eyJlMmJmYjczMC1lY2FhLTExZTYtOGY4OC0zNDM2M2JjN2M0YzAiOnsiY3JlYXRlIjo2MDAwMDAwMDAwMDAsImRlbGV0ZSI6NjAwMDAwMDAwMDAwfX0=",
          "dependencies": [
            "data.openstack_networking_network_v2.r3r13",
            "data.openstack_networking_subnet_v2.subnet_r3r13"
          ]
        }
      ]
    },
    {
      "mode": "managed",
      "type": "openstack_networking_port_v2",
      "name": "eth2_r2",
      "provider": "provider[\"registry.terraform.io/terraform-provider-openstack/openstack\"]",
      "instances": [
        {
          "schema_version": 0,
          "attributes": {
            "admin_state_up": true,
            "all_fixed_ips": [
              "192.168.13.20"
            ],
            "all_security_group_ids": [],
            "all_tags": [],
            "allowed_address_pairs": [],
            "binding": [
              {
                "host_id": "",
                "profile": "{}",
                "vif_details": {},
                "vif_type": "unbound",
                "vnic_type": "normal"
              }
            ],
            "description": "",
            "device_id": "",
            "device_owner": "",
            "dns_assignment": [],
            "dns_name": "",
            "extra_dhcp_option": [],
            "fixed_ip": [
              {
                "ip_address": "192.168.13.20",
                "subnet_id": "5d0f2222-2429-496e-9a60-4d5c6e8fda94"
              }
            ],
            "id": "be14771c-1639-4709-9706-a6502120fe52",
            "mac_address": "fa:16:3e:39:2b:07",
            "name": "eth2",
            "network_id": "c0422e79-2088-4181-9b3b-7fa3ba7c6321",
            "no_fixed_ip": null,
            "no_security_groups": null,
            "port_security_enabled": false,
            "qos_policy_id": "",
            "region": "RegionOne",
            "security_group_ids": null,
            "tags": null,
            "tenant_id": "47db6af3f5ae4a958fd90100ebdef0cd",
            "timeouts": null,
            "value_specs": null
          },
          "sensitive_attributes": [],
          "private": "eyJlMmJmYjczMC1lY2FhLTExZTYtOGY4OC0zNDM2M2JjN2M0YzAiOnsiY3JlYXRlIjo2MDAwMDAwMDAwMDAsImRlbGV0ZSI6NjAwMDAwMDAwMDAwfX0=",
          "dependencies": [
            "data.openstack_networking_network_v2.r2r12",
            "data.openstack_networking_subnet_v2.subnet_r2r12"
          ]
        }
      ]
    },
    {
      "mode": "managed",
      "type": "openstack_networking_port_v2",
      "name": "eth2_r3",
      "provider": "provider[\"registry.terraform.io/terraform-provider-openstack/openstack\"]",
      "instances": [
        {
          "schema_version": 0,
          "attributes": {
            "admin_state_up": true,
            "all_fixed_ips": [
              "192.168.12.3"
            ],
            "all_security_group_ids": [],
            "all_tags": [],
            "allowed_address_pairs": [],
            "binding": [
              {
                "host_id": "",
                "profile": "{}",
                "vif_details": {},
                "vif_type": "unbound",
                "vnic_type": "normal"
              }
            ],
            "description": "",
            "device_id": "",
            "device_owner": "",
            "dns_assignment": [],
            "dns_name": "",
            "extra_dhcp_option": [],
            "fixed_ip": [
              {
                "ip_address": "192.168.12.3",
                "subnet_id": "6b5d9daf-109b-4e23-89a0-484c0fd121b0"
              }
            ],
            "id": "69433d6f-3aaa-462e-9528-fd8647dbc741",
            "mac_address": "fa:16:3e:e8:e1:2a",
            "name": "eth2",
            "network_id": "4e127b07-49b8-418a-ab6a-de77d404dcfb",
            "no_fixed_ip": null,
            "no_security_groups": null,
            "port_security_enabled": false,
            "qos_policy_id": "",
            "region": "RegionOne",
            "security_group_ids": null,
            "tags": null,
            "tenant_id": "47db6af3f5ae4a958fd90100ebdef0cd",
            "timeouts": null,
            "value_specs": null
          },
          "sensitive_attributes": [],
          "private": "eyJlMmJmYjczMC1lY2FhLTExZTYtOGY4OC0zNDM2M2JjN2M0YzAiOnsiY3JlYXRlIjo2MDAwMDAwMDAwMDAsImRlbGV0ZSI6NjAwMDAwMDAwMDAwfX0=",
          "dependencies": [
            "data.openstack_networking_network_v2.r3r13",
            "data.openstack_networking_subnet_v2.subnet_r3r13"
          ]
        }
      ]
    },
    {
      "mode": "managed",
      "type": "openstack_networking_port_v2",
      "name": "eth2_r4",
      "provider": "provider[\"registry.terraform.io/terraform-provider-openstack/openstack\"]",
      "instances": [
        {
          "schema_version": 0,
          "attributes": {
            "admin_state_up": true,
            "all_fixed_ips": [
              "192.168.3.4"
            ],
            "all_security_group_ids": [],
            "all_tags": [],
            "allowed_address_pairs": [],
            "binding": [
              {
                "host_id": "",
                "profile": "{}",
                "vif_details": {},
                "vif_type": "unbound",
                "vnic_type": "normal"
              }
            ],
            "description": "",
            "device_id": "",
            "device_owner": "",
            "dns_assignment": [],
            "dns_name": "",
            "extra_dhcp_option": [],
            "fixed_ip": [
              {
                "ip_address": "192.168.3.4",
                "subnet_id": "c6699e16-4fb2-4ae6-8d90-5d568974b018"
              }
            ],
            "id": "fd77a9e8-dc16-483c-992b-4e1bae23d4e7",
            "mac_address": "fa:16:3e:7a:64:29",
            "name": "eth2",
            "network_id": "261842e3-a345-4b90-b37b-5c9ba1fce18b",
            "no_fixed_ip": null,
            "no_security_groups": null,
            "port_security_enabled": false,
            "qos_policy_id": "",
            "region": "RegionOne",
            "security_group_ids": null,
            "tags": null,
            "tenant_id": "47db6af3f5ae4a958fd90100ebdef0cd",
            "timeouts": null,
            "value_specs": null
          },
          "sensitive_attributes": [],
          "private": "eyJlMmJmYjczMC1lY2FhLTExZTYtOGY4OC0zNDM2M2JjN2M0YzAiOnsiY3JlYXRlIjo2MDAwMDAwMDAwMDAsImRlbGV0ZSI6NjAwMDAwMDAwMDAwfX0=",
          "dependencies": [
            "data.openstack_networking_network_v2.r1r4",
            "data.openstack_networking_subnet_v2.subnet_r1r4"
          ]
        }
      ]
    },
    {
      "mode": "managed",
      "type": "openstack_networking_port_v2",
      "name": "eth2_r5",
      "provider": "provider[\"registry.terraform.io/terraform-provider-openstack/openstack\"]",
      "instances": [
        {
          "schema_version": 0,
          "attributes": {
            "admin_state_up": true,
            "all_fixed_ips": [
              "192.168.7.5"
            ],
            "all_security_group_ids": [],
            "all_tags": [],
            "allowed_address_pairs": [],
            "binding": [
              {
                "host_id": "",
                "profile": "{}",
                "vif_details": {},
                "vif_type": "unbound",
                "vnic_type": "normal"
              }
            ],
            "description": "",
            "device_id": "",
            "device_owner": "",
            "dns_assignment": [],
            "dns_name": "",
            "extra_dhcp_option": [],
            "fixed_ip": [
              {
                "ip_address": "192.168.7.5",
                "subnet_id": "05315a2e-947b-4a66-8ae9-fb82629bfce0"
              }
            ],
            "id": "73de0259-35e1-4d9b-b660-5ba056f8149c",
            "mac_address": "fa:16:3e:ad:7c:37",
            "name": "eth2",
            "network_id": "018dff4b-ad02-4ec8-b531-a71a31c6ecfa",
            "no_fixed_ip": null,
            "no_security_groups": null,
            "port_security_enabled": false,
            "qos_policy_id": "",
            "region": "RegionOne",
            "security_group_ids": null,
            "tags": null,
            "tenant_id": "47db6af3f5ae4a958fd90100ebdef0cd",
            "timeouts": null,
            "value_specs": null
          },
          "sensitive_attributes": [],
          "private": "eyJlMmJmYjczMC1lY2FhLTExZTYtOGY4OC0zNDM2M2JjN2M0YzAiOnsiY3JlYXRlIjo2MDAwMDAwMDAwMDAsImRlbGV0ZSI6NjAwMDAwMDAwMDAwfX0=",
          "dependencies": [
            "data.openstack_networking_network_v2.r5r6",
            "data.openstack_networking_subnet_v2.subnet_r5r6"
          ]
        }
      ]
    },
    {
      "mode": "managed",
      "type": "openstack_networking_port_v2",
      "name": "eth2_r6",
      "provider": "provider[\"registry.terraform.io/terraform-provider-openstack/openstack\"]",
      "instances": [
        {
          "schema_version": 0,
          "attributes": {
            "admin_state_up": true,
            "all_fixed_ips": [
              "192.168.9.6"
            ],
            "all_security_group_ids": [],
            "all_tags": [],
            "allowed_address_pairs": [],
            "binding": [
              {
                "host_id": "",
                "profile": "{}",
                "vif_details": {},
                "vif_type": "unbound",
                "vnic_type": "normal"
              }
            ],
            "description": "",
            "device_id": "",
            "device_owner": "",
            "dns_assignment": [],
            "dns_name": "",
            "extra_dhcp_option": [],
            "fixed_ip": [
              {
                "ip_address": "192.168.9.6",
                "subnet_id": "3eda892d-4e9b-443c-8977-9fc60bd0a8c1"
              }
            ],
            "id": "89fda8a9-db4a-4a74-8688-8e7813d768d1",
            "mac_address": "fa:16:3e:f5:b9:a3",
            "name": "eth2",
            "network_id": "a63780a3-a992-4b86-97b3-d988ec4b5bfe",
            "no_fixed_ip": null,
            "no_security_groups": null,
            "port_security_enabled": false,
            "qos_policy_id": "",
            "region": "RegionOne",
            "security_group_ids": null,
            "tags": null,
            "tenant_id": "47db6af3f5ae4a958fd90100ebdef0cd",
            "timeouts": null,
            "value_specs": null
          },
          "sensitive_attributes": [],
          "private": "eyJlMmJmYjczMC1lY2FhLTExZTYtOGY4OC0zNDM2M2JjN2M0YzAiOnsiY3JlYXRlIjo2MDAwMDAwMDAwMDAsImRlbGV0ZSI6NjAwMDAwMDAwMDAwfX0=",
          "dependencies": [
            "data.openstack_networking_network_v2.r6r7",
            "data.openstack_networking_subnet_v2.subnet_r6r7"
          ]
        }
      ]
    },
    {
      "mode": "managed",
      "type": "openstack_networking_port_v2",
      "name": "eth2_r7",
      "provider": "provider[\"registry.terraform.io/terraform-provider-openstack/openstack\"]",
      "instances": [
        {
          "schema_version": 0,
          "attributes": {
            "admin_state_up": true,
            "all_fixed_ips": [
              "192.168.9.7"
            ],
            "all_security_group_ids": [],
            "all_tags": [],
            "allowed_address_pairs": [],
            "binding": [
              {
                "host_id": "",
                "profile": "{}",
                "vif_details": {},
                "vif_type": "unbound",
                "vnic_type": "normal"
              }
            ],
            "description": "",
            "device_id": "",
            "device_owner": "",
            "dns_assignment": [],
            "dns_name": "",
            "extra_dhcp_option": [],
            "fixed_ip": [
              {
                "ip_address": "192.168.9.7",
                "subnet_id": "3eda892d-4e9b-443c-8977-9fc60bd0a8c1"
              }
            ],
            "id": "e6fea2b6-6a4c-47fe-b32c-0087c411cf36",
            "mac_address": "fa:16:3e:9e:22:95",
            "name": "eth2",
            "network_id": "a63780a3-a992-4b86-97b3-d988ec4b5bfe",
            "no_fixed_ip": null,
            "no_security_groups": null,
            "port_security_enabled": false,
            "qos_policy_id": "",
            "region": "RegionOne",
            "security_group_ids": null,
            "tags": null,
            "tenant_id": "47db6af3f5ae4a958fd90100ebdef0cd",
            "timeouts": null,
            "value_specs": null
          },
          "sensitive_attributes": [],
          "private": "eyJlMmJmYjczMC1lY2FhLTExZTYtOGY4OC0zNDM2M2JjN2M0YzAiOnsiY3JlYXRlIjo2MDAwMDAwMDAwMDAsImRlbGV0ZSI6NjAwMDAwMDAwMDAwfX0=",
          "dependencies": [
            "data.openstack_networking_network_v2.r6r7",
            "data.openstack_networking_subnet_v2.subnet_r6r7"
          ]
        }
      ]
    },
    {
      "mode": "managed",
      "type": "openstack_networking_port_v2",
      "name": "eth3_r1",
      "provider": "provider[\"registry.terraform.io/terraform-provider-openstack/openstack\"]",
      "instances": [
        {
          "schema_version": 0,
          "attributes": {
            "admin_state_up": true,
            "all_fixed_ips": [
              "192.168.4.1"
            ],
            "all_security_group_ids": [],
            "all_tags": [],
            "allowed_address_pairs": [],
            "binding": [
              {
                "host_id": "",
                "profile": "{}",
                "vif_details": {},
                "vif_type": "unbound",
                "vnic_type": "normal"
              }
            ],
            "description": "",
            "device_id": "",
            "device_owner": "",
            "dns_assignment": [],
            "dns_name": "",
            "extra_dhcp_option": [],
            "fixed_ip": [
              {
                "ip_address": "192.168.4.1",
                "subnet_id": "bca7abdf-4e00-4d47-a6f2-5cf69fae6082"
              }
            ],
            "id": "ec528392-1481-44c9-8357-2790423216a8",
            "mac_address": "fa:16:3e:a4:0a:fa",
            "name": "eth3",
            "network_id": "f99ab493-edcc-4ed6-9ea1-65098dafa1d6",
            "no_fixed_ip": null,
            "no_security_groups": null,
            "port_security_enabled": false,
            "qos_policy_id": "",
            "region": "RegionOne",
            "security_group_ids": null,
            "tags": null,
            "tenant_id": "47db6af3f5ae4a958fd90100ebdef0cd",
            "timeouts": null,
            "value_specs": null
          },
          "sensitive_attributes": [],
          "private": "eyJlMmJmYjczMC1lY2FhLTExZTYtOGY4OC0zNDM2M2JjN2M0YzAiOnsiY3JlYXRlIjo2MDAwMDAwMDAwMDAsImRlbGV0ZSI6NjAwMDAwMDAwMDAwfX0=",
          "dependencies": [
            "data.openstack_networking_network_v2.r1r2",
            "data.openstack_networking_subnet_v2.subnet_r1r2"
          ]
        }
      ]
    },
    {
      "mode": "managed",
      "type": "openstack_networking_port_v2",
      "name": "eth3_r11",
      "provider": "provider[\"registry.terraform.io/terraform-provider-openstack/openstack\"]",
      "instances": [
        {
          "schema_version": 0,
          "attributes": {
            "admin_state_up": true,
            "all_fixed_ips": [
              "192.168.2.11"
            ],
            "all_security_group_ids": [],
            "all_tags": [],
            "allowed_address_pairs": [],
            "binding": [
              {
                "host_id": "",
                "profile": "{}",
                "vif_details": {},
                "vif_type": "unbound",
                "vnic_type": "normal"
              }
            ],
            "description": "",
            "device_id": "",
            "device_owner": "",
            "dns_assignment": [],
            "dns_name": "",
            "extra_dhcp_option": [],
            "fixed_ip": [
              {
                "ip_address": "192.168.2.11",
                "subnet_id": "a44fb8b0-6c35-4b51-883b-5ba4c39ec2b2"
              }
            ],
            "id": "fc680bcc-87bd-4fa9-98ff-5ac043a7e0c3",
            "mac_address": "fa:16:3e:60:e9:b2",
            "name": "eth3",
            "network_id": "5e1c3a0c-9825-4b11-abea-c5f1b5773bee",
            "no_fixed_ip": null,
            "no_security_groups": null,
            "port_security_enabled": false,
            "qos_policy_id": "",
            "region": "RegionOne",
            "security_group_ids": null,
            "tags": null,
            "tenant_id": "47db6af3f5ae4a958fd90100ebdef0cd",
            "timeouts": null,
            "value_specs": null
          },
          "sensitive_attributes": [],
          "private": "eyJlMmJmYjczMC1lY2FhLTExZTYtOGY4OC0zNDM2M2JjN2M0YzAiOnsiY3JlYXRlIjo2MDAwMDAwMDAwMDAsImRlbGV0ZSI6NjAwMDAwMDAwMDAwfX0=",
          "dependencies": [
            "data.openstack_networking_network_v2.r11r4",
            "data.openstack_networking_subnet_v2.subnet_r11r4"
          ]
        }
      ]
    },
    {
      "mode": "managed",
      "type": "openstack_networking_port_v2",
      "name": "eth3_r13",
      "provider": "provider[\"registry.terraform.io/terraform-provider-openstack/openstack\"]",
      "instances": [
        {
          "schema_version": 0,
          "attributes": {
            "admin_state_up": true,
            "all_fixed_ips": [
              "192.168.11.13"
            ],
            "all_security_group_ids": [],
            "all_tags": [],
            "allowed_address_pairs": [],
            "binding": [
              {
                "host_id": "",
                "profile": "{}",
                "vif_details": {},
                "vif_type": "unbound",
                "vnic_type": "normal"
              }
            ],
            "description": "",
            "device_id": "",
            "device_owner": "",
            "dns_assignment": [],
            "dns_name": "",
            "extra_dhcp_option": [],
            "fixed_ip": [
              {
                "ip_address": "192.168.11.13",
                "subnet_id": "3a406604-28b3-41b0-8007-d71c4dd413b3"
              }
            ],
            "id": "5e57e0c3-8d7d-4dc0-aaff-0b55717c9d47",
            "mac_address": "fa:16:3e:c3:92:be",
            "name": "eth3",
            "network_id": "e2172a2b-d6e8-488c-b932-babfbbb09d1b",
            "no_fixed_ip": null,
            "no_security_groups": null,
            "port_security_enabled": false,
            "qos_policy_id": "",
            "region": "RegionOne",
            "security_group_ids": null,
            "tags": null,
            "tenant_id": "47db6af3f5ae4a958fd90100ebdef0cd",
            "timeouts": null,
            "value_specs": null
          },
          "sensitive_attributes": [],
          "private": "eyJlMmJmYjczMC1lY2FhLTExZTYtOGY4OC0zNDM2M2JjN2M0YzAiOnsiY3JlYXRlIjo2MDAwMDAwMDAwMDAsImRlbGV0ZSI6NjAwMDAwMDAwMDAwfX0=",
          "dependencies": [
            "data.openstack_networking_network_v2.r7r13",
            "data.openstack_networking_subnet_v2.subnet_r7r13"
          ]
        }
      ]
    },
    {
      "mode": "managed",
      "type": "openstack_networking_port_v2",
      "name": "eth3_r2",
      "provider": "provider[\"registry.terraform.io/terraform-provider-openstack/openstack\"]",
      "instances": [
        {
          "schema_version": 0,
          "attributes": {
            "admin_state_up": true,
            "all_fixed_ips": [
              "192.168.4.20"
            ],
            "all_security_group_ids": [],
            "all_tags": [],
            "allowed_address_pairs": [],
            "binding": [
              {
                "host_id": "",
                "profile": "{}",
                "vif_details": {},
                "vif_type": "unbound",
                "vnic_type": "normal"
              }
            ],
            "description": "",
            "device_id": "",
            "device_owner": "",
            "dns_assignment": [],
            "dns_name": "",
            "extra_dhcp_option": [],
            "fixed_ip": [
              {
                "ip_address": "192.168.4.20",
                "subnet_id": "bca7abdf-4e00-4d47-a6f2-5cf69fae6082"
              }
            ],
            "id": "ed717b34-7b6f-4a16-b8ae-5add7ac1e2ce",
            "mac_address": "fa:16:3e:9b:04:3b",
            "name": "eth3",
            "network_id": "f99ab493-edcc-4ed6-9ea1-65098dafa1d6",
            "no_fixed_ip": null,
            "no_security_groups": null,
            "port_security_enabled": false,
            "qos_policy_id": "",
            "region": "RegionOne",
            "security_group_ids": null,
            "tags": null,
            "tenant_id": "47db6af3f5ae4a958fd90100ebdef0cd",
            "timeouts": null,
            "value_specs": null
          },
          "sensitive_attributes": [],
          "private": "eyJlMmJmYjczMC1lY2FhLTExZTYtOGY4OC0zNDM2M2JjN2M0YzAiOnsiY3JlYXRlIjo2MDAwMDAwMDAwMDAsImRlbGV0ZSI6NjAwMDAwMDAwMDAwfX0=",
          "dependencies": [
            "data.openstack_networking_network_v2.r1r2",
            "data.openstack_networking_subnet_v2.subnet_r1r2"
          ]
        }
      ]
    },
    {
      "mode": "managed",
      "type": "openstack_networking_port_v2",
      "name": "eth3_r3",
      "provider": "provider[\"registry.terraform.io/terraform-provider-openstack/openstack\"]",
      "instances": [
        {
          "schema_version": 0,
          "attributes": {
            "admin_state_up": true,
            "all_fixed_ips": [
              "192.168.10.3"
            ],
            "all_security_group_ids": [],
            "all_tags": [],
            "allowed_address_pairs": [],
            "binding": [
              {
                "host_id": "",
                "profile": "{}",
                "vif_details": {},
                "vif_type": "unbound",
                "vnic_type": "normal"
              }
            ],
            "description": "",
            "device_id": "",
            "device_owner": "",
            "dns_assignment": [],
            "dns_name": "",
            "extra_dhcp_option": [],
            "fixed_ip": [
              {
                "ip_address": "192.168.10.3",
                "subnet_id": "bfd746d1-765f-4f4c-9703-3e2c658d1603"
              }
            ],
            "id": "308831ce-da36-470d-8631-bf23fda29fc7",
            "mac_address": "fa:16:3e:e2:53:a2",
            "name": "eth3",
            "network_id": "12b4b9f0-55e9-4dee-967f-25964f6f78a9",
            "no_fixed_ip": null,
            "no_security_groups": null,
            "port_security_enabled": false,
            "qos_policy_id": "",
            "region": "RegionOne",
            "security_group_ids": null,
            "tags": null,
            "tenant_id": "47db6af3f5ae4a958fd90100ebdef0cd",
            "timeouts": null,
            "value_specs": null
          },
          "sensitive_attributes": [],
          "private": "eyJlMmJmYjczMC1lY2FhLTExZTYtOGY4OC0zNDM2M2JjN2M0YzAiOnsiY3JlYXRlIjo2MDAwMDAwMDAwMDAsImRlbGV0ZSI6NjAwMDAwMDAwMDAwfX0=",
          "dependencies": [
            "data.openstack_networking_network_v2.r3r7",
            "data.openstack_networking_subnet_v2.subnet_r3r7"
          ]
        }
      ]
    },
    {
      "mode": "managed",
      "type": "openstack_networking_port_v2",
      "name": "eth3_r4",
      "provider": "provider[\"registry.terraform.io/terraform-provider-openstack/openstack\"]",
      "instances": [
        {
          "schema_version": 0,
          "attributes": {
            "admin_state_up": true,
            "all_fixed_ips": [
              "192.168.2.4"
            ],
            "all_security_group_ids": [],
            "all_tags": [],
            "allowed_address_pairs": [],
            "binding": [
              {
                "host_id": "",
                "profile": "{}",
                "vif_details": {},
                "vif_type": "unbound",
                "vnic_type": "normal"
              }
            ],
            "description": "",
            "device_id": "",
            "device_owner": "",
            "dns_assignment": [],
            "dns_name": "",
            "extra_dhcp_option": [],
            "fixed_ip": [
              {
                "ip_address": "192.168.2.4",
                "subnet_id": "a44fb8b0-6c35-4b51-883b-5ba4c39ec2b2"
              }
            ],
            "id": "9dbfec80-c92f-484a-b4ef-cf1229c62adc",
            "mac_address": "fa:16:3e:00:aa:09",
            "name": "eth3",
            "network_id": "5e1c3a0c-9825-4b11-abea-c5f1b5773bee",
            "no_fixed_ip": null,
            "no_security_groups": null,
            "port_security_enabled": false,
            "qos_policy_id": "",
            "region": "RegionOne",
            "security_group_ids": null,
            "tags": null,
            "tenant_id": "47db6af3f5ae4a958fd90100ebdef0cd",
            "timeouts": null,
            "value_specs": null
          },
          "sensitive_attributes": [],
          "private": "eyJlMmJmYjczMC1lY2FhLTExZTYtOGY4OC0zNDM2M2JjN2M0YzAiOnsiY3JlYXRlIjo2MDAwMDAwMDAwMDAsImRlbGV0ZSI6NjAwMDAwMDAwMDAwfX0=",
          "dependencies": [
            "data.openstack_networking_network_v2.r11r4",
            "data.openstack_networking_subnet_v2.subnet_r11r4"
          ]
        }
      ]
    },
    {
      "mode": "managed",
      "type": "openstack_networking_port_v2",
      "name": "eth3_r5",
      "provider": "provider[\"registry.terraform.io/terraform-provider-openstack/openstack\"]",
      "instances": [
        {
          "schema_version": 0,
          "attributes": {
            "admin_state_up": true,
            "all_fixed_ips": [
              "192.168.6.5"
            ],
            "all_security_group_ids": [],
            "all_tags": [],
            "allowed_address_pairs": [],
            "binding": [
              {
                "host_id": "",
                "profile": "{}",
                "vif_details": {},
                "vif_type": "unbound",
                "vnic_type": "normal"
              }
            ],
            "description": "",
            "device_id": "",
            "device_owner": "",
            "dns_assignment": [],
            "dns_name": "",
            "extra_dhcp_option": [],
            "fixed_ip": [
              {
                "ip_address": "192.168.6.5",
                "subnet_id": "afa7dd99-85e9-410a-9858-d1d7058b0393"
              }
            ],
            "id": "c6bbba10-d751-449a-88d8-9d28ca07fb14",
            "mac_address": "fa:16:3e:18:42:34",
            "name": "eth3",
            "network_id": "18937e35-91f4-434a-a65b-f15b9757cd6c",
            "no_fixed_ip": null,
            "no_security_groups": null,
            "port_security_enabled": false,
            "qos_policy_id": "",
            "region": "RegionOne",
            "security_group_ids": null,
            "tags": null,
            "tenant_id": "47db6af3f5ae4a958fd90100ebdef0cd",
            "timeouts": null,
            "value_specs": null
          },
          "sensitive_attributes": [],
          "private": "eyJlMmJmYjczMC1lY2FhLTExZTYtOGY4OC0zNDM2M2JjN2M0YzAiOnsiY3JlYXRlIjo2MDAwMDAwMDAwMDAsImRlbGV0ZSI6NjAwMDAwMDAwMDAwfX0=",
          "dependencies": [
            "data.openstack_networking_network_v2.r2r5",
            "data.openstack_networking_subnet_v2.subnet_r2r5"
          ]
        }
      ]
    },
    {
      "mode": "managed",
      "type": "openstack_networking_port_v2",
      "name": "eth3_r6",
      "provider": "provider[\"registry.terraform.io/terraform-provider-openstack/openstack\"]",
      "instances": [
        {
          "schema_version": 0,
          "attributes": {
            "admin_state_up": true,
            "all_fixed_ips": [
              "192.168.7.6"
            ],
            "all_security_group_ids": [],
            "all_tags": [],
            "allowed_address_pairs": [],
            "binding": [
              {
                "host_id": "",
                "profile": "{}",
                "vif_details": {},
                "vif_type": "unbound",
                "vnic_type": "normal"
              }
            ],
            "description": "",
            "device_id": "",
            "device_owner": "",
            "dns_assignment": [],
            "dns_name": "",
            "extra_dhcp_option": [],
            "fixed_ip": [
              {
                "ip_address": "192.168.7.6",
                "subnet_id": "05315a2e-947b-4a66-8ae9-fb82629bfce0"
              }
            ],
            "id": "63964174-ad53-4929-94bf-7b93a2d375f3",
            "mac_address": "fa:16:3e:75:9d:c4",
            "name": "eth3",
            "network_id": "018dff4b-ad02-4ec8-b531-a71a31c6ecfa",
            "no_fixed_ip": null,
            "no_security_groups": null,
            "port_security_enabled": false,
            "qos_policy_id": "",
            "region": "RegionOne",
            "security_group_ids": null,
            "tags": null,
            "tenant_id": "47db6af3f5ae4a958fd90100ebdef0cd",
            "timeouts": null,
            "value_specs": null
          },
          "sensitive_attributes": [],
          "private": "eyJlMmJmYjczMC1lY2FhLTExZTYtOGY4OC0zNDM2M2JjN2M0YzAiOnsiY3JlYXRlIjo2MDAwMDAwMDAwMDAsImRlbGV0ZSI6NjAwMDAwMDAwMDAwfX0=",
          "dependencies": [
            "data.openstack_networking_network_v2.r5r6",
            "data.openstack_networking_subnet_v2.subnet_r5r6"
          ]
        }
      ]
    },
    {
      "mode": "managed",
      "type": "openstack_networking_port_v2",
      "name": "eth3_r7",
      "provider": "provider[\"registry.terraform.io/terraform-provider-openstack/openstack\"]",
      "instances": [
        {
          "schema_version": 0,
          "attributes": {
            "admin_state_up": true,
            "all_fixed_ips": [
              "192.168.11.7"
            ],
            "all_security_group_ids": [],
            "all_tags": [],
            "allowed_address_pairs": [],
            "binding": [
              {
                "host_id": "",
                "profile": "{}",
                "vif_details": {},
                "vif_type": "unbound",
                "vnic_type": "normal"
              }
            ],
            "description": "",
            "device_id": "",
            "device_owner": "",
            "dns_assignment": [],
            "dns_name": "",
            "extra_dhcp_option": [],
            "fixed_ip": [
              {
                "ip_address": "192.168.11.7",
                "subnet_id": "3a406604-28b3-41b0-8007-d71c4dd413b3"
              }
            ],
            "id": "0ca13af2-bd27-4f2c-9948-15f9980fb5a9",
            "mac_address": "fa:16:3e:8c:5b:26",
            "name": "eth3",
            "network_id": "e2172a2b-d6e8-488c-b932-babfbbb09d1b",
            "no_fixed_ip": null,
            "no_security_groups": null,
            "port_security_enabled": false,
            "qos_policy_id": "",
            "region": "RegionOne",
            "security_group_ids": null,
            "tags": null,
            "tenant_id": "47db6af3f5ae4a958fd90100ebdef0cd",
            "timeouts": null,
            "value_specs": null
          },
          "sensitive_attributes": [],
          "private": "eyJlMmJmYjczMC1lY2FhLTExZTYtOGY4OC0zNDM2M2JjN2M0YzAiOnsiY3JlYXRlIjo2MDAwMDAwMDAwMDAsImRlbGV0ZSI6NjAwMDAwMDAwMDAwfX0=",
          "dependencies": [
            "data.openstack_networking_network_v2.r7r13",
            "data.openstack_networking_subnet_v2.subnet_r7r13"
          ]
        }
      ]
    },
    {
      "mode": "managed",
      "type": "openstack_networking_port_v2",
      "name": "eth4_r1",
      "provider": "provider[\"registry.terraform.io/terraform-provider-openstack/openstack\"]",
      "instances": [
        {
          "schema_version": 0,
          "attributes": {
            "admin_state_up": true,
            "all_fixed_ips": [
              "192.168.1.1"
            ],
            "all_security_group_ids": [],
            "all_tags": [],
            "allowed_address_pairs": [],
            "binding": [
              {
                "host_id": "",
                "profile": "{}",
                "vif_details": {},
                "vif_type": "unbound",
                "vnic_type": "normal"
              }
            ],
            "description": "",
            "device_id": "",
            "device_owner": "",
            "dns_assignment": [],
            "dns_name": "",
            "extra_dhcp_option": [],
            "fixed_ip": [
              {
                "ip_address": "192.168.1.1",
                "subnet_id": "8dc94851-3847-4c09-831f-f55df97eb602"
              }
            ],
            "id": "53a831be-d734-44cb-9748-42fc9177fb38",
            "mac_address": "fa:16:3e:7f:27:fe",
            "name": "eth4",
            "network_id": "e2dee63f-1aac-4c2d-b977-46b610ec5b8f",
            "no_fixed_ip": null,
            "no_security_groups": null,
            "port_security_enabled": false,
            "qos_policy_id": "",
            "region": "RegionOne",
            "security_group_ids": null,
            "tags": null,
            "tenant_id": "47db6af3f5ae4a958fd90100ebdef0cd",
            "timeouts": null,
            "value_specs": null
          },
          "sensitive_attributes": [],
          "private": "eyJlMmJmYjczMC1lY2FhLTExZTYtOGY4OC0zNDM2M2JjN2M0YzAiOnsiY3JlYXRlIjo2MDAwMDAwMDAwMDAsImRlbGV0ZSI6NjAwMDAwMDAwMDAwfX0=",
          "dependencies": [
            "data.openstack_networking_network_v2.r1r11",
            "data.openstack_networking_subnet_v2.subnet_r1r11"
          ]
        }
      ]
    },
    {
      "mode": "managed",
      "type": "openstack_networking_port_v2",
      "name": "eth4_r12",
      "provider": "provider[\"registry.terraform.io/terraform-provider-openstack/openstack\"]",
      "instances": [
        {
          "schema_version": 0,
          "attributes": {
            "admin_state_up": true,
            "all_fixed_ips": [
              "192.168.14.12"
            ],
            "all_security_group_ids": [],
            "all_tags": [],
            "allowed_address_pairs": [],
            "binding": [
              {
                "host_id": "",
                "profile": "{}",
                "vif_details": {},
                "vif_type": "unbound",
                "vnic_type": "normal"
              }
            ],
            "description": "",
            "device_id": "",
            "device_owner": "",
            "dns_assignment": [],
            "dns_name": "",
            "extra_dhcp_option": [],
            "fixed_ip": [
              {
                "ip_address": "192.168.14.12",
                "subnet_id": "a5c75775-5a90-418e-b831-d4ebe58ec6de"
              }
            ],
            "id": "3de14784-803d-49ca-9f1e-8b3de3885f21",
            "mac_address": "fa:16:3e:73:23:8b",
            "name": "eth4",
            "network_id": "5b7e50b7-9699-4a9b-83d8-e7ba20486844",
            "no_fixed_ip": null,
            "no_security_groups": null,
            "port_security_enabled": false,
            "qos_policy_id": "",
            "region": "RegionOne",
            "security_group_ids": null,
            "tags": null,
            "tenant_id": "47db6af3f5ae4a958fd90100ebdef0cd",
            "timeouts": null,
            "value_specs": null
          },
          "sensitive_attributes": [],
          "private": "eyJlMmJmYjczMC1lY2FhLTExZTYtOGY4OC0zNDM2M2JjN2M0YzAiOnsiY3JlYXRlIjo2MDAwMDAwMDAwMDAsImRlbGV0ZSI6NjAwMDAwMDAwMDAwfX0=",
          "dependencies": [
            "data.openstack_networking_network_v2.r3r12",
            "data.openstack_networking_subnet_v2.subnet_r3r12"
          ]
        }
      ]
    },
    {
      "mode": "managed",
      "type": "openstack_networking_port_v2",
      "name": "eth4_r2",
      "provider": "provider[\"registry.terraform.io/terraform-provider-openstack/openstack\"]",
      "instances": [
        {
          "schema_version": 0,
          "attributes": {
            "admin_state_up": true,
            "all_fixed_ips": [
              "192.168.8.20"
            ],
            "all_security_group_ids": [],
            "all_tags": [],
            "allowed_address_pairs": [],
            "binding": [
              {
                "host_id": "",
                "profile": "{}",
                "vif_details": {},
                "vif_type": "unbound",
                "vnic_type": "normal"
              }
            ],
            "description": "",
            "device_id": "",
            "device_owner": "",
            "dns_assignment": [],
            "dns_name": "",
            "extra_dhcp_option": [],
            "fixed_ip": [
              {
                "ip_address": "192.168.8.20",
                "subnet_id": "d32feabb-75e8-4fc4-8ed1-85d0689beec1"
              }
            ],
            "id": "b2ff5dff-526b-4ca1-8956-e5f225460f68",
            "mac_address": "fa:16:3e:b6:f4:a2",
            "name": "eth4",
            "network_id": "0f656566-5bb7-4501-a8dc-9302ef4f68ed",
            "no_fixed_ip": null,
            "no_security_groups": null,
            "port_security_enabled": false,
            "qos_policy_id": "",
            "region": "RegionOne",
            "security_group_ids": null,
            "tags": null,
            "tenant_id": "47db6af3f5ae4a958fd90100ebdef0cd",
            "timeouts": null,
            "value_specs": null
          },
          "sensitive_attributes": [],
          "private": "eyJlMmJmYjczMC1lY2FhLTExZTYtOGY4OC0zNDM2M2JjN2M0YzAiOnsiY3JlYXRlIjo2MDAwMDAwMDAwMDAsImRlbGV0ZSI6NjAwMDAwMDAwMDAwfX0=",
          "dependencies": [
            "data.openstack_networking_network_v2.r2r3",
            "data.openstack_networking_subnet_v2.subnet_r2r3"
          ]
        }
      ]
    },
    {
      "mode": "managed",
      "type": "openstack_networking_port_v2",
      "name": "eth4_r3",
      "provider": "provider[\"registry.terraform.io/terraform-provider-openstack/openstack\"]",
      "instances": [
        {
          "schema_version": 0,
          "attributes": {
            "admin_state_up": true,
            "all_fixed_ips": [
              "192.168.8.3"
            ],
            "all_security_group_ids": [],
            "all_tags": [],
            "allowed_address_pairs": [],
            "binding": [
              {
                "host_id": "",
                "profile": "{}",
                "vif_details": {},
                "vif_type": "unbound",
                "vnic_type": "normal"
              }
            ],
            "description": "",
            "device_id": "",
            "device_owner": "",
            "dns_assignment": [],
            "dns_name": "",
            "extra_dhcp_option": [],
            "fixed_ip": [
              {
                "ip_address": "192.168.8.3",
                "subnet_id": "d32feabb-75e8-4fc4-8ed1-85d0689beec1"
              }
            ],
            "id": "a9f271a5-092b-4a65-baa6-010721f53885",
            "mac_address": "fa:16:3e:25:c4:1b",
            "name": "eth4",
            "network_id": "0f656566-5bb7-4501-a8dc-9302ef4f68ed",
            "no_fixed_ip": null,
            "no_security_groups": null,
            "port_security_enabled": false,
            "qos_policy_id": "",
            "region": "RegionOne",
            "security_group_ids": null,
            "tags": null,
            "tenant_id": "47db6af3f5ae4a958fd90100ebdef0cd",
            "timeouts": null,
            "value_specs": null
          },
          "sensitive_attributes": [],
          "private": "eyJlMmJmYjczMC1lY2FhLTExZTYtOGY4OC0zNDM2M2JjN2M0YzAiOnsiY3JlYXRlIjo2MDAwMDAwMDAwMDAsImRlbGV0ZSI6NjAwMDAwMDAwMDAwfX0=",
          "dependencies": [
            "data.openstack_networking_network_v2.r2r3",
            "data.openstack_networking_subnet_v2.subnet_r2r3"
          ]
        }
      ]
    },
    {
      "mode": "managed",
      "type": "openstack_networking_port_v2",
      "name": "eth4_r4",
      "provider": "provider[\"registry.terraform.io/terraform-provider-openstack/openstack\"]",
      "instances": [
        {
          "schema_version": 0,
          "attributes": {
            "admin_state_up": true,
            "all_fixed_ips": [
              "192.168.5.4"
            ],
            "all_security_group_ids": [],
            "all_tags": [],
            "allowed_address_pairs": [],
            "binding": [
              {
                "host_id": "",
                "profile": "{}",
                "vif_details": {},
                "vif_type": "unbound",
                "vnic_type": "normal"
              }
            ],
            "description": "",
            "device_id": "",
            "device_owner": "",
            "dns_assignment": [],
            "dns_name": "",
            "extra_dhcp_option": [],
            "fixed_ip": [
              {
                "ip_address": "192.168.5.4",
                "subnet_id": "47ed346a-aba4-46e5-b900-d312a86a3cb5"
              }
            ],
            "id": "306516ab-9994-4701-9d21-4fcc38bab738",
            "mac_address": "fa:16:3e:6f:51:4c",
            "name": "eth4",
            "network_id": "20b8b1ef-8cfe-4099-a60e-2e1306f2fd93",
            "no_fixed_ip": null,
            "no_security_groups": null,
            "port_security_enabled": false,
            "qos_policy_id": "",
            "region": "RegionOne",
            "security_group_ids": null,
            "tags": null,
            "tenant_id": "47db6af3f5ae4a958fd90100ebdef0cd",
            "timeouts": null,
            "value_specs": null
          },
          "sensitive_attributes": [],
          "private": "eyJlMmJmYjczMC1lY2FhLTExZTYtOGY4OC0zNDM2M2JjN2M0YzAiOnsiY3JlYXRlIjo2MDAwMDAwMDAwMDAsImRlbGV0ZSI6NjAwMDAwMDAwMDAwfX0=",
          "dependencies": [
            "data.openstack_networking_network_v2.r4r6",
            "data.openstack_networking_subnet_v2.subnet_r4r6"
          ]
        }
      ]
    },
    {
      "mode": "managed",
      "type": "openstack_networking_port_v2",
      "name": "eth4_r6",
      "provider": "provider[\"registry.terraform.io/terraform-provider-openstack/openstack\"]",
      "instances": [
        {
          "schema_version": 0,
          "attributes": {
            "admin_state_up": true,
            "all_fixed_ips": [
              "192.168.5.6"
            ],
            "all_security_group_ids": [],
            "all_tags": [],
            "allowed_address_pairs": [],
            "binding": [
              {
                "host_id": "",
                "profile": "{}",
                "vif_details": {},
                "vif_type": "unbound",
                "vnic_type": "normal"
              }
            ],
            "description": "",
            "device_id": "",
            "device_owner": "",
            "dns_assignment": [],
            "dns_name": "",
            "extra_dhcp_option": [],
            "fixed_ip": [
              {
                "ip_address": "192.168.5.6",
                "subnet_id": "47ed346a-aba4-46e5-b900-d312a86a3cb5"
              }
            ],
            "id": "cbf532f6-95bf-403c-85b6-87b2949b5936",
            "mac_address": "fa:16:3e:f8:8f:97",
            "name": "eth4",
            "network_id": "20b8b1ef-8cfe-4099-a60e-2e1306f2fd93",
            "no_fixed_ip": null,
            "no_security_groups": null,
            "port_security_enabled": false,
            "qos_policy_id": "",
            "region": "RegionOne",
            "security_group_ids": null,
            "tags": null,
            "tenant_id": "47db6af3f5ae4a958fd90100ebdef0cd",
            "timeouts": null,
            "value_specs": null
          },
          "sensitive_attributes": [],
          "private": "eyJlMmJmYjczMC1lY2FhLTExZTYtOGY4OC0zNDM2M2JjN2M0YzAiOnsiY3JlYXRlIjo2MDAwMDAwMDAwMDAsImRlbGV0ZSI6NjAwMDAwMDAwMDAwfX0=",
          "dependencies": [
            "data.openstack_networking_network_v2.r4r6",
            "data.openstack_networking_subnet_v2.subnet_r4r6"
          ]
        }
      ]
    },
    {
      "mode": "managed",
      "type": "openstack_networking_port_v2",
      "name": "eth4_r7",
      "provider": "provider[\"registry.terraform.io/terraform-provider-openstack/openstack\"]",
      "instances": [
        {
          "schema_version": 0,
          "attributes": {
            "admin_state_up": true,
            "all_fixed_ips": [
              "192.168.10.7"
            ],
            "all_security_group_ids": [],
            "all_tags": [],
            "allowed_address_pairs": [],
            "binding": [
              {
                "host_id": "",
                "profile": "{}",
                "vif_details": {},
                "vif_type": "unbound",
                "vnic_type": "normal"
              }
            ],
            "description": "",
            "device_id": "",
            "device_owner": "",
            "dns_assignment": [],
            "dns_name": "",
            "extra_dhcp_option": [],
            "fixed_ip": [
              {
                "ip_address": "192.168.10.7",
                "subnet_id": "bfd746d1-765f-4f4c-9703-3e2c658d1603"
              }
            ],
            "id": "ada1a1c3-dade-41cd-b68e-a4a055281767",
            "mac_address": "fa:16:3e:6b:20:c4",
            "name": "eth4",
            "network_id": "12b4b9f0-55e9-4dee-967f-25964f6f78a9",
            "no_fixed_ip": null,
            "no_security_groups": null,
            "port_security_enabled": false,
            "qos_policy_id": "",
            "region": "RegionOne",
            "security_group_ids": null,
            "tags": null,
            "tenant_id": "47db6af3f5ae4a958fd90100ebdef0cd",
            "timeouts": null,
            "value_specs": null
          },
          "sensitive_attributes": [],
          "private": "eyJlMmJmYjczMC1lY2FhLTExZTYtOGY4OC0zNDM2M2JjN2M0YzAiOnsiY3JlYXRlIjo2MDAwMDAwMDAwMDAsImRlbGV0ZSI6NjAwMDAwMDAwMDAwfX0=",
          "dependencies": [
            "data.openstack_networking_network_v2.r3r7",
            "data.openstack_networking_subnet_v2.subnet_r3r7"
          ]
        }
      ]
    },
    {
      "mode": "managed",
      "type": "openstack_networking_port_v2",
      "name": "eth5_r2",
      "provider": "provider[\"registry.terraform.io/terraform-provider-openstack/openstack\"]",
      "instances": [
        {
          "schema_version": 0,
          "attributes": {
            "admin_state_up": true,
            "all_fixed_ips": [
              "192.168.6.20"
            ],
            "all_security_group_ids": [],
            "all_tags": [],
            "allowed_address_pairs": [],
            "binding": [
              {
                "host_id": "",
                "profile": "{}",
                "vif_details": {},
                "vif_type": "unbound",
                "vnic_type": "normal"
              }
            ],
            "description": "",
            "device_id": "",
            "device_owner": "",
            "dns_assignment": [],
            "dns_name": "",
            "extra_dhcp_option": [],
            "fixed_ip": [
              {
                "ip_address": "192.168.6.20",
                "subnet_id": "afa7dd99-85e9-410a-9858-d1d7058b0393"
              }
            ],
            "id": "d610d71e-f565-4bd7-b2de-895ca2feb0f6",
            "mac_address": "fa:16:3e:4f:79:07",
            "name": "eth5",
            "network_id": "18937e35-91f4-434a-a65b-f15b9757cd6c",
            "no_fixed_ip": null,
            "no_security_groups": null,
            "port_security_enabled": false,
            "qos_policy_id": "",
            "region": "RegionOne",
            "security_group_ids": null,
            "tags": null,
            "tenant_id": "47db6af3f5ae4a958fd90100ebdef0cd",
            "timeouts": null,
            "value_specs": null
          },
          "sensitive_attributes": [],
          "private": "eyJlMmJmYjczMC1lY2FhLTExZTYtOGY4OC0zNDM2M2JjN2M0YzAiOnsiY3JlYXRlIjo2MDAwMDAwMDAwMDAsImRlbGV0ZSI6NjAwMDAwMDAwMDAwfX0=",
          "dependencies": [
            "data.openstack_networking_network_v2.r2r5",
            "data.openstack_networking_subnet_v2.subnet_r2r5"
          ]
        }
      ]
    },
    {
      "mode": "managed",
      "type": "openstack_networking_port_v2",
      "name": "eth5_r3",
      "provider": "provider[\"registry.terraform.io/terraform-provider-openstack/openstack\"]",
      "instances": [
        {
          "schema_version": 0,
          "attributes": {
            "admin_state_up": true,
            "all_fixed_ips": [
              "192.168.14.3"
            ],
            "all_security_group_ids": [],
            "all_tags": [],
            "allowed_address_pairs": [],
            "binding": [
              {
                "host_id": "",
                "profile": "{}",
                "vif_details": {},
                "vif_type": "unbound",
                "vnic_type": "normal"
              }
            ],
            "description": "",
            "device_id": "",
            "device_owner": "",
            "dns_assignment": [],
            "dns_name": "",
            "extra_dhcp_option": [],
            "fixed_ip": [
              {
                "ip_address": "192.168.14.3",
                "subnet_id": "a5c75775-5a90-418e-b831-d4ebe58ec6de"
              }
            ],
            "id": "fab9530c-2e2a-4f94-becb-1e31b7c3e06f",
            "mac_address": "fa:16:3e:42:12:02",
            "name": "eth5",
            "network_id": "5b7e50b7-9699-4a9b-83d8-e7ba20486844",
            "no_fixed_ip": null,
            "no_security_groups": null,
            "port_security_enabled": false,
            "qos_policy_id": "",
            "region": "RegionOne",
            "security_group_ids": null,
            "tags": null,
            "tenant_id": "47db6af3f5ae4a958fd90100ebdef0cd",
            "timeouts": null,
            "value_specs": null
          },
          "sensitive_attributes": [],
          "private": "eyJlMmJmYjczMC1lY2FhLTExZTYtOGY4OC0zNDM2M2JjN2M0YzAiOnsiY3JlYXRlIjo2MDAwMDAwMDAwMDAsImRlbGV0ZSI6NjAwMDAwMDAwMDAwfX0=",
          "dependencies": [
            "data.openstack_networking_network_v2.r3r12",
            "data.openstack_networking_subnet_v2.subnet_r3r12"
          ]
        }
      ]
    }
  ],
  "check_results": null
}
